{
  "version": 4,
  "terraform_version": "1.14.3",
  "serial": 1592,
  "lineage": "0d4d544c-f9c2-e925-3611-5751b2d92a37",
  "outputs": {
    "alb_dns_name": {
      "value": "example-alb-1539153315.us-east-1.elb.amazonaws.com",
      "type": "string"
    },
    "certificate_arn": {
      "value": "arn:aws:acm:us-east-1:762595429056:certificate/b39c687d-6b77-45e5-bbdd-5ced4f5eca90",
      "type": "string"
    },
    "private_app_subnet_ids": {
      "value": [
        "subnet-01ec1e25a976a0640",
        "subnet-0272d336a87019556"
      ],
      "type": [
        "tuple",
        [
          "string",
          "string"
        ]
      ]
    },
    "private_db_subnet_ids": {
      "value": [
        "subnet-0636ded714c03dbae",
        "subnet-0e91e8cac5ebcee94"
      ],
      "type": [
        "tuple",
        [
          "string",
          "string"
        ]
      ]
    },
    "redis_primary_endpoint": {
      "value": "master.dbs-elasticache-ecommerce-cluster.ehtrgd.use1.cache.amazonaws.com",
      "type": "string"
    },
    "redis_reader_endpoint": {
      "value": "replica.dbs-elasticache-ecommerce-cluster.ehtrgd.use1.cache.amazonaws.com",
      "type": "string"
    },
    "security_group_private_app": {
      "value": "sg-01765e1f06ccc56de",
      "type": "string"
    },
    "security_group_private_db": {
      "value": "sg-0d532cdd7d990b42e",
      "type": "string"
    },
    "security_group_public_facing": {
      "value": "sg-0cdc9e0984ec4ac8d",
      "type": "string"
    },
    "target_groups": {
      "value": {
        "ap": "arn:aws:elasticloadbalancing:us-east-1:762595429056:targetgroup/tg-ap/c22a2fb2e9581480",
        "bc": "arn:aws:elasticloadbalancing:us-east-1:762595429056:targetgroup/tg-bc/c9d7760d02f374b1",
        "bm": "arn:aws:elasticloadbalancing:us-east-1:762595429056:targetgroup/tg-bm/a7bbcb380b80733a",
        "bp": "arn:aws:elasticloadbalancing:us-east-1:762595429056:targetgroup/tg-bp/ceb133f23eea0a2b",
        "ct": "arn:aws:elasticloadbalancing:us-east-1:762595429056:targetgroup/tg-ct/5d0c0a7e60d4d997",
        "fc": "arn:aws:elasticloadbalancing:us-east-1:762595429056:targetgroup/tg-fc/17c8d2c7e106c0d3",
        "frontend": "arn:aws:elasticloadbalancing:us-east-1:762595429056:targetgroup/frontend-tg/119ece586dbbb36f",
        "kb": "arn:aws:elasticloadbalancing:us-east-1:762595429056:targetgroup/tg-kb/2b25c54811df6d86",
        "qr": "arn:aws:elasticloadbalancing:us-east-1:762595429056:targetgroup/tg-qr/cb6d11b109582268",
        "sc": "arn:aws:elasticloadbalancing:us-east-1:762595429056:targetgroup/tg-sc/497efc1797664068",
        "sp": "arn:aws:elasticloadbalancing:us-east-1:762595429056:targetgroup/tg-sp/1d2399122475ccf8",
        "tk": "arn:aws:elasticloadbalancing:us-east-1:762595429056:targetgroup/tg-tk/685c752ae1a7ff76"
      },
      "type": [
        "object",
        {
          "ap": "string",
          "bc": "string",
          "bm": "string",
          "bp": "string",
          "ct": "string",
          "fc": "string",
          "frontend": "string",
          "kb": "string",
          "qr": "string",
          "sc": "string",
          "sp": "string",
          "tk": "string"
        }
      ]
    },
    "vpc_id": {
      "value": "vpc-027604b4a0a471044",
      "type": "string"
    }
  },
  "resources": [
    {
      "mode": "data",
      "type": "aws_region",
      "name": "current",
      "provider": "provider[\"registry.terraform.io/hashicorp/aws\"]",
      "instances": [
        {
          "schema_version": 0,
          "attributes": {
            "description": "US East (N. Virginia)",
            "endpoint": "ec2.us-east-1.amazonaws.com",
            "id": "us-east-1",
            "name": "us-east-1"
          },
          "sensitive_attributes": [],
          "identity_schema_version": 0
        }
      ]
    },
    {
      "mode": "data",
      "type": "local_file",
      "name": "cert_arn",
      "provider": "provider[\"registry.terraform.io/hashicorp/local\"]",
      "instances": [
        {
          "schema_version": 0,
          "attributes": {
            "content": "arn:aws:acm:us-east-1:762595429056:certificate/b39c687d-6b77-45e5-bbdd-5ced4f5eca90\n",
            "content_base64": "YXJuOmF3czphY206dXMtZWFzdC0xOjc2MjU5NTQyOTA1NjpjZXJ0aWZpY2F0ZS9iMzljNjg3ZC02Yjc3LTQ1ZTUtYmJkZC01Y2VkNGY1ZWNhOTAK",
            "content_base64sha256": "pXfM6FGc9+CF1A78sOb9Ee+y2JZ5LUZMVvL1YvJrDFQ=",
            "content_base64sha512": "1LRX9xyKeMxK7uRtQP3X/2Gd3FsLIVC5kZhDdbecRP1zlok6RNE6ocUleGBOusuw9FB5rpqVfjk/VtTxdosaLA==",
            "content_md5": "f70f928ca9a856a6002f1d2b18593926",
            "content_sha1": "e833dc3a82fb9f8b3dc4a5704c68ba41e86c85d9",
            "content_sha256": "a577cce8519cf7e085d40efcb0e6fd11efb2d896792d464c56f2f562f26b0c54",
            "content_sha512": "d4b457f71c8a78cc4aeee46d40fdd7ff619ddc5b0b2150b991984375b79c44fd7396893a44d13aa1c52578604ebacbb0f45079ae9a957e393f56d4f1768b1a2c",
            "filename": "cert_arn.txt",
            "id": "e833dc3a82fb9f8b3dc4a5704c68ba41e86c85d9"
          },
          "sensitive_attributes": [],
          "identity_schema_version": 0
        }
      ]
    },
    {
      "mode": "managed",
      "type": "aws_backup_plan",
      "name": "main",
      "provider": "provider[\"registry.terraform.io/hashicorp/aws\"]",
      "instances": [
        {
          "schema_version": 0,
          "attributes": {
            "advanced_backup_setting": [],
            "arn": "arn:aws:backup:us-east-1:762595429056:backup-plan:ee241dee-d2e4-46df-8f7b-60688aed6f61",
            "id": "ee241dee-d2e4-46df-8f7b-60688aed6f61",
            "name": "main-backup-plan",
            "rule": [
              {
                "completion_window": 180,
                "copy_action": [],
                "enable_continuous_backup": false,
                "lifecycle": [
                  {
                    "cold_storage_after": 0,
                    "delete_after": 14
                  }
                ],
                "recovery_point_tags": {},
                "rule_name": "daily_backup",
                "schedule": "cron(0 0 * * ? *)",
                "start_window": 60,
                "target_vault_name": "main-backup-vault"
              },
              {
                "completion_window": 180,
                "copy_action": [],
                "enable_continuous_backup": false,
                "lifecycle": [
                  {
                    "cold_storage_after": 0,
                    "delete_after": 30
                  }
                ],
                "recovery_point_tags": {},
                "rule_name": "weekly_backup",
                "schedule": "cron(0 0 ? * SUN *)",
                "start_window": 60,
                "target_vault_name": "main-backup-vault"
              },
              {
                "completion_window": 180,
                "copy_action": [],
                "enable_continuous_backup": false,
                "lifecycle": [
                  {
                    "cold_storage_after": 0,
                    "delete_after": 395
                  }
                ],
                "recovery_point_tags": {},
                "rule_name": "monthly_backup",
                "schedule": "cron(0 0 1 * ? *)",
                "start_window": 60,
                "target_vault_name": "main-backup-vault"
              }
            ],
            "tags": {},
            "tags_all": {},
            "version": "MWFhOTdlYzMtN2ZkOC00ZGZlLTk3MDgtNzE4ZDg1NDE0NDE5"
          },
          "sensitive_attributes": [],
          "identity_schema_version": 0,
          "private": "bnVsbA==",
          "dependencies": [
            "aws_backup_vault.main",
            "aws_kms_key.documentdb_key"
          ]
        }
      ]
    },
    {
      "mode": "managed",
      "type": "aws_backup_selection",
      "name": "all",
      "provider": "provider[\"registry.terraform.io/hashicorp/aws\"]",
      "instances": [
        {
          "schema_version": 0,
          "attributes": {
            "condition": [
              {
                "string_equals": [
                  {
                    "key": "aws:ResourceTag/Monthly-Backup",
                    "value": "Y"
                  }
                ],
                "string_like": [],
                "string_not_equals": [],
                "string_not_like": []
              }
            ],
            "iam_role_arn": "arn:aws:iam::762595429056:role/aws-backup-service-role",
            "id": "1792ed52-80bc-4ceb-9be7-aaef45faa917",
            "name": "All",
            "not_resources": [],
            "plan_id": "ee241dee-d2e4-46df-8f7b-60688aed6f61",
            "resources": [
              "*"
            ],
            "selection_tag": []
          },
          "sensitive_attributes": [],
          "identity_schema_version": 0,
          "private": "bnVsbA==",
          "dependencies": [
            "aws_backup_plan.main",
            "aws_backup_vault.main",
            "aws_iam_role.backup",
            "aws_kms_key.documentdb_key"
          ]
        }
      ]
    },
    {
      "mode": "managed",
      "type": "aws_backup_vault",
      "name": "main",
      "provider": "provider[\"registry.terraform.io/hashicorp/aws\"]",
      "instances": [
        {
          "schema_version": 0,
          "attributes": {
            "arn": "arn:aws:backup:us-east-1:762595429056:backup-vault:main-backup-vault",
            "id": "main-backup-vault",
            "kms_key_arn": "arn:aws:kms:us-east-1:762595429056:key/57b14338-295b-49f3-a525-a26cb381d4e9",
            "name": "main-backup-vault",
            "recovery_points": 0,
            "tags": {},
            "tags_all": {}
          },
          "sensitive_attributes": [],
          "identity_schema_version": 0,
          "private": "bnVsbA==",
          "dependencies": [
            "aws_kms_key.documentdb_key"
          ]
        }
      ]
    },
    {
      "mode": "managed",
      "type": "aws_cloudfront_distribution",
      "name": "web_distribution",
      "provider": "provider[\"registry.terraform.io/hashicorp/aws\"]",
      "instances": [
        {
          "schema_version": 1,
          "attributes": {
            "aliases": [],
            "arn": "arn:aws:cloudfront::762595429056:distribution/E33TIV7EFP1QIE",
            "caller_reference": "terraform-20260120143134058500000005",
            "comment": "CloudFront distribution for web application and static assets",
            "custom_error_response": [],
            "default_cache_behavior": [
              {
                "allowed_methods": [
                  "GET",
                  "HEAD",
                  "OPTIONS"
                ],
                "cache_policy_id": "658327ea-f89d-4fab-a63d-7e88639e58f6",
                "cached_methods": [
                  "GET",
                  "HEAD"
                ],
                "compress": false,
                "default_ttl": 0,
                "field_level_encryption_id": "",
                "forwarded_values": [],
                "function_association": [],
                "lambda_function_association": [],
                "max_ttl": 0,
                "min_ttl": 0,
                "origin_request_policy_id": "88a5eaf4-2fd4-4709-b370-b4c650ea3fcf",
                "realtime_log_config_arn": "",
                "response_headers_policy_id": "",
                "smooth_streaming": false,
                "target_origin_id": "S3-learn-lovable-product-images-22e59e65",
                "trusted_key_groups": [],
                "trusted_signers": [],
                "viewer_protocol_policy": "allow-all"
              }
            ],
            "default_root_object": "index.html",
            "domain_name": "dej2ksi91jjw1.cloudfront.net",
            "enabled": true,
            "etag": "E3OJEK1P676QMA",
            "hosted_zone_id": "Z2FDTNDATAQYW2",
            "http_version": "http2",
            "id": "E33TIV7EFP1QIE",
            "in_progress_validation_batches": 0,
            "is_ipv6_enabled": true,
            "last_modified_time": "2026-01-20 14:31:34.362 +0000 UTC",
            "logging_config": [],
            "ordered_cache_behavior": [],
            "origin": [
              {
                "connection_attempts": 3,
                "connection_timeout": 10,
                "custom_header": [],
                "custom_origin_config": [
                  {
                    "http_port": 80,
                    "https_port": 443,
                    "origin_keepalive_timeout": 5,
                    "origin_protocol_policy": "http-only",
                    "origin_read_timeout": 30,
                    "origin_ssl_protocols": [
                      "TLSv1.2"
                    ]
                  }
                ],
                "domain_name": "example-alb-1539153315.us-east-1.elb.amazonaws.com",
                "origin_id": "ALB-example-alb",
                "origin_path": "",
                "origin_shield": [],
                "s3_origin_config": []
              },
              {
                "connection_attempts": 3,
                "connection_timeout": 10,
                "custom_header": [],
                "custom_origin_config": [],
                "domain_name": "learn-lovable-product-images-22e59e65.s3.amazonaws.com",
                "origin_id": "S3-learn-lovable-product-images-22e59e65",
                "origin_path": "",
                "origin_shield": [],
                "s3_origin_config": [
                  {
                    "origin_access_identity": "origin-access-identity/cloudfront/E11D5GPXC1PUOO"
                  }
                ]
              }
            ],
            "origin_group": [],
            "price_class": "PriceClass_100",
            "restrictions": [
              {
                "geo_restriction": [
                  {
                    "locations": [],
                    "restriction_type": "none"
                  }
                ]
              }
            ],
            "retain_on_delete": false,
            "status": "Deployed",
            "tags": {},
            "tags_all": {},
            "trusted_key_groups": [
              {
                "enabled": false,
                "items": []
              }
            ],
            "trusted_signers": [
              {
                "enabled": false,
                "items": []
              }
            ],
            "viewer_certificate": [
              {
                "acm_certificate_arn": "",
                "cloudfront_default_certificate": true,
                "iam_certificate_id": "",
                "minimum_protocol_version": "TLSv1",
                "ssl_support_method": ""
              }
            ],
            "wait_for_deployment": true,
            "web_acl_id": ""
          },
          "sensitive_attributes": [],
          "identity_schema_version": 0,
          "private": "eyJzY2hlbWFfdmVyc2lvbiI6IjEifQ==",
          "dependencies": [
            "aws_cloudfront_origin_access_identity.s3_oai",
            "aws_lb.example",
            "aws_s3_bucket.product_images",
            "aws_s3_bucket_policy.cloudfront_access",
            "aws_security_group.public_facing",
            "aws_subnet.public_facing_1a",
            "aws_subnet.public_facing_1b",
            "aws_vpc.main",
            "random_id.suffix"
          ]
        }
      ]
    },
    {
      "mode": "managed",
      "type": "aws_cloudfront_origin_access_identity",
      "name": "s3_oai",
      "provider": "provider[\"registry.terraform.io/hashicorp/aws\"]",
      "instances": [
        {
          "schema_version": 0,
          "attributes": {
            "caller_reference": "terraform-20260120142807174100000003",
            "cloudfront_access_identity_path": "origin-access-identity/cloudfront/E11D5GPXC1PUOO",
            "comment": "OAI for learn-lovable-product-images-22e59e65",
            "etag": "ETVPDKIKX0DER",
            "iam_arn": "arn:aws:iam::cloudfront:user/CloudFront Origin Access Identity E11D5GPXC1PUOO",
            "id": "E11D5GPXC1PUOO",
            "s3_canonical_user_id": "3d1a453af59651ee41d0bb80987469f3c989f801983815cfb990da2058f17c31997178026c5cb58863837e66b767415b"
          },
          "sensitive_attributes": [],
          "identity_schema_version": 0,
          "private": "bnVsbA==",
          "dependencies": [
            "aws_s3_bucket.product_images",
            "random_id.suffix"
          ]
        }
      ]
    },
    {
      "mode": "managed",
      "type": "aws_docdb_cluster",
      "name": "documentdb_cluster",
      "provider": "provider[\"registry.terraform.io/hashicorp/aws\"]",
      "instances": [
        {
          "schema_version": 0,
          "attributes": {
            "apply_immediately": null,
            "arn": "arn:aws:rds:us-east-1:762595429056:cluster:docdb-cluster",
            "availability_zones": [
              "us-east-1a",
              "us-east-1b",
              "us-east-1f"
            ],
            "backup_retention_period": 1,
            "cluster_identifier": "docdb-cluster",
            "cluster_identifier_prefix": null,
            "cluster_members": [
              "docdb-instance-1",
              "docdb-instance-2"
            ],
            "cluster_resource_id": "cluster-4J5LCZBKWBMGLONDZYQK3DJK6Y",
            "db_cluster_parameter_group_name": "docdb-params",
            "db_subnet_group_name": "docdb-sg",
            "deletion_protection": false,
            "enabled_cloudwatch_logs_exports": [
              "audit",
              "profiler"
            ],
            "endpoint": "docdb-cluster.cluster-ciru8g0kwep8.us-east-1.docdb.amazonaws.com",
            "engine": "docdb",
            "engine_version": "4.0.0",
            "final_snapshot_identifier": null,
            "global_cluster_identifier": "",
            "hosted_zone_id": "ZNKXH85TT8WVW",
            "id": "docdb-cluster",
            "kms_key_id": "arn:aws:kms:us-east-1:762595429056:key/57b14338-295b-49f3-a525-a26cb381d4e9",
            "master_password": "f8h+3]\u003c-cYt(I]l:",
            "master_username": "appuser",
            "port": 27017,
            "preferred_backup_window": "16:00-16:30",
            "preferred_maintenance_window": "sun:19:00-sun:19:30",
            "reader_endpoint": "docdb-cluster.cluster-ro-ciru8g0kwep8.us-east-1.docdb.amazonaws.com",
            "skip_final_snapshot": true,
            "snapshot_identifier": null,
            "storage_encrypted": true,
            "tags": {
              "Name": "docdb-cluster"
            },
            "tags_all": {
              "Name": "docdb-cluster"
            },
            "timeouts": null,
            "vpc_security_group_ids": [
              "sg-0d532cdd7d990b42e"
            ]
          },
          "sensitive_attributes": [
            [
              {
                "type": "get_attr",
                "value": "master_password"
              }
            ]
          ],
          "identity_schema_version": 0,
          "private": "eyJlMmJmYjczMC1lY2FhLTExZTYtOGY4OC0zNDM2M2JjN2M0YzAiOnsiY3JlYXRlIjo3MjAwMDAwMDAwMDAwLCJkZWxldGUiOjcyMDAwMDAwMDAwMDAsInVwZGF0ZSI6NzIwMDAwMDAwMDAwMH19",
          "dependencies": [
            "aws_docdb_cluster_parameter_group.documentdb_params",
            "aws_docdb_subnet_group.documentdb_subnet_group",
            "aws_kms_key.documentdb_key",
            "aws_security_group.private_app",
            "aws_security_group.private_db",
            "aws_security_group.public_facing",
            "aws_subnet.private_db",
            "aws_subnet.private_db_1b",
            "aws_vpc.main",
            "random_password.documentdb_password"
          ]
        }
      ]
    },
    {
      "mode": "managed",
      "type": "aws_docdb_cluster_instance",
      "name": "documentdb_instance_1",
      "provider": "provider[\"registry.terraform.io/hashicorp/aws\"]",
      "instances": [
        {
          "index_key": 0,
          "schema_version": 0,
          "attributes": {
            "apply_immediately": null,
            "arn": "arn:aws:rds:us-east-1:762595429056:db:docdb-instance-1",
            "auto_minor_version_upgrade": true,
            "availability_zone": "us-east-1a",
            "ca_cert_identifier": "rds-ca-rsa2048-g1",
            "cluster_identifier": "docdb-cluster",
            "db_subnet_group_name": "docdb-sg",
            "dbi_resource_id": "db-POGOBUFUPZ4477SLORBUHJW4EU",
            "endpoint": "docdb-instance-1.ciru8g0kwep8.us-east-1.docdb.amazonaws.com",
            "engine": "docdb",
            "engine_version": "4.0.0",
            "id": "docdb-instance-1",
            "identifier": "docdb-instance-1",
            "identifier_prefix": null,
            "instance_class": "db.t4g.medium",
            "kms_key_id": "arn:aws:kms:us-east-1:762595429056:key/57b14338-295b-49f3-a525-a26cb381d4e9",
            "port": 27017,
            "preferred_backup_window": "16:00-16:30",
            "preferred_maintenance_window": "tue:05:11-tue:05:41",
            "promotion_tier": 0,
            "publicly_accessible": false,
            "storage_encrypted": true,
            "tags": {
              "Name": "docdb-instance-1"
            },
            "tags_all": {
              "Name": "docdb-instance-1"
            },
            "timeouts": null,
            "writer": true
          },
          "sensitive_attributes": [],
          "identity_schema_version": 0,
          "private": "eyJlMmJmYjczMC1lY2FhLTExZTYtOGY4OC0zNDM2M2JjN2M0YzAiOnsiY3JlYXRlIjo1NDAwMDAwMDAwMDAwLCJkZWxldGUiOjU0MDAwMDAwMDAwMDAsInVwZGF0ZSI6NTQwMDAwMDAwMDAwMH19",
          "dependencies": [
            "aws_docdb_cluster.documentdb_cluster",
            "aws_docdb_cluster_parameter_group.documentdb_params",
            "aws_docdb_subnet_group.documentdb_subnet_group",
            "aws_kms_key.documentdb_key",
            "aws_security_group.private_app",
            "aws_security_group.private_db",
            "aws_security_group.public_facing",
            "aws_subnet.private_db",
            "aws_subnet.private_db_1b",
            "aws_vpc.main",
            "random_password.documentdb_password"
          ]
        }
      ]
    },
    {
      "mode": "managed",
      "type": "aws_docdb_cluster_instance",
      "name": "documentdb_instance_2",
      "provider": "provider[\"registry.terraform.io/hashicorp/aws\"]",
      "instances": [
        {
          "index_key": 0,
          "schema_version": 0,
          "attributes": {
            "apply_immediately": null,
            "arn": "arn:aws:rds:us-east-1:762595429056:db:docdb-instance-2",
            "auto_minor_version_upgrade": true,
            "availability_zone": "us-east-1b",
            "ca_cert_identifier": "rds-ca-rsa2048-g1",
            "cluster_identifier": "docdb-cluster",
            "db_subnet_group_name": "docdb-sg",
            "dbi_resource_id": "db-U7KAV7BTI6ILRVMZUSRTLT6AVY",
            "endpoint": "docdb-instance-2.ciru8g0kwep8.us-east-1.docdb.amazonaws.com",
            "engine": "docdb",
            "engine_version": "4.0.0",
            "id": "docdb-instance-2",
            "identifier": "docdb-instance-2",
            "identifier_prefix": null,
            "instance_class": "db.t4g.medium",
            "kms_key_id": "arn:aws:kms:us-east-1:762595429056:key/57b14338-295b-49f3-a525-a26cb381d4e9",
            "port": 27017,
            "preferred_backup_window": "16:00-16:30",
            "preferred_maintenance_window": "mon:03:32-mon:04:02",
            "promotion_tier": 1,
            "publicly_accessible": false,
            "storage_encrypted": true,
            "tags": {
              "Name": "docdb-instance-2"
            },
            "tags_all": {
              "Name": "docdb-instance-2"
            },
            "timeouts": null,
            "writer": false
          },
          "sensitive_attributes": [],
          "identity_schema_version": 0,
          "private": "eyJlMmJmYjczMC1lY2FhLTExZTYtOGY4OC0zNDM2M2JjN2M0YzAiOnsiY3JlYXRlIjo1NDAwMDAwMDAwMDAwLCJkZWxldGUiOjU0MDAwMDAwMDAwMDAsInVwZGF0ZSI6NTQwMDAwMDAwMDAwMH19",
          "dependencies": [
            "aws_docdb_cluster.documentdb_cluster",
            "aws_docdb_cluster_parameter_group.documentdb_params",
            "aws_docdb_subnet_group.documentdb_subnet_group",
            "aws_kms_key.documentdb_key",
            "aws_security_group.private_app",
            "aws_security_group.private_db",
            "aws_security_group.public_facing",
            "aws_subnet.private_db",
            "aws_subnet.private_db_1b",
            "aws_vpc.main",
            "random_password.documentdb_password"
          ]
        }
      ]
    },
    {
      "mode": "managed",
      "type": "aws_docdb_cluster_parameter_group",
      "name": "documentdb_params",
      "provider": "provider[\"registry.terraform.io/hashicorp/aws\"]",
      "instances": [
        {
          "schema_version": 0,
          "attributes": {
            "arn": "arn:aws:rds:us-east-1:762595429056:cluster-pg:docdb-params",
            "description": "DocumentDB parameter group",
            "family": "docdb4.0",
            "id": "docdb-params",
            "name": "docdb-params",
            "name_prefix": null,
            "parameter": [
              {
                "apply_method": "pending-reboot",
                "name": "audit_logs",
                "value": "enabled"
              },
              {
                "apply_method": "pending-reboot",
                "name": "profiler",
                "value": "enabled"
              }
            ],
            "tags": {},
            "tags_all": {}
          },
          "sensitive_attributes": [],
          "identity_schema_version": 0,
          "private": "bnVsbA=="
        }
      ]
    },
    {
      "mode": "managed",
      "type": "aws_docdb_subnet_group",
      "name": "documentdb_subnet_group",
      "provider": "provider[\"registry.terraform.io/hashicorp/aws\"]",
      "instances": [
        {
          "schema_version": 0,
          "attributes": {
            "arn": "arn:aws:rds:us-east-1:762595429056:subgrp:docdb-sg",
            "description": "DocumentDB subnet group",
            "id": "docdb-sg",
            "name": "docdb-sg",
            "name_prefix": null,
            "subnet_ids": [
              "subnet-0636ded714c03dbae",
              "subnet-0e91e8cac5ebcee94"
            ],
            "tags": {
              "Name": "docdb-sg"
            },
            "tags_all": {
              "Name": "docdb-sg"
            }
          },
          "sensitive_attributes": [],
          "identity_schema_version": 0,
          "private": "bnVsbA==",
          "dependencies": [
            "aws_subnet.private_db",
            "aws_subnet.private_db_1b",
            "aws_vpc.main"
          ]
        }
      ]
    },
    {
      "mode": "managed",
      "type": "aws_ecr_repository",
      "name": "nginx",
      "provider": "provider[\"registry.terraform.io/hashicorp/aws\"]",
      "instances": [
        {
          "index_key": 0,
          "schema_version": 0,
          "attributes": {
            "arn": "arn:aws:ecr:us-east-1:762595429056:repository/nginx-ecommerce",
            "encryption_configuration": [
              {
                "encryption_type": "AES256",
                "kms_key": ""
              }
            ],
            "force_delete": true,
            "id": "nginx-ecommerce",
            "image_scanning_configuration": [
              {
                "scan_on_push": true
              }
            ],
            "image_tag_mutability": "MUTABLE",
            "name": "nginx-ecommerce",
            "registry_id": "762595429056",
            "repository_url": "762595429056.dkr.ecr.us-east-1.amazonaws.com/nginx-ecommerce",
            "tags": {},
            "tags_all": {},
            "timeouts": null
          },
          "sensitive_attributes": [],
          "identity_schema_version": 0,
          "private": "eyJlMmJmYjczMC1lY2FhLTExZTYtOGY4OC0zNDM2M2JjN2M0YzAiOnsiZGVsZXRlIjoxMjAwMDAwMDAwMDAwfX0="
        }
      ]
    },
    {
      "mode": "managed",
      "type": "aws_eip",
      "name": "nat_eip",
      "provider": "provider[\"registry.terraform.io/hashicorp/aws\"]",
      "instances": [
        {
          "schema_version": 0,
          "attributes": {
            "address": null,
            "allocation_id": "eipalloc-0cde39e1c8e46802c",
            "associate_with_private_ip": null,
            "association_id": "eipassoc-0b0715aaf027afcbc",
            "carrier_ip": "",
            "customer_owned_ip": "",
            "customer_owned_ipv4_pool": "",
            "domain": "vpc",
            "id": "eipalloc-0cde39e1c8e46802c",
            "instance": "",
            "network_border_group": "us-east-1",
            "network_interface": "eni-09827cd31e8d5660e",
            "private_dns": "ip-10-0-0-72.ec2.internal",
            "private_ip": "10.0.0.72",
            "public_dns": "ec2-52-206-2-55.compute-1.amazonaws.com",
            "public_ip": "52.206.2.55",
            "public_ipv4_pool": "amazon",
            "tags": {},
            "tags_all": {},
            "timeouts": null,
            "vpc": true
          },
          "sensitive_attributes": [],
          "identity_schema_version": 0,
          "private": "eyJlMmJmYjczMC1lY2FhLTExZTYtOGY4OC0zNDM2M2JjN2M0YzAiOnsiZGVsZXRlIjoxODAwMDAwMDAwMDAsInJlYWQiOjkwMDAwMDAwMDAwMCwidXBkYXRlIjozMDAwMDAwMDAwMDB9fQ==",
          "dependencies": [
            "aws_internet_gateway.igw",
            "aws_vpc.main"
          ]
        }
      ]
    },
    {
      "mode": "managed",
      "type": "aws_elasticache_replication_group",
      "name": "redis_cluster",
      "provider": "provider[\"registry.terraform.io/hashicorp/aws\"]",
      "instances": [
        {
          "schema_version": 1,
          "attributes": {
            "apply_immediately": null,
            "arn": "arn:aws:elasticache:us-east-1:762595429056:replicationgroup:dbs-elasticache-ecommerce-cluster",
            "at_rest_encryption_enabled": true,
            "auth_token": "r9ZCyxZFRtdi0kj8yR6Dq1QVyH6kA53L",
            "auto_minor_version_upgrade": "true",
            "automatic_failover_enabled": true,
            "availability_zones": null,
            "cluster_enabled": false,
            "cluster_mode": [
              {
                "num_node_groups": 1,
                "replicas_per_node_group": 1
              }
            ],
            "configuration_endpoint_address": null,
            "data_tiering_enabled": false,
            "description": "Redis cluster for ecommerce application",
            "engine": "redis",
            "engine_version": "7.1",
            "engine_version_actual": "7.1.0",
            "final_snapshot_identifier": "dbs-elasticache-ecommerce-cluster-final-snapshot",
            "global_replication_group_id": null,
            "id": "dbs-elasticache-ecommerce-cluster",
            "kms_key_id": "",
            "log_delivery_configuration": [],
            "maintenance_window": "sun:05:00-sun:06:00",
            "member_clusters": [
              "dbs-elasticache-ecommerce-cluster-001",
              "dbs-elasticache-ecommerce-cluster-002"
            ],
            "multi_az_enabled": true,
            "node_type": "cache.t3.micro",
            "notification_topic_arn": null,
            "num_cache_clusters": 2,
            "num_node_groups": 1,
            "number_cache_clusters": 2,
            "parameter_group_name": "default.redis7",
            "port": 6379,
            "preferred_cache_cluster_azs": [
              "us-east-1a",
              "us-east-1b"
            ],
            "primary_endpoint_address": "master.dbs-elasticache-ecommerce-cluster.ehtrgd.use1.cache.amazonaws.com",
            "reader_endpoint_address": "replica.dbs-elasticache-ecommerce-cluster.ehtrgd.use1.cache.amazonaws.com",
            "replicas_per_node_group": 1,
            "replication_group_description": "Redis cluster for ecommerce application",
            "replication_group_id": "dbs-elasticache-ecommerce-cluster",
            "security_group_ids": [
              "sg-0d532cdd7d990b42e"
            ],
            "security_group_names": [],
            "snapshot_arns": null,
            "snapshot_name": null,
            "snapshot_retention_limit": 1,
            "snapshot_window": "16:00-17:00",
            "subnet_group_name": "redis-subnet-group",
            "tags": {
              "Environment": "production",
              "Name": "dbs-elasticache-ecommerce-cluster"
            },
            "tags_all": {
              "Environment": "production",
              "Name": "dbs-elasticache-ecommerce-cluster"
            },
            "timeouts": null,
            "transit_encryption_enabled": true,
            "user_group_ids": []
          },
          "sensitive_attributes": [
            [
              {
                "type": "get_attr",
                "value": "auth_token"
              }
            ]
          ],
          "identity_schema_version": 0,
          "private": "eyJlMmJmYjczMC1lY2FhLTExZTYtOGY4OC0zNDM2M2JjN2M0YzAiOnsiY3JlYXRlIjozNjAwMDAwMDAwMDAwLCJkZWxldGUiOjI0MDAwMDAwMDAwMDAsInVwZGF0ZSI6MjQwMDAwMDAwMDAwMH0sInNjaGVtYV92ZXJzaW9uIjoiMSJ9",
          "dependencies": [
            "aws_elasticache_subnet_group.redis_subnet_group",
            "aws_security_group.private_app",
            "aws_security_group.private_db",
            "aws_security_group.public_facing",
            "aws_subnet.private_redis_1a",
            "aws_subnet.private_redis_1b",
            "aws_vpc.main",
            "random_password.redis_auth_token"
          ]
        }
      ]
    },
    {
      "mode": "managed",
      "type": "aws_elasticache_subnet_group",
      "name": "redis_subnet_group",
      "provider": "provider[\"registry.terraform.io/hashicorp/aws\"]",
      "instances": [
        {
          "schema_version": 0,
          "attributes": {
            "arn": "arn:aws:elasticache:us-east-1:762595429056:subnetgroup:redis-subnet-group",
            "description": "Managed by Terraform",
            "id": "redis-subnet-group",
            "name": "redis-subnet-group",
            "subnet_ids": [
              "subnet-01e858c3271003ae5",
              "subnet-0ec1d771ce64fcf76"
            ],
            "tags": {
              "Name": "redis-subnet-group"
            },
            "tags_all": {
              "Name": "redis-subnet-group"
            }
          },
          "sensitive_attributes": [],
          "identity_schema_version": 0,
          "private": "bnVsbA==",
          "dependencies": [
            "aws_subnet.private_redis_1a",
            "aws_subnet.private_redis_1b",
            "aws_vpc.main"
          ]
        }
      ]
    },
    {
      "mode": "managed",
      "type": "aws_iam_instance_profile",
      "name": "ec2_ssm_profile",
      "provider": "provider[\"registry.terraform.io/hashicorp/aws\"]",
      "instances": [
        {
          "index_key": 0,
          "schema_version": 0,
          "attributes": {
            "arn": "arn:aws:iam::762595429056:instance-profile/ec2_ssm_profile",
            "create_date": "2026-01-20T14:28:06Z",
            "id": "ec2_ssm_profile",
            "name": "ec2_ssm_profile",
            "name_prefix": null,
            "path": "/",
            "role": "ec2_ssm_role",
            "tags": {},
            "tags_all": {},
            "unique_id": "AIPA3DDR2ZLAO4QITWWA2"
          },
          "sensitive_attributes": [],
          "identity_schema_version": 0,
          "private": "bnVsbA==",
          "dependencies": [
            "aws_iam_role.ec2_ssm_role",
            "data.aws_iam_role.existing_instance_profile"
          ]
        }
      ]
    },
    {
      "mode": "managed",
      "type": "aws_iam_role",
      "name": "backup",
      "provider": "provider[\"registry.terraform.io/hashicorp/aws\"]",
      "instances": [
        {
          "schema_version": 0,
          "attributes": {
            "arn": "arn:aws:iam::762595429056:role/aws-backup-service-role",
            "assume_role_policy": "{\"Statement\":[{\"Action\":\"sts:AssumeRole\",\"Effect\":\"Allow\",\"Principal\":{\"Service\":\"backup.amazonaws.com\"}}],\"Version\":\"2012-10-17\"}",
            "create_date": "2026-01-20T14:28:05Z",
            "description": "",
            "force_detach_policies": false,
            "id": "aws-backup-service-role",
            "inline_policy": [],
            "managed_policy_arns": [
              "arn:aws:iam::aws:policy/service-role/AWSBackupServiceRolePolicyForBackup"
            ],
            "max_session_duration": 3600,
            "name": "aws-backup-service-role",
            "name_prefix": "",
            "path": "/",
            "permissions_boundary": null,
            "tags": {},
            "tags_all": {},
            "unique_id": "AROA3DDR2ZLAJ3ML5WZJM"
          },
          "sensitive_attributes": [],
          "identity_schema_version": 0,
          "private": "bnVsbA=="
        }
      ]
    },
    {
      "mode": "managed",
      "type": "aws_iam_role",
      "name": "ec2_ssm_role",
      "provider": "provider[\"registry.terraform.io/hashicorp/aws\"]",
      "instances": [
        {
          "index_key": 0,
          "schema_version": 0,
          "attributes": {
            "arn": "arn:aws:iam::762595429056:role/ec2_ssm_role",
            "assume_role_policy": "{\"Statement\":[{\"Action\":\"sts:AssumeRole\",\"Effect\":\"Allow\",\"Principal\":{\"Service\":\"ec2.amazonaws.com\"}}],\"Version\":\"2012-10-17\"}",
            "create_date": "2026-01-20T14:28:05Z",
            "description": "",
            "force_detach_policies": false,
            "id": "ec2_ssm_role",
            "inline_policy": [],
            "managed_policy_arns": [
              "arn:aws:iam::aws:policy/AmazonSSMManagedInstanceCore"
            ],
            "max_session_duration": 3600,
            "name": "ec2_ssm_role",
            "name_prefix": "",
            "path": "/",
            "permissions_boundary": null,
            "tags": {},
            "tags_all": {},
            "unique_id": "AROA3DDR2ZLAIH7WT6XMY"
          },
          "sensitive_attributes": [],
          "identity_schema_version": 0,
          "private": "bnVsbA=="
        }
      ]
    },
    {
      "mode": "managed",
      "type": "aws_iam_role_policy_attachment",
      "name": "backup",
      "provider": "provider[\"registry.terraform.io/hashicorp/aws\"]",
      "instances": [
        {
          "schema_version": 0,
          "attributes": {
            "id": "aws-backup-service-role-20260120142806678700000002",
            "policy_arn": "arn:aws:iam::aws:policy/service-role/AWSBackupServiceRolePolicyForBackup",
            "role": "aws-backup-service-role"
          },
          "sensitive_attributes": [],
          "identity_schema_version": 0,
          "private": "bnVsbA==",
          "dependencies": [
            "aws_iam_role.backup"
          ]
        }
      ]
    },
    {
      "mode": "managed",
      "type": "aws_iam_role_policy_attachment",
      "name": "ssm_policy_attachment",
      "provider": "provider[\"registry.terraform.io/hashicorp/aws\"]",
      "instances": [
        {
          "schema_version": 0,
          "attributes": {
            "id": "ec2_ssm_role-20260120142806543100000001",
            "policy_arn": "arn:aws:iam::aws:policy/AmazonSSMManagedInstanceCore",
            "role": "ec2_ssm_role"
          },
          "sensitive_attributes": [],
          "identity_schema_version": 0,
          "private": "bnVsbA==",
          "dependencies": [
            "aws_iam_role.ec2_ssm_role",
            "data.aws_iam_role.existing_instance_profile"
          ]
        }
      ]
    },
    {
      "mode": "managed",
      "type": "aws_internet_gateway",
      "name": "igw",
      "provider": "provider[\"registry.terraform.io/hashicorp/aws\"]",
      "instances": [
        {
          "schema_version": 0,
          "attributes": {
            "arn": "arn:aws:ec2:us-east-1:762595429056:internet-gateway/igw-0063c01ab4ba56aea",
            "id": "igw-0063c01ab4ba56aea",
            "owner_id": "762595429056",
            "tags": {
              "Name": "main-igw"
            },
            "tags_all": {
              "Name": "main-igw"
            },
            "vpc_id": "vpc-027604b4a0a471044"
          },
          "sensitive_attributes": [],
          "identity_schema_version": 0,
          "private": "bnVsbA==",
          "dependencies": [
            "aws_vpc.main"
          ]
        }
      ]
    },
    {
      "mode": "managed",
      "type": "aws_kms_alias",
      "name": "documentdb_key_alias",
      "provider": "provider[\"registry.terraform.io/hashicorp/aws\"]",
      "instances": [
        {
          "schema_version": 0,
          "attributes": {
            "arn": "arn:aws:kms:us-east-1:762595429056:alias/documentdb-key",
            "id": "alias/documentdb-key",
            "name": "alias/documentdb-key",
            "name_prefix": "",
            "target_key_arn": "arn:aws:kms:us-east-1:762595429056:key/57b14338-295b-49f3-a525-a26cb381d4e9",
            "target_key_id": "57b14338-295b-49f3-a525-a26cb381d4e9"
          },
          "sensitive_attributes": [],
          "identity_schema_version": 0,
          "private": "bnVsbA==",
          "dependencies": [
            "aws_kms_key.documentdb_key"
          ]
        }
      ]
    },
    {
      "mode": "managed",
      "type": "aws_kms_key",
      "name": "documentdb_key",
      "provider": "provider[\"registry.terraform.io/hashicorp/aws\"]",
      "instances": [
        {
          "schema_version": 0,
          "attributes": {
            "arn": "arn:aws:kms:us-east-1:762595429056:key/57b14338-295b-49f3-a525-a26cb381d4e9",
            "bypass_policy_lockout_safety_check": false,
            "customer_master_key_spec": "SYMMETRIC_DEFAULT",
            "deletion_window_in_days": 7,
            "description": "KMS key for DocumentDB encryption",
            "enable_key_rotation": false,
            "id": "57b14338-295b-49f3-a525-a26cb381d4e9",
            "is_enabled": true,
            "key_id": "57b14338-295b-49f3-a525-a26cb381d4e9",
            "key_usage": "ENCRYPT_DECRYPT",
            "multi_region": false,
            "policy": "{\"Id\":\"key-default-1\",\"Statement\":[{\"Action\":\"kms:*\",\"Effect\":\"Allow\",\"Principal\":{\"AWS\":\"arn:aws:iam::762595429056:root\"},\"Resource\":\"*\",\"Sid\":\"Enable IAM User Permissions\"}],\"Version\":\"2012-10-17\"}",
            "tags": {},
            "tags_all": {}
          },
          "sensitive_attributes": [],
          "identity_schema_version": 0,
          "private": "bnVsbA=="
        }
      ]
    },
    {
      "mode": "managed",
      "type": "aws_lb",
      "name": "example",
      "provider": "provider[\"registry.terraform.io/hashicorp/aws\"]",
      "instances": [
        {
          "schema_version": 0,
          "attributes": {
            "access_logs": [
              {
                "bucket": "",
                "enabled": false,
                "prefix": ""
              }
            ],
            "arn": "arn:aws:elasticloadbalancing:us-east-1:762595429056:loadbalancer/app/example-alb/cfa078eb6395f33e",
            "arn_suffix": "app/example-alb/cfa078eb6395f33e",
            "customer_owned_ipv4_pool": "",
            "desync_mitigation_mode": "defensive",
            "dns_name": "example-alb-1539153315.us-east-1.elb.amazonaws.com",
            "drop_invalid_header_fields": false,
            "enable_cross_zone_load_balancing": true,
            "enable_deletion_protection": false,
            "enable_http2": true,
            "enable_waf_fail_open": false,
            "id": "arn:aws:elasticloadbalancing:us-east-1:762595429056:loadbalancer/app/example-alb/cfa078eb6395f33e",
            "idle_timeout": 60,
            "internal": false,
            "ip_address_type": "ipv4",
            "load_balancer_type": "application",
            "name": "example-alb",
            "name_prefix": null,
            "security_groups": [
              "sg-0cdc9e0984ec4ac8d"
            ],
            "subnet_mapping": [
              {
                "allocation_id": "",
                "ipv6_address": "",
                "outpost_id": "",
                "private_ipv4_address": "",
                "subnet_id": "subnet-00f3313eb8600f720"
              },
              {
                "allocation_id": "",
                "ipv6_address": "",
                "outpost_id": "",
                "private_ipv4_address": "",
                "subnet_id": "subnet-0281e2be95a00ca40"
              }
            ],
            "subnets": [
              "subnet-00f3313eb8600f720",
              "subnet-0281e2be95a00ca40"
            ],
            "tags": {
              "Environment": "dev"
            },
            "tags_all": {
              "Environment": "dev"
            },
            "timeouts": null,
            "vpc_id": "vpc-027604b4a0a471044",
            "zone_id": "Z35SXDOTRQ7X7K"
          },
          "sensitive_attributes": [],
          "identity_schema_version": 0,
          "private": "eyJlMmJmYjczMC1lY2FhLTExZTYtOGY4OC0zNDM2M2JjN2M0YzAiOnsiY3JlYXRlIjo2MDAwMDAwMDAwMDAsImRlbGV0ZSI6NjAwMDAwMDAwMDAwLCJ1cGRhdGUiOjYwMDAwMDAwMDAwMH19",
          "dependencies": [
            "aws_security_group.public_facing",
            "aws_subnet.public_facing_1a",
            "aws_subnet.public_facing_1b",
            "aws_vpc.main"
          ]
        }
      ]
    },
    {
      "mode": "managed",
      "type": "aws_lb_listener",
      "name": "http",
      "provider": "provider[\"registry.terraform.io/hashicorp/aws\"]",
      "instances": [
        {
          "schema_version": 0,
          "attributes": {
            "alpn_policy": null,
            "arn": "arn:aws:elasticloadbalancing:us-east-1:762595429056:listener/app/example-alb/cfa078eb6395f33e/a91267f4228eadd0",
            "certificate_arn": null,
            "default_action": [
              {
                "authenticate_cognito": [],
                "authenticate_oidc": [],
                "fixed_response": [],
                "forward": [],
                "order": 1,
                "redirect": [],
                "target_group_arn": "arn:aws:elasticloadbalancing:us-east-1:762595429056:targetgroup/frontend-tg/119ece586dbbb36f",
                "type": "forward"
              }
            ],
            "id": "arn:aws:elasticloadbalancing:us-east-1:762595429056:listener/app/example-alb/cfa078eb6395f33e/a91267f4228eadd0",
            "load_balancer_arn": "arn:aws:elasticloadbalancing:us-east-1:762595429056:loadbalancer/app/example-alb/cfa078eb6395f33e",
            "port": 80,
            "protocol": "HTTP",
            "ssl_policy": "",
            "tags": {},
            "tags_all": {},
            "timeouts": null
          },
          "sensitive_attributes": [],
          "identity_schema_version": 0,
          "private": "eyJlMmJmYjczMC1lY2FhLTExZTYtOGY4OC0zNDM2M2JjN2M0YzAiOnsicmVhZCI6NjAwMDAwMDAwMDAwfX0=",
          "dependencies": [
            "aws_lb.example",
            "aws_lb_target_group.frontend",
            "aws_security_group.public_facing",
            "aws_subnet.public_facing_1a",
            "aws_subnet.public_facing_1b",
            "aws_vpc.main"
          ]
        }
      ]
    },
    {
      "mode": "managed",
      "type": "aws_lb_listener",
      "name": "https",
      "provider": "provider[\"registry.terraform.io/hashicorp/aws\"]",
      "instances": [
        {
          "schema_version": 0,
          "attributes": {
            "alpn_policy": null,
            "arn": "arn:aws:elasticloadbalancing:us-east-1:762595429056:listener/app/example-alb/cfa078eb6395f33e/19d8d3c871f199bf",
            "certificate_arn": "arn:aws:acm:us-east-1:762595429056:certificate/b39c687d-6b77-45e5-bbdd-5ced4f5eca90",
            "default_action": [
              {
                "authenticate_cognito": [],
                "authenticate_oidc": [],
                "fixed_response": [
                  {
                    "content_type": "text/plain",
                    "message_body": "",
                    "status_code": "200"
                  }
                ],
                "forward": [],
                "order": 1,
                "redirect": [],
                "target_group_arn": "",
                "type": "fixed-response"
              }
            ],
            "id": "arn:aws:elasticloadbalancing:us-east-1:762595429056:listener/app/example-alb/cfa078eb6395f33e/19d8d3c871f199bf",
            "load_balancer_arn": "arn:aws:elasticloadbalancing:us-east-1:762595429056:loadbalancer/app/example-alb/cfa078eb6395f33e",
            "port": 443,
            "protocol": "HTTPS",
            "ssl_policy": "ELBSecurityPolicy-TLS-1-2-2017-01",
            "tags": {},
            "tags_all": {},
            "timeouts": null
          },
          "sensitive_attributes": [],
          "identity_schema_version": 0,
          "private": "eyJlMmJmYjczMC1lY2FhLTExZTYtOGY4OC0zNDM2M2JjN2M0YzAiOnsicmVhZCI6NjAwMDAwMDAwMDAwfX0=",
          "dependencies": [
            "aws_lb.example",
            "aws_security_group.public_facing",
            "aws_subnet.public_facing_1a",
            "aws_subnet.public_facing_1b",
            "aws_vpc.main",
            "data.local_file.cert_arn",
            "null_resource.create_self_signed_cert"
          ]
        }
      ]
    },
    {
      "mode": "managed",
      "type": "aws_lb_listener_rule",
      "name": "ap",
      "provider": "provider[\"registry.terraform.io/hashicorp/aws\"]",
      "instances": [
        {
          "schema_version": 0,
          "attributes": {
            "action": [
              {
                "authenticate_cognito": [],
                "authenticate_oidc": [],
                "fixed_response": [],
                "forward": [],
                "order": 1,
                "redirect": [],
                "target_group_arn": "arn:aws:elasticloadbalancing:us-east-1:762595429056:targetgroup/tg-ap/c22a2fb2e9581480",
                "type": "forward"
              }
            ],
            "arn": "arn:aws:elasticloadbalancing:us-east-1:762595429056:listener-rule/app/example-alb/cfa078eb6395f33e/19d8d3c871f199bf/5c1e235922aea9df",
            "condition": [
              {
                "host_header": [
                  {
                    "values": [
                      "portal.example.com"
                    ]
                  }
                ],
                "http_header": [],
                "http_request_method": [],
                "path_pattern": [],
                "query_string": [],
                "source_ip": []
              }
            ],
            "id": "arn:aws:elasticloadbalancing:us-east-1:762595429056:listener-rule/app/example-alb/cfa078eb6395f33e/19d8d3c871f199bf/5c1e235922aea9df",
            "listener_arn": "arn:aws:elasticloadbalancing:us-east-1:762595429056:listener/app/example-alb/cfa078eb6395f33e/19d8d3c871f199bf",
            "priority": 22,
            "tags": {},
            "tags_all": {}
          },
          "sensitive_attributes": [],
          "identity_schema_version": 0,
          "private": "bnVsbA==",
          "dependencies": [
            "aws_lb.example",
            "aws_lb_listener.https",
            "aws_lb_target_group.ap",
            "aws_security_group.public_facing",
            "aws_subnet.public_facing_1a",
            "aws_subnet.public_facing_1b",
            "aws_vpc.main",
            "data.local_file.cert_arn",
            "null_resource.create_self_signed_cert"
          ]
        }
      ]
    },
    {
      "mode": "managed",
      "type": "aws_lb_listener_rule",
      "name": "bc",
      "provider": "provider[\"registry.terraform.io/hashicorp/aws\"]",
      "instances": [
        {
          "schema_version": 0,
          "attributes": {
            "action": [
              {
                "authenticate_cognito": [],
                "authenticate_oidc": [],
                "fixed_response": [],
                "forward": [],
                "order": 1,
                "redirect": [],
                "target_group_arn": "arn:aws:elasticloadbalancing:us-east-1:762595429056:targetgroup/tg-bc/c9d7760d02f374b1",
                "type": "forward"
              }
            ],
            "arn": "arn:aws:elasticloadbalancing:us-east-1:762595429056:listener-rule/app/example-alb/cfa078eb6395f33e/19d8d3c871f199bf/4186ad81ff54851e",
            "condition": [
              {
                "host_header": [
                  {
                    "values": [
                      "api.example.com"
                    ]
                  }
                ],
                "http_header": [],
                "http_request_method": [],
                "path_pattern": [],
                "query_string": [],
                "source_ip": []
              },
              {
                "host_header": [],
                "http_header": [],
                "http_request_method": [],
                "path_pattern": [
                  {
                    "values": [
                      "/cast/*"
                    ]
                  }
                ],
                "query_string": [],
                "source_ip": []
              }
            ],
            "id": "arn:aws:elasticloadbalancing:us-east-1:762595429056:listener-rule/app/example-alb/cfa078eb6395f33e/19d8d3c871f199bf/4186ad81ff54851e",
            "listener_arn": "arn:aws:elasticloadbalancing:us-east-1:762595429056:listener/app/example-alb/cfa078eb6395f33e/19d8d3c871f199bf",
            "priority": 20,
            "tags": {},
            "tags_all": {}
          },
          "sensitive_attributes": [],
          "identity_schema_version": 0,
          "private": "bnVsbA==",
          "dependencies": [
            "aws_lb.example",
            "aws_lb_listener.https",
            "aws_lb_target_group.bc",
            "aws_security_group.public_facing",
            "aws_subnet.public_facing_1a",
            "aws_subnet.public_facing_1b",
            "aws_vpc.main",
            "data.local_file.cert_arn",
            "null_resource.create_self_signed_cert"
          ]
        }
      ]
    },
    {
      "mode": "managed",
      "type": "aws_lb_listener_rule",
      "name": "bm",
      "provider": "provider[\"registry.terraform.io/hashicorp/aws\"]",
      "instances": [
        {
          "schema_version": 0,
          "attributes": {
            "action": [
              {
                "authenticate_cognito": [],
                "authenticate_oidc": [],
                "fixed_response": [],
                "forward": [],
                "order": 1,
                "redirect": [],
                "target_group_arn": "arn:aws:elasticloadbalancing:us-east-1:762595429056:targetgroup/tg-bm/a7bbcb380b80733a",
                "type": "forward"
              }
            ],
            "arn": "arn:aws:elasticloadbalancing:us-east-1:762595429056:listener-rule/app/example-alb/cfa078eb6395f33e/19d8d3c871f199bf/9b8e9db233bad082",
            "condition": [
              {
                "host_header": [
                  {
                    "values": [
                      "api.example.com"
                    ]
                  }
                ],
                "http_header": [],
                "http_request_method": [],
                "path_pattern": [],
                "query_string": [],
                "source_ip": []
              },
              {
                "host_header": [],
                "http_header": [],
                "http_request_method": [],
                "path_pattern": [
                  {
                    "values": [
                      "/mgmt/*"
                    ]
                  }
                ],
                "query_string": [],
                "source_ip": []
              }
            ],
            "id": "arn:aws:elasticloadbalancing:us-east-1:762595429056:listener-rule/app/example-alb/cfa078eb6395f33e/19d8d3c871f199bf/9b8e9db233bad082",
            "listener_arn": "arn:aws:elasticloadbalancing:us-east-1:762595429056:listener/app/example-alb/cfa078eb6395f33e/19d8d3c871f199bf",
            "priority": 19,
            "tags": {},
            "tags_all": {}
          },
          "sensitive_attributes": [],
          "identity_schema_version": 0,
          "private": "bnVsbA==",
          "dependencies": [
            "aws_lb.example",
            "aws_lb_listener.https",
            "aws_lb_target_group.bm",
            "aws_security_group.public_facing",
            "aws_subnet.public_facing_1a",
            "aws_subnet.public_facing_1b",
            "aws_vpc.main",
            "data.local_file.cert_arn",
            "null_resource.create_self_signed_cert"
          ]
        }
      ]
    },
    {
      "mode": "managed",
      "type": "aws_lb_listener_rule",
      "name": "bp",
      "provider": "provider[\"registry.terraform.io/hashicorp/aws\"]",
      "instances": [
        {
          "schema_version": 0,
          "attributes": {
            "action": [
              {
                "authenticate_cognito": [],
                "authenticate_oidc": [],
                "fixed_response": [],
                "forward": [],
                "order": 1,
                "redirect": [],
                "target_group_arn": "arn:aws:elasticloadbalancing:us-east-1:762595429056:targetgroup/tg-bp/ceb133f23eea0a2b",
                "type": "forward"
              }
            ],
            "arn": "arn:aws:elasticloadbalancing:us-east-1:762595429056:listener-rule/app/example-alb/cfa078eb6395f33e/19d8d3c871f199bf/5ebbd8ed0cc1b0a6",
            "condition": [
              {
                "host_header": [
                  {
                    "values": [
                      "api.example.com"
                    ]
                  }
                ],
                "http_header": [],
                "http_request_method": [],
                "path_pattern": [],
                "query_string": [],
                "source_ip": []
              },
              {
                "host_header": [],
                "http_header": [],
                "http_request_method": [],
                "path_pattern": [
                  {
                    "values": [
                      "/proc/*"
                    ]
                  }
                ],
                "query_string": [],
                "source_ip": []
              }
            ],
            "id": "arn:aws:elasticloadbalancing:us-east-1:762595429056:listener-rule/app/example-alb/cfa078eb6395f33e/19d8d3c871f199bf/5ebbd8ed0cc1b0a6",
            "listener_arn": "arn:aws:elasticloadbalancing:us-east-1:762595429056:listener/app/example-alb/cfa078eb6395f33e/19d8d3c871f199bf",
            "priority": 18,
            "tags": {},
            "tags_all": {}
          },
          "sensitive_attributes": [],
          "identity_schema_version": 0,
          "private": "bnVsbA==",
          "dependencies": [
            "aws_lb.example",
            "aws_lb_listener.https",
            "aws_lb_target_group.bp",
            "aws_security_group.public_facing",
            "aws_subnet.public_facing_1a",
            "aws_subnet.public_facing_1b",
            "aws_vpc.main",
            "data.local_file.cert_arn",
            "null_resource.create_self_signed_cert"
          ]
        }
      ]
    },
    {
      "mode": "managed",
      "type": "aws_lb_listener_rule",
      "name": "ct",
      "provider": "provider[\"registry.terraform.io/hashicorp/aws\"]",
      "instances": [
        {
          "schema_version": 0,
          "attributes": {
            "action": [
              {
                "authenticate_cognito": [],
                "authenticate_oidc": [],
                "fixed_response": [],
                "forward": [],
                "order": 1,
                "redirect": [],
                "target_group_arn": "arn:aws:elasticloadbalancing:us-east-1:762595429056:targetgroup/tg-ct/5d0c0a7e60d4d997",
                "type": "forward"
              }
            ],
            "arn": "arn:aws:elasticloadbalancing:us-east-1:762595429056:listener-rule/app/example-alb/cfa078eb6395f33e/19d8d3c871f199bf/c84ba2195171e13f",
            "condition": [
              {
                "host_header": [
                  {
                    "values": [
                      "api.example.com"
                    ]
                  }
                ],
                "http_header": [],
                "http_request_method": [],
                "path_pattern": [],
                "query_string": [],
                "source_ip": []
              },
              {
                "host_header": [],
                "http_header": [],
                "http_request_method": [],
                "path_pattern": [
                  {
                    "values": [
                      "/ct/*"
                    ]
                  }
                ],
                "query_string": [],
                "source_ip": []
              }
            ],
            "id": "arn:aws:elasticloadbalancing:us-east-1:762595429056:listener-rule/app/example-alb/cfa078eb6395f33e/19d8d3c871f199bf/c84ba2195171e13f",
            "listener_arn": "arn:aws:elasticloadbalancing:us-east-1:762595429056:listener/app/example-alb/cfa078eb6395f33e/19d8d3c871f199bf",
            "priority": 23,
            "tags": {},
            "tags_all": {}
          },
          "sensitive_attributes": [],
          "identity_schema_version": 0,
          "private": "bnVsbA==",
          "dependencies": [
            "aws_lb.example",
            "aws_lb_listener.https",
            "aws_lb_target_group.ct",
            "aws_security_group.public_facing",
            "aws_subnet.public_facing_1a",
            "aws_subnet.public_facing_1b",
            "aws_vpc.main",
            "data.local_file.cert_arn",
            "null_resource.create_self_signed_cert"
          ]
        }
      ]
    },
    {
      "mode": "managed",
      "type": "aws_lb_listener_rule",
      "name": "fc",
      "provider": "provider[\"registry.terraform.io/hashicorp/aws\"]",
      "instances": [
        {
          "schema_version": 0,
          "attributes": {
            "action": [
              {
                "authenticate_cognito": [],
                "authenticate_oidc": [],
                "fixed_response": [],
                "forward": [],
                "order": 1,
                "redirect": [],
                "target_group_arn": "arn:aws:elasticloadbalancing:us-east-1:762595429056:targetgroup/tg-fc/17c8d2c7e106c0d3",
                "type": "forward"
              }
            ],
            "arn": "arn:aws:elasticloadbalancing:us-east-1:762595429056:listener-rule/app/example-alb/cfa078eb6395f33e/19d8d3c871f199bf/eebc0a3a9c10d3c8",
            "condition": [
              {
                "host_header": [
                  {
                    "values": [
                      "api.example.com"
                    ]
                  }
                ],
                "http_header": [],
                "http_request_method": [],
                "path_pattern": [],
                "query_string": [],
                "source_ip": []
              },
              {
                "host_header": [],
                "http_header": [],
                "http_request_method": [],
                "path_pattern": [
                  {
                    "values": [
                      "/fac/*"
                    ]
                  }
                ],
                "query_string": [],
                "source_ip": []
              }
            ],
            "id": "arn:aws:elasticloadbalancing:us-east-1:762595429056:listener-rule/app/example-alb/cfa078eb6395f33e/19d8d3c871f199bf/eebc0a3a9c10d3c8",
            "listener_arn": "arn:aws:elasticloadbalancing:us-east-1:762595429056:listener/app/example-alb/cfa078eb6395f33e/19d8d3c871f199bf",
            "priority": 16,
            "tags": {},
            "tags_all": {}
          },
          "sensitive_attributes": [],
          "identity_schema_version": 0,
          "private": "bnVsbA==",
          "dependencies": [
            "aws_lb.example",
            "aws_lb_listener.https",
            "aws_lb_target_group.fc",
            "aws_security_group.public_facing",
            "aws_subnet.public_facing_1a",
            "aws_subnet.public_facing_1b",
            "aws_vpc.main",
            "data.local_file.cert_arn",
            "null_resource.create_self_signed_cert"
          ]
        }
      ]
    },
    {
      "mode": "managed",
      "type": "aws_lb_listener_rule",
      "name": "kb",
      "provider": "provider[\"registry.terraform.io/hashicorp/aws\"]",
      "instances": [
        {
          "schema_version": 0,
          "attributes": {
            "action": [
              {
                "authenticate_cognito": [],
                "authenticate_oidc": [],
                "fixed_response": [],
                "forward": [],
                "order": 1,
                "redirect": [],
                "target_group_arn": "arn:aws:elasticloadbalancing:us-east-1:762595429056:targetgroup/tg-kb/2b25c54811df6d86",
                "type": "forward"
              }
            ],
            "arn": "arn:aws:elasticloadbalancing:us-east-1:762595429056:listener-rule/app/example-alb/cfa078eb6395f33e/19d8d3c871f199bf/431a9d8b816904c4",
            "condition": [
              {
                "host_header": [
                  {
                    "values": [
                      "api.example.com"
                    ]
                  }
                ],
                "http_header": [],
                "http_request_method": [],
                "path_pattern": [],
                "query_string": [],
                "source_ip": []
              },
              {
                "host_header": [],
                "http_header": [],
                "http_request_method": [],
                "path_pattern": [
                  {
                    "values": [
                      "/kb/*"
                    ]
                  }
                ],
                "query_string": [],
                "source_ip": []
              }
            ],
            "id": "arn:aws:elasticloadbalancing:us-east-1:762595429056:listener-rule/app/example-alb/cfa078eb6395f33e/19d8d3c871f199bf/431a9d8b816904c4",
            "listener_arn": "arn:aws:elasticloadbalancing:us-east-1:762595429056:listener/app/example-alb/cfa078eb6395f33e/19d8d3c871f199bf",
            "priority": 15,
            "tags": {},
            "tags_all": {}
          },
          "sensitive_attributes": [],
          "identity_schema_version": 0,
          "private": "bnVsbA==",
          "dependencies": [
            "aws_lb.example",
            "aws_lb_listener.https",
            "aws_lb_target_group.kb",
            "aws_security_group.public_facing",
            "aws_subnet.public_facing_1a",
            "aws_subnet.public_facing_1b",
            "aws_vpc.main",
            "data.local_file.cert_arn",
            "null_resource.create_self_signed_cert"
          ]
        }
      ]
    },
    {
      "mode": "managed",
      "type": "aws_lb_listener_rule",
      "name": "qr",
      "provider": "provider[\"registry.terraform.io/hashicorp/aws\"]",
      "instances": [
        {
          "schema_version": 0,
          "attributes": {
            "action": [
              {
                "authenticate_cognito": [],
                "authenticate_oidc": [],
                "fixed_response": [],
                "forward": [],
                "order": 1,
                "redirect": [],
                "target_group_arn": "arn:aws:elasticloadbalancing:us-east-1:762595429056:targetgroup/tg-qr/cb6d11b109582268",
                "type": "forward"
              }
            ],
            "arn": "arn:aws:elasticloadbalancing:us-east-1:762595429056:listener-rule/app/example-alb/cfa078eb6395f33e/19d8d3c871f199bf/fda1efef9595bcec",
            "condition": [
              {
                "host_header": [
                  {
                    "values": [
                      "api.example.com"
                    ]
                  }
                ],
                "http_header": [],
                "http_request_method": [],
                "path_pattern": [],
                "query_string": [],
                "source_ip": []
              },
              {
                "host_header": [],
                "http_header": [],
                "http_request_method": [],
                "path_pattern": [
                  {
                    "values": [
                      "/qr/*"
                    ]
                  }
                ],
                "query_string": [],
                "source_ip": []
              }
            ],
            "id": "arn:aws:elasticloadbalancing:us-east-1:762595429056:listener-rule/app/example-alb/cfa078eb6395f33e/19d8d3c871f199bf/fda1efef9595bcec",
            "listener_arn": "arn:aws:elasticloadbalancing:us-east-1:762595429056:listener/app/example-alb/cfa078eb6395f33e/19d8d3c871f199bf",
            "priority": 13,
            "tags": {},
            "tags_all": {}
          },
          "sensitive_attributes": [],
          "identity_schema_version": 0,
          "private": "bnVsbA==",
          "dependencies": [
            "aws_lb.example",
            "aws_lb_listener.https",
            "aws_lb_target_group.qr",
            "aws_security_group.public_facing",
            "aws_subnet.public_facing_1a",
            "aws_subnet.public_facing_1b",
            "aws_vpc.main",
            "data.local_file.cert_arn",
            "null_resource.create_self_signed_cert"
          ]
        }
      ]
    },
    {
      "mode": "managed",
      "type": "aws_lb_listener_rule",
      "name": "redirect",
      "provider": "provider[\"registry.terraform.io/hashicorp/aws\"]",
      "instances": [
        {
          "schema_version": 0,
          "attributes": {
            "action": [
              {
                "authenticate_cognito": [],
                "authenticate_oidc": [],
                "fixed_response": [],
                "forward": [],
                "order": 1,
                "redirect": [
                  {
                    "host": "api.example.com",
                    "path": "/proc/#{path}",
                    "port": "443",
                    "protocol": "HTTPS",
                    "query": "#{query}",
                    "status_code": "HTTP_301"
                  }
                ],
                "target_group_arn": "",
                "type": "redirect"
              }
            ],
            "arn": "arn:aws:elasticloadbalancing:us-east-1:762595429056:listener-rule/app/example-alb/cfa078eb6395f33e/19d8d3c871f199bf/e40bd80f9226ef77",
            "condition": [
              {
                "host_header": [
                  {
                    "values": [
                      "api.example.com"
                    ]
                  }
                ],
                "http_header": [],
                "http_request_method": [],
                "path_pattern": [],
                "query_string": [],
                "source_ip": []
              },
              {
                "host_header": [],
                "http_header": [],
                "http_request_method": [],
                "path_pattern": [
                  {
                    "values": [
                      "/link/*"
                    ]
                  }
                ],
                "query_string": [],
                "source_ip": []
              }
            ],
            "id": "arn:aws:elasticloadbalancing:us-east-1:762595429056:listener-rule/app/example-alb/cfa078eb6395f33e/19d8d3c871f199bf/e40bd80f9226ef77",
            "listener_arn": "arn:aws:elasticloadbalancing:us-east-1:762595429056:listener/app/example-alb/cfa078eb6395f33e/19d8d3c871f199bf",
            "priority": 21,
            "tags": {},
            "tags_all": {}
          },
          "sensitive_attributes": [],
          "identity_schema_version": 0,
          "private": "bnVsbA==",
          "dependencies": [
            "aws_lb.example",
            "aws_lb_listener.https",
            "aws_security_group.public_facing",
            "aws_subnet.public_facing_1a",
            "aws_subnet.public_facing_1b",
            "aws_vpc.main",
            "data.local_file.cert_arn",
            "null_resource.create_self_signed_cert"
          ]
        }
      ]
    },
    {
      "mode": "managed",
      "type": "aws_lb_listener_rule",
      "name": "sc",
      "provider": "provider[\"registry.terraform.io/hashicorp/aws\"]",
      "instances": [
        {
          "schema_version": 0,
          "attributes": {
            "action": [
              {
                "authenticate_cognito": [],
                "authenticate_oidc": [],
                "fixed_response": [],
                "forward": [],
                "order": 1,
                "redirect": [],
                "target_group_arn": "arn:aws:elasticloadbalancing:us-east-1:762595429056:targetgroup/tg-sc/497efc1797664068",
                "type": "forward"
              }
            ],
            "arn": "arn:aws:elasticloadbalancing:us-east-1:762595429056:listener-rule/app/example-alb/cfa078eb6395f33e/19d8d3c871f199bf/0f0d08eeeaf5e4e3",
            "condition": [
              {
                "host_header": [
                  {
                    "values": [
                      "api.example.com"
                    ]
                  }
                ],
                "http_header": [],
                "http_request_method": [],
                "path_pattern": [],
                "query_string": [],
                "source_ip": []
              },
              {
                "host_header": [],
                "http_header": [],
                "http_request_method": [],
                "path_pattern": [
                  {
                    "values": [
                      "/sched/*"
                    ]
                  }
                ],
                "query_string": [],
                "source_ip": []
              }
            ],
            "id": "arn:aws:elasticloadbalancing:us-east-1:762595429056:listener-rule/app/example-alb/cfa078eb6395f33e/19d8d3c871f199bf/0f0d08eeeaf5e4e3",
            "listener_arn": "arn:aws:elasticloadbalancing:us-east-1:762595429056:listener/app/example-alb/cfa078eb6395f33e/19d8d3c871f199bf",
            "priority": 12,
            "tags": {},
            "tags_all": {}
          },
          "sensitive_attributes": [],
          "identity_schema_version": 0,
          "private": "bnVsbA==",
          "dependencies": [
            "aws_lb.example",
            "aws_lb_listener.https",
            "aws_lb_target_group.sc",
            "aws_security_group.public_facing",
            "aws_subnet.public_facing_1a",
            "aws_subnet.public_facing_1b",
            "aws_vpc.main",
            "data.local_file.cert_arn",
            "null_resource.create_self_signed_cert"
          ]
        }
      ]
    },
    {
      "mode": "managed",
      "type": "aws_lb_listener_rule",
      "name": "sp",
      "provider": "provider[\"registry.terraform.io/hashicorp/aws\"]",
      "instances": [
        {
          "schema_version": 0,
          "attributes": {
            "action": [
              {
                "authenticate_cognito": [],
                "authenticate_oidc": [],
                "fixed_response": [],
                "forward": [],
                "order": 1,
                "redirect": [],
                "target_group_arn": "arn:aws:elasticloadbalancing:us-east-1:762595429056:targetgroup/tg-sp/1d2399122475ccf8",
                "type": "forward"
              }
            ],
            "arn": "arn:aws:elasticloadbalancing:us-east-1:762595429056:listener-rule/app/example-alb/cfa078eb6395f33e/19d8d3c871f199bf/01efb60220d1a824",
            "condition": [
              {
                "host_header": [
                  {
                    "values": [
                      "api.example.com"
                    ]
                  }
                ],
                "http_header": [],
                "http_request_method": [],
                "path_pattern": [],
                "query_string": [],
                "source_ip": []
              },
              {
                "host_header": [],
                "http_header": [],
                "http_request_method": [],
                "path_pattern": [
                  {
                    "values": [
                      "/auth/*"
                    ]
                  }
                ],
                "query_string": [],
                "source_ip": []
              }
            ],
            "id": "arn:aws:elasticloadbalancing:us-east-1:762595429056:listener-rule/app/example-alb/cfa078eb6395f33e/19d8d3c871f199bf/01efb60220d1a824",
            "listener_arn": "arn:aws:elasticloadbalancing:us-east-1:762595429056:listener/app/example-alb/cfa078eb6395f33e/19d8d3c871f199bf",
            "priority": 1,
            "tags": {},
            "tags_all": {}
          },
          "sensitive_attributes": [],
          "identity_schema_version": 0,
          "private": "bnVsbA==",
          "dependencies": [
            "aws_lb.example",
            "aws_lb_listener.https",
            "aws_lb_target_group.sp",
            "aws_security_group.public_facing",
            "aws_subnet.public_facing_1a",
            "aws_subnet.public_facing_1b",
            "aws_vpc.main",
            "data.local_file.cert_arn",
            "null_resource.create_self_signed_cert"
          ]
        }
      ]
    },
    {
      "mode": "managed",
      "type": "aws_lb_listener_rule",
      "name": "tk",
      "provider": "provider[\"registry.terraform.io/hashicorp/aws\"]",
      "instances": [
        {
          "schema_version": 0,
          "attributes": {
            "action": [
              {
                "authenticate_cognito": [],
                "authenticate_oidc": [],
                "fixed_response": [],
                "forward": [],
                "order": 1,
                "redirect": [],
                "target_group_arn": "arn:aws:elasticloadbalancing:us-east-1:762595429056:targetgroup/tg-tk/685c752ae1a7ff76",
                "type": "forward"
              }
            ],
            "arn": "arn:aws:elasticloadbalancing:us-east-1:762595429056:listener-rule/app/example-alb/cfa078eb6395f33e/19d8d3c871f199bf/e24a152408be8d29",
            "condition": [
              {
                "host_header": [
                  {
                    "values": [
                      "api.example.com"
                    ]
                  }
                ],
                "http_header": [],
                "http_request_method": [],
                "path_pattern": [],
                "query_string": [],
                "source_ip": []
              },
              {
                "host_header": [],
                "http_header": [],
                "http_request_method": [],
                "path_pattern": [
                  {
                    "values": [
                      "/tkt/*"
                    ]
                  }
                ],
                "query_string": [],
                "source_ip": []
              }
            ],
            "id": "arn:aws:elasticloadbalancing:us-east-1:762595429056:listener-rule/app/example-alb/cfa078eb6395f33e/19d8d3c871f199bf/e24a152408be8d29",
            "listener_arn": "arn:aws:elasticloadbalancing:us-east-1:762595429056:listener/app/example-alb/cfa078eb6395f33e/19d8d3c871f199bf",
            "priority": 11,
            "tags": {},
            "tags_all": {}
          },
          "sensitive_attributes": [],
          "identity_schema_version": 0,
          "private": "bnVsbA==",
          "dependencies": [
            "aws_lb.example",
            "aws_lb_listener.https",
            "aws_lb_target_group.tk",
            "aws_security_group.public_facing",
            "aws_subnet.public_facing_1a",
            "aws_subnet.public_facing_1b",
            "aws_vpc.main",
            "data.local_file.cert_arn",
            "null_resource.create_self_signed_cert"
          ]
        }
      ]
    },
    {
      "mode": "managed",
      "type": "aws_lb_target_group",
      "name": "ap",
      "provider": "provider[\"registry.terraform.io/hashicorp/aws\"]",
      "instances": [
        {
          "schema_version": 0,
          "attributes": {
            "arn": "arn:aws:elasticloadbalancing:us-east-1:762595429056:targetgroup/tg-ap/c22a2fb2e9581480",
            "arn_suffix": "targetgroup/tg-ap/c22a2fb2e9581480",
            "connection_termination": false,
            "deregistration_delay": "300",
            "health_check": [
              {
                "enabled": true,
                "healthy_threshold": 3,
                "interval": 30,
                "matcher": "200",
                "path": "/health",
                "port": "traffic-port",
                "protocol": "HTTP",
                "timeout": 5,
                "unhealthy_threshold": 3
              }
            ],
            "id": "arn:aws:elasticloadbalancing:us-east-1:762595429056:targetgroup/tg-ap/c22a2fb2e9581480",
            "lambda_multi_value_headers_enabled": false,
            "load_balancing_algorithm_type": "round_robin",
            "name": "tg-ap",
            "name_prefix": null,
            "port": 443,
            "preserve_client_ip": null,
            "protocol": "HTTPS",
            "protocol_version": "HTTP1",
            "proxy_protocol_v2": false,
            "slow_start": 0,
            "stickiness": [
              {
                "cookie_duration": 86400,
                "cookie_name": "",
                "enabled": false,
                "type": "lb_cookie"
              }
            ],
            "tags": {},
            "tags_all": {},
            "target_type": "ip",
            "vpc_id": "vpc-027604b4a0a471044"
          },
          "sensitive_attributes": [],
          "identity_schema_version": 0,
          "private": "bnVsbA==",
          "dependencies": [
            "aws_vpc.main"
          ]
        }
      ]
    },
    {
      "mode": "managed",
      "type": "aws_lb_target_group",
      "name": "bc",
      "provider": "provider[\"registry.terraform.io/hashicorp/aws\"]",
      "instances": [
        {
          "schema_version": 0,
          "attributes": {
            "arn": "arn:aws:elasticloadbalancing:us-east-1:762595429056:targetgroup/tg-bc/c9d7760d02f374b1",
            "arn_suffix": "targetgroup/tg-bc/c9d7760d02f374b1",
            "connection_termination": false,
            "deregistration_delay": "300",
            "health_check": [
              {
                "enabled": true,
                "healthy_threshold": 3,
                "interval": 30,
                "matcher": "200",
                "path": "/cast/health",
                "port": "traffic-port",
                "protocol": "HTTP",
                "timeout": 5,
                "unhealthy_threshold": 3
              }
            ],
            "id": "arn:aws:elasticloadbalancing:us-east-1:762595429056:targetgroup/tg-bc/c9d7760d02f374b1",
            "lambda_multi_value_headers_enabled": false,
            "load_balancing_algorithm_type": "round_robin",
            "name": "tg-bc",
            "name_prefix": null,
            "port": 443,
            "preserve_client_ip": null,
            "protocol": "HTTPS",
            "protocol_version": "HTTP1",
            "proxy_protocol_v2": false,
            "slow_start": 0,
            "stickiness": [
              {
                "cookie_duration": 86400,
                "cookie_name": "",
                "enabled": false,
                "type": "lb_cookie"
              }
            ],
            "tags": {},
            "tags_all": {},
            "target_type": "ip",
            "vpc_id": "vpc-027604b4a0a471044"
          },
          "sensitive_attributes": [],
          "identity_schema_version": 0,
          "private": "bnVsbA==",
          "dependencies": [
            "aws_vpc.main"
          ]
        }
      ]
    },
    {
      "mode": "managed",
      "type": "aws_lb_target_group",
      "name": "bm",
      "provider": "provider[\"registry.terraform.io/hashicorp/aws\"]",
      "instances": [
        {
          "schema_version": 0,
          "attributes": {
            "arn": "arn:aws:elasticloadbalancing:us-east-1:762595429056:targetgroup/tg-bm/a7bbcb380b80733a",
            "arn_suffix": "targetgroup/tg-bm/a7bbcb380b80733a",
            "connection_termination": false,
            "deregistration_delay": "300",
            "health_check": [
              {
                "enabled": true,
                "healthy_threshold": 3,
                "interval": 30,
                "matcher": "200",
                "path": "/mgmt/health",
                "port": "traffic-port",
                "protocol": "HTTP",
                "timeout": 5,
                "unhealthy_threshold": 3
              }
            ],
            "id": "arn:aws:elasticloadbalancing:us-east-1:762595429056:targetgroup/tg-bm/a7bbcb380b80733a",
            "lambda_multi_value_headers_enabled": false,
            "load_balancing_algorithm_type": "round_robin",
            "name": "tg-bm",
            "name_prefix": null,
            "port": 443,
            "preserve_client_ip": null,
            "protocol": "HTTPS",
            "protocol_version": "HTTP1",
            "proxy_protocol_v2": false,
            "slow_start": 0,
            "stickiness": [
              {
                "cookie_duration": 86400,
                "cookie_name": "",
                "enabled": false,
                "type": "lb_cookie"
              }
            ],
            "tags": {},
            "tags_all": {},
            "target_type": "ip",
            "vpc_id": "vpc-027604b4a0a471044"
          },
          "sensitive_attributes": [],
          "identity_schema_version": 0,
          "private": "bnVsbA==",
          "dependencies": [
            "aws_vpc.main"
          ]
        }
      ]
    },
    {
      "mode": "managed",
      "type": "aws_lb_target_group",
      "name": "bp",
      "provider": "provider[\"registry.terraform.io/hashicorp/aws\"]",
      "instances": [
        {
          "schema_version": 0,
          "attributes": {
            "arn": "arn:aws:elasticloadbalancing:us-east-1:762595429056:targetgroup/tg-bp/ceb133f23eea0a2b",
            "arn_suffix": "targetgroup/tg-bp/ceb133f23eea0a2b",
            "connection_termination": false,
            "deregistration_delay": "300",
            "health_check": [
              {
                "enabled": true,
                "healthy_threshold": 3,
                "interval": 30,
                "matcher": "200",
                "path": "/proc/health",
                "port": "traffic-port",
                "protocol": "HTTP",
                "timeout": 5,
                "unhealthy_threshold": 3
              }
            ],
            "id": "arn:aws:elasticloadbalancing:us-east-1:762595429056:targetgroup/tg-bp/ceb133f23eea0a2b",
            "lambda_multi_value_headers_enabled": false,
            "load_balancing_algorithm_type": "round_robin",
            "name": "tg-bp",
            "name_prefix": null,
            "port": 443,
            "preserve_client_ip": null,
            "protocol": "HTTPS",
            "protocol_version": "HTTP1",
            "proxy_protocol_v2": false,
            "slow_start": 0,
            "stickiness": [
              {
                "cookie_duration": 86400,
                "cookie_name": "",
                "enabled": false,
                "type": "lb_cookie"
              }
            ],
            "tags": {},
            "tags_all": {},
            "target_type": "ip",
            "vpc_id": "vpc-027604b4a0a471044"
          },
          "sensitive_attributes": [],
          "identity_schema_version": 0,
          "private": "bnVsbA==",
          "dependencies": [
            "aws_vpc.main"
          ]
        }
      ]
    },
    {
      "mode": "managed",
      "type": "aws_lb_target_group",
      "name": "ct",
      "provider": "provider[\"registry.terraform.io/hashicorp/aws\"]",
      "instances": [
        {
          "schema_version": 0,
          "attributes": {
            "arn": "arn:aws:elasticloadbalancing:us-east-1:762595429056:targetgroup/tg-ct/5d0c0a7e60d4d997",
            "arn_suffix": "targetgroup/tg-ct/5d0c0a7e60d4d997",
            "connection_termination": false,
            "deregistration_delay": "300",
            "health_check": [
              {
                "enabled": true,
                "healthy_threshold": 3,
                "interval": 30,
                "matcher": "200",
                "path": "/ct/health",
                "port": "traffic-port",
                "protocol": "HTTP",
                "timeout": 5,
                "unhealthy_threshold": 3
              }
            ],
            "id": "arn:aws:elasticloadbalancing:us-east-1:762595429056:targetgroup/tg-ct/5d0c0a7e60d4d997",
            "lambda_multi_value_headers_enabled": false,
            "load_balancing_algorithm_type": "round_robin",
            "name": "tg-ct",
            "name_prefix": null,
            "port": 443,
            "preserve_client_ip": null,
            "protocol": "HTTPS",
            "protocol_version": "HTTP1",
            "proxy_protocol_v2": false,
            "slow_start": 0,
            "stickiness": [
              {
                "cookie_duration": 86400,
                "cookie_name": "",
                "enabled": false,
                "type": "lb_cookie"
              }
            ],
            "tags": {},
            "tags_all": {},
            "target_type": "ip",
            "vpc_id": "vpc-027604b4a0a471044"
          },
          "sensitive_attributes": [],
          "identity_schema_version": 0,
          "private": "bnVsbA==",
          "dependencies": [
            "aws_vpc.main"
          ]
        }
      ]
    },
    {
      "mode": "managed",
      "type": "aws_lb_target_group",
      "name": "fc",
      "provider": "provider[\"registry.terraform.io/hashicorp/aws\"]",
      "instances": [
        {
          "schema_version": 0,
          "attributes": {
            "arn": "arn:aws:elasticloadbalancing:us-east-1:762595429056:targetgroup/tg-fc/17c8d2c7e106c0d3",
            "arn_suffix": "targetgroup/tg-fc/17c8d2c7e106c0d3",
            "connection_termination": false,
            "deregistration_delay": "300",
            "health_check": [
              {
                "enabled": true,
                "healthy_threshold": 3,
                "interval": 30,
                "matcher": "200",
                "path": "/fac/health",
                "port": "traffic-port",
                "protocol": "HTTP",
                "timeout": 5,
                "unhealthy_threshold": 3
              }
            ],
            "id": "arn:aws:elasticloadbalancing:us-east-1:762595429056:targetgroup/tg-fc/17c8d2c7e106c0d3",
            "lambda_multi_value_headers_enabled": false,
            "load_balancing_algorithm_type": "round_robin",
            "name": "tg-fc",
            "name_prefix": null,
            "port": 443,
            "preserve_client_ip": null,
            "protocol": "HTTPS",
            "protocol_version": "HTTP1",
            "proxy_protocol_v2": false,
            "slow_start": 0,
            "stickiness": [
              {
                "cookie_duration": 86400,
                "cookie_name": "",
                "enabled": false,
                "type": "lb_cookie"
              }
            ],
            "tags": {},
            "tags_all": {},
            "target_type": "ip",
            "vpc_id": "vpc-027604b4a0a471044"
          },
          "sensitive_attributes": [],
          "identity_schema_version": 0,
          "private": "bnVsbA==",
          "dependencies": [
            "aws_vpc.main"
          ]
        }
      ]
    },
    {
      "mode": "managed",
      "type": "aws_lb_target_group",
      "name": "frontend",
      "provider": "provider[\"registry.terraform.io/hashicorp/aws\"]",
      "instances": [
        {
          "schema_version": 0,
          "attributes": {
            "arn": "arn:aws:elasticloadbalancing:us-east-1:762595429056:targetgroup/frontend-tg/119ece586dbbb36f",
            "arn_suffix": "targetgroup/frontend-tg/119ece586dbbb36f",
            "connection_termination": false,
            "deregistration_delay": "300",
            "health_check": [
              {
                "enabled": true,
                "healthy_threshold": 5,
                "interval": 30,
                "matcher": "200",
                "path": "/",
                "port": "traffic-port",
                "protocol": "HTTP",
                "timeout": 5,
                "unhealthy_threshold": 2
              }
            ],
            "id": "arn:aws:elasticloadbalancing:us-east-1:762595429056:targetgroup/frontend-tg/119ece586dbbb36f",
            "lambda_multi_value_headers_enabled": false,
            "load_balancing_algorithm_type": "round_robin",
            "name": "frontend-tg",
            "name_prefix": null,
            "port": 80,
            "preserve_client_ip": null,
            "protocol": "HTTP",
            "protocol_version": "HTTP1",
            "proxy_protocol_v2": false,
            "slow_start": 0,
            "stickiness": [
              {
                "cookie_duration": 86400,
                "cookie_name": "",
                "enabled": false,
                "type": "lb_cookie"
              }
            ],
            "tags": {},
            "tags_all": {},
            "target_type": "ip",
            "vpc_id": "vpc-027604b4a0a471044"
          },
          "sensitive_attributes": [],
          "identity_schema_version": 0,
          "private": "bnVsbA==",
          "dependencies": [
            "aws_vpc.main"
          ]
        }
      ]
    },
    {
      "mode": "managed",
      "type": "aws_lb_target_group",
      "name": "kb",
      "provider": "provider[\"registry.terraform.io/hashicorp/aws\"]",
      "instances": [
        {
          "schema_version": 0,
          "attributes": {
            "arn": "arn:aws:elasticloadbalancing:us-east-1:762595429056:targetgroup/tg-kb/2b25c54811df6d86",
            "arn_suffix": "targetgroup/tg-kb/2b25c54811df6d86",
            "connection_termination": false,
            "deregistration_delay": "300",
            "health_check": [
              {
                "enabled": true,
                "healthy_threshold": 3,
                "interval": 30,
                "matcher": "200",
                "path": "/kb/health",
                "port": "traffic-port",
                "protocol": "HTTP",
                "timeout": 5,
                "unhealthy_threshold": 3
              }
            ],
            "id": "arn:aws:elasticloadbalancing:us-east-1:762595429056:targetgroup/tg-kb/2b25c54811df6d86",
            "lambda_multi_value_headers_enabled": false,
            "load_balancing_algorithm_type": "round_robin",
            "name": "tg-kb",
            "name_prefix": null,
            "port": 443,
            "preserve_client_ip": null,
            "protocol": "HTTPS",
            "protocol_version": "HTTP1",
            "proxy_protocol_v2": false,
            "slow_start": 0,
            "stickiness": [
              {
                "cookie_duration": 86400,
                "cookie_name": "",
                "enabled": false,
                "type": "lb_cookie"
              }
            ],
            "tags": {},
            "tags_all": {},
            "target_type": "ip",
            "vpc_id": "vpc-027604b4a0a471044"
          },
          "sensitive_attributes": [],
          "identity_schema_version": 0,
          "private": "bnVsbA==",
          "dependencies": [
            "aws_vpc.main"
          ]
        }
      ]
    },
    {
      "mode": "managed",
      "type": "aws_lb_target_group",
      "name": "qr",
      "provider": "provider[\"registry.terraform.io/hashicorp/aws\"]",
      "instances": [
        {
          "schema_version": 0,
          "attributes": {
            "arn": "arn:aws:elasticloadbalancing:us-east-1:762595429056:targetgroup/tg-qr/cb6d11b109582268",
            "arn_suffix": "targetgroup/tg-qr/cb6d11b109582268",
            "connection_termination": false,
            "deregistration_delay": "300",
            "health_check": [
              {
                "enabled": true,
                "healthy_threshold": 3,
                "interval": 30,
                "matcher": "200",
                "path": "/qr/health",
                "port": "traffic-port",
                "protocol": "HTTP",
                "timeout": 5,
                "unhealthy_threshold": 3
              }
            ],
            "id": "arn:aws:elasticloadbalancing:us-east-1:762595429056:targetgroup/tg-qr/cb6d11b109582268",
            "lambda_multi_value_headers_enabled": false,
            "load_balancing_algorithm_type": "round_robin",
            "name": "tg-qr",
            "name_prefix": null,
            "port": 443,
            "preserve_client_ip": null,
            "protocol": "HTTPS",
            "protocol_version": "HTTP1",
            "proxy_protocol_v2": false,
            "slow_start": 0,
            "stickiness": [
              {
                "cookie_duration": 86400,
                "cookie_name": "",
                "enabled": false,
                "type": "lb_cookie"
              }
            ],
            "tags": {},
            "tags_all": {},
            "target_type": "ip",
            "vpc_id": "vpc-027604b4a0a471044"
          },
          "sensitive_attributes": [],
          "identity_schema_version": 0,
          "private": "bnVsbA==",
          "dependencies": [
            "aws_vpc.main"
          ]
        }
      ]
    },
    {
      "mode": "managed",
      "type": "aws_lb_target_group",
      "name": "sc",
      "provider": "provider[\"registry.terraform.io/hashicorp/aws\"]",
      "instances": [
        {
          "schema_version": 0,
          "attributes": {
            "arn": "arn:aws:elasticloadbalancing:us-east-1:762595429056:targetgroup/tg-sc/497efc1797664068",
            "arn_suffix": "targetgroup/tg-sc/497efc1797664068",
            "connection_termination": false,
            "deregistration_delay": "300",
            "health_check": [
              {
                "enabled": true,
                "healthy_threshold": 3,
                "interval": 30,
                "matcher": "200",
                "path": "/sched/health",
                "port": "traffic-port",
                "protocol": "HTTP",
                "timeout": 5,
                "unhealthy_threshold": 3
              }
            ],
            "id": "arn:aws:elasticloadbalancing:us-east-1:762595429056:targetgroup/tg-sc/497efc1797664068",
            "lambda_multi_value_headers_enabled": false,
            "load_balancing_algorithm_type": "round_robin",
            "name": "tg-sc",
            "name_prefix": null,
            "port": 443,
            "preserve_client_ip": null,
            "protocol": "HTTPS",
            "protocol_version": "HTTP1",
            "proxy_protocol_v2": false,
            "slow_start": 0,
            "stickiness": [
              {
                "cookie_duration": 86400,
                "cookie_name": "",
                "enabled": false,
                "type": "lb_cookie"
              }
            ],
            "tags": {},
            "tags_all": {},
            "target_type": "ip",
            "vpc_id": "vpc-027604b4a0a471044"
          },
          "sensitive_attributes": [],
          "identity_schema_version": 0,
          "private": "bnVsbA==",
          "dependencies": [
            "aws_vpc.main"
          ]
        }
      ]
    },
    {
      "mode": "managed",
      "type": "aws_lb_target_group",
      "name": "sp",
      "provider": "provider[\"registry.terraform.io/hashicorp/aws\"]",
      "instances": [
        {
          "schema_version": 0,
          "attributes": {
            "arn": "arn:aws:elasticloadbalancing:us-east-1:762595429056:targetgroup/tg-sp/1d2399122475ccf8",
            "arn_suffix": "targetgroup/tg-sp/1d2399122475ccf8",
            "connection_termination": false,
            "deregistration_delay": "300",
            "health_check": [
              {
                "enabled": true,
                "healthy_threshold": 3,
                "interval": 30,
                "matcher": "200",
                "path": "/auth/health",
                "port": "traffic-port",
                "protocol": "HTTP",
                "timeout": 5,
                "unhealthy_threshold": 3
              }
            ],
            "id": "arn:aws:elasticloadbalancing:us-east-1:762595429056:targetgroup/tg-sp/1d2399122475ccf8",
            "lambda_multi_value_headers_enabled": false,
            "load_balancing_algorithm_type": "round_robin",
            "name": "tg-sp",
            "name_prefix": null,
            "port": 443,
            "preserve_client_ip": null,
            "protocol": "HTTPS",
            "protocol_version": "HTTP1",
            "proxy_protocol_v2": false,
            "slow_start": 0,
            "stickiness": [
              {
                "cookie_duration": 86400,
                "cookie_name": "",
                "enabled": false,
                "type": "lb_cookie"
              }
            ],
            "tags": {},
            "tags_all": {},
            "target_type": "ip",
            "vpc_id": "vpc-027604b4a0a471044"
          },
          "sensitive_attributes": [],
          "identity_schema_version": 0,
          "private": "bnVsbA==",
          "dependencies": [
            "aws_vpc.main"
          ]
        }
      ]
    },
    {
      "mode": "managed",
      "type": "aws_lb_target_group",
      "name": "tk",
      "provider": "provider[\"registry.terraform.io/hashicorp/aws\"]",
      "instances": [
        {
          "schema_version": 0,
          "attributes": {
            "arn": "arn:aws:elasticloadbalancing:us-east-1:762595429056:targetgroup/tg-tk/685c752ae1a7ff76",
            "arn_suffix": "targetgroup/tg-tk/685c752ae1a7ff76",
            "connection_termination": false,
            "deregistration_delay": "300",
            "health_check": [
              {
                "enabled": true,
                "healthy_threshold": 3,
                "interval": 30,
                "matcher": "200",
                "path": "/tkt/health",
                "port": "traffic-port",
                "protocol": "HTTP",
                "timeout": 5,
                "unhealthy_threshold": 3
              }
            ],
            "id": "arn:aws:elasticloadbalancing:us-east-1:762595429056:targetgroup/tg-tk/685c752ae1a7ff76",
            "lambda_multi_value_headers_enabled": false,
            "load_balancing_algorithm_type": "round_robin",
            "name": "tg-tk",
            "name_prefix": null,
            "port": 443,
            "preserve_client_ip": null,
            "protocol": "HTTPS",
            "protocol_version": "HTTP1",
            "proxy_protocol_v2": false,
            "slow_start": 0,
            "stickiness": [
              {
                "cookie_duration": 86400,
                "cookie_name": "",
                "enabled": false,
                "type": "lb_cookie"
              }
            ],
            "tags": {},
            "tags_all": {},
            "target_type": "ip",
            "vpc_id": "vpc-027604b4a0a471044"
          },
          "sensitive_attributes": [],
          "identity_schema_version": 0,
          "private": "bnVsbA==",
          "dependencies": [
            "aws_vpc.main"
          ]
        }
      ]
    },
    {
      "mode": "managed",
      "type": "aws_nat_gateway",
      "name": "nat",
      "provider": "provider[\"registry.terraform.io/hashicorp/aws\"]",
      "instances": [
        {
          "schema_version": 0,
          "attributes": {
            "allocation_id": "eipalloc-0cde39e1c8e46802c",
            "connectivity_type": "public",
            "id": "nat-0b37e22af155d8b6a",
            "network_interface_id": "eni-09827cd31e8d5660e",
            "private_ip": "10.0.0.72",
            "public_ip": "52.206.2.55",
            "subnet_id": "subnet-00f3313eb8600f720",
            "tags": {
              "Name": "main-nat"
            },
            "tags_all": {
              "Name": "main-nat"
            }
          },
          "sensitive_attributes": [],
          "identity_schema_version": 0,
          "private": "bnVsbA==",
          "dependencies": [
            "aws_eip.nat_eip",
            "aws_internet_gateway.igw",
            "aws_subnet.public_facing_1a",
            "aws_vpc.main"
          ]
        }
      ]
    },
    {
      "mode": "managed",
      "type": "aws_route53_record",
      "name": "api",
      "provider": "provider[\"registry.terraform.io/hashicorp/aws\"]",
      "instances": [
        {
          "schema_version": 2,
          "attributes": {
            "alias": [
              {
                "evaluate_target_health": true,
                "name": "example-alb-1539153315.us-east-1.elb.amazonaws.com",
                "zone_id": "Z35SXDOTRQ7X7K"
              }
            ],
            "allow_overwrite": null,
            "failover_routing_policy": [],
            "fqdn": "api.example.com",
            "geolocation_routing_policy": [],
            "health_check_id": "",
            "id": "Z10118162VYDAO4IQP8XK_api_A",
            "latency_routing_policy": [],
            "multivalue_answer_routing_policy": null,
            "name": "api",
            "records": [],
            "set_identifier": "",
            "ttl": 0,
            "type": "A",
            "weighted_routing_policy": [],
            "zone_id": "Z10118162VYDAO4IQP8XK"
          },
          "sensitive_attributes": [],
          "identity_schema_version": 0,
          "private": "eyJzY2hlbWFfdmVyc2lvbiI6IjIifQ==",
          "dependencies": [
            "aws_lb.example",
            "aws_route53_zone.private",
            "aws_security_group.public_facing",
            "aws_subnet.public_facing_1a",
            "aws_subnet.public_facing_1b",
            "aws_vpc.main"
          ]
        }
      ]
    },
    {
      "mode": "managed",
      "type": "aws_route53_record",
      "name": "portal",
      "provider": "provider[\"registry.terraform.io/hashicorp/aws\"]",
      "instances": [
        {
          "schema_version": 2,
          "attributes": {
            "alias": [
              {
                "evaluate_target_health": true,
                "name": "example-alb-1539153315.us-east-1.elb.amazonaws.com",
                "zone_id": "Z35SXDOTRQ7X7K"
              }
            ],
            "allow_overwrite": null,
            "failover_routing_policy": [],
            "fqdn": "portal.example.com",
            "geolocation_routing_policy": [],
            "health_check_id": "",
            "id": "Z10118162VYDAO4IQP8XK_portal_A",
            "latency_routing_policy": [],
            "multivalue_answer_routing_policy": null,
            "name": "portal",
            "records": [],
            "set_identifier": "",
            "ttl": 0,
            "type": "A",
            "weighted_routing_policy": [],
            "zone_id": "Z10118162VYDAO4IQP8XK"
          },
          "sensitive_attributes": [],
          "identity_schema_version": 0,
          "private": "eyJzY2hlbWFfdmVyc2lvbiI6IjIifQ==",
          "dependencies": [
            "aws_lb.example",
            "aws_route53_zone.private",
            "aws_security_group.public_facing",
            "aws_subnet.public_facing_1a",
            "aws_subnet.public_facing_1b",
            "aws_vpc.main"
          ]
        }
      ]
    },
    {
      "mode": "managed",
      "type": "aws_route53_record",
      "name": "public",
      "provider": "provider[\"registry.terraform.io/hashicorp/aws\"]",
      "instances": [
        {
          "schema_version": 2,
          "attributes": {
            "alias": [
              {
                "evaluate_target_health": false,
                "name": "dej2ksi91jjw1.cloudfront.net",
                "zone_id": "Z2FDTNDATAQYW2"
              }
            ],
            "allow_overwrite": null,
            "failover_routing_policy": [],
            "fqdn": "public.example.com",
            "geolocation_routing_policy": [],
            "health_check_id": "",
            "id": "Z10118162VYDAO4IQP8XK_public_A",
            "latency_routing_policy": [],
            "multivalue_answer_routing_policy": null,
            "name": "public",
            "records": [],
            "set_identifier": "",
            "ttl": 0,
            "type": "A",
            "weighted_routing_policy": [],
            "zone_id": "Z10118162VYDAO4IQP8XK"
          },
          "sensitive_attributes": [],
          "identity_schema_version": 0,
          "private": "eyJzY2hlbWFfdmVyc2lvbiI6IjIifQ==",
          "dependencies": [
            "aws_cloudfront_distribution.web_distribution",
            "aws_cloudfront_origin_access_identity.s3_oai",
            "aws_lb.example",
            "aws_route53_zone.private",
            "aws_s3_bucket.product_images",
            "aws_s3_bucket_policy.cloudfront_access",
            "aws_security_group.public_facing",
            "aws_subnet.public_facing_1a",
            "aws_subnet.public_facing_1b",
            "aws_vpc.main",
            "random_id.suffix"
          ]
        }
      ]
    },
    {
      "mode": "managed",
      "type": "aws_route53_zone",
      "name": "private",
      "provider": "provider[\"registry.terraform.io/hashicorp/aws\"]",
      "instances": [
        {
          "schema_version": 0,
          "attributes": {
            "arn": "arn:aws:route53:::hostedzone/Z10118162VYDAO4IQP8XK",
            "comment": "Managed by Terraform",
            "delegation_set_id": "",
            "force_destroy": false,
            "id": "Z10118162VYDAO4IQP8XK",
            "name": "example.com",
            "name_servers": [
              "ns-0.awsdns-00.com.",
              "ns-1024.awsdns-00.org.",
              "ns-1536.awsdns-00.co.uk.",
              "ns-512.awsdns-00.net."
            ],
            "tags": {
              "Name": "example.com private zone"
            },
            "tags_all": {
              "Name": "example.com private zone"
            },
            "vpc": [
              {
                "vpc_id": "vpc-027604b4a0a471044",
                "vpc_region": "us-east-1"
              }
            ],
            "zone_id": "Z10118162VYDAO4IQP8XK"
          },
          "sensitive_attributes": [],
          "identity_schema_version": 0,
          "private": "bnVsbA==",
          "dependencies": [
            "aws_vpc.main"
          ]
        }
      ]
    },
    {
      "mode": "managed",
      "type": "aws_route_table",
      "name": "private_app",
      "provider": "provider[\"registry.terraform.io/hashicorp/aws\"]",
      "instances": [
        {
          "schema_version": 0,
          "attributes": {
            "arn": "arn:aws:ec2:us-east-1:762595429056:route-table/rtb-081015623bc35404c",
            "id": "rtb-081015623bc35404c",
            "owner_id": "762595429056",
            "propagating_vgws": [],
            "route": [
              {
                "carrier_gateway_id": "",
                "cidr_block": "0.0.0.0/0",
                "core_network_arn": "",
                "destination_prefix_list_id": "",
                "egress_only_gateway_id": "",
                "gateway_id": "",
                "instance_id": "",
                "ipv6_cidr_block": "",
                "local_gateway_id": "",
                "nat_gateway_id": "nat-0b37e22af155d8b6a",
                "network_interface_id": "",
                "transit_gateway_id": "",
                "vpc_endpoint_id": "",
                "vpc_peering_connection_id": ""
              }
            ],
            "tags": {
              "Name": "private-app-route-table"
            },
            "tags_all": {
              "Name": "private-app-route-table"
            },
            "timeouts": null,
            "vpc_id": "vpc-027604b4a0a471044"
          },
          "sensitive_attributes": [],
          "identity_schema_version": 0,
          "private": "eyJlMmJmYjczMC1lY2FhLTExZTYtOGY4OC0zNDM2M2JjN2M0YzAiOnsiY3JlYXRlIjozMDAwMDAwMDAwMDAsImRlbGV0ZSI6MzAwMDAwMDAwMDAwLCJ1cGRhdGUiOjEyMDAwMDAwMDAwMH19",
          "dependencies": [
            "aws_eip.nat_eip",
            "aws_internet_gateway.igw",
            "aws_nat_gateway.nat",
            "aws_subnet.public_facing_1a",
            "aws_vpc.main"
          ]
        }
      ]
    },
    {
      "mode": "managed",
      "type": "aws_route_table",
      "name": "private_db",
      "provider": "provider[\"registry.terraform.io/hashicorp/aws\"]",
      "instances": [
        {
          "schema_version": 0,
          "attributes": {
            "arn": "arn:aws:ec2:us-east-1:762595429056:route-table/rtb-0ca35e1a2640ea950",
            "id": "rtb-0ca35e1a2640ea950",
            "owner_id": "762595429056",
            "propagating_vgws": [],
            "route": [
              {
                "carrier_gateway_id": "",
                "cidr_block": "0.0.0.0/0",
                "core_network_arn": "",
                "destination_prefix_list_id": "",
                "egress_only_gateway_id": "",
                "gateway_id": "",
                "instance_id": "",
                "ipv6_cidr_block": "",
                "local_gateway_id": "",
                "nat_gateway_id": "nat-0b37e22af155d8b6a",
                "network_interface_id": "",
                "transit_gateway_id": "",
                "vpc_endpoint_id": "",
                "vpc_peering_connection_id": ""
              }
            ],
            "tags": {
              "Name": "private-db-route-table"
            },
            "tags_all": {
              "Name": "private-db-route-table"
            },
            "timeouts": null,
            "vpc_id": "vpc-027604b4a0a471044"
          },
          "sensitive_attributes": [],
          "identity_schema_version": 0,
          "private": "eyJlMmJmYjczMC1lY2FhLTExZTYtOGY4OC0zNDM2M2JjN2M0YzAiOnsiY3JlYXRlIjozMDAwMDAwMDAwMDAsImRlbGV0ZSI6MzAwMDAwMDAwMDAwLCJ1cGRhdGUiOjEyMDAwMDAwMDAwMH19",
          "dependencies": [
            "aws_eip.nat_eip",
            "aws_internet_gateway.igw",
            "aws_nat_gateway.nat",
            "aws_subnet.public_facing_1a",
            "aws_vpc.main"
          ]
        }
      ]
    },
    {
      "mode": "managed",
      "type": "aws_route_table",
      "name": "public_facing",
      "provider": "provider[\"registry.terraform.io/hashicorp/aws\"]",
      "instances": [
        {
          "schema_version": 0,
          "attributes": {
            "arn": "arn:aws:ec2:us-east-1:762595429056:route-table/rtb-0e32d071add542d4f",
            "id": "rtb-0e32d071add542d4f",
            "owner_id": "762595429056",
            "propagating_vgws": [],
            "route": [
              {
                "carrier_gateway_id": "",
                "cidr_block": "0.0.0.0/0",
                "core_network_arn": "",
                "destination_prefix_list_id": "",
                "egress_only_gateway_id": "",
                "gateway_id": "igw-0063c01ab4ba56aea",
                "instance_id": "",
                "ipv6_cidr_block": "",
                "local_gateway_id": "",
                "nat_gateway_id": "",
                "network_interface_id": "",
                "transit_gateway_id": "",
                "vpc_endpoint_id": "",
                "vpc_peering_connection_id": ""
              }
            ],
            "tags": {
              "Name": "public-facing-route-table"
            },
            "tags_all": {
              "Name": "public-facing-route-table"
            },
            "timeouts": null,
            "vpc_id": "vpc-027604b4a0a471044"
          },
          "sensitive_attributes": [],
          "identity_schema_version": 0,
          "private": "eyJlMmJmYjczMC1lY2FhLTExZTYtOGY4OC0zNDM2M2JjN2M0YzAiOnsiY3JlYXRlIjozMDAwMDAwMDAwMDAsImRlbGV0ZSI6MzAwMDAwMDAwMDAwLCJ1cGRhdGUiOjEyMDAwMDAwMDAwMH19",
          "dependencies": [
            "aws_internet_gateway.igw",
            "aws_vpc.main"
          ]
        }
      ]
    },
    {
      "mode": "managed",
      "type": "aws_route_table_association",
      "name": "private_app",
      "provider": "provider[\"registry.terraform.io/hashicorp/aws\"]",
      "instances": [
        {
          "schema_version": 0,
          "attributes": {
            "gateway_id": "",
            "id": "rtbassoc-0db77ac96deb6140f",
            "route_table_id": "rtb-081015623bc35404c",
            "subnet_id": "subnet-01ec1e25a976a0640"
          },
          "sensitive_attributes": [],
          "identity_schema_version": 0,
          "private": "bnVsbA==",
          "dependencies": [
            "aws_eip.nat_eip",
            "aws_internet_gateway.igw",
            "aws_nat_gateway.nat",
            "aws_route_table.private_app",
            "aws_subnet.private_app",
            "aws_subnet.public_facing_1a",
            "aws_vpc.main"
          ]
        }
      ]
    },
    {
      "mode": "managed",
      "type": "aws_route_table_association",
      "name": "private_app_1b",
      "provider": "provider[\"registry.terraform.io/hashicorp/aws\"]",
      "instances": [
        {
          "schema_version": 0,
          "attributes": {
            "gateway_id": "",
            "id": "rtbassoc-0fc06f0f0163b5ccc",
            "route_table_id": "rtb-081015623bc35404c",
            "subnet_id": "subnet-0272d336a87019556"
          },
          "sensitive_attributes": [],
          "identity_schema_version": 0,
          "private": "bnVsbA==",
          "dependencies": [
            "aws_eip.nat_eip",
            "aws_internet_gateway.igw",
            "aws_nat_gateway.nat",
            "aws_route_table.private_app",
            "aws_subnet.private_app_1b",
            "aws_subnet.public_facing_1a",
            "aws_vpc.main"
          ]
        }
      ]
    },
    {
      "mode": "managed",
      "type": "aws_route_table_association",
      "name": "private_db",
      "provider": "provider[\"registry.terraform.io/hashicorp/aws\"]",
      "instances": [
        {
          "schema_version": 0,
          "attributes": {
            "gateway_id": "",
            "id": "rtbassoc-0456f4b915903ed31",
            "route_table_id": "rtb-0ca35e1a2640ea950",
            "subnet_id": "subnet-0636ded714c03dbae"
          },
          "sensitive_attributes": [],
          "identity_schema_version": 0,
          "private": "bnVsbA==",
          "dependencies": [
            "aws_eip.nat_eip",
            "aws_internet_gateway.igw",
            "aws_nat_gateway.nat",
            "aws_route_table.private_db",
            "aws_subnet.private_db",
            "aws_subnet.public_facing_1a",
            "aws_vpc.main"
          ]
        }
      ]
    },
    {
      "mode": "managed",
      "type": "aws_route_table_association",
      "name": "private_db_1b",
      "provider": "provider[\"registry.terraform.io/hashicorp/aws\"]",
      "instances": [
        {
          "schema_version": 0,
          "attributes": {
            "gateway_id": "",
            "id": "rtbassoc-0624962f612413c99",
            "route_table_id": "rtb-0ca35e1a2640ea950",
            "subnet_id": "subnet-0e91e8cac5ebcee94"
          },
          "sensitive_attributes": [],
          "identity_schema_version": 0,
          "private": "bnVsbA==",
          "dependencies": [
            "aws_eip.nat_eip",
            "aws_internet_gateway.igw",
            "aws_nat_gateway.nat",
            "aws_route_table.private_db",
            "aws_subnet.private_db_1b",
            "aws_subnet.public_facing_1a",
            "aws_vpc.main"
          ]
        }
      ]
    },
    {
      "mode": "managed",
      "type": "aws_route_table_association",
      "name": "private_redis_1a",
      "provider": "provider[\"registry.terraform.io/hashicorp/aws\"]",
      "instances": [
        {
          "schema_version": 0,
          "attributes": {
            "gateway_id": "",
            "id": "rtbassoc-0557a2119de8fcca6",
            "route_table_id": "rtb-0ca35e1a2640ea950",
            "subnet_id": "subnet-0ec1d771ce64fcf76"
          },
          "sensitive_attributes": [],
          "identity_schema_version": 0,
          "private": "bnVsbA==",
          "dependencies": [
            "aws_eip.nat_eip",
            "aws_internet_gateway.igw",
            "aws_nat_gateway.nat",
            "aws_route_table.private_db",
            "aws_subnet.private_redis_1a",
            "aws_subnet.public_facing_1a",
            "aws_vpc.main"
          ]
        }
      ]
    },
    {
      "mode": "managed",
      "type": "aws_route_table_association",
      "name": "private_redis_1b",
      "provider": "provider[\"registry.terraform.io/hashicorp/aws\"]",
      "instances": [
        {
          "schema_version": 0,
          "attributes": {
            "gateway_id": "",
            "id": "rtbassoc-0566221c215ce8940",
            "route_table_id": "rtb-0ca35e1a2640ea950",
            "subnet_id": "subnet-01e858c3271003ae5"
          },
          "sensitive_attributes": [],
          "identity_schema_version": 0,
          "private": "bnVsbA==",
          "dependencies": [
            "aws_eip.nat_eip",
            "aws_internet_gateway.igw",
            "aws_nat_gateway.nat",
            "aws_route_table.private_db",
            "aws_subnet.private_redis_1b",
            "aws_subnet.public_facing_1a",
            "aws_vpc.main"
          ]
        }
      ]
    },
    {
      "mode": "managed",
      "type": "aws_route_table_association",
      "name": "public_facing",
      "provider": "provider[\"registry.terraform.io/hashicorp/aws\"]",
      "instances": [
        {
          "schema_version": 0,
          "attributes": {
            "gateway_id": "",
            "id": "rtbassoc-097e0035e4ec6ce8b",
            "route_table_id": "rtb-0e32d071add542d4f",
            "subnet_id": "subnet-00f3313eb8600f720"
          },
          "sensitive_attributes": [],
          "identity_schema_version": 0,
          "private": "bnVsbA==",
          "dependencies": [
            "aws_internet_gateway.igw",
            "aws_route_table.public_facing",
            "aws_subnet.public_facing_1a",
            "aws_vpc.main"
          ]
        }
      ]
    },
    {
      "mode": "managed",
      "type": "aws_route_table_association",
      "name": "public_facing_1b",
      "provider": "provider[\"registry.terraform.io/hashicorp/aws\"]",
      "instances": [
        {
          "schema_version": 0,
          "attributes": {
            "gateway_id": "",
            "id": "rtbassoc-04ab86918c9e30051",
            "route_table_id": "rtb-0e32d071add542d4f",
            "subnet_id": "subnet-0281e2be95a00ca40"
          },
          "sensitive_attributes": [],
          "identity_schema_version": 0,
          "private": "bnVsbA==",
          "dependencies": [
            "aws_internet_gateway.igw",
            "aws_route_table.public_facing",
            "aws_subnet.public_facing_1b",
            "aws_vpc.main"
          ]
        }
      ]
    },
    {
      "mode": "managed",
      "type": "aws_s3_bucket",
      "name": "product_images",
      "provider": "provider[\"registry.terraform.io/hashicorp/aws\"]",
      "instances": [
        {
          "schema_version": 0,
          "attributes": {
            "acceleration_status": "",
            "acl": null,
            "arn": "arn:aws:s3:::learn-lovable-product-images-22e59e65",
            "bucket": "learn-lovable-product-images-22e59e65",
            "bucket_domain_name": "learn-lovable-product-images-22e59e65.s3.amazonaws.com",
            "bucket_prefix": null,
            "bucket_regional_domain_name": "learn-lovable-product-images-22e59e65.s3.amazonaws.com",
            "cors_rule": [],
            "force_destroy": true,
            "grant": [
              {
                "id": "99652606fff3ea49f1d4e5c75c18ebdc61b1f5ddd1baf1bd5af2cdbfb021ac47",
                "permissions": [
                  "FULL_CONTROL"
                ],
                "type": "CanonicalUser",
                "uri": ""
              }
            ],
            "hosted_zone_id": "Z3AQBSTGFYJSTF",
            "id": "learn-lovable-product-images-22e59e65",
            "lifecycle_rule": [],
            "logging": [],
            "object_lock_configuration": [],
            "object_lock_enabled": false,
            "policy": "{\"Version\":\"2012-10-17\",\"Statement\":[{\"Effect\":\"Allow\",\"Principal\":{\"AWS\":\"arn:aws:iam::cloudfront:user/CloudFront Origin Access Identity E11D5GPXC1PUOO\"},\"Action\":\"s3:GetObject\",\"Resource\":\"arn:aws:s3:::learn-lovable-product-images-22e59e65/*\"}]}",
            "region": "us-east-1",
            "replication_configuration": [],
            "request_payer": "BucketOwner",
            "server_side_encryption_configuration": [
              {
                "rule": [
                  {
                    "apply_server_side_encryption_by_default": [
                      {
                        "kms_master_key_id": "",
                        "sse_algorithm": "AES256"
                      }
                    ],
                    "bucket_key_enabled": false
                  }
                ]
              }
            ],
            "tags": {
              "Environment": "production",
              "Name": "Product Images"
            },
            "tags_all": {
              "Environment": "production",
              "Name": "Product Images"
            },
            "versioning": [
              {
                "enabled": false,
                "mfa_delete": false
              }
            ],
            "website": [],
            "website_domain": null,
            "website_endpoint": null
          },
          "sensitive_attributes": [],
          "identity_schema_version": 0,
          "private": "bnVsbA==",
          "dependencies": [
            "random_id.suffix"
          ]
        }
      ]
    },
    {
      "mode": "managed",
      "type": "aws_s3_bucket_policy",
      "name": "cloudfront_access",
      "provider": "provider[\"registry.terraform.io/hashicorp/aws\"]",
      "instances": [
        {
          "schema_version": 0,
          "attributes": {
            "bucket": "learn-lovable-product-images-22e59e65",
            "id": "learn-lovable-product-images-22e59e65",
            "policy": "{\"Statement\":[{\"Action\":\"s3:GetObject\",\"Effect\":\"Allow\",\"Principal\":{\"AWS\":\"arn:aws:iam::cloudfront:user/CloudFront Origin Access Identity E11D5GPXC1PUOO\"},\"Resource\":\"arn:aws:s3:::learn-lovable-product-images-22e59e65/*\"}],\"Version\":\"2012-10-17\"}"
          },
          "sensitive_attributes": [],
          "identity_schema_version": 0,
          "private": "bnVsbA==",
          "dependencies": [
            "aws_cloudfront_origin_access_identity.s3_oai",
            "aws_s3_bucket.product_images",
            "random_id.suffix"
          ]
        }
      ]
    },
    {
      "mode": "managed",
      "type": "aws_s3_bucket_public_access_block",
      "name": "public_access",
      "provider": "provider[\"registry.terraform.io/hashicorp/aws\"]",
      "instances": [
        {
          "schema_version": 0,
          "attributes": {
            "block_public_acls": true,
            "block_public_policy": true,
            "bucket": "learn-lovable-product-images-22e59e65",
            "id": "learn-lovable-product-images-22e59e65",
            "ignore_public_acls": true,
            "restrict_public_buckets": true
          },
          "sensitive_attributes": [],
          "identity_schema_version": 0,
          "private": "bnVsbA==",
          "dependencies": [
            "aws_s3_bucket.product_images",
            "random_id.suffix"
          ]
        }
      ]
    },
    {
      "mode": "managed",
      "type": "aws_secretsmanager_secret",
      "name": "documentdb_credentials",
      "provider": "provider[\"registry.terraform.io/hashicorp/aws\"]",
      "instances": [
        {
          "schema_version": 0,
          "attributes": {
            "arn": "arn:aws:secretsmanager:us-east-1:762595429056:secret:docdb/creds2-N5Zu1n",
            "description": "DocumentDB master user credentials",
            "force_overwrite_replica_secret": false,
            "id": "arn:aws:secretsmanager:us-east-1:762595429056:secret:docdb/creds2-N5Zu1n",
            "kms_key_id": "",
            "name": "docdb/creds2",
            "name_prefix": "",
            "policy": "",
            "recovery_window_in_days": 0,
            "replica": [],
            "rotation_enabled": false,
            "rotation_lambda_arn": "",
            "rotation_rules": [],
            "tags": {},
            "tags_all": {}
          },
          "sensitive_attributes": [],
          "identity_schema_version": 0,
          "private": "bnVsbA=="
        }
      ]
    },
    {
      "mode": "managed",
      "type": "aws_secretsmanager_secret_version",
      "name": "documentdb_credentials",
      "provider": "provider[\"registry.terraform.io/hashicorp/aws\"]",
      "instances": [
        {
          "schema_version": 0,
          "attributes": {
            "arn": "arn:aws:secretsmanager:us-east-1:762595429056:secret:docdb/creds2-N5Zu1n",
            "id": "arn:aws:secretsmanager:us-east-1:762595429056:secret:docdb/creds2-N5Zu1n|F6BA94F1-2C59-4F23-B1BD-4EA5DB768A11",
            "secret_binary": "",
            "secret_id": "arn:aws:secretsmanager:us-east-1:762595429056:secret:docdb/creds2-N5Zu1n",
            "secret_string": "{\"docdb_url\":\"mongodb://docdb-cluster.cluster-ciru8g0kwep8.us-east-1.docdb.amazonaws.com:27017\",\"password\":\"f8h+3]\\u003c-cYt(I]l:\",\"redis_auth_token\":\"r9ZCyxZFRtdi0kj8yR6Dq1QVyH6kA53L\",\"redis_url\":\"redis://master.dbs-elasticache-ecommerce-cluster.ehtrgd.use1.cache.amazonaws.com:6379\",\"username\":\"appuser\"}",
            "version_id": "F6BA94F1-2C59-4F23-B1BD-4EA5DB768A11",
            "version_stages": [
              "AWSCURRENT"
            ]
          },
          "sensitive_attributes": [
            [
              {
                "type": "get_attr",
                "value": "secret_binary"
              }
            ],
            [
              {
                "type": "get_attr",
                "value": "secret_string"
              }
            ]
          ],
          "identity_schema_version": 0,
          "private": "bnVsbA==",
          "dependencies": [
            "aws_docdb_cluster.documentdb_cluster",
            "aws_docdb_cluster_parameter_group.documentdb_params",
            "aws_docdb_subnet_group.documentdb_subnet_group",
            "aws_elasticache_replication_group.redis_cluster",
            "aws_elasticache_subnet_group.redis_subnet_group",
            "aws_kms_key.documentdb_key",
            "aws_secretsmanager_secret.documentdb_credentials",
            "aws_security_group.private_app",
            "aws_security_group.private_db",
            "aws_security_group.public_facing",
            "aws_subnet.private_db",
            "aws_subnet.private_db_1b",
            "aws_subnet.private_redis_1a",
            "aws_subnet.private_redis_1b",
            "aws_vpc.main",
            "random_password.documentdb_password",
            "random_password.redis_auth_token"
          ]
        }
      ]
    },
    {
      "mode": "managed",
      "type": "aws_security_group",
      "name": "private_app",
      "provider": "provider[\"registry.terraform.io/hashicorp/aws\"]",
      "instances": [
        {
          "schema_version": 1,
          "attributes": {
            "arn": "arn:aws:ec2:us-east-1:762595429056:security-group/sg-01765e1f06ccc56de",
            "description": "Allow inbound traffic from ALB",
            "egress": [
              {
                "cidr_blocks": [
                  "0.0.0.0/0"
                ],
                "description": "",
                "from_port": 0,
                "ipv6_cidr_blocks": [],
                "prefix_list_ids": [],
                "protocol": "-1",
                "security_groups": [],
                "self": false,
                "to_port": 0
              }
            ],
            "id": "sg-01765e1f06ccc56de",
            "ingress": [
              {
                "cidr_blocks": [],
                "description": "HTTP from public subnet",
                "from_port": 80,
                "ipv6_cidr_blocks": [],
                "prefix_list_ids": [],
                "protocol": "tcp",
                "security_groups": [
                  "sg-0cdc9e0984ec4ac8d"
                ],
                "self": false,
                "to_port": 80
              },
              {
                "cidr_blocks": [],
                "description": "HTTPS from public subnet",
                "from_port": 443,
                "ipv6_cidr_blocks": [],
                "prefix_list_ids": [],
                "protocol": "tcp",
                "security_groups": [
                  "sg-0cdc9e0984ec4ac8d"
                ],
                "self": false,
                "to_port": 443
              },
              {
                "cidr_blocks": [],
                "description": "MYSQL/Aurora from private subnet",
                "from_port": 3001,
                "ipv6_cidr_blocks": [],
                "prefix_list_ids": [],
                "protocol": "tcp",
                "security_groups": [
                  "sg-0cdc9e0984ec4ac8d"
                ],
                "self": false,
                "to_port": 3001
              }
            ],
            "name": "allow_alb",
            "name_prefix": "",
            "owner_id": "762595429056",
            "revoke_rules_on_delete": false,
            "tags": {
              "Name": "allow_nginx"
            },
            "tags_all": {
              "Name": "allow_nginx"
            },
            "timeouts": null,
            "vpc_id": "vpc-027604b4a0a471044"
          },
          "sensitive_attributes": [],
          "identity_schema_version": 0,
          "private": "eyJlMmJmYjczMC1lY2FhLTExZTYtOGY4OC0zNDM2M2JjN2M0YzAiOnsiY3JlYXRlIjo2MDAwMDAwMDAwMDAsImRlbGV0ZSI6OTAwMDAwMDAwMDAwfSwic2NoZW1hX3ZlcnNpb24iOiIxIn0=",
          "dependencies": [
            "aws_security_group.public_facing",
            "aws_vpc.main"
          ]
        }
      ]
    },
    {
      "mode": "managed",
      "type": "aws_security_group",
      "name": "private_db",
      "provider": "provider[\"registry.terraform.io/hashicorp/aws\"]",
      "instances": [
        {
          "schema_version": 1,
          "attributes": {
            "arn": "arn:aws:ec2:us-east-1:762595429056:security-group/sg-0d532cdd7d990b42e",
            "description": "Allow HTTP inbound traffic within VPC",
            "egress": [
              {
                "cidr_blocks": [
                  "0.0.0.0/0"
                ],
                "description": "Outbound to all",
                "from_port": 0,
                "ipv6_cidr_blocks": [],
                "prefix_list_ids": [],
                "protocol": "-1",
                "security_groups": [],
                "self": false,
                "to_port": 0
              }
            ],
            "id": "sg-0d532cdd7d990b42e",
            "ingress": [
              {
                "cidr_blocks": [],
                "description": "Allow HTTP inbound traffic within VPC",
                "from_port": 5432,
                "ipv6_cidr_blocks": [],
                "prefix_list_ids": [],
                "protocol": "tcp",
                "security_groups": [],
                "self": true,
                "to_port": 5432
              },
              {
                "cidr_blocks": [],
                "description": "Setup to allow SSM",
                "from_port": 5432,
                "ipv6_cidr_blocks": [],
                "prefix_list_ids": [],
                "protocol": "tcp",
                "security_groups": [
                  "sg-01765e1f06ccc56de"
                ],
                "self": false,
                "to_port": 5432
              }
            ],
            "name": "allow_backend",
            "name_prefix": "",
            "owner_id": "762595429056",
            "revoke_rules_on_delete": false,
            "tags": {
              "Name": "allow_wordpress"
            },
            "tags_all": {
              "Name": "allow_wordpress"
            },
            "timeouts": null,
            "vpc_id": "vpc-027604b4a0a471044"
          },
          "sensitive_attributes": [],
          "identity_schema_version": 0,
          "private": "eyJlMmJmYjczMC1lY2FhLTExZTYtOGY4OC0zNDM2M2JjN2M0YzAiOnsiY3JlYXRlIjo2MDAwMDAwMDAwMDAsImRlbGV0ZSI6OTAwMDAwMDAwMDAwfSwic2NoZW1hX3ZlcnNpb24iOiIxIn0=",
          "dependencies": [
            "aws_security_group.private_app",
            "aws_security_group.public_facing",
            "aws_vpc.main"
          ]
        }
      ]
    },
    {
      "mode": "managed",
      "type": "aws_security_group",
      "name": "public_facing",
      "provider": "provider[\"registry.terraform.io/hashicorp/aws\"]",
      "instances": [
        {
          "schema_version": 1,
          "attributes": {
            "arn": "arn:aws:ec2:us-east-1:762595429056:security-group/sg-0cdc9e0984ec4ac8d",
            "description": "Allow HTTP and SSH inbound traffic",
            "egress": [
              {
                "cidr_blocks": [
                  "0.0.0.0/0"
                ],
                "description": "",
                "from_port": 0,
                "ipv6_cidr_blocks": [],
                "prefix_list_ids": [],
                "protocol": "-1",
                "security_groups": [],
                "self": false,
                "to_port": 0
              }
            ],
            "id": "sg-0cdc9e0984ec4ac8d",
            "ingress": [
              {
                "cidr_blocks": [
                  "0.0.0.0/0"
                ],
                "description": "HTTP from anywhere",
                "from_port": 80,
                "ipv6_cidr_blocks": [],
                "prefix_list_ids": [],
                "protocol": "tcp",
                "security_groups": [],
                "self": false,
                "to_port": 80
              },
              {
                "cidr_blocks": [
                  "0.0.0.0/0"
                ],
                "description": "HTTPS from anywhere",
                "from_port": 443,
                "ipv6_cidr_blocks": [],
                "prefix_list_ids": [],
                "protocol": "tcp",
                "security_groups": [],
                "self": false,
                "to_port": 443
              }
            ],
            "name": "allow_http_https",
            "name_prefix": "",
            "owner_id": "762595429056",
            "revoke_rules_on_delete": false,
            "tags": {
              "Name": "allow_http_https"
            },
            "tags_all": {
              "Name": "allow_http_https"
            },
            "timeouts": null,
            "vpc_id": "vpc-027604b4a0a471044"
          },
          "sensitive_attributes": [],
          "identity_schema_version": 0,
          "private": "eyJlMmJmYjczMC1lY2FhLTExZTYtOGY4OC0zNDM2M2JjN2M0YzAiOnsiY3JlYXRlIjo2MDAwMDAwMDAwMDAsImRlbGV0ZSI6OTAwMDAwMDAwMDAwfSwic2NoZW1hX3ZlcnNpb24iOiIxIn0=",
          "dependencies": [
            "aws_vpc.main"
          ]
        }
      ]
    },
    {
      "mode": "managed",
      "type": "aws_security_group",
      "name": "vpc_endpoints",
      "provider": "provider[\"registry.terraform.io/hashicorp/aws\"]",
      "instances": [
        {
          "schema_version": 1,
          "attributes": {
            "arn": "arn:aws:ec2:us-east-1:762595429056:security-group/sg-0ffbdf75e6a2fd106",
            "description": "Security group for VPC endpoints",
            "egress": [
              {
                "cidr_blocks": [
                  "0.0.0.0/0"
                ],
                "description": "",
                "from_port": 0,
                "ipv6_cidr_blocks": [],
                "prefix_list_ids": [],
                "protocol": "-1",
                "security_groups": [],
                "self": false,
                "to_port": 0
              }
            ],
            "id": "sg-0ffbdf75e6a2fd106",
            "ingress": [
              {
                "cidr_blocks": [
                  "10.0.0.0/24"
                ],
                "description": "",
                "from_port": 443,
                "ipv6_cidr_blocks": [],
                "prefix_list_ids": [],
                "protocol": "tcp",
                "security_groups": [],
                "self": false,
                "to_port": 443
              }
            ],
            "name": "vpc-endpoints-sg",
            "name_prefix": "",
            "owner_id": "762595429056",
            "revoke_rules_on_delete": false,
            "tags": {
              "Name": "vpc-endpoints-sg"
            },
            "tags_all": {
              "Name": "vpc-endpoints-sg"
            },
            "timeouts": null,
            "vpc_id": "vpc-027604b4a0a471044"
          },
          "sensitive_attributes": [],
          "identity_schema_version": 0,
          "private": "eyJlMmJmYjczMC1lY2FhLTExZTYtOGY4OC0zNDM2M2JjN2M0YzAiOnsiY3JlYXRlIjo2MDAwMDAwMDAwMDAsImRlbGV0ZSI6OTAwMDAwMDAwMDAwfSwic2NoZW1hX3ZlcnNpb24iOiIxIn0=",
          "dependencies": [
            "aws_vpc.main"
          ]
        }
      ]
    },
    {
      "mode": "managed",
      "type": "aws_subnet",
      "name": "private_app",
      "provider": "provider[\"registry.terraform.io/hashicorp/aws\"]",
      "instances": [
        {
          "schema_version": 1,
          "attributes": {
            "arn": "arn:aws:ec2:us-east-1:762595429056:subnet/subnet-01ec1e25a976a0640",
            "assign_ipv6_address_on_creation": false,
            "availability_zone": "us-east-1a",
            "availability_zone_id": "use1-az6",
            "cidr_block": "10.0.0.32/28",
            "customer_owned_ipv4_pool": "",
            "enable_dns64": false,
            "enable_resource_name_dns_a_record_on_launch": false,
            "enable_resource_name_dns_aaaa_record_on_launch": false,
            "id": "subnet-01ec1e25a976a0640",
            "ipv6_cidr_block": "",
            "ipv6_cidr_block_association_id": "",
            "ipv6_native": false,
            "map_customer_owned_ip_on_launch": false,
            "map_public_ip_on_launch": false,
            "outpost_arn": "",
            "owner_id": "762595429056",
            "private_dns_hostname_type_on_launch": "ip-name",
            "tags": {
              "Name": "private-app-subnet"
            },
            "tags_all": {
              "Name": "private-app-subnet"
            },
            "timeouts": null,
            "vpc_id": "vpc-027604b4a0a471044"
          },
          "sensitive_attributes": [],
          "identity_schema_version": 0,
          "private": "eyJlMmJmYjczMC1lY2FhLTExZTYtOGY4OC0zNDM2M2JjN2M0YzAiOnsiY3JlYXRlIjo2MDAwMDAwMDAwMDAsImRlbGV0ZSI6MTIwMDAwMDAwMDAwMH0sInNjaGVtYV92ZXJzaW9uIjoiMSJ9",
          "dependencies": [
            "aws_vpc.main"
          ]
        }
      ]
    },
    {
      "mode": "managed",
      "type": "aws_subnet",
      "name": "private_app_1b",
      "provider": "provider[\"registry.terraform.io/hashicorp/aws\"]",
      "instances": [
        {
          "schema_version": 1,
          "attributes": {
            "arn": "arn:aws:ec2:us-east-1:762595429056:subnet/subnet-0272d336a87019556",
            "assign_ipv6_address_on_creation": false,
            "availability_zone": "us-east-1b",
            "availability_zone_id": "use1-az1",
            "cidr_block": "10.0.0.48/28",
            "customer_owned_ipv4_pool": "",
            "enable_dns64": false,
            "enable_resource_name_dns_a_record_on_launch": false,
            "enable_resource_name_dns_aaaa_record_on_launch": false,
            "id": "subnet-0272d336a87019556",
            "ipv6_cidr_block": "",
            "ipv6_cidr_block_association_id": "",
            "ipv6_native": false,
            "map_customer_owned_ip_on_launch": false,
            "map_public_ip_on_launch": false,
            "outpost_arn": "",
            "owner_id": "762595429056",
            "private_dns_hostname_type_on_launch": "ip-name",
            "tags": {
              "Name": "private-app-subnet-1b"
            },
            "tags_all": {
              "Name": "private-app-subnet-1b"
            },
            "timeouts": null,
            "vpc_id": "vpc-027604b4a0a471044"
          },
          "sensitive_attributes": [],
          "identity_schema_version": 0,
          "private": "eyJlMmJmYjczMC1lY2FhLTExZTYtOGY4OC0zNDM2M2JjN2M0YzAiOnsiY3JlYXRlIjo2MDAwMDAwMDAwMDAsImRlbGV0ZSI6MTIwMDAwMDAwMDAwMH0sInNjaGVtYV92ZXJzaW9uIjoiMSJ9",
          "dependencies": [
            "aws_vpc.main"
          ]
        }
      ]
    },
    {
      "mode": "managed",
      "type": "aws_subnet",
      "name": "private_db",
      "provider": "provider[\"registry.terraform.io/hashicorp/aws\"]",
      "instances": [
        {
          "schema_version": 1,
          "attributes": {
            "arn": "arn:aws:ec2:us-east-1:762595429056:subnet/subnet-0636ded714c03dbae",
            "assign_ipv6_address_on_creation": false,
            "availability_zone": "us-east-1a",
            "availability_zone_id": "use1-az6",
            "cidr_block": "10.0.0.96/27",
            "customer_owned_ipv4_pool": "",
            "enable_dns64": false,
            "enable_resource_name_dns_a_record_on_launch": false,
            "enable_resource_name_dns_aaaa_record_on_launch": false,
            "id": "subnet-0636ded714c03dbae",
            "ipv6_cidr_block": "",
            "ipv6_cidr_block_association_id": "",
            "ipv6_native": false,
            "map_customer_owned_ip_on_launch": false,
            "map_public_ip_on_launch": false,
            "outpost_arn": "",
            "owner_id": "762595429056",
            "private_dns_hostname_type_on_launch": "ip-name",
            "tags": {
              "Name": "private-db-subnet"
            },
            "tags_all": {
              "Name": "private-db-subnet"
            },
            "timeouts": null,
            "vpc_id": "vpc-027604b4a0a471044"
          },
          "sensitive_attributes": [],
          "identity_schema_version": 0,
          "private": "eyJlMmJmYjczMC1lY2FhLTExZTYtOGY4OC0zNDM2M2JjN2M0YzAiOnsiY3JlYXRlIjo2MDAwMDAwMDAwMDAsImRlbGV0ZSI6MTIwMDAwMDAwMDAwMH0sInNjaGVtYV92ZXJzaW9uIjoiMSJ9",
          "dependencies": [
            "aws_vpc.main"
          ]
        }
      ]
    },
    {
      "mode": "managed",
      "type": "aws_subnet",
      "name": "private_db_1b",
      "provider": "provider[\"registry.terraform.io/hashicorp/aws\"]",
      "instances": [
        {
          "schema_version": 1,
          "attributes": {
            "arn": "arn:aws:ec2:us-east-1:762595429056:subnet/subnet-0e91e8cac5ebcee94",
            "assign_ipv6_address_on_creation": false,
            "availability_zone": "us-east-1b",
            "availability_zone_id": "use1-az1",
            "cidr_block": "10.0.0.128/27",
            "customer_owned_ipv4_pool": "",
            "enable_dns64": false,
            "enable_resource_name_dns_a_record_on_launch": false,
            "enable_resource_name_dns_aaaa_record_on_launch": false,
            "id": "subnet-0e91e8cac5ebcee94",
            "ipv6_cidr_block": "",
            "ipv6_cidr_block_association_id": "",
            "ipv6_native": false,
            "map_customer_owned_ip_on_launch": false,
            "map_public_ip_on_launch": false,
            "outpost_arn": "",
            "owner_id": "762595429056",
            "private_dns_hostname_type_on_launch": "ip-name",
            "tags": {
              "Name": "private-db-subnet-1b"
            },
            "tags_all": {
              "Name": "private-db-subnet-1b"
            },
            "timeouts": null,
            "vpc_id": "vpc-027604b4a0a471044"
          },
          "sensitive_attributes": [],
          "identity_schema_version": 0,
          "private": "eyJlMmJmYjczMC1lY2FhLTExZTYtOGY4OC0zNDM2M2JjN2M0YzAiOnsiY3JlYXRlIjo2MDAwMDAwMDAwMDAsImRlbGV0ZSI6MTIwMDAwMDAwMDAwMH0sInNjaGVtYV92ZXJzaW9uIjoiMSJ9",
          "dependencies": [
            "aws_vpc.main"
          ]
        }
      ]
    },
    {
      "mode": "managed",
      "type": "aws_subnet",
      "name": "private_redis_1a",
      "provider": "provider[\"registry.terraform.io/hashicorp/aws\"]",
      "instances": [
        {
          "schema_version": 1,
          "attributes": {
            "arn": "arn:aws:ec2:us-east-1:762595429056:subnet/subnet-0ec1d771ce64fcf76",
            "assign_ipv6_address_on_creation": false,
            "availability_zone": "us-east-1a",
            "availability_zone_id": "use1-az6",
            "cidr_block": "10.0.0.160/28",
            "customer_owned_ipv4_pool": "",
            "enable_dns64": false,
            "enable_resource_name_dns_a_record_on_launch": false,
            "enable_resource_name_dns_aaaa_record_on_launch": false,
            "id": "subnet-0ec1d771ce64fcf76",
            "ipv6_cidr_block": "",
            "ipv6_cidr_block_association_id": "",
            "ipv6_native": false,
            "map_customer_owned_ip_on_launch": false,
            "map_public_ip_on_launch": false,
            "outpost_arn": "",
            "owner_id": "762595429056",
            "private_dns_hostname_type_on_launch": "ip-name",
            "tags": {
              "Name": "private-redis-subnet-1a"
            },
            "tags_all": {
              "Name": "private-redis-subnet-1a"
            },
            "timeouts": null,
            "vpc_id": "vpc-027604b4a0a471044"
          },
          "sensitive_attributes": [],
          "identity_schema_version": 0,
          "private": "eyJlMmJmYjczMC1lY2FhLTExZTYtOGY4OC0zNDM2M2JjN2M0YzAiOnsiY3JlYXRlIjo2MDAwMDAwMDAwMDAsImRlbGV0ZSI6MTIwMDAwMDAwMDAwMH0sInNjaGVtYV92ZXJzaW9uIjoiMSJ9",
          "dependencies": [
            "aws_vpc.main"
          ]
        }
      ]
    },
    {
      "mode": "managed",
      "type": "aws_subnet",
      "name": "private_redis_1b",
      "provider": "provider[\"registry.terraform.io/hashicorp/aws\"]",
      "instances": [
        {
          "schema_version": 1,
          "attributes": {
            "arn": "arn:aws:ec2:us-east-1:762595429056:subnet/subnet-01e858c3271003ae5",
            "assign_ipv6_address_on_creation": false,
            "availability_zone": "us-east-1b",
            "availability_zone_id": "use1-az1",
            "cidr_block": "10.0.0.176/28",
            "customer_owned_ipv4_pool": "",
            "enable_dns64": false,
            "enable_resource_name_dns_a_record_on_launch": false,
            "enable_resource_name_dns_aaaa_record_on_launch": false,
            "id": "subnet-01e858c3271003ae5",
            "ipv6_cidr_block": "",
            "ipv6_cidr_block_association_id": "",
            "ipv6_native": false,
            "map_customer_owned_ip_on_launch": false,
            "map_public_ip_on_launch": false,
            "outpost_arn": "",
            "owner_id": "762595429056",
            "private_dns_hostname_type_on_launch": "ip-name",
            "tags": {
              "Name": "private-redis-subnet-1b"
            },
            "tags_all": {
              "Name": "private-redis-subnet-1b"
            },
            "timeouts": null,
            "vpc_id": "vpc-027604b4a0a471044"
          },
          "sensitive_attributes": [],
          "identity_schema_version": 0,
          "private": "eyJlMmJmYjczMC1lY2FhLTExZTYtOGY4OC0zNDM2M2JjN2M0YzAiOnsiY3JlYXRlIjo2MDAwMDAwMDAwMDAsImRlbGV0ZSI6MTIwMDAwMDAwMDAwMH0sInNjaGVtYV92ZXJzaW9uIjoiMSJ9",
          "dependencies": [
            "aws_vpc.main"
          ]
        }
      ]
    },
    {
      "mode": "managed",
      "type": "aws_subnet",
      "name": "public_facing_1a",
      "provider": "provider[\"registry.terraform.io/hashicorp/aws\"]",
      "instances": [
        {
          "schema_version": 1,
          "attributes": {
            "arn": "arn:aws:ec2:us-east-1:762595429056:subnet/subnet-00f3313eb8600f720",
            "assign_ipv6_address_on_creation": false,
            "availability_zone": "us-east-1a",
            "availability_zone_id": "use1-az6",
            "cidr_block": "10.0.0.64/28",
            "customer_owned_ipv4_pool": "",
            "enable_dns64": false,
            "enable_resource_name_dns_a_record_on_launch": false,
            "enable_resource_name_dns_aaaa_record_on_launch": false,
            "id": "subnet-00f3313eb8600f720",
            "ipv6_cidr_block": "",
            "ipv6_cidr_block_association_id": "",
            "ipv6_native": false,
            "map_customer_owned_ip_on_launch": false,
            "map_public_ip_on_launch": true,
            "outpost_arn": "",
            "owner_id": "762595429056",
            "private_dns_hostname_type_on_launch": "ip-name",
            "tags": {
              "Name": "public-subnet_1a"
            },
            "tags_all": {
              "Name": "public-subnet_1a"
            },
            "timeouts": null,
            "vpc_id": "vpc-027604b4a0a471044"
          },
          "sensitive_attributes": [],
          "identity_schema_version": 0,
          "private": "eyJlMmJmYjczMC1lY2FhLTExZTYtOGY4OC0zNDM2M2JjN2M0YzAiOnsiY3JlYXRlIjo2MDAwMDAwMDAwMDAsImRlbGV0ZSI6MTIwMDAwMDAwMDAwMH0sInNjaGVtYV92ZXJzaW9uIjoiMSJ9",
          "dependencies": [
            "aws_vpc.main"
          ]
        }
      ]
    },
    {
      "mode": "managed",
      "type": "aws_subnet",
      "name": "public_facing_1b",
      "provider": "provider[\"registry.terraform.io/hashicorp/aws\"]",
      "instances": [
        {
          "schema_version": 1,
          "attributes": {
            "arn": "arn:aws:ec2:us-east-1:762595429056:subnet/subnet-0281e2be95a00ca40",
            "assign_ipv6_address_on_creation": false,
            "availability_zone": "us-east-1b",
            "availability_zone_id": "use1-az1",
            "cidr_block": "10.0.0.80/28",
            "customer_owned_ipv4_pool": "",
            "enable_dns64": false,
            "enable_resource_name_dns_a_record_on_launch": false,
            "enable_resource_name_dns_aaaa_record_on_launch": false,
            "id": "subnet-0281e2be95a00ca40",
            "ipv6_cidr_block": "",
            "ipv6_cidr_block_association_id": "",
            "ipv6_native": false,
            "map_customer_owned_ip_on_launch": false,
            "map_public_ip_on_launch": true,
            "outpost_arn": "",
            "owner_id": "762595429056",
            "private_dns_hostname_type_on_launch": "ip-name",
            "tags": {
              "Name": "public-subnet_1b"
            },
            "tags_all": {
              "Name": "public-subnet_1b"
            },
            "timeouts": null,
            "vpc_id": "vpc-027604b4a0a471044"
          },
          "sensitive_attributes": [],
          "identity_schema_version": 0,
          "private": "eyJlMmJmYjczMC1lY2FhLTExZTYtOGY4OC0zNDM2M2JjN2M0YzAiOnsiY3JlYXRlIjo2MDAwMDAwMDAwMDAsImRlbGV0ZSI6MTIwMDAwMDAwMDAwMH0sInNjaGVtYV92ZXJzaW9uIjoiMSJ9",
          "dependencies": [
            "aws_vpc.main"
          ]
        }
      ]
    },
    {
      "mode": "managed",
      "type": "aws_vpc",
      "name": "main",
      "provider": "provider[\"registry.terraform.io/hashicorp/aws\"]",
      "instances": [
        {
          "schema_version": 1,
          "attributes": {
            "arn": "arn:aws:ec2:us-east-1:762595429056:vpc/vpc-027604b4a0a471044",
            "assign_generated_ipv6_cidr_block": false,
            "cidr_block": "10.0.0.0/24",
            "default_network_acl_id": "acl-068bd7c0537190427",
            "default_route_table_id": "rtb-0716cbb1d73798a19",
            "default_security_group_id": "sg-0e1ad72e88b3c5b50",
            "dhcp_options_id": "dopt-015d302a35bf5e9c7",
            "enable_classiclink": false,
            "enable_classiclink_dns_support": false,
            "enable_dns_hostnames": true,
            "enable_dns_support": true,
            "id": "vpc-027604b4a0a471044",
            "instance_tenancy": "default",
            "ipv4_ipam_pool_id": null,
            "ipv4_netmask_length": null,
            "ipv6_association_id": "",
            "ipv6_cidr_block": "",
            "ipv6_cidr_block_network_border_group": "",
            "ipv6_ipam_pool_id": "",
            "ipv6_netmask_length": 0,
            "main_route_table_id": "rtb-0716cbb1d73798a19",
            "owner_id": "762595429056",
            "tags": {
              "Name": "main-vpc"
            },
            "tags_all": {
              "Name": "main-vpc"
            }
          },
          "sensitive_attributes": [],
          "identity_schema_version": 0,
          "private": "eyJzY2hlbWFfdmVyc2lvbiI6IjEifQ=="
        }
      ]
    },
    {
      "mode": "managed",
      "type": "aws_vpc_endpoint",
      "name": "cloudwatch_logs",
      "provider": "provider[\"registry.terraform.io/hashicorp/aws\"]",
      "instances": [
        {
          "schema_version": 0,
          "attributes": {
            "arn": "arn:aws:ec2:us-east-1:762595429056:vpc-endpoint/vpce-021c2d7d001a66e8d",
            "auto_accept": null,
            "cidr_blocks": [],
            "dns_entry": [
              {
                "dns_name": "vpce-021c2d7d001a66e8d-vua1vyrk.logs.us-east-1.vpce.amazonaws.com",
                "hosted_zone_id": "Z7HUB22UULQXV"
              },
              {
                "dns_name": "vpce-021c2d7d001a66e8d-vua1vyrk-us-east-1b.logs.us-east-1.vpce.amazonaws.com",
                "hosted_zone_id": "Z7HUB22UULQXV"
              },
              {
                "dns_name": "vpce-021c2d7d001a66e8d-vua1vyrk-us-east-1a.logs.us-east-1.vpce.amazonaws.com",
                "hosted_zone_id": "Z7HUB22UULQXV"
              }
            ],
            "dns_options": [
              {
                "dns_record_ip_type": "ipv4"
              }
            ],
            "id": "vpce-021c2d7d001a66e8d",
            "ip_address_type": "ipv4",
            "network_interface_ids": [
              "eni-030a1b69e0a43fbc8",
              "eni-08e0e5a529bab542a"
            ],
            "owner_id": "762595429056",
            "policy": "{\"Statement\":[{\"Action\":\"*\",\"Effect\":\"Allow\",\"Principal\":\"*\",\"Resource\":\"*\"}]}",
            "prefix_list_id": null,
            "private_dns_enabled": false,
            "requester_managed": false,
            "route_table_ids": [],
            "security_group_ids": [
              "sg-0ffbdf75e6a2fd106"
            ],
            "service_name": "com.amazonaws.us-east-1.logs",
            "state": "available",
            "subnet_ids": [
              "subnet-01ec1e25a976a0640",
              "subnet-0272d336a87019556"
            ],
            "tags": {
              "Name": "cloudwatch-logs-endpoint"
            },
            "tags_all": {
              "Name": "cloudwatch-logs-endpoint"
            },
            "timeouts": null,
            "vpc_endpoint_type": "Interface",
            "vpc_id": "vpc-027604b4a0a471044"
          },
          "sensitive_attributes": [],
          "identity_schema_version": 0,
          "private": "eyJlMmJmYjczMC1lY2FhLTExZTYtOGY4OC0zNDM2M2JjN2M0YzAiOnsiY3JlYXRlIjo2MDAwMDAwMDAwMDAsImRlbGV0ZSI6NjAwMDAwMDAwMDAwLCJ1cGRhdGUiOjYwMDAwMDAwMDAwMH19",
          "dependencies": [
            "aws_security_group.vpc_endpoints",
            "aws_subnet.private_app",
            "aws_subnet.private_app_1b",
            "aws_vpc.main"
          ]
        }
      ]
    },
    {
      "mode": "managed",
      "type": "aws_vpc_endpoint",
      "name": "ecr_api",
      "provider": "provider[\"registry.terraform.io/hashicorp/aws\"]",
      "instances": [
        {
          "schema_version": 0,
          "attributes": {
            "arn": "arn:aws:ec2:us-east-1:762595429056:vpc-endpoint/vpce-0426bdf474371722e",
            "auto_accept": null,
            "cidr_blocks": [],
            "dns_entry": [
              {
                "dns_name": "vpce-0426bdf474371722e-tc6vfg2r.api.ecr.us-east-1.vpce.amazonaws.com",
                "hosted_zone_id": "Z7HUB22UULQXV"
              },
              {
                "dns_name": "vpce-0426bdf474371722e-tc6vfg2r-us-east-1b.api.ecr.us-east-1.vpce.amazonaws.com",
                "hosted_zone_id": "Z7HUB22UULQXV"
              },
              {
                "dns_name": "vpce-0426bdf474371722e-tc6vfg2r-us-east-1a.api.ecr.us-east-1.vpce.amazonaws.com",
                "hosted_zone_id": "Z7HUB22UULQXV"
              }
            ],
            "dns_options": [
              {
                "dns_record_ip_type": "ipv4"
              }
            ],
            "id": "vpce-0426bdf474371722e",
            "ip_address_type": "ipv4",
            "network_interface_ids": [
              "eni-03cce18c72e5ef616",
              "eni-05de5ebf3ffe75e3c"
            ],
            "owner_id": "762595429056",
            "policy": "{\"Statement\":[{\"Action\":\"*\",\"Effect\":\"Allow\",\"Principal\":\"*\",\"Resource\":\"*\"}]}",
            "prefix_list_id": null,
            "private_dns_enabled": false,
            "requester_managed": false,
            "route_table_ids": [],
            "security_group_ids": [
              "sg-0ffbdf75e6a2fd106"
            ],
            "service_name": "com.amazonaws.us-east-1.ecr.api",
            "state": "available",
            "subnet_ids": [
              "subnet-01ec1e25a976a0640",
              "subnet-0272d336a87019556"
            ],
            "tags": {
              "Name": "ecr-api-endpoint"
            },
            "tags_all": {
              "Name": "ecr-api-endpoint"
            },
            "timeouts": null,
            "vpc_endpoint_type": "Interface",
            "vpc_id": "vpc-027604b4a0a471044"
          },
          "sensitive_attributes": [],
          "identity_schema_version": 0,
          "private": "eyJlMmJmYjczMC1lY2FhLTExZTYtOGY4OC0zNDM2M2JjN2M0YzAiOnsiY3JlYXRlIjo2MDAwMDAwMDAwMDAsImRlbGV0ZSI6NjAwMDAwMDAwMDAwLCJ1cGRhdGUiOjYwMDAwMDAwMDAwMH19",
          "dependencies": [
            "aws_security_group.vpc_endpoints",
            "aws_subnet.private_app",
            "aws_subnet.private_app_1b",
            "aws_vpc.main"
          ]
        }
      ]
    },
    {
      "mode": "managed",
      "type": "aws_vpc_endpoint",
      "name": "ecr_dkr",
      "provider": "provider[\"registry.terraform.io/hashicorp/aws\"]",
      "instances": [
        {
          "schema_version": 0,
          "attributes": {
            "arn": "arn:aws:ec2:us-east-1:762595429056:vpc-endpoint/vpce-04f7551a38bb28f8c",
            "auto_accept": null,
            "cidr_blocks": [],
            "dns_entry": [
              {
                "dns_name": "vpce-04f7551a38bb28f8c-a6610xl2.dkr.ecr.us-east-1.vpce.amazonaws.com",
                "hosted_zone_id": "Z7HUB22UULQXV"
              },
              {
                "dns_name": "vpce-04f7551a38bb28f8c-a6610xl2-us-east-1a.dkr.ecr.us-east-1.vpce.amazonaws.com",
                "hosted_zone_id": "Z7HUB22UULQXV"
              },
              {
                "dns_name": "vpce-04f7551a38bb28f8c-a6610xl2-us-east-1b.dkr.ecr.us-east-1.vpce.amazonaws.com",
                "hosted_zone_id": "Z7HUB22UULQXV"
              }
            ],
            "dns_options": [
              {
                "dns_record_ip_type": "ipv4"
              }
            ],
            "id": "vpce-04f7551a38bb28f8c",
            "ip_address_type": "ipv4",
            "network_interface_ids": [
              "eni-01c141ab2bcbf1af6",
              "eni-055a7f4250bd93ea1"
            ],
            "owner_id": "762595429056",
            "policy": "{\"Statement\":[{\"Action\":\"*\",\"Effect\":\"Allow\",\"Principal\":\"*\",\"Resource\":\"*\"}]}",
            "prefix_list_id": null,
            "private_dns_enabled": false,
            "requester_managed": false,
            "route_table_ids": [],
            "security_group_ids": [
              "sg-0ffbdf75e6a2fd106"
            ],
            "service_name": "com.amazonaws.us-east-1.ecr.dkr",
            "state": "available",
            "subnet_ids": [
              "subnet-01ec1e25a976a0640",
              "subnet-0272d336a87019556"
            ],
            "tags": {
              "Name": "ecr-dkr-endpoint"
            },
            "tags_all": {
              "Name": "ecr-dkr-endpoint"
            },
            "timeouts": null,
            "vpc_endpoint_type": "Interface",
            "vpc_id": "vpc-027604b4a0a471044"
          },
          "sensitive_attributes": [],
          "identity_schema_version": 0,
          "private": "eyJlMmJmYjczMC1lY2FhLTExZTYtOGY4OC0zNDM2M2JjN2M0YzAiOnsiY3JlYXRlIjo2MDAwMDAwMDAwMDAsImRlbGV0ZSI6NjAwMDAwMDAwMDAwLCJ1cGRhdGUiOjYwMDAwMDAwMDAwMH19",
          "dependencies": [
            "aws_security_group.vpc_endpoints",
            "aws_subnet.private_app",
            "aws_subnet.private_app_1b",
            "aws_vpc.main"
          ]
        }
      ]
    },
    {
      "mode": "managed",
      "type": "aws_vpc_endpoint",
      "name": "s3_gateway",
      "provider": "provider[\"registry.terraform.io/hashicorp/aws\"]",
      "instances": [
        {
          "schema_version": 0,
          "attributes": {
            "arn": "arn:aws:ec2:us-east-1:762595429056:vpc-endpoint/vpce-0d25303851641d1f5",
            "auto_accept": null,
            "cidr_blocks": [
              "16.15.176.0/20",
              "16.182.0.0/16",
              "18.34.0.0/19",
              "52.216.0.0/15",
              "54.231.0.0/16",
              "3.5.0.0/19",
              "18.34.232.0/21",
              "16.15.192.0/18"
            ],
            "dns_entry": [],
            "dns_options": [
              {
                "dns_record_ip_type": "service-defined"
              }
            ],
            "id": "vpce-0d25303851641d1f5",
            "ip_address_type": "ipv4",
            "network_interface_ids": [],
            "owner_id": "762595429056",
            "policy": "{\"Statement\":[{\"Action\":\"*\",\"Effect\":\"Allow\",\"Principal\":\"*\",\"Resource\":\"*\"}],\"Version\":\"2008-10-17\"}",
            "prefix_list_id": "pl-63a5400a",
            "private_dns_enabled": false,
            "requester_managed": false,
            "route_table_ids": [
              "rtb-081015623bc35404c",
              "rtb-0ca35e1a2640ea950"
            ],
            "security_group_ids": [],
            "service_name": "com.amazonaws.us-east-1.s3",
            "state": "available",
            "subnet_ids": [],
            "tags": {
              "Name": "s3-gateway-endpoint"
            },
            "tags_all": {
              "Name": "s3-gateway-endpoint"
            },
            "timeouts": null,
            "vpc_endpoint_type": "Gateway",
            "vpc_id": "vpc-027604b4a0a471044"
          },
          "sensitive_attributes": [],
          "identity_schema_version": 0,
          "private": "eyJlMmJmYjczMC1lY2FhLTExZTYtOGY4OC0zNDM2M2JjN2M0YzAiOnsiY3JlYXRlIjo2MDAwMDAwMDAwMDAsImRlbGV0ZSI6NjAwMDAwMDAwMDAwLCJ1cGRhdGUiOjYwMDAwMDAwMDAwMH19",
          "dependencies": [
            "aws_eip.nat_eip",
            "aws_internet_gateway.igw",
            "aws_nat_gateway.nat",
            "aws_route_table.private_app",
            "aws_route_table.private_db",
            "aws_subnet.public_facing_1a",
            "aws_vpc.main"
          ]
        }
      ]
    },
    {
      "mode": "managed",
      "type": "aws_vpc_endpoint",
      "name": "secretsmanager",
      "provider": "provider[\"registry.terraform.io/hashicorp/aws\"]",
      "instances": [
        {
          "schema_version": 0,
          "attributes": {
            "arn": "arn:aws:ec2:us-east-1:762595429056:vpc-endpoint/vpce-0efb1c8a564101506",
            "auto_accept": null,
            "cidr_blocks": [],
            "dns_entry": [
              {
                "dns_name": "vpce-0efb1c8a564101506-izpq5otd.secretsmanager.us-east-1.vpce.amazonaws.com",
                "hosted_zone_id": "Z7HUB22UULQXV"
              },
              {
                "dns_name": "vpce-0efb1c8a564101506-izpq5otd-us-east-1a.secretsmanager.us-east-1.vpce.amazonaws.com",
                "hosted_zone_id": "Z7HUB22UULQXV"
              },
              {
                "dns_name": "vpce-0efb1c8a564101506-izpq5otd-us-east-1b.secretsmanager.us-east-1.vpce.amazonaws.com",
                "hosted_zone_id": "Z7HUB22UULQXV"
              }
            ],
            "dns_options": [
              {
                "dns_record_ip_type": "ipv4"
              }
            ],
            "id": "vpce-0efb1c8a564101506",
            "ip_address_type": "ipv4",
            "network_interface_ids": [
              "eni-01ba87f376600de56",
              "eni-08c9dae921b982f75"
            ],
            "owner_id": "762595429056",
            "policy": "{\"Statement\":[{\"Action\":\"*\",\"Effect\":\"Allow\",\"Principal\":\"*\",\"Resource\":\"*\"}]}",
            "prefix_list_id": null,
            "private_dns_enabled": false,
            "requester_managed": false,
            "route_table_ids": [],
            "security_group_ids": [
              "sg-0ffbdf75e6a2fd106"
            ],
            "service_name": "com.amazonaws.us-east-1.secretsmanager",
            "state": "available",
            "subnet_ids": [
              "subnet-01ec1e25a976a0640",
              "subnet-0272d336a87019556"
            ],
            "tags": {
              "Name": "secretsmanager-endpoint"
            },
            "tags_all": {
              "Name": "secretsmanager-endpoint"
            },
            "timeouts": null,
            "vpc_endpoint_type": "Interface",
            "vpc_id": "vpc-027604b4a0a471044"
          },
          "sensitive_attributes": [],
          "identity_schema_version": 0,
          "private": "eyJlMmJmYjczMC1lY2FhLTExZTYtOGY4OC0zNDM2M2JjN2M0YzAiOnsiY3JlYXRlIjo2MDAwMDAwMDAwMDAsImRlbGV0ZSI6NjAwMDAwMDAwMDAwLCJ1cGRhdGUiOjYwMDAwMDAwMDAwMH19",
          "dependencies": [
            "aws_security_group.vpc_endpoints",
            "aws_subnet.private_app",
            "aws_subnet.private_app_1b",
            "aws_vpc.main"
          ]
        }
      ]
    },
    {
      "mode": "managed",
      "type": "aws_wafv2_web_acl",
      "name": "alb_waf",
      "provider": "provider[\"registry.terraform.io/hashicorp/aws\"]",
      "instances": [
        {
          "schema_version": 0,
          "attributes": {
            "arn": "arn:aws:wafv2:us-east-1:762595429056:regional/webacl/alb-waf/466a442e-baa0-48a8-8ffd-feaa64129344",
            "capacity": 702,
            "custom_response_body": [],
            "default_action": [
              {
                "allow": [
                  {
                    "custom_request_handling": []
                  }
                ],
                "block": []
              }
            ],
            "description": "",
            "id": "466a442e-baa0-48a8-8ffd-feaa64129344",
            "lock_token": "54925220-e99a-484c-a707-c9e91274a2b4",
            "name": "alb-waf",
            "rule": [
              {
                "action": [
                  {
                    "allow": [],
                    "block": [
                      {
                        "custom_response": []
                      }
                    ],
                    "captcha": [],
                    "count": []
                  }
                ],
                "name": "RateLimitRule",
                "override_action": [],
                "priority": 1,
                "rule_label": [],
                "statement": [
                  {
                    "and_statement": [],
                    "byte_match_statement": [],
                    "geo_match_statement": [],
                    "ip_set_reference_statement": [],
                    "label_match_statement": [],
                    "managed_rule_group_statement": [],
                    "not_statement": [],
                    "or_statement": [],
                    "rate_based_statement": [
                      {
                        "aggregate_key_type": "IP",
                        "forwarded_ip_config": [],
                        "limit": 2000,
                        "scope_down_statement": []
                      }
                    ],
                    "regex_pattern_set_reference_statement": [],
                    "rule_group_reference_statement": [],
                    "size_constraint_statement": [],
                    "sqli_match_statement": [],
                    "xss_match_statement": []
                  }
                ],
                "visibility_config": [
                  {
                    "cloudwatch_metrics_enabled": true,
                    "metric_name": "RateLimitRule",
                    "sampled_requests_enabled": true
                  }
                ]
              },
              {
                "action": [],
                "name": "AWSManagedRulesCommonRuleSet",
                "override_action": [
                  {
                    "count": [],
                    "none": [
                      {}
                    ]
                  }
                ],
                "priority": 2,
                "rule_label": [],
                "statement": [
                  {
                    "and_statement": [],
                    "byte_match_statement": [],
                    "geo_match_statement": [],
                    "ip_set_reference_statement": [],
                    "label_match_statement": [],
                    "managed_rule_group_statement": [
                      {
                        "excluded_rule": [],
                        "name": "AWSManagedRulesCommonRuleSet",
                        "scope_down_statement": [],
                        "vendor_name": "AWS",
                        "version": ""
                      }
                    ],
                    "not_statement": [],
                    "or_statement": [],
                    "rate_based_statement": [],
                    "regex_pattern_set_reference_statement": [],
                    "rule_group_reference_statement": [],
                    "size_constraint_statement": [],
                    "sqli_match_statement": [],
                    "xss_match_statement": []
                  }
                ],
                "visibility_config": [
                  {
                    "cloudwatch_metrics_enabled": true,
                    "metric_name": "AWSManagedRulesCommonRuleSet",
                    "sampled_requests_enabled": true
                  }
                ]
              }
            ],
            "scope": "REGIONAL",
            "tags": {},
            "tags_all": {},
            "visibility_config": [
              {
                "cloudwatch_metrics_enabled": true,
                "metric_name": "alb-waf",
                "sampled_requests_enabled": true
              }
            ]
          },
          "sensitive_attributes": [],
          "identity_schema_version": 0,
          "private": "bnVsbA=="
        }
      ]
    },
    {
      "mode": "managed",
      "type": "aws_wafv2_web_acl_association",
      "name": "alb_waf",
      "provider": "provider[\"registry.terraform.io/hashicorp/aws\"]",
      "instances": [
        {
          "schema_version": 0,
          "attributes": {
            "id": "arn:aws:wafv2:us-east-1:762595429056:regional/webacl/alb-waf/466a442e-baa0-48a8-8ffd-feaa64129344,arn:aws:elasticloadbalancing:us-east-1:762595429056:loadbalancer/app/example-alb/cfa078eb6395f33e",
            "resource_arn": "arn:aws:elasticloadbalancing:us-east-1:762595429056:loadbalancer/app/example-alb/cfa078eb6395f33e",
            "web_acl_arn": "arn:aws:wafv2:us-east-1:762595429056:regional/webacl/alb-waf/466a442e-baa0-48a8-8ffd-feaa64129344"
          },
          "sensitive_attributes": [],
          "identity_schema_version": 0,
          "private": "bnVsbA==",
          "dependencies": [
            "aws_lb.example",
            "aws_security_group.public_facing",
            "aws_subnet.public_facing_1a",
            "aws_subnet.public_facing_1b",
            "aws_vpc.main",
            "aws_wafv2_web_acl.alb_waf"
          ]
        }
      ]
    },
    {
      "mode": "managed",
      "type": "null_resource",
      "name": "create_self_signed_cert",
      "provider": "provider[\"registry.terraform.io/hashicorp/null\"]",
      "instances": [
        {
          "schema_version": 0,
          "attributes": {
            "id": "2286127850999556727",
            "triggers": {
              "always_run": "2026-01-21T06:07:53Z"
            }
          },
          "sensitive_attributes": [],
          "identity_schema_version": 0
        }
      ]
    },
    {
      "mode": "managed",
      "type": "null_resource",
      "name": "nginx_image",
      "provider": "provider[\"registry.terraform.io/hashicorp/null\"]",
      "instances": [
        {
          "schema_version": 0,
          "attributes": {
            "id": "5238612155518884668",
            "triggers": {
              "repository_url": "762595429056.dkr.ecr.us-east-1.amazonaws.com/nginx-ecommerce"
            }
          },
          "sensitive_attributes": [],
          "identity_schema_version": 0,
          "dependencies": [
            "aws_ecr_repository.nginx",
            "data.aws_ecr_repository.existing_nginx"
          ]
        }
      ]
    },
    {
      "mode": "managed",
      "type": "null_resource",
      "name": "upload_images_to_s3",
      "provider": "provider[\"registry.terraform.io/hashicorp/null\"]",
      "instances": [
        {
          "schema_version": 0,
          "attributes": {
            "id": "6935680160631152733",
            "triggers": {
              "bucket_name": "learn-lovable-product-images-22e59e65",
              "timestamp": "2026-01-21T06:07:53Z"
            }
          },
          "sensitive_attributes": [],
          "identity_schema_version": 0,
          "dependencies": [
            "aws_cloudfront_origin_access_identity.s3_oai",
            "aws_s3_bucket.product_images",
            "aws_s3_bucket_policy.cloudfront_access",
            "random_id.suffix"
          ]
        }
      ]
    },
    {
      "mode": "managed",
      "type": "random_id",
      "name": "suffix",
      "provider": "provider[\"registry.terraform.io/hashicorp/random\"]",
      "instances": [
        {
          "schema_version": 0,
          "attributes": {
            "b64_std": "IuWeZQ==",
            "b64_url": "IuWeZQ",
            "byte_length": 4,
            "dec": "585473637",
            "hex": "22e59e65",
            "id": "IuWeZQ",
            "keepers": null,
            "prefix": null
          },
          "sensitive_attributes": [],
          "identity_schema_version": 0
        }
      ]
    },
    {
      "mode": "managed",
      "type": "random_password",
      "name": "documentdb_password",
      "provider": "provider[\"registry.terraform.io/hashicorp/random\"]",
      "instances": [
        {
          "schema_version": 3,
          "attributes": {
            "bcrypt_hash": "$2a$10$bRYCARI362QCgnV.pQRJR.xVV4rN2gToT5oxiHYTu1tnx.jYoJS6a",
            "id": "none",
            "keepers": null,
            "length": 16,
            "lower": true,
            "min_lower": 0,
            "min_numeric": 0,
            "min_special": 0,
            "min_upper": 0,
            "number": true,
            "numeric": true,
            "override_special": null,
            "result": "f8h+3]\u003c-cYt(I]l:",
            "special": true,
            "upper": true
          },
          "sensitive_attributes": [
            [
              {
                "type": "get_attr",
                "value": "bcrypt_hash"
              }
            ],
            [
              {
                "type": "get_attr",
                "value": "result"
              }
            ]
          ],
          "identity_schema_version": 0
        }
      ]
    },
    {
      "mode": "managed",
      "type": "random_password",
      "name": "redis_auth_token",
      "provider": "provider[\"registry.terraform.io/hashicorp/random\"]",
      "instances": [
        {
          "schema_version": 3,
          "attributes": {
            "bcrypt_hash": "$2a$10$AN5bL0yFZ98.FEXLtuJoNO//2IcEcRcL1E0JtK17CDuuP0kf7ad7.",
            "id": "none",
            "keepers": null,
            "length": 32,
            "lower": true,
            "min_lower": 0,
            "min_numeric": 0,
            "min_special": 0,
            "min_upper": 0,
            "number": true,
            "numeric": true,
            "override_special": null,
            "result": "r9ZCyxZFRtdi0kj8yR6Dq1QVyH6kA53L",
            "special": false,
            "upper": true
          },
          "sensitive_attributes": [
            [
              {
                "type": "get_attr",
                "value": "bcrypt_hash"
              }
            ],
            [
              {
                "type": "get_attr",
                "value": "result"
              }
            ]
          ],
          "identity_schema_version": 0
        }
      ]
    }
  ],
  "check_results": null
}
