{
  "version": 4,
  "terraform_version": "1.14.3",
  "serial": 817,
  "lineage": "0d4d544c-f9c2-e925-3611-5751b2d92a37",
  "outputs": {
    "certificate_arn": {
      "value": "arn:aws:acm:us-east-1:762595429056:certificate/f92c37e0-149b-4893-9be5-e3d950a505fe",
      "type": "string"
    },
    "private_app_subnet_ids": {
      "value": [
        "subnet-07514001507f3eab6",
        "subnet-059213c841d3bbf6a"
      ],
      "type": [
        "tuple",
        [
          "string",
          "string"
        ]
      ]
    },
    "private_db_subnet_ids": {
      "value": [
        "subnet-0eec92ef93f68bb2a",
        "subnet-088f6449a65a2a4ea"
      ],
      "type": [
        "tuple",
        [
          "string",
          "string"
        ]
      ]
    },
    "security_group_private_app": {
      "value": "sg-09c5d8ca82c7a41da",
      "type": "string"
    },
    "security_group_public_facing": {
      "value": "sg-033cccfe9d2c641ec",
      "type": "string"
    },
    "target_groups": {
      "value": {
        "ap": "arn:aws:elasticloadbalancing:us-east-1:762595429056:targetgroup/tg-ap/4d08fa9ce258293f",
        "bc": "arn:aws:elasticloadbalancing:us-east-1:762595429056:targetgroup/tg-bc/9acb98045c509bf9",
        "bm": "arn:aws:elasticloadbalancing:us-east-1:762595429056:targetgroup/tg-bm/e8a5c0d7f97656e3",
        "bp": "arn:aws:elasticloadbalancing:us-east-1:762595429056:targetgroup/tg-bp/46a0be6d82c2c4e5",
        "ct": "arn:aws:elasticloadbalancing:us-east-1:762595429056:targetgroup/tg-ct/9b981d441467e411",
        "fc": "arn:aws:elasticloadbalancing:us-east-1:762595429056:targetgroup/tg-fc/f5822916aa8acf02",
        "frontend": "arn:aws:elasticloadbalancing:us-east-1:762595429056:targetgroup/frontend-tg/e17528ac2e8d77e1",
        "kb": "arn:aws:elasticloadbalancing:us-east-1:762595429056:targetgroup/tg-kb/600eccb4b8aefdc2",
        "qr": "arn:aws:elasticloadbalancing:us-east-1:762595429056:targetgroup/tg-qr/45dd3c867018b411",
        "sc": "arn:aws:elasticloadbalancing:us-east-1:762595429056:targetgroup/tg-sc/9a9e5972f1da0e73",
        "sp": "arn:aws:elasticloadbalancing:us-east-1:762595429056:targetgroup/tg-sp/e7caefb0b8cd21e1",
        "tk": "arn:aws:elasticloadbalancing:us-east-1:762595429056:targetgroup/tg-tk/be6554fd54082cb4"
      },
      "type": [
        "object",
        {
          "ap": "string",
          "bc": "string",
          "bm": "string",
          "bp": "string",
          "ct": "string",
          "fc": "string",
          "frontend": "string",
          "kb": "string",
          "qr": "string",
          "sc": "string",
          "sp": "string",
          "tk": "string"
        }
      ]
    },
    "vpc_id": {
      "value": "vpc-0e50ca75db60624ea",
      "type": "string"
    }
  },
  "resources": [
    {
      "mode": "data",
      "type": "aws_ecr_repository",
      "name": "existing_nginx",
      "provider": "provider[\"registry.terraform.io/hashicorp/aws\"]",
      "instances": []
    },
    {
      "mode": "data",
      "type": "aws_iam_role",
      "name": "existing_instance_profile",
      "provider": "provider[\"registry.terraform.io/hashicorp/aws\"]",
      "instances": []
    },
    {
      "mode": "data",
      "type": "aws_region",
      "name": "current",
      "provider": "provider[\"registry.terraform.io/hashicorp/aws\"]",
      "instances": [
        {
          "schema_version": 0,
          "attributes": {
            "description": "US East (N. Virginia)",
            "endpoint": "ec2.us-east-1.amazonaws.com",
            "id": "us-east-1",
            "name": "us-east-1"
          },
          "sensitive_attributes": [],
          "identity_schema_version": 0
        }
      ]
    },
    {
      "mode": "data",
      "type": "local_file",
      "name": "cert_arn",
      "provider": "provider[\"registry.terraform.io/hashicorp/local\"]",
      "instances": [
        {
          "schema_version": 0,
          "attributes": {
            "content": "arn:aws:acm:us-east-1:762595429056:certificate/f92c37e0-149b-4893-9be5-e3d950a505fe\n",
            "content_base64": "YXJuOmF3czphY206dXMtZWFzdC0xOjc2MjU5NTQyOTA1NjpjZXJ0aWZpY2F0ZS9mOTJjMzdlMC0xNDliLTQ4OTMtOWJlNS1lM2Q5NTBhNTA1ZmUK",
            "content_base64sha256": "VylgT9lW9wkIrfJLlwqAWRY50FKKHgiYszkoaQfmpJk=",
            "content_base64sha512": "DvZDvDd0PKMEHuBQXAxFyZXauLo5fh0nDAaZpWJPgb++6ut7NmRFEgrE230UMKj2D6mqTLBa31G66hMLBDIfrw==",
            "content_md5": "4f5100339c65342c02b240ee8724ba7f",
            "content_sha1": "c61afcb8dea50166dfebf6e05eecf60a613a90ce",
            "content_sha256": "5729604fd956f70908adf24b970a80591639d0528a1e0898b339286907e6a499",
            "content_sha512": "0ef643bc37743ca3041ee0505c0c45c995dab8ba397e1d270c0699a5624f81bfbeeaeb7b366445120ac4db7d1430a8f60fa9aa4cb05adf51baea130b04321faf",
            "filename": "cert_arn.txt",
            "id": "c61afcb8dea50166dfebf6e05eecf60a613a90ce"
          },
          "sensitive_attributes": [],
          "identity_schema_version": 0
        }
      ]
    },
    {
      "mode": "managed",
      "type": "aws_backup_plan",
      "name": "docdb",
      "provider": "provider[\"registry.terraform.io/hashicorp/aws\"]",
      "instances": [
        {
          "schema_version": 0,
          "attributes": {
            "advanced_backup_setting": [],
            "arn": "arn:aws:backup:us-east-1:762595429056:backup-plan:2813d99b-9ea8-4c2e-a836-6f9782ab7b17",
            "id": "2813d99b-9ea8-4c2e-a836-6f9782ab7b17",
            "name": "docdb-backup-plan",
            "rule": [
              {
                "completion_window": 180,
                "copy_action": [],
                "enable_continuous_backup": false,
                "lifecycle": [
                  {
                    "cold_storage_after": 30,
                    "delete_after": 365
                  }
                ],
                "recovery_point_tags": {
                  "Environment": "production"
                },
                "rule_name": "daily_backup",
                "schedule": "cron(0 2 * * ? *)",
                "start_window": 60,
                "target_vault_name": "docdb-backup-vault"
              }
            ],
            "tags": null,
            "tags_all": {},
            "version": "MmNhY2Q2YWUtNjY4Mi00YjBiLWE0ZmUtYTExMTA2MjgwODUx"
          },
          "sensitive_attributes": [],
          "identity_schema_version": 0,
          "private": "bnVsbA==",
          "dependencies": [
            "aws_backup_vault.docdb",
            "aws_kms_key.documentdb_key"
          ]
        }
      ]
    },
    {
      "mode": "managed",
      "type": "aws_backup_vault",
      "name": "docdb",
      "provider": "provider[\"registry.terraform.io/hashicorp/aws\"]",
      "instances": [
        {
          "schema_version": 0,
          "attributes": {
            "arn": "arn:aws:backup:us-east-1:762595429056:backup-vault:docdb-backup-vault",
            "id": "docdb-backup-vault",
            "kms_key_arn": "arn:aws:kms:us-east-1:762595429056:key/4a80452c-d35d-4e10-bbe2-65d12f5d26f8",
            "name": "docdb-backup-vault",
            "recovery_points": 0,
            "tags": null,
            "tags_all": {}
          },
          "sensitive_attributes": [],
          "identity_schema_version": 0,
          "private": "bnVsbA==",
          "dependencies": [
            "aws_kms_key.documentdb_key"
          ]
        }
      ]
    },
    {
      "mode": "managed",
      "type": "aws_cloudfront_distribution",
      "name": "web_distribution",
      "provider": "provider[\"registry.terraform.io/hashicorp/aws\"]",
      "instances": []
    },
    {
      "mode": "managed",
      "type": "aws_cloudfront_origin_access_identity",
      "name": "s3_oai",
      "provider": "provider[\"registry.terraform.io/hashicorp/aws\"]",
      "instances": [
        {
          "schema_version": 0,
          "attributes": {
            "caller_reference": "terraform-20260112033402155600000003",
            "cloudfront_access_identity_path": "origin-access-identity/cloudfront/E14VY3395WZB79",
            "comment": "OAI for learn-lovable-product-images-6ed84cad",
            "etag": "ETVPDKIKX0DER",
            "iam_arn": "arn:aws:iam::cloudfront:user/CloudFront Origin Access Identity E14VY3395WZB79",
            "id": "E14VY3395WZB79",
            "s3_canonical_user_id": "bc6ab0e0d78a113c7b093fd5ffa20d8b9effe11a89e690eaa607485a4234b4686459728e451b46104ddd41ff8d70971c"
          },
          "sensitive_attributes": [],
          "identity_schema_version": 0,
          "private": "bnVsbA==",
          "dependencies": [
            "aws_s3_bucket.product_images",
            "random_id.suffix"
          ]
        }
      ]
    },
    {
      "mode": "managed",
      "type": "aws_docdb_cluster_parameter_group",
      "name": "documentdb_params",
      "provider": "provider[\"registry.terraform.io/hashicorp/aws\"]",
      "instances": [
        {
          "schema_version": 0,
          "attributes": {
            "arn": "arn:aws:rds:us-east-1:762595429056:cluster-pg:docdb-params",
            "description": "DocumentDB parameter group",
            "family": "docdb4.0",
            "id": "docdb-params",
            "name": "docdb-params",
            "name_prefix": null,
            "parameter": [
              {
                "apply_method": "pending-reboot",
                "name": "audit_logs",
                "value": "enabled"
              },
              {
                "apply_method": "pending-reboot",
                "name": "profiler",
                "value": "enabled"
              }
            ],
            "tags": null,
            "tags_all": {}
          },
          "sensitive_attributes": [],
          "identity_schema_version": 0,
          "private": "bnVsbA=="
        }
      ]
    },
    {
      "mode": "managed",
      "type": "aws_docdb_subnet_group",
      "name": "documentdb_subnet_group",
      "provider": "provider[\"registry.terraform.io/hashicorp/aws\"]",
      "instances": [
        {
          "schema_version": 0,
          "attributes": {
            "arn": "arn:aws:rds:us-east-1:762595429056:subgrp:docdb-sg",
            "description": "DocumentDB subnet group",
            "id": "docdb-sg",
            "name": "docdb-sg",
            "name_prefix": null,
            "subnet_ids": [
              "subnet-088f6449a65a2a4ea",
              "subnet-0eec92ef93f68bb2a"
            ],
            "tags": {
              "Name": "docdb-sg"
            },
            "tags_all": {
              "Name": "docdb-sg"
            }
          },
          "sensitive_attributes": [],
          "identity_schema_version": 0,
          "private": "bnVsbA==",
          "dependencies": [
            "aws_subnet.private_db",
            "aws_subnet.private_db_1b",
            "aws_vpc.main"
          ]
        }
      ]
    },
    {
      "mode": "managed",
      "type": "aws_ecr_repository",
      "name": "nginx",
      "provider": "provider[\"registry.terraform.io/hashicorp/aws\"]",
      "instances": [
        {
          "index_key": 0,
          "schema_version": 0,
          "attributes": {
            "arn": "arn:aws:ecr:us-east-1:762595429056:repository/nginx-ecommerce",
            "encryption_configuration": [
              {
                "encryption_type": "AES256",
                "kms_key": ""
              }
            ],
            "force_delete": true,
            "id": "nginx-ecommerce",
            "image_scanning_configuration": [
              {
                "scan_on_push": true
              }
            ],
            "image_tag_mutability": "MUTABLE",
            "name": "nginx-ecommerce",
            "registry_id": "762595429056",
            "repository_url": "762595429056.dkr.ecr.us-east-1.amazonaws.com/nginx-ecommerce",
            "tags": null,
            "tags_all": {},
            "timeouts": null
          },
          "sensitive_attributes": [],
          "identity_schema_version": 0,
          "private": "eyJlMmJmYjczMC1lY2FhLTExZTYtOGY4OC0zNDM2M2JjN2M0YzAiOnsiZGVsZXRlIjoxMjAwMDAwMDAwMDAwfX0="
        }
      ]
    },
    {
      "mode": "managed",
      "type": "aws_eip",
      "name": "nat_eip",
      "provider": "provider[\"registry.terraform.io/hashicorp/aws\"]",
      "instances": [
        {
          "schema_version": 0,
          "attributes": {
            "address": null,
            "allocation_id": "eipalloc-044ba6d0f86a25e44",
            "associate_with_private_ip": null,
            "association_id": "",
            "carrier_ip": "",
            "customer_owned_ip": "",
            "customer_owned_ipv4_pool": "",
            "domain": "vpc",
            "id": "eipalloc-044ba6d0f86a25e44",
            "instance": "",
            "network_border_group": "us-east-1",
            "network_interface": "",
            "private_dns": null,
            "private_ip": "",
            "public_dns": "ec2-3-92-125-146.compute-1.amazonaws.com",
            "public_ip": "3.92.125.146",
            "public_ipv4_pool": "amazon",
            "tags": null,
            "tags_all": {},
            "timeouts": null,
            "vpc": true
          },
          "sensitive_attributes": [],
          "identity_schema_version": 0,
          "private": "eyJlMmJmYjczMC1lY2FhLTExZTYtOGY4OC0zNDM2M2JjN2M0YzAiOnsiZGVsZXRlIjoxODAwMDAwMDAwMDAsInJlYWQiOjkwMDAwMDAwMDAwMCwidXBkYXRlIjozMDAwMDAwMDAwMDB9fQ==",
          "dependencies": [
            "aws_internet_gateway.igw",
            "aws_vpc.main"
          ]
        }
      ]
    },
    {
      "mode": "managed",
      "type": "aws_iam_instance_profile",
      "name": "ec2_ssm_profile",
      "provider": "provider[\"registry.terraform.io/hashicorp/aws\"]",
      "instances": [
        {
          "index_key": 0,
          "schema_version": 0,
          "attributes": {
            "arn": "arn:aws:iam::762595429056:instance-profile/ec2_ssm_profile",
            "create_date": "2026-01-12T03:34:01Z",
            "id": "ec2_ssm_profile",
            "name": "ec2_ssm_profile",
            "name_prefix": null,
            "path": "/",
            "role": "ec2_ssm_role",
            "tags": null,
            "tags_all": {},
            "unique_id": "AIPA3DDR2ZLAJ6LOUWM6J"
          },
          "sensitive_attributes": [],
          "identity_schema_version": 0,
          "private": "bnVsbA==",
          "dependencies": [
            "aws_iam_role.ec2_ssm_role",
            "data.aws_iam_role.existing_instance_profile"
          ]
        }
      ]
    },
    {
      "mode": "managed",
      "type": "aws_iam_role",
      "name": "backup",
      "provider": "provider[\"registry.terraform.io/hashicorp/aws\"]",
      "instances": [
        {
          "schema_version": 0,
          "attributes": {
            "arn": "arn:aws:iam::762595429056:role/aws-backup-service-role",
            "assume_role_policy": "{\"Statement\":[{\"Action\":\"sts:AssumeRole\",\"Effect\":\"Allow\",\"Principal\":{\"Service\":\"backup.amazonaws.com\"}}],\"Version\":\"2012-10-17\"}",
            "create_date": "2026-01-12T03:34:01Z",
            "description": "",
            "force_detach_policies": false,
            "id": "aws-backup-service-role",
            "inline_policy": [],
            "managed_policy_arns": [],
            "max_session_duration": 3600,
            "name": "aws-backup-service-role",
            "name_prefix": "",
            "path": "/",
            "permissions_boundary": null,
            "tags": null,
            "tags_all": {},
            "unique_id": "AROA3DDR2ZLABLQRSDJ5P"
          },
          "sensitive_attributes": [],
          "identity_schema_version": 0,
          "private": "bnVsbA=="
        }
      ]
    },
    {
      "mode": "managed",
      "type": "aws_iam_role",
      "name": "ec2_ssm_role",
      "provider": "provider[\"registry.terraform.io/hashicorp/aws\"]",
      "instances": [
        {
          "index_key": 0,
          "schema_version": 0,
          "attributes": {
            "arn": "arn:aws:iam::762595429056:role/ec2_ssm_role",
            "assume_role_policy": "{\"Statement\":[{\"Action\":\"sts:AssumeRole\",\"Effect\":\"Allow\",\"Principal\":{\"Service\":\"ec2.amazonaws.com\"}}],\"Version\":\"2012-10-17\"}",
            "create_date": "2026-01-12T03:34:01Z",
            "description": "",
            "force_detach_policies": false,
            "id": "ec2_ssm_role",
            "inline_policy": [],
            "managed_policy_arns": [],
            "max_session_duration": 3600,
            "name": "ec2_ssm_role",
            "name_prefix": "",
            "path": "/",
            "permissions_boundary": null,
            "tags": null,
            "tags_all": {},
            "unique_id": "AROA3DDR2ZLAIFLCCQ4UH"
          },
          "sensitive_attributes": [],
          "identity_schema_version": 0,
          "private": "bnVsbA=="
        }
      ]
    },
    {
      "mode": "managed",
      "type": "aws_iam_role_policy_attachment",
      "name": "backup",
      "provider": "provider[\"registry.terraform.io/hashicorp/aws\"]",
      "instances": [
        {
          "schema_version": 0,
          "attributes": {
            "id": "aws-backup-service-role-20260112033402066500000002",
            "policy_arn": "arn:aws:iam::aws:policy/service-role/AWSBackupServiceRolePolicyForBackup",
            "role": "aws-backup-service-role"
          },
          "sensitive_attributes": [],
          "identity_schema_version": 0,
          "private": "bnVsbA==",
          "dependencies": [
            "aws_iam_role.backup"
          ]
        }
      ]
    },
    {
      "mode": "managed",
      "type": "aws_iam_role_policy_attachment",
      "name": "ssm_policy_attachment",
      "provider": "provider[\"registry.terraform.io/hashicorp/aws\"]",
      "instances": [
        {
          "schema_version": 0,
          "attributes": {
            "id": "ec2_ssm_role-20260112033402026900000001",
            "policy_arn": "arn:aws:iam::aws:policy/AmazonSSMManagedInstanceCore",
            "role": "ec2_ssm_role"
          },
          "sensitive_attributes": [],
          "identity_schema_version": 0,
          "private": "bnVsbA==",
          "dependencies": [
            "aws_iam_role.ec2_ssm_role",
            "data.aws_iam_role.existing_instance_profile"
          ]
        }
      ]
    },
    {
      "mode": "managed",
      "type": "aws_internet_gateway",
      "name": "igw",
      "provider": "provider[\"registry.terraform.io/hashicorp/aws\"]",
      "instances": [
        {
          "schema_version": 0,
          "attributes": {
            "arn": "arn:aws:ec2:us-east-1:762595429056:internet-gateway/igw-0ee0eca8c634af34e",
            "id": "igw-0ee0eca8c634af34e",
            "owner_id": "762595429056",
            "tags": {
              "Name": "main-igw"
            },
            "tags_all": {
              "Name": "main-igw"
            },
            "vpc_id": "vpc-0e50ca75db60624ea"
          },
          "sensitive_attributes": [],
          "identity_schema_version": 0,
          "private": "bnVsbA==",
          "dependencies": [
            "aws_vpc.main"
          ]
        }
      ]
    },
    {
      "mode": "managed",
      "type": "aws_kms_alias",
      "name": "documentdb_key_alias",
      "provider": "provider[\"registry.terraform.io/hashicorp/aws\"]",
      "instances": [
        {
          "schema_version": 0,
          "attributes": {
            "arn": "arn:aws:kms:us-east-1:762595429056:alias/documentdb-key",
            "id": "alias/documentdb-key",
            "name": "alias/documentdb-key",
            "name_prefix": "",
            "target_key_arn": "arn:aws:kms:us-east-1:762595429056:key/4a80452c-d35d-4e10-bbe2-65d12f5d26f8",
            "target_key_id": "4a80452c-d35d-4e10-bbe2-65d12f5d26f8"
          },
          "sensitive_attributes": [],
          "identity_schema_version": 0,
          "private": "bnVsbA==",
          "dependencies": [
            "aws_kms_key.documentdb_key"
          ]
        }
      ]
    },
    {
      "mode": "managed",
      "type": "aws_kms_key",
      "name": "documentdb_key",
      "provider": "provider[\"registry.terraform.io/hashicorp/aws\"]",
      "instances": [
        {
          "schema_version": 0,
          "attributes": {
            "arn": "arn:aws:kms:us-east-1:762595429056:key/4a80452c-d35d-4e10-bbe2-65d12f5d26f8",
            "bypass_policy_lockout_safety_check": false,
            "customer_master_key_spec": "SYMMETRIC_DEFAULT",
            "deletion_window_in_days": 7,
            "description": "KMS key for DocumentDB encryption",
            "enable_key_rotation": false,
            "id": "4a80452c-d35d-4e10-bbe2-65d12f5d26f8",
            "is_enabled": true,
            "key_id": "4a80452c-d35d-4e10-bbe2-65d12f5d26f8",
            "key_usage": "ENCRYPT_DECRYPT",
            "multi_region": false,
            "policy": "{\"Id\":\"key-default-1\",\"Statement\":[{\"Action\":\"kms:*\",\"Effect\":\"Allow\",\"Principal\":{\"AWS\":\"arn:aws:iam::762595429056:root\"},\"Resource\":\"*\",\"Sid\":\"Enable IAM User Permissions\"}],\"Version\":\"2012-10-17\"}",
            "tags": null,
            "tags_all": {}
          },
          "sensitive_attributes": [],
          "identity_schema_version": 0,
          "private": "bnVsbA=="
        }
      ]
    },
    {
      "mode": "managed",
      "type": "aws_lb",
      "name": "example",
      "provider": "provider[\"registry.terraform.io/hashicorp/aws\"]",
      "instances": []
    },
    {
      "mode": "managed",
      "type": "aws_lb_target_group",
      "name": "ap",
      "provider": "provider[\"registry.terraform.io/hashicorp/aws\"]",
      "instances": [
        {
          "schema_version": 0,
          "attributes": {
            "arn": "arn:aws:elasticloadbalancing:us-east-1:762595429056:targetgroup/tg-ap/4d08fa9ce258293f",
            "arn_suffix": "targetgroup/tg-ap/4d08fa9ce258293f",
            "connection_termination": false,
            "deregistration_delay": "300",
            "health_check": [
              {
                "enabled": true,
                "healthy_threshold": 3,
                "interval": 30,
                "matcher": "200",
                "path": "/health",
                "port": "traffic-port",
                "protocol": "HTTP",
                "timeout": 5,
                "unhealthy_threshold": 3
              }
            ],
            "id": "arn:aws:elasticloadbalancing:us-east-1:762595429056:targetgroup/tg-ap/4d08fa9ce258293f",
            "lambda_multi_value_headers_enabled": false,
            "load_balancing_algorithm_type": "round_robin",
            "name": "tg-ap",
            "name_prefix": null,
            "port": 443,
            "preserve_client_ip": null,
            "protocol": "HTTPS",
            "protocol_version": "HTTP1",
            "proxy_protocol_v2": false,
            "slow_start": 0,
            "stickiness": [
              {
                "cookie_duration": 86400,
                "cookie_name": "",
                "enabled": false,
                "type": "lb_cookie"
              }
            ],
            "tags": null,
            "tags_all": {},
            "target_type": "ip",
            "vpc_id": "vpc-0e50ca75db60624ea"
          },
          "sensitive_attributes": [],
          "identity_schema_version": 0,
          "private": "bnVsbA==",
          "dependencies": [
            "aws_vpc.main"
          ]
        }
      ]
    },
    {
      "mode": "managed",
      "type": "aws_lb_target_group",
      "name": "bc",
      "provider": "provider[\"registry.terraform.io/hashicorp/aws\"]",
      "instances": [
        {
          "schema_version": 0,
          "attributes": {
            "arn": "arn:aws:elasticloadbalancing:us-east-1:762595429056:targetgroup/tg-bc/9acb98045c509bf9",
            "arn_suffix": "targetgroup/tg-bc/9acb98045c509bf9",
            "connection_termination": false,
            "deregistration_delay": "300",
            "health_check": [
              {
                "enabled": true,
                "healthy_threshold": 3,
                "interval": 30,
                "matcher": "200",
                "path": "/cast/health",
                "port": "traffic-port",
                "protocol": "HTTP",
                "timeout": 5,
                "unhealthy_threshold": 3
              }
            ],
            "id": "arn:aws:elasticloadbalancing:us-east-1:762595429056:targetgroup/tg-bc/9acb98045c509bf9",
            "lambda_multi_value_headers_enabled": false,
            "load_balancing_algorithm_type": "round_robin",
            "name": "tg-bc",
            "name_prefix": null,
            "port": 443,
            "preserve_client_ip": null,
            "protocol": "HTTPS",
            "protocol_version": "HTTP1",
            "proxy_protocol_v2": false,
            "slow_start": 0,
            "stickiness": [
              {
                "cookie_duration": 86400,
                "cookie_name": "",
                "enabled": false,
                "type": "lb_cookie"
              }
            ],
            "tags": null,
            "tags_all": {},
            "target_type": "ip",
            "vpc_id": "vpc-0e50ca75db60624ea"
          },
          "sensitive_attributes": [],
          "identity_schema_version": 0,
          "private": "bnVsbA==",
          "dependencies": [
            "aws_vpc.main"
          ]
        }
      ]
    },
    {
      "mode": "managed",
      "type": "aws_lb_target_group",
      "name": "bm",
      "provider": "provider[\"registry.terraform.io/hashicorp/aws\"]",
      "instances": [
        {
          "schema_version": 0,
          "attributes": {
            "arn": "arn:aws:elasticloadbalancing:us-east-1:762595429056:targetgroup/tg-bm/e8a5c0d7f97656e3",
            "arn_suffix": "targetgroup/tg-bm/e8a5c0d7f97656e3",
            "connection_termination": false,
            "deregistration_delay": "300",
            "health_check": [
              {
                "enabled": true,
                "healthy_threshold": 3,
                "interval": 30,
                "matcher": "200",
                "path": "/mgmt/health",
                "port": "traffic-port",
                "protocol": "HTTP",
                "timeout": 5,
                "unhealthy_threshold": 3
              }
            ],
            "id": "arn:aws:elasticloadbalancing:us-east-1:762595429056:targetgroup/tg-bm/e8a5c0d7f97656e3",
            "lambda_multi_value_headers_enabled": false,
            "load_balancing_algorithm_type": "round_robin",
            "name": "tg-bm",
            "name_prefix": null,
            "port": 443,
            "preserve_client_ip": null,
            "protocol": "HTTPS",
            "protocol_version": "HTTP1",
            "proxy_protocol_v2": false,
            "slow_start": 0,
            "stickiness": [
              {
                "cookie_duration": 86400,
                "cookie_name": "",
                "enabled": false,
                "type": "lb_cookie"
              }
            ],
            "tags": null,
            "tags_all": {},
            "target_type": "ip",
            "vpc_id": "vpc-0e50ca75db60624ea"
          },
          "sensitive_attributes": [],
          "identity_schema_version": 0,
          "private": "bnVsbA==",
          "dependencies": [
            "aws_vpc.main"
          ]
        }
      ]
    },
    {
      "mode": "managed",
      "type": "aws_lb_target_group",
      "name": "bp",
      "provider": "provider[\"registry.terraform.io/hashicorp/aws\"]",
      "instances": [
        {
          "schema_version": 0,
          "attributes": {
            "arn": "arn:aws:elasticloadbalancing:us-east-1:762595429056:targetgroup/tg-bp/46a0be6d82c2c4e5",
            "arn_suffix": "targetgroup/tg-bp/46a0be6d82c2c4e5",
            "connection_termination": false,
            "deregistration_delay": "300",
            "health_check": [
              {
                "enabled": true,
                "healthy_threshold": 3,
                "interval": 30,
                "matcher": "200",
                "path": "/proc/health",
                "port": "traffic-port",
                "protocol": "HTTP",
                "timeout": 5,
                "unhealthy_threshold": 3
              }
            ],
            "id": "arn:aws:elasticloadbalancing:us-east-1:762595429056:targetgroup/tg-bp/46a0be6d82c2c4e5",
            "lambda_multi_value_headers_enabled": false,
            "load_balancing_algorithm_type": "round_robin",
            "name": "tg-bp",
            "name_prefix": null,
            "port": 443,
            "preserve_client_ip": null,
            "protocol": "HTTPS",
            "protocol_version": "HTTP1",
            "proxy_protocol_v2": false,
            "slow_start": 0,
            "stickiness": [
              {
                "cookie_duration": 86400,
                "cookie_name": "",
                "enabled": false,
                "type": "lb_cookie"
              }
            ],
            "tags": null,
            "tags_all": {},
            "target_type": "ip",
            "vpc_id": "vpc-0e50ca75db60624ea"
          },
          "sensitive_attributes": [],
          "identity_schema_version": 0,
          "private": "bnVsbA==",
          "dependencies": [
            "aws_vpc.main"
          ]
        }
      ]
    },
    {
      "mode": "managed",
      "type": "aws_lb_target_group",
      "name": "ct",
      "provider": "provider[\"registry.terraform.io/hashicorp/aws\"]",
      "instances": [
        {
          "schema_version": 0,
          "attributes": {
            "arn": "arn:aws:elasticloadbalancing:us-east-1:762595429056:targetgroup/tg-ct/9b981d441467e411",
            "arn_suffix": "targetgroup/tg-ct/9b981d441467e411",
            "connection_termination": false,
            "deregistration_delay": "300",
            "health_check": [
              {
                "enabled": true,
                "healthy_threshold": 3,
                "interval": 30,
                "matcher": "200",
                "path": "/ct/health",
                "port": "traffic-port",
                "protocol": "HTTP",
                "timeout": 5,
                "unhealthy_threshold": 3
              }
            ],
            "id": "arn:aws:elasticloadbalancing:us-east-1:762595429056:targetgroup/tg-ct/9b981d441467e411",
            "lambda_multi_value_headers_enabled": false,
            "load_balancing_algorithm_type": "round_robin",
            "name": "tg-ct",
            "name_prefix": null,
            "port": 443,
            "preserve_client_ip": null,
            "protocol": "HTTPS",
            "protocol_version": "HTTP1",
            "proxy_protocol_v2": false,
            "slow_start": 0,
            "stickiness": [
              {
                "cookie_duration": 86400,
                "cookie_name": "",
                "enabled": false,
                "type": "lb_cookie"
              }
            ],
            "tags": null,
            "tags_all": {},
            "target_type": "ip",
            "vpc_id": "vpc-0e50ca75db60624ea"
          },
          "sensitive_attributes": [],
          "identity_schema_version": 0,
          "private": "bnVsbA==",
          "dependencies": [
            "aws_vpc.main"
          ]
        }
      ]
    },
    {
      "mode": "managed",
      "type": "aws_lb_target_group",
      "name": "fc",
      "provider": "provider[\"registry.terraform.io/hashicorp/aws\"]",
      "instances": [
        {
          "schema_version": 0,
          "attributes": {
            "arn": "arn:aws:elasticloadbalancing:us-east-1:762595429056:targetgroup/tg-fc/f5822916aa8acf02",
            "arn_suffix": "targetgroup/tg-fc/f5822916aa8acf02",
            "connection_termination": false,
            "deregistration_delay": "300",
            "health_check": [
              {
                "enabled": true,
                "healthy_threshold": 3,
                "interval": 30,
                "matcher": "200",
                "path": "/fac/health",
                "port": "traffic-port",
                "protocol": "HTTP",
                "timeout": 5,
                "unhealthy_threshold": 3
              }
            ],
            "id": "arn:aws:elasticloadbalancing:us-east-1:762595429056:targetgroup/tg-fc/f5822916aa8acf02",
            "lambda_multi_value_headers_enabled": false,
            "load_balancing_algorithm_type": "round_robin",
            "name": "tg-fc",
            "name_prefix": null,
            "port": 443,
            "preserve_client_ip": null,
            "protocol": "HTTPS",
            "protocol_version": "HTTP1",
            "proxy_protocol_v2": false,
            "slow_start": 0,
            "stickiness": [
              {
                "cookie_duration": 86400,
                "cookie_name": "",
                "enabled": false,
                "type": "lb_cookie"
              }
            ],
            "tags": null,
            "tags_all": {},
            "target_type": "ip",
            "vpc_id": "vpc-0e50ca75db60624ea"
          },
          "sensitive_attributes": [],
          "identity_schema_version": 0,
          "private": "bnVsbA==",
          "dependencies": [
            "aws_vpc.main"
          ]
        }
      ]
    },
    {
      "mode": "managed",
      "type": "aws_lb_target_group",
      "name": "frontend",
      "provider": "provider[\"registry.terraform.io/hashicorp/aws\"]",
      "instances": [
        {
          "schema_version": 0,
          "attributes": {
            "arn": "arn:aws:elasticloadbalancing:us-east-1:762595429056:targetgroup/frontend-tg/e17528ac2e8d77e1",
            "arn_suffix": "targetgroup/frontend-tg/e17528ac2e8d77e1",
            "connection_termination": false,
            "deregistration_delay": "300",
            "health_check": [
              {
                "enabled": true,
                "healthy_threshold": 5,
                "interval": 30,
                "matcher": "200",
                "path": "/",
                "port": "traffic-port",
                "protocol": "HTTP",
                "timeout": 5,
                "unhealthy_threshold": 2
              }
            ],
            "id": "arn:aws:elasticloadbalancing:us-east-1:762595429056:targetgroup/frontend-tg/e17528ac2e8d77e1",
            "lambda_multi_value_headers_enabled": false,
            "load_balancing_algorithm_type": "round_robin",
            "name": "frontend-tg",
            "name_prefix": null,
            "port": 80,
            "preserve_client_ip": null,
            "protocol": "HTTP",
            "protocol_version": "HTTP1",
            "proxy_protocol_v2": false,
            "slow_start": 0,
            "stickiness": [
              {
                "cookie_duration": 86400,
                "cookie_name": "",
                "enabled": false,
                "type": "lb_cookie"
              }
            ],
            "tags": null,
            "tags_all": {},
            "target_type": "ip",
            "vpc_id": "vpc-0e50ca75db60624ea"
          },
          "sensitive_attributes": [],
          "identity_schema_version": 0,
          "private": "bnVsbA==",
          "dependencies": [
            "aws_vpc.main"
          ]
        }
      ]
    },
    {
      "mode": "managed",
      "type": "aws_lb_target_group",
      "name": "kb",
      "provider": "provider[\"registry.terraform.io/hashicorp/aws\"]",
      "instances": [
        {
          "schema_version": 0,
          "attributes": {
            "arn": "arn:aws:elasticloadbalancing:us-east-1:762595429056:targetgroup/tg-kb/600eccb4b8aefdc2",
            "arn_suffix": "targetgroup/tg-kb/600eccb4b8aefdc2",
            "connection_termination": false,
            "deregistration_delay": "300",
            "health_check": [
              {
                "enabled": true,
                "healthy_threshold": 3,
                "interval": 30,
                "matcher": "200",
                "path": "/kb/health",
                "port": "traffic-port",
                "protocol": "HTTP",
                "timeout": 5,
                "unhealthy_threshold": 3
              }
            ],
            "id": "arn:aws:elasticloadbalancing:us-east-1:762595429056:targetgroup/tg-kb/600eccb4b8aefdc2",
            "lambda_multi_value_headers_enabled": false,
            "load_balancing_algorithm_type": "round_robin",
            "name": "tg-kb",
            "name_prefix": null,
            "port": 443,
            "preserve_client_ip": null,
            "protocol": "HTTPS",
            "protocol_version": "HTTP1",
            "proxy_protocol_v2": false,
            "slow_start": 0,
            "stickiness": [
              {
                "cookie_duration": 86400,
                "cookie_name": "",
                "enabled": false,
                "type": "lb_cookie"
              }
            ],
            "tags": null,
            "tags_all": {},
            "target_type": "ip",
            "vpc_id": "vpc-0e50ca75db60624ea"
          },
          "sensitive_attributes": [],
          "identity_schema_version": 0,
          "private": "bnVsbA==",
          "dependencies": [
            "aws_vpc.main"
          ]
        }
      ]
    },
    {
      "mode": "managed",
      "type": "aws_lb_target_group",
      "name": "qr",
      "provider": "provider[\"registry.terraform.io/hashicorp/aws\"]",
      "instances": [
        {
          "schema_version": 0,
          "attributes": {
            "arn": "arn:aws:elasticloadbalancing:us-east-1:762595429056:targetgroup/tg-qr/45dd3c867018b411",
            "arn_suffix": "targetgroup/tg-qr/45dd3c867018b411",
            "connection_termination": false,
            "deregistration_delay": "300",
            "health_check": [
              {
                "enabled": true,
                "healthy_threshold": 3,
                "interval": 30,
                "matcher": "200",
                "path": "/qr/health",
                "port": "traffic-port",
                "protocol": "HTTP",
                "timeout": 5,
                "unhealthy_threshold": 3
              }
            ],
            "id": "arn:aws:elasticloadbalancing:us-east-1:762595429056:targetgroup/tg-qr/45dd3c867018b411",
            "lambda_multi_value_headers_enabled": false,
            "load_balancing_algorithm_type": "round_robin",
            "name": "tg-qr",
            "name_prefix": null,
            "port": 443,
            "preserve_client_ip": null,
            "protocol": "HTTPS",
            "protocol_version": "HTTP1",
            "proxy_protocol_v2": false,
            "slow_start": 0,
            "stickiness": [
              {
                "cookie_duration": 86400,
                "cookie_name": "",
                "enabled": false,
                "type": "lb_cookie"
              }
            ],
            "tags": null,
            "tags_all": {},
            "target_type": "ip",
            "vpc_id": "vpc-0e50ca75db60624ea"
          },
          "sensitive_attributes": [],
          "identity_schema_version": 0,
          "private": "bnVsbA==",
          "dependencies": [
            "aws_vpc.main"
          ]
        }
      ]
    },
    {
      "mode": "managed",
      "type": "aws_lb_target_group",
      "name": "sc",
      "provider": "provider[\"registry.terraform.io/hashicorp/aws\"]",
      "instances": [
        {
          "schema_version": 0,
          "attributes": {
            "arn": "arn:aws:elasticloadbalancing:us-east-1:762595429056:targetgroup/tg-sc/9a9e5972f1da0e73",
            "arn_suffix": "targetgroup/tg-sc/9a9e5972f1da0e73",
            "connection_termination": false,
            "deregistration_delay": "300",
            "health_check": [
              {
                "enabled": true,
                "healthy_threshold": 3,
                "interval": 30,
                "matcher": "200",
                "path": "/sched/health",
                "port": "traffic-port",
                "protocol": "HTTP",
                "timeout": 5,
                "unhealthy_threshold": 3
              }
            ],
            "id": "arn:aws:elasticloadbalancing:us-east-1:762595429056:targetgroup/tg-sc/9a9e5972f1da0e73",
            "lambda_multi_value_headers_enabled": false,
            "load_balancing_algorithm_type": "round_robin",
            "name": "tg-sc",
            "name_prefix": null,
            "port": 443,
            "preserve_client_ip": null,
            "protocol": "HTTPS",
            "protocol_version": "HTTP1",
            "proxy_protocol_v2": false,
            "slow_start": 0,
            "stickiness": [
              {
                "cookie_duration": 86400,
                "cookie_name": "",
                "enabled": false,
                "type": "lb_cookie"
              }
            ],
            "tags": null,
            "tags_all": {},
            "target_type": "ip",
            "vpc_id": "vpc-0e50ca75db60624ea"
          },
          "sensitive_attributes": [],
          "identity_schema_version": 0,
          "private": "bnVsbA==",
          "dependencies": [
            "aws_vpc.main"
          ]
        }
      ]
    },
    {
      "mode": "managed",
      "type": "aws_lb_target_group",
      "name": "sp",
      "provider": "provider[\"registry.terraform.io/hashicorp/aws\"]",
      "instances": [
        {
          "schema_version": 0,
          "attributes": {
            "arn": "arn:aws:elasticloadbalancing:us-east-1:762595429056:targetgroup/tg-sp/e7caefb0b8cd21e1",
            "arn_suffix": "targetgroup/tg-sp/e7caefb0b8cd21e1",
            "connection_termination": false,
            "deregistration_delay": "300",
            "health_check": [
              {
                "enabled": true,
                "healthy_threshold": 3,
                "interval": 30,
                "matcher": "200",
                "path": "/auth/health",
                "port": "traffic-port",
                "protocol": "HTTP",
                "timeout": 5,
                "unhealthy_threshold": 3
              }
            ],
            "id": "arn:aws:elasticloadbalancing:us-east-1:762595429056:targetgroup/tg-sp/e7caefb0b8cd21e1",
            "lambda_multi_value_headers_enabled": false,
            "load_balancing_algorithm_type": "round_robin",
            "name": "tg-sp",
            "name_prefix": null,
            "port": 443,
            "preserve_client_ip": null,
            "protocol": "HTTPS",
            "protocol_version": "HTTP1",
            "proxy_protocol_v2": false,
            "slow_start": 0,
            "stickiness": [
              {
                "cookie_duration": 86400,
                "cookie_name": "",
                "enabled": false,
                "type": "lb_cookie"
              }
            ],
            "tags": null,
            "tags_all": {},
            "target_type": "ip",
            "vpc_id": "vpc-0e50ca75db60624ea"
          },
          "sensitive_attributes": [],
          "identity_schema_version": 0,
          "private": "bnVsbA==",
          "dependencies": [
            "aws_vpc.main"
          ]
        }
      ]
    },
    {
      "mode": "managed",
      "type": "aws_lb_target_group",
      "name": "tk",
      "provider": "provider[\"registry.terraform.io/hashicorp/aws\"]",
      "instances": [
        {
          "schema_version": 0,
          "attributes": {
            "arn": "arn:aws:elasticloadbalancing:us-east-1:762595429056:targetgroup/tg-tk/be6554fd54082cb4",
            "arn_suffix": "targetgroup/tg-tk/be6554fd54082cb4",
            "connection_termination": false,
            "deregistration_delay": "300",
            "health_check": [
              {
                "enabled": true,
                "healthy_threshold": 3,
                "interval": 30,
                "matcher": "200",
                "path": "/tkt/health",
                "port": "traffic-port",
                "protocol": "HTTP",
                "timeout": 5,
                "unhealthy_threshold": 3
              }
            ],
            "id": "arn:aws:elasticloadbalancing:us-east-1:762595429056:targetgroup/tg-tk/be6554fd54082cb4",
            "lambda_multi_value_headers_enabled": false,
            "load_balancing_algorithm_type": "round_robin",
            "name": "tg-tk",
            "name_prefix": null,
            "port": 443,
            "preserve_client_ip": null,
            "protocol": "HTTPS",
            "protocol_version": "HTTP1",
            "proxy_protocol_v2": false,
            "slow_start": 0,
            "stickiness": [
              {
                "cookie_duration": 86400,
                "cookie_name": "",
                "enabled": false,
                "type": "lb_cookie"
              }
            ],
            "tags": null,
            "tags_all": {},
            "target_type": "ip",
            "vpc_id": "vpc-0e50ca75db60624ea"
          },
          "sensitive_attributes": [],
          "identity_schema_version": 0,
          "private": "bnVsbA==",
          "dependencies": [
            "aws_vpc.main"
          ]
        }
      ]
    },
    {
      "mode": "managed",
      "type": "aws_route_table",
      "name": "public_facing",
      "provider": "provider[\"registry.terraform.io/hashicorp/aws\"]",
      "instances": [
        {
          "schema_version": 0,
          "attributes": {
            "arn": "arn:aws:ec2:us-east-1:762595429056:route-table/rtb-0d17f60760ffebbb9",
            "id": "rtb-0d17f60760ffebbb9",
            "owner_id": "762595429056",
            "propagating_vgws": [],
            "route": [
              {
                "carrier_gateway_id": "",
                "cidr_block": "0.0.0.0/0",
                "core_network_arn": "",
                "destination_prefix_list_id": "",
                "egress_only_gateway_id": "",
                "gateway_id": "igw-0ee0eca8c634af34e",
                "instance_id": "",
                "ipv6_cidr_block": "",
                "local_gateway_id": "",
                "nat_gateway_id": "",
                "network_interface_id": "",
                "transit_gateway_id": "",
                "vpc_endpoint_id": "",
                "vpc_peering_connection_id": ""
              }
            ],
            "tags": {
              "Name": "public-facing-route-table"
            },
            "tags_all": {
              "Name": "public-facing-route-table"
            },
            "timeouts": null,
            "vpc_id": "vpc-0e50ca75db60624ea"
          },
          "sensitive_attributes": [],
          "identity_schema_version": 0,
          "private": "eyJlMmJmYjczMC1lY2FhLTExZTYtOGY4OC0zNDM2M2JjN2M0YzAiOnsiY3JlYXRlIjozMDAwMDAwMDAwMDAsImRlbGV0ZSI6MzAwMDAwMDAwMDAwLCJ1cGRhdGUiOjEyMDAwMDAwMDAwMH19",
          "dependencies": [
            "aws_internet_gateway.igw",
            "aws_vpc.main"
          ]
        }
      ]
    },
    {
      "mode": "managed",
      "type": "aws_s3_bucket",
      "name": "product_images",
      "provider": "provider[\"registry.terraform.io/hashicorp/aws\"]",
      "instances": [
        {
          "schema_version": 0,
          "attributes": {
            "acceleration_status": "",
            "acl": null,
            "arn": "arn:aws:s3:::learn-lovable-product-images-6ed84cad",
            "bucket": "learn-lovable-product-images-6ed84cad",
            "bucket_domain_name": "learn-lovable-product-images-6ed84cad.s3.amazonaws.com",
            "bucket_prefix": null,
            "bucket_regional_domain_name": "learn-lovable-product-images-6ed84cad.s3.amazonaws.com",
            "cors_rule": [],
            "force_destroy": true,
            "grant": [
              {
                "id": "99652606fff3ea49f1d4e5c75c18ebdc61b1f5ddd1baf1bd5af2cdbfb021ac47",
                "permissions": [
                  "FULL_CONTROL"
                ],
                "type": "CanonicalUser",
                "uri": ""
              }
            ],
            "hosted_zone_id": "Z3AQBSTGFYJSTF",
            "id": "learn-lovable-product-images-6ed84cad",
            "lifecycle_rule": [],
            "logging": [],
            "object_lock_configuration": [],
            "object_lock_enabled": false,
            "policy": "",
            "region": "us-east-1",
            "replication_configuration": [],
            "request_payer": "BucketOwner",
            "server_side_encryption_configuration": [
              {
                "rule": [
                  {
                    "apply_server_side_encryption_by_default": [
                      {
                        "kms_master_key_id": "",
                        "sse_algorithm": "AES256"
                      }
                    ],
                    "bucket_key_enabled": false
                  }
                ]
              }
            ],
            "tags": {
              "Environment": "production",
              "Name": "Product Images"
            },
            "tags_all": {
              "Environment": "production",
              "Name": "Product Images"
            },
            "versioning": [
              {
                "enabled": false,
                "mfa_delete": false
              }
            ],
            "website": [],
            "website_domain": null,
            "website_endpoint": null
          },
          "sensitive_attributes": [],
          "identity_schema_version": 0,
          "private": "bnVsbA==",
          "dependencies": [
            "random_id.suffix"
          ]
        }
      ]
    },
    {
      "mode": "managed",
      "type": "aws_s3_bucket_policy",
      "name": "cloudfront_access",
      "provider": "provider[\"registry.terraform.io/hashicorp/aws\"]",
      "instances": [
        {
          "schema_version": 0,
          "attributes": {
            "bucket": "learn-lovable-product-images-6ed84cad",
            "id": "learn-lovable-product-images-6ed84cad",
            "policy": "{\"Statement\":[{\"Action\":\"s3:GetObject\",\"Effect\":\"Allow\",\"Principal\":{\"AWS\":\"arn:aws:iam::cloudfront:user/CloudFront Origin Access Identity E14VY3395WZB79\"},\"Resource\":\"arn:aws:s3:::learn-lovable-product-images-6ed84cad/*\"}],\"Version\":\"2012-10-17\"}"
          },
          "sensitive_attributes": [],
          "identity_schema_version": 0,
          "private": "bnVsbA==",
          "dependencies": [
            "aws_cloudfront_origin_access_identity.s3_oai",
            "aws_s3_bucket.product_images",
            "random_id.suffix"
          ]
        }
      ]
    },
    {
      "mode": "managed",
      "type": "aws_s3_bucket_public_access_block",
      "name": "public_access",
      "provider": "provider[\"registry.terraform.io/hashicorp/aws\"]",
      "instances": [
        {
          "schema_version": 0,
          "attributes": {
            "block_public_acls": true,
            "block_public_policy": true,
            "bucket": "learn-lovable-product-images-6ed84cad",
            "id": "learn-lovable-product-images-6ed84cad",
            "ignore_public_acls": true,
            "restrict_public_buckets": true
          },
          "sensitive_attributes": [],
          "identity_schema_version": 0,
          "private": "bnVsbA==",
          "dependencies": [
            "aws_s3_bucket.product_images",
            "random_id.suffix"
          ]
        }
      ]
    },
    {
      "mode": "managed",
      "type": "aws_secretsmanager_secret",
      "name": "documentdb_credentials",
      "provider": "provider[\"registry.terraform.io/hashicorp/aws\"]",
      "instances": [
        {
          "schema_version": 0,
          "attributes": {
            "arn": "arn:aws:secretsmanager:us-east-1:762595429056:secret:docdb/creds2-wGZ25U",
            "description": "DocumentDB master user credentials",
            "force_overwrite_replica_secret": false,
            "id": "arn:aws:secretsmanager:us-east-1:762595429056:secret:docdb/creds2-wGZ25U",
            "kms_key_id": "",
            "name": "docdb/creds2",
            "name_prefix": "",
            "policy": "",
            "recovery_window_in_days": 0,
            "replica": [],
            "rotation_enabled": false,
            "rotation_lambda_arn": "",
            "rotation_rules": [],
            "tags": null,
            "tags_all": {}
          },
          "sensitive_attributes": [],
          "identity_schema_version": 0,
          "private": "bnVsbA=="
        }
      ]
    },
    {
      "mode": "managed",
      "type": "aws_secretsmanager_secret_version",
      "name": "documentdb_credentials",
      "provider": "provider[\"registry.terraform.io/hashicorp/aws\"]",
      "instances": [
        {
          "schema_version": 0,
          "attributes": {
            "arn": "arn:aws:secretsmanager:us-east-1:762595429056:secret:docdb/creds2-wGZ25U",
            "id": "arn:aws:secretsmanager:us-east-1:762595429056:secret:docdb/creds2-wGZ25U|94157CE4-CA3F-41BB-ADF2-5890D0E2A6CD",
            "secret_binary": "",
            "secret_id": "arn:aws:secretsmanager:us-east-1:762595429056:secret:docdb/creds2-wGZ25U",
            "secret_string": "{\"password\":\"E$f#BzfB9qSGaK#2\",\"username\":\"appuser\"}",
            "version_id": "94157CE4-CA3F-41BB-ADF2-5890D0E2A6CD",
            "version_stages": [
              "AWSCURRENT"
            ]
          },
          "sensitive_attributes": [
            [
              {
                "type": "get_attr",
                "value": "secret_binary"
              }
            ],
            [
              {
                "type": "get_attr",
                "value": "secret_string"
              }
            ]
          ],
          "identity_schema_version": 0,
          "private": "bnVsbA==",
          "dependencies": [
            "aws_secretsmanager_secret.documentdb_credentials",
            "random_password.documentdb_password"
          ]
        }
      ]
    },
    {
      "mode": "managed",
      "type": "aws_security_group",
      "name": "private_app",
      "provider": "provider[\"registry.terraform.io/hashicorp/aws\"]",
      "instances": [
        {
          "schema_version": 1,
          "attributes": {
            "arn": "arn:aws:ec2:us-east-1:762595429056:security-group/sg-09c5d8ca82c7a41da",
            "description": "Allow inbound traffic from ALB",
            "egress": [
              {
                "cidr_blocks": [
                  "0.0.0.0/0"
                ],
                "description": "",
                "from_port": 0,
                "ipv6_cidr_blocks": [],
                "prefix_list_ids": [],
                "protocol": "-1",
                "security_groups": [],
                "self": false,
                "to_port": 0
              }
            ],
            "id": "sg-09c5d8ca82c7a41da",
            "ingress": [
              {
                "cidr_blocks": [],
                "description": "HTTP from public subnet",
                "from_port": 80,
                "ipv6_cidr_blocks": [],
                "prefix_list_ids": [],
                "protocol": "tcp",
                "security_groups": [
                  "sg-033cccfe9d2c641ec"
                ],
                "self": false,
                "to_port": 80
              },
              {
                "cidr_blocks": [],
                "description": "HTTPS from public subnet",
                "from_port": 443,
                "ipv6_cidr_blocks": [],
                "prefix_list_ids": [],
                "protocol": "tcp",
                "security_groups": [
                  "sg-033cccfe9d2c641ec"
                ],
                "self": false,
                "to_port": 443
              },
              {
                "cidr_blocks": [],
                "description": "MYSQL/Aurora from private subnet",
                "from_port": 3001,
                "ipv6_cidr_blocks": [],
                "prefix_list_ids": [],
                "protocol": "tcp",
                "security_groups": [
                  "sg-033cccfe9d2c641ec"
                ],
                "self": false,
                "to_port": 3001
              }
            ],
            "name": "allow_alb",
            "name_prefix": "",
            "owner_id": "762595429056",
            "revoke_rules_on_delete": false,
            "tags": {
              "Name": "allow_nginx"
            },
            "tags_all": {
              "Name": "allow_nginx"
            },
            "timeouts": null,
            "vpc_id": "vpc-0e50ca75db60624ea"
          },
          "sensitive_attributes": [],
          "identity_schema_version": 0,
          "private": "eyJlMmJmYjczMC1lY2FhLTExZTYtOGY4OC0zNDM2M2JjN2M0YzAiOnsiY3JlYXRlIjo2MDAwMDAwMDAwMDAsImRlbGV0ZSI6OTAwMDAwMDAwMDAwfSwic2NoZW1hX3ZlcnNpb24iOiIxIn0=",
          "dependencies": [
            "aws_security_group.public_facing",
            "aws_vpc.main"
          ]
        }
      ]
    },
    {
      "mode": "managed",
      "type": "aws_security_group",
      "name": "private_db",
      "provider": "provider[\"registry.terraform.io/hashicorp/aws\"]",
      "instances": [
        {
          "schema_version": 1,
          "attributes": {
            "arn": "arn:aws:ec2:us-east-1:762595429056:security-group/sg-08909fb8dfd2d0482",
            "description": "Allow HTTP inbound traffic within VPC",
            "egress": [
              {
                "cidr_blocks": [
                  "0.0.0.0/0"
                ],
                "description": "Outbound to all",
                "from_port": 0,
                "ipv6_cidr_blocks": [],
                "prefix_list_ids": [],
                "protocol": "-1",
                "security_groups": [],
                "self": false,
                "to_port": 0
              }
            ],
            "id": "sg-08909fb8dfd2d0482",
            "ingress": [
              {
                "cidr_blocks": [],
                "description": "Allow HTTP inbound traffic within VPC",
                "from_port": 5432,
                "ipv6_cidr_blocks": [],
                "prefix_list_ids": [],
                "protocol": "tcp",
                "security_groups": [],
                "self": true,
                "to_port": 5432
              },
              {
                "cidr_blocks": [],
                "description": "Setup to allow SSM",
                "from_port": 5432,
                "ipv6_cidr_blocks": [],
                "prefix_list_ids": [],
                "protocol": "tcp",
                "security_groups": [
                  "sg-09c5d8ca82c7a41da"
                ],
                "self": false,
                "to_port": 5432
              }
            ],
            "name": "allow_backend",
            "name_prefix": "",
            "owner_id": "762595429056",
            "revoke_rules_on_delete": false,
            "tags": {
              "Name": "allow_wordpress"
            },
            "tags_all": {
              "Name": "allow_wordpress"
            },
            "timeouts": null,
            "vpc_id": "vpc-0e50ca75db60624ea"
          },
          "sensitive_attributes": [],
          "identity_schema_version": 0,
          "private": "eyJlMmJmYjczMC1lY2FhLTExZTYtOGY4OC0zNDM2M2JjN2M0YzAiOnsiY3JlYXRlIjo2MDAwMDAwMDAwMDAsImRlbGV0ZSI6OTAwMDAwMDAwMDAwfSwic2NoZW1hX3ZlcnNpb24iOiIxIn0=",
          "dependencies": [
            "aws_security_group.private_app",
            "aws_security_group.public_facing",
            "aws_vpc.main"
          ]
        }
      ]
    },
    {
      "mode": "managed",
      "type": "aws_security_group",
      "name": "public_facing",
      "provider": "provider[\"registry.terraform.io/hashicorp/aws\"]",
      "instances": [
        {
          "schema_version": 1,
          "attributes": {
            "arn": "arn:aws:ec2:us-east-1:762595429056:security-group/sg-033cccfe9d2c641ec",
            "description": "Allow HTTP and SSH inbound traffic",
            "egress": [
              {
                "cidr_blocks": [
                  "0.0.0.0/0"
                ],
                "description": "",
                "from_port": 0,
                "ipv6_cidr_blocks": [],
                "prefix_list_ids": [],
                "protocol": "-1",
                "security_groups": [],
                "self": false,
                "to_port": 0
              }
            ],
            "id": "sg-033cccfe9d2c641ec",
            "ingress": [
              {
                "cidr_blocks": [
                  "0.0.0.0/0"
                ],
                "description": "HTTP from anywhere",
                "from_port": 80,
                "ipv6_cidr_blocks": [],
                "prefix_list_ids": [],
                "protocol": "tcp",
                "security_groups": [],
                "self": false,
                "to_port": 80
              },
              {
                "cidr_blocks": [
                  "0.0.0.0/0"
                ],
                "description": "HTTPS from anywhere",
                "from_port": 443,
                "ipv6_cidr_blocks": [],
                "prefix_list_ids": [],
                "protocol": "tcp",
                "security_groups": [],
                "self": false,
                "to_port": 443
              }
            ],
            "name": "allow_http_https",
            "name_prefix": "",
            "owner_id": "762595429056",
            "revoke_rules_on_delete": false,
            "tags": {
              "Name": "allow_http_https"
            },
            "tags_all": {
              "Name": "allow_http_https"
            },
            "timeouts": null,
            "vpc_id": "vpc-0e50ca75db60624ea"
          },
          "sensitive_attributes": [],
          "identity_schema_version": 0,
          "private": "eyJlMmJmYjczMC1lY2FhLTExZTYtOGY4OC0zNDM2M2JjN2M0YzAiOnsiY3JlYXRlIjo2MDAwMDAwMDAwMDAsImRlbGV0ZSI6OTAwMDAwMDAwMDAwfSwic2NoZW1hX3ZlcnNpb24iOiIxIn0=",
          "dependencies": [
            "aws_vpc.main"
          ]
        }
      ]
    },
    {
      "mode": "managed",
      "type": "aws_security_group",
      "name": "vpc_endpoints",
      "provider": "provider[\"registry.terraform.io/hashicorp/aws\"]",
      "instances": [
        {
          "schema_version": 1,
          "attributes": {
            "arn": "arn:aws:ec2:us-east-1:762595429056:security-group/sg-0777283803c4fb6f7",
            "description": "Security group for VPC endpoints",
            "egress": [
              {
                "cidr_blocks": [
                  "0.0.0.0/0"
                ],
                "description": "",
                "from_port": 0,
                "ipv6_cidr_blocks": [],
                "prefix_list_ids": [],
                "protocol": "-1",
                "security_groups": [],
                "self": false,
                "to_port": 0
              }
            ],
            "id": "sg-0777283803c4fb6f7",
            "ingress": [
              {
                "cidr_blocks": [
                  "10.0.0.0/24"
                ],
                "description": "",
                "from_port": 443,
                "ipv6_cidr_blocks": [],
                "prefix_list_ids": [],
                "protocol": "tcp",
                "security_groups": [],
                "self": false,
                "to_port": 443
              }
            ],
            "name": "vpc-endpoints-sg",
            "name_prefix": "",
            "owner_id": "762595429056",
            "revoke_rules_on_delete": false,
            "tags": {
              "Name": "vpc-endpoints-sg"
            },
            "tags_all": {
              "Name": "vpc-endpoints-sg"
            },
            "timeouts": null,
            "vpc_id": "vpc-0e50ca75db60624ea"
          },
          "sensitive_attributes": [],
          "identity_schema_version": 0,
          "private": "eyJlMmJmYjczMC1lY2FhLTExZTYtOGY4OC0zNDM2M2JjN2M0YzAiOnsiY3JlYXRlIjo2MDAwMDAwMDAwMDAsImRlbGV0ZSI6OTAwMDAwMDAwMDAwfSwic2NoZW1hX3ZlcnNpb24iOiIxIn0=",
          "dependencies": [
            "aws_vpc.main"
          ]
        }
      ]
    },
    {
      "mode": "managed",
      "type": "aws_subnet",
      "name": "private_app",
      "provider": "provider[\"registry.terraform.io/hashicorp/aws\"]",
      "instances": [
        {
          "schema_version": 1,
          "attributes": {
            "arn": "arn:aws:ec2:us-east-1:762595429056:subnet/subnet-07514001507f3eab6",
            "assign_ipv6_address_on_creation": false,
            "availability_zone": "us-east-1a",
            "availability_zone_id": "use1-az6",
            "cidr_block": "10.0.0.32/28",
            "customer_owned_ipv4_pool": "",
            "enable_dns64": false,
            "enable_resource_name_dns_a_record_on_launch": false,
            "enable_resource_name_dns_aaaa_record_on_launch": false,
            "id": "subnet-07514001507f3eab6",
            "ipv6_cidr_block": "",
            "ipv6_cidr_block_association_id": "",
            "ipv6_native": false,
            "map_customer_owned_ip_on_launch": false,
            "map_public_ip_on_launch": false,
            "outpost_arn": "",
            "owner_id": "762595429056",
            "private_dns_hostname_type_on_launch": "ip-name",
            "tags": {
              "Name": "private-app-subnet"
            },
            "tags_all": {
              "Name": "private-app-subnet"
            },
            "timeouts": null,
            "vpc_id": "vpc-0e50ca75db60624ea"
          },
          "sensitive_attributes": [],
          "identity_schema_version": 0,
          "private": "eyJlMmJmYjczMC1lY2FhLTExZTYtOGY4OC0zNDM2M2JjN2M0YzAiOnsiY3JlYXRlIjo2MDAwMDAwMDAwMDAsImRlbGV0ZSI6MTIwMDAwMDAwMDAwMH0sInNjaGVtYV92ZXJzaW9uIjoiMSJ9",
          "dependencies": [
            "aws_vpc.main"
          ]
        }
      ]
    },
    {
      "mode": "managed",
      "type": "aws_subnet",
      "name": "private_app_1b",
      "provider": "provider[\"registry.terraform.io/hashicorp/aws\"]",
      "instances": [
        {
          "schema_version": 1,
          "attributes": {
            "arn": "arn:aws:ec2:us-east-1:762595429056:subnet/subnet-059213c841d3bbf6a",
            "assign_ipv6_address_on_creation": false,
            "availability_zone": "us-east-1b",
            "availability_zone_id": "use1-az1",
            "cidr_block": "10.0.0.48/28",
            "customer_owned_ipv4_pool": "",
            "enable_dns64": false,
            "enable_resource_name_dns_a_record_on_launch": false,
            "enable_resource_name_dns_aaaa_record_on_launch": false,
            "id": "subnet-059213c841d3bbf6a",
            "ipv6_cidr_block": "",
            "ipv6_cidr_block_association_id": "",
            "ipv6_native": false,
            "map_customer_owned_ip_on_launch": false,
            "map_public_ip_on_launch": false,
            "outpost_arn": "",
            "owner_id": "762595429056",
            "private_dns_hostname_type_on_launch": "ip-name",
            "tags": {
              "Name": "private-app-subnet-1b"
            },
            "tags_all": {
              "Name": "private-app-subnet-1b"
            },
            "timeouts": null,
            "vpc_id": "vpc-0e50ca75db60624ea"
          },
          "sensitive_attributes": [],
          "identity_schema_version": 0,
          "private": "eyJlMmJmYjczMC1lY2FhLTExZTYtOGY4OC0zNDM2M2JjN2M0YzAiOnsiY3JlYXRlIjo2MDAwMDAwMDAwMDAsImRlbGV0ZSI6MTIwMDAwMDAwMDAwMH0sInNjaGVtYV92ZXJzaW9uIjoiMSJ9",
          "dependencies": [
            "aws_vpc.main"
          ]
        }
      ]
    },
    {
      "mode": "managed",
      "type": "aws_subnet",
      "name": "private_db",
      "provider": "provider[\"registry.terraform.io/hashicorp/aws\"]",
      "instances": [
        {
          "schema_version": 1,
          "attributes": {
            "arn": "arn:aws:ec2:us-east-1:762595429056:subnet/subnet-0eec92ef93f68bb2a",
            "assign_ipv6_address_on_creation": false,
            "availability_zone": "us-east-1a",
            "availability_zone_id": "use1-az6",
            "cidr_block": "10.0.0.96/27",
            "customer_owned_ipv4_pool": "",
            "enable_dns64": false,
            "enable_resource_name_dns_a_record_on_launch": false,
            "enable_resource_name_dns_aaaa_record_on_launch": false,
            "id": "subnet-0eec92ef93f68bb2a",
            "ipv6_cidr_block": "",
            "ipv6_cidr_block_association_id": "",
            "ipv6_native": false,
            "map_customer_owned_ip_on_launch": false,
            "map_public_ip_on_launch": false,
            "outpost_arn": "",
            "owner_id": "762595429056",
            "private_dns_hostname_type_on_launch": "ip-name",
            "tags": {
              "Name": "private-db-subnet"
            },
            "tags_all": {
              "Name": "private-db-subnet"
            },
            "timeouts": null,
            "vpc_id": "vpc-0e50ca75db60624ea"
          },
          "sensitive_attributes": [],
          "identity_schema_version": 0,
          "private": "eyJlMmJmYjczMC1lY2FhLTExZTYtOGY4OC0zNDM2M2JjN2M0YzAiOnsiY3JlYXRlIjo2MDAwMDAwMDAwMDAsImRlbGV0ZSI6MTIwMDAwMDAwMDAwMH0sInNjaGVtYV92ZXJzaW9uIjoiMSJ9",
          "dependencies": [
            "aws_vpc.main"
          ]
        }
      ]
    },
    {
      "mode": "managed",
      "type": "aws_subnet",
      "name": "private_db_1b",
      "provider": "provider[\"registry.terraform.io/hashicorp/aws\"]",
      "instances": [
        {
          "schema_version": 1,
          "attributes": {
            "arn": "arn:aws:ec2:us-east-1:762595429056:subnet/subnet-088f6449a65a2a4ea",
            "assign_ipv6_address_on_creation": false,
            "availability_zone": "us-east-1b",
            "availability_zone_id": "use1-az1",
            "cidr_block": "10.0.0.128/27",
            "customer_owned_ipv4_pool": "",
            "enable_dns64": false,
            "enable_resource_name_dns_a_record_on_launch": false,
            "enable_resource_name_dns_aaaa_record_on_launch": false,
            "id": "subnet-088f6449a65a2a4ea",
            "ipv6_cidr_block": "",
            "ipv6_cidr_block_association_id": "",
            "ipv6_native": false,
            "map_customer_owned_ip_on_launch": false,
            "map_public_ip_on_launch": false,
            "outpost_arn": "",
            "owner_id": "762595429056",
            "private_dns_hostname_type_on_launch": "ip-name",
            "tags": {
              "Name": "private-db-subnet-1b"
            },
            "tags_all": {
              "Name": "private-db-subnet-1b"
            },
            "timeouts": null,
            "vpc_id": "vpc-0e50ca75db60624ea"
          },
          "sensitive_attributes": [],
          "identity_schema_version": 0,
          "private": "eyJlMmJmYjczMC1lY2FhLTExZTYtOGY4OC0zNDM2M2JjN2M0YzAiOnsiY3JlYXRlIjo2MDAwMDAwMDAwMDAsImRlbGV0ZSI6MTIwMDAwMDAwMDAwMH0sInNjaGVtYV92ZXJzaW9uIjoiMSJ9",
          "dependencies": [
            "aws_vpc.main"
          ]
        }
      ]
    },
    {
      "mode": "managed",
      "type": "aws_subnet",
      "name": "public_facing_1a",
      "provider": "provider[\"registry.terraform.io/hashicorp/aws\"]",
      "instances": []
    },
    {
      "mode": "managed",
      "type": "aws_subnet",
      "name": "public_facing_1b",
      "provider": "provider[\"registry.terraform.io/hashicorp/aws\"]",
      "instances": []
    },
    {
      "mode": "managed",
      "type": "aws_vpc",
      "name": "main",
      "provider": "provider[\"registry.terraform.io/hashicorp/aws\"]",
      "instances": [
        {
          "schema_version": 1,
          "attributes": {
            "arn": "arn:aws:ec2:us-east-1:762595429056:vpc/vpc-0e50ca75db60624ea",
            "assign_generated_ipv6_cidr_block": false,
            "cidr_block": "10.0.0.0/24",
            "default_network_acl_id": "acl-07791d60e94d48473",
            "default_route_table_id": "rtb-0fb43a24912af38d9",
            "default_security_group_id": "sg-033f573638541550a",
            "dhcp_options_id": "dopt-015d302a35bf5e9c7",
            "enable_classiclink": false,
            "enable_classiclink_dns_support": false,
            "enable_dns_hostnames": true,
            "enable_dns_support": true,
            "id": "vpc-0e50ca75db60624ea",
            "instance_tenancy": "default",
            "ipv4_ipam_pool_id": null,
            "ipv4_netmask_length": null,
            "ipv6_association_id": "",
            "ipv6_cidr_block": "",
            "ipv6_cidr_block_network_border_group": "",
            "ipv6_ipam_pool_id": "",
            "ipv6_netmask_length": 0,
            "main_route_table_id": "rtb-0fb43a24912af38d9",
            "owner_id": "762595429056",
            "tags": {
              "Name": "main-vpc"
            },
            "tags_all": {
              "Name": "main-vpc"
            }
          },
          "sensitive_attributes": [],
          "identity_schema_version": 0,
          "private": "eyJzY2hlbWFfdmVyc2lvbiI6IjEifQ=="
        }
      ]
    },
    {
      "mode": "managed",
      "type": "aws_vpc_endpoint",
      "name": "cloudwatch_logs",
      "provider": "provider[\"registry.terraform.io/hashicorp/aws\"]",
      "instances": []
    },
    {
      "mode": "managed",
      "type": "aws_vpc_endpoint",
      "name": "secretsmanager",
      "provider": "provider[\"registry.terraform.io/hashicorp/aws\"]",
      "instances": []
    },
    {
      "mode": "managed",
      "type": "null_resource",
      "name": "create_self_signed_cert",
      "provider": "provider[\"registry.terraform.io/hashicorp/null\"]",
      "instances": [
        {
          "schema_version": 0,
          "attributes": {
            "id": "2009604573620804870",
            "triggers": {
              "always_run": "2026-01-12T03:34:00Z"
            }
          },
          "sensitive_attributes": [],
          "identity_schema_version": 0
        }
      ]
    },
    {
      "mode": "managed",
      "type": "null_resource",
      "name": "nginx_image",
      "provider": "provider[\"registry.terraform.io/hashicorp/null\"]",
      "instances": [
        {
          "schema_version": 0,
          "attributes": {
            "id": "4733277598781984316",
            "triggers": {
              "repository_url": "762595429056.dkr.ecr.us-east-1.amazonaws.com/nginx-ecommerce"
            }
          },
          "sensitive_attributes": [],
          "identity_schema_version": 0,
          "dependencies": [
            "aws_ecr_repository.nginx",
            "data.aws_ecr_repository.existing_nginx"
          ]
        }
      ]
    },
    {
      "mode": "managed",
      "type": "null_resource",
      "name": "upload_images_to_s3",
      "provider": "provider[\"registry.terraform.io/hashicorp/null\"]",
      "instances": [
        {
          "schema_version": 0,
          "attributes": {
            "id": "3942898197165904849",
            "triggers": {
              "bucket_name": "learn-lovable-product-images-6ed84cad",
              "timestamp": "2026-01-12T03:34:10Z"
            }
          },
          "sensitive_attributes": [],
          "identity_schema_version": 0,
          "dependencies": [
            "aws_cloudfront_origin_access_identity.s3_oai",
            "aws_s3_bucket.product_images",
            "aws_s3_bucket_policy.cloudfront_access",
            "random_id.suffix"
          ]
        }
      ]
    },
    {
      "mode": "managed",
      "type": "random_id",
      "name": "suffix",
      "provider": "provider[\"registry.terraform.io/hashicorp/random\"]",
      "instances": [
        {
          "schema_version": 0,
          "attributes": {
            "b64_std": "bthMrQ==",
            "b64_url": "bthMrQ",
            "byte_length": 4,
            "dec": "1859669165",
            "hex": "6ed84cad",
            "id": "bthMrQ",
            "keepers": null,
            "prefix": null
          },
          "sensitive_attributes": [],
          "identity_schema_version": 0
        }
      ]
    },
    {
      "mode": "managed",
      "type": "random_password",
      "name": "documentdb_password",
      "provider": "provider[\"registry.terraform.io/hashicorp/random\"]",
      "instances": [
        {
          "schema_version": 3,
          "attributes": {
            "bcrypt_hash": "$2a$10$5Gnf8dDQOXE44hcLJqq4tOGiO.951Stms.aWeY0LaRIgs1OYtQJYq",
            "id": "none",
            "keepers": null,
            "length": 16,
            "lower": true,
            "min_lower": 0,
            "min_numeric": 0,
            "min_special": 0,
            "min_upper": 0,
            "number": true,
            "numeric": true,
            "override_special": null,
            "result": "E$f#BzfB9qSGaK#2",
            "special": true,
            "upper": true
          },
          "sensitive_attributes": [
            [
              {
                "type": "get_attr",
                "value": "bcrypt_hash"
              }
            ],
            [
              {
                "type": "get_attr",
                "value": "result"
              }
            ]
          ],
          "identity_schema_version": 0
        }
      ]
    }
  ],
  "check_results": null
}
