{
  "version": 4,
  "terraform_version": "1.14.3",
  "serial": 1439,
  "lineage": "0d4d544c-f9c2-e925-3611-5751b2d92a37",
  "outputs": {
    "alb_dns_name": {
      "value": "example-alb-1259230549.us-east-1.elb.amazonaws.com",
      "type": "string"
    },
    "certificate_arn": {
      "value": "arn:aws:acm:us-east-1:762595429056:certificate/7efa1d60-270c-4036-a49a-d9a633cf56f0",
      "type": "string"
    },
    "private_app_subnet_ids": {
      "value": [
        "subnet-06b1ac058e96551ed",
        "subnet-034d24d063f92788f"
      ],
      "type": [
        "tuple",
        [
          "string",
          "string"
        ]
      ]
    },
    "private_db_subnet_ids": {
      "value": [
        "subnet-02ff29690be7af285",
        "subnet-0e1810a889ea5c866"
      ],
      "type": [
        "tuple",
        [
          "string",
          "string"
        ]
      ]
    },
    "redis_primary_endpoint": {
      "value": "master.dbs-elasticache-ecommerce-cluster.ehtrgd.use1.cache.amazonaws.com",
      "type": "string"
    },
    "redis_reader_endpoint": {
      "value": "replica.dbs-elasticache-ecommerce-cluster.ehtrgd.use1.cache.amazonaws.com",
      "type": "string"
    },
    "security_group_private_app": {
      "value": "sg-05d3c88562c9c296f",
      "type": "string"
    },
    "security_group_private_db": {
      "value": "sg-0a3ac6f7c1c9997bf",
      "type": "string"
    },
    "security_group_public_facing": {
      "value": "sg-024100af27bb67111",
      "type": "string"
    },
    "target_groups": {
      "value": {
        "ap": "arn:aws:elasticloadbalancing:us-east-1:762595429056:targetgroup/tg-ap/5b0fa3386504e744",
        "bc": "arn:aws:elasticloadbalancing:us-east-1:762595429056:targetgroup/tg-bc/699a55a9241fe09d",
        "bm": "arn:aws:elasticloadbalancing:us-east-1:762595429056:targetgroup/tg-bm/94a00733ee95d416",
        "bp": "arn:aws:elasticloadbalancing:us-east-1:762595429056:targetgroup/tg-bp/e55f60e3440c9e70",
        "ct": "arn:aws:elasticloadbalancing:us-east-1:762595429056:targetgroup/tg-ct/cadef3114f4cfaad",
        "fc": "arn:aws:elasticloadbalancing:us-east-1:762595429056:targetgroup/tg-fc/f6aabab226619921",
        "frontend": "arn:aws:elasticloadbalancing:us-east-1:762595429056:targetgroup/frontend-tg/1a65750e13fe8094",
        "kb": "arn:aws:elasticloadbalancing:us-east-1:762595429056:targetgroup/tg-kb/bfcad65f2e855866",
        "qr": "arn:aws:elasticloadbalancing:us-east-1:762595429056:targetgroup/tg-qr/d591bcf343d5c5f0",
        "sc": "arn:aws:elasticloadbalancing:us-east-1:762595429056:targetgroup/tg-sc/592a53c2f6348d7e",
        "sp": "arn:aws:elasticloadbalancing:us-east-1:762595429056:targetgroup/tg-sp/9744a05ee3ebebad",
        "tk": "arn:aws:elasticloadbalancing:us-east-1:762595429056:targetgroup/tg-tk/2c7be5b86ae353ca"
      },
      "type": [
        "object",
        {
          "ap": "string",
          "bc": "string",
          "bm": "string",
          "bp": "string",
          "ct": "string",
          "fc": "string",
          "frontend": "string",
          "kb": "string",
          "qr": "string",
          "sc": "string",
          "sp": "string",
          "tk": "string"
        }
      ]
    },
    "vpc_id": {
      "value": "vpc-0f0ed43ff95e0c9dd",
      "type": "string"
    }
  },
  "resources": [
    {
      "mode": "data",
      "type": "aws_region",
      "name": "current",
      "provider": "provider[\"registry.terraform.io/hashicorp/aws\"]",
      "instances": [
        {
          "schema_version": 0,
          "attributes": {
            "description": "US East (N. Virginia)",
            "endpoint": "ec2.us-east-1.amazonaws.com",
            "id": "us-east-1",
            "name": "us-east-1"
          },
          "sensitive_attributes": [],
          "identity_schema_version": 0
        }
      ]
    },
    {
      "mode": "data",
      "type": "local_file",
      "name": "cert_arn",
      "provider": "provider[\"registry.terraform.io/hashicorp/local\"]",
      "instances": [
        {
          "schema_version": 0,
          "attributes": {
            "content": "arn:aws:acm:us-east-1:762595429056:certificate/7efa1d60-270c-4036-a49a-d9a633cf56f0\n",
            "content_base64": "YXJuOmF3czphY206dXMtZWFzdC0xOjc2MjU5NTQyOTA1NjpjZXJ0aWZpY2F0ZS83ZWZhMWQ2MC0yNzBjLTQwMzYtYTQ5YS1kOWE2MzNjZjU2ZjAK",
            "content_base64sha256": "wKcXZHpX9AamEkstotrttRSbh1uJc1paMW5xcUxLaQU=",
            "content_base64sha512": "xDse8XtVBFhBvASm8/BQ/SNjt4hdS8jbDvu5YaV7fu29C5v7Re96cftkbA9gXEryvmeVNUhVvKBcshtNkOb6cg==",
            "content_md5": "3b55e502c361854af180437fd2c72f73",
            "content_sha1": "2fa90df7dadcd4e671f4b1f14586a91dd4ea2daf",
            "content_sha256": "c0a717647a57f406a6124b2da2daedb5149b875b89735a5a316e71714c4b6905",
            "content_sha512": "c43b1ef17b55045841bc04a6f3f050fd2363b7885d4bc8db0efbb961a57b7eedbd0b9bfb45ef7a71fb646c0f605c4af2be6795354855bca05cb21b4d90e6fa72",
            "filename": "cert_arn.txt",
            "id": "2fa90df7dadcd4e671f4b1f14586a91dd4ea2daf"
          },
          "sensitive_attributes": [],
          "identity_schema_version": 0
        }
      ]
    },
    {
      "mode": "managed",
      "type": "aws_backup_plan",
      "name": "docdb",
      "provider": "provider[\"registry.terraform.io/hashicorp/aws\"]",
      "instances": [
        {
          "schema_version": 0,
          "attributes": {
            "advanced_backup_setting": [],
            "arn": "arn:aws:backup:us-east-1:762595429056:backup-plan:797e8433-84f7-4f2d-86f0-bf23821e84b2",
            "id": "797e8433-84f7-4f2d-86f0-bf23821e84b2",
            "name": "docdb-backup-plan",
            "rule": [
              {
                "completion_window": 180,
                "copy_action": [],
                "enable_continuous_backup": false,
                "lifecycle": [
                  {
                    "cold_storage_after": 30,
                    "delete_after": 365
                  }
                ],
                "recovery_point_tags": {
                  "Environment": "production"
                },
                "rule_name": "daily_backup",
                "schedule": "cron(0 2 * * ? *)",
                "start_window": 60,
                "target_vault_name": "docdb-backup-vault"
              }
            ],
            "tags": {},
            "tags_all": {},
            "version": "MTlmMzk2ODYtZDM1Zi00N2M0LTk3YmYtYTczMDViYmZiYzY2"
          },
          "sensitive_attributes": [],
          "identity_schema_version": 0,
          "private": "bnVsbA==",
          "dependencies": [
            "aws_backup_vault.docdb",
            "aws_kms_key.documentdb_key"
          ]
        }
      ]
    },
    {
      "mode": "managed",
      "type": "aws_backup_selection",
      "name": "docdb",
      "provider": "provider[\"registry.terraform.io/hashicorp/aws\"]",
      "instances": [
        {
          "schema_version": 0,
          "attributes": {
            "condition": [
              {
                "string_equals": [],
                "string_like": [],
                "string_not_equals": [],
                "string_not_like": []
              }
            ],
            "iam_role_arn": "arn:aws:iam::762595429056:role/aws-backup-service-role",
            "id": "030bd354-e6b7-41a3-8dc4-477bfff9be2c",
            "name": "docdb-backup-selection",
            "not_resources": [],
            "plan_id": "797e8433-84f7-4f2d-86f0-bf23821e84b2",
            "resources": [
              "arn:aws:rds:us-east-1:762595429056:cluster:docdb-cluster"
            ],
            "selection_tag": []
          },
          "sensitive_attributes": [],
          "identity_schema_version": 0,
          "private": "bnVsbA==",
          "dependencies": [
            "aws_backup_plan.docdb",
            "aws_backup_vault.docdb",
            "aws_docdb_cluster.documentdb_cluster",
            "aws_docdb_cluster_parameter_group.documentdb_params",
            "aws_docdb_subnet_group.documentdb_subnet_group",
            "aws_iam_role.backup",
            "aws_kms_key.documentdb_key",
            "aws_security_group.private_app",
            "aws_security_group.private_db",
            "aws_security_group.public_facing",
            "aws_subnet.private_db",
            "aws_subnet.private_db_1b",
            "aws_vpc.main",
            "random_password.documentdb_password"
          ]
        }
      ]
    },
    {
      "mode": "managed",
      "type": "aws_backup_vault",
      "name": "docdb",
      "provider": "provider[\"registry.terraform.io/hashicorp/aws\"]",
      "instances": [
        {
          "schema_version": 0,
          "attributes": {
            "arn": "arn:aws:backup:us-east-1:762595429056:backup-vault:docdb-backup-vault",
            "id": "docdb-backup-vault",
            "kms_key_arn": "arn:aws:kms:us-east-1:762595429056:key/6ea38d4f-ad90-47db-882b-6d8ef32a8790",
            "name": "docdb-backup-vault",
            "recovery_points": 3,
            "tags": {},
            "tags_all": {}
          },
          "sensitive_attributes": [],
          "identity_schema_version": 0,
          "private": "bnVsbA==",
          "dependencies": [
            "aws_kms_key.documentdb_key"
          ]
        }
      ]
    },
    {
      "mode": "managed",
      "type": "aws_cloudfront_distribution",
      "name": "web_distribution",
      "provider": "provider[\"registry.terraform.io/hashicorp/aws\"]",
      "instances": [
        {
          "schema_version": 1,
          "attributes": {
            "aliases": [],
            "arn": "arn:aws:cloudfront::762595429056:distribution/E2UAMLXDN051DR",
            "caller_reference": "terraform-20260115003809671000000004",
            "comment": "CloudFront distribution for web application and static assets",
            "custom_error_response": [],
            "default_cache_behavior": [
              {
                "allowed_methods": [
                  "GET",
                  "HEAD",
                  "OPTIONS"
                ],
                "cache_policy_id": "658327ea-f89d-4fab-a63d-7e88639e58f6",
                "cached_methods": [
                  "GET",
                  "HEAD"
                ],
                "compress": false,
                "default_ttl": 0,
                "field_level_encryption_id": "",
                "forwarded_values": [],
                "function_association": [],
                "lambda_function_association": [],
                "max_ttl": 0,
                "min_ttl": 0,
                "origin_request_policy_id": "88a5eaf4-2fd4-4709-b370-b4c650ea3fcf",
                "realtime_log_config_arn": "",
                "response_headers_policy_id": "",
                "smooth_streaming": false,
                "target_origin_id": "S3-learn-lovable-product-images-a473b9f5",
                "trusted_key_groups": [],
                "trusted_signers": [],
                "viewer_protocol_policy": "allow-all"
              }
            ],
            "default_root_object": "index.html",
            "domain_name": "dwo1ey6nx4hkf.cloudfront.net",
            "enabled": true,
            "etag": "E2CGJEN53FXUXD",
            "hosted_zone_id": "Z2FDTNDATAQYW2",
            "http_version": "http2",
            "id": "E2UAMLXDN051DR",
            "in_progress_validation_batches": 0,
            "is_ipv6_enabled": true,
            "last_modified_time": "2026-01-17 02:23:40.875 +0000 UTC",
            "logging_config": [],
            "ordered_cache_behavior": [],
            "origin": [
              {
                "connection_attempts": 3,
                "connection_timeout": 10,
                "custom_header": [],
                "custom_origin_config": [
                  {
                    "http_port": 80,
                    "https_port": 443,
                    "origin_keepalive_timeout": 5,
                    "origin_protocol_policy": "http-only",
                    "origin_read_timeout": 30,
                    "origin_ssl_protocols": [
                      "TLSv1.2"
                    ]
                  }
                ],
                "domain_name": "example-alb-1259230549.us-east-1.elb.amazonaws.com",
                "origin_id": "ALB-example-alb",
                "origin_path": "",
                "origin_shield": [],
                "s3_origin_config": []
              },
              {
                "connection_attempts": 3,
                "connection_timeout": 10,
                "custom_header": [],
                "custom_origin_config": [],
                "domain_name": "learn-lovable-product-images-a473b9f5.s3.amazonaws.com",
                "origin_id": "S3-learn-lovable-product-images-a473b9f5",
                "origin_path": "",
                "origin_shield": [],
                "s3_origin_config": [
                  {
                    "origin_access_identity": "origin-access-identity/cloudfront/EZTDFH3Y5FP3G"
                  }
                ]
              }
            ],
            "origin_group": [],
            "price_class": "PriceClass_100",
            "restrictions": [
              {
                "geo_restriction": [
                  {
                    "locations": [],
                    "restriction_type": "none"
                  }
                ]
              }
            ],
            "retain_on_delete": false,
            "status": "Deployed",
            "tags": {},
            "tags_all": {},
            "trusted_key_groups": [
              {
                "enabled": false,
                "items": []
              }
            ],
            "trusted_signers": [
              {
                "enabled": false,
                "items": []
              }
            ],
            "viewer_certificate": [
              {
                "acm_certificate_arn": "",
                "cloudfront_default_certificate": true,
                "iam_certificate_id": "",
                "minimum_protocol_version": "TLSv1",
                "ssl_support_method": ""
              }
            ],
            "wait_for_deployment": true,
            "web_acl_id": ""
          },
          "sensitive_attributes": [],
          "identity_schema_version": 0,
          "private": "eyJzY2hlbWFfdmVyc2lvbiI6IjEifQ==",
          "dependencies": [
            "aws_cloudfront_origin_access_identity.s3_oai",
            "aws_lb.example",
            "aws_s3_bucket.product_images",
            "aws_s3_bucket_policy.cloudfront_access",
            "aws_security_group.public_facing",
            "aws_subnet.public_facing_1a",
            "aws_subnet.public_facing_1b",
            "aws_vpc.main",
            "random_id.suffix"
          ]
        }
      ]
    },
    {
      "mode": "managed",
      "type": "aws_cloudfront_origin_access_identity",
      "name": "s3_oai",
      "provider": "provider[\"registry.terraform.io/hashicorp/aws\"]",
      "instances": [
        {
          "schema_version": 0,
          "attributes": {
            "caller_reference": "terraform-20260115003442069500000003",
            "cloudfront_access_identity_path": "origin-access-identity/cloudfront/EZTDFH3Y5FP3G",
            "comment": "OAI for learn-lovable-product-images-a473b9f5",
            "etag": "ETVPDKIKX0DER",
            "iam_arn": "arn:aws:iam::cloudfront:user/CloudFront Origin Access Identity EZTDFH3Y5FP3G",
            "id": "EZTDFH3Y5FP3G",
            "s3_canonical_user_id": "59f614fb9296f2e319865092b538115c1b873f2e71dc2c64d6dcd0bdb7eb2aa8ca847328bec013fb8ac101a7f7b471aa"
          },
          "sensitive_attributes": [],
          "identity_schema_version": 0,
          "private": "bnVsbA==",
          "dependencies": [
            "aws_s3_bucket.product_images",
            "random_id.suffix"
          ]
        }
      ]
    },
    {
      "mode": "managed",
      "type": "aws_docdb_cluster",
      "name": "documentdb_cluster",
      "provider": "provider[\"registry.terraform.io/hashicorp/aws\"]",
      "instances": [
        {
          "schema_version": 0,
          "attributes": {
            "apply_immediately": null,
            "arn": "arn:aws:rds:us-east-1:762595429056:cluster:docdb-cluster",
            "availability_zones": [
              "us-east-1a",
              "us-east-1b",
              "us-east-1f"
            ],
            "backup_retention_period": 1,
            "cluster_identifier": "docdb-cluster",
            "cluster_identifier_prefix": null,
            "cluster_members": [
              "docdb-instance-1",
              "docdb-instance-2"
            ],
            "cluster_resource_id": "cluster-P3ST4VPXWQXM7UGVAI6DMTRBG4",
            "db_cluster_parameter_group_name": "docdb-params",
            "db_subnet_group_name": "docdb-sg",
            "deletion_protection": false,
            "enabled_cloudwatch_logs_exports": [
              "audit",
              "profiler"
            ],
            "endpoint": "docdb-cluster.cluster-ciru8g0kwep8.us-east-1.docdb.amazonaws.com",
            "engine": "docdb",
            "engine_version": "4.0.0",
            "final_snapshot_identifier": null,
            "global_cluster_identifier": "",
            "hosted_zone_id": "ZNKXH85TT8WVW",
            "id": "docdb-cluster",
            "kms_key_id": "arn:aws:kms:us-east-1:762595429056:key/6ea38d4f-ad90-47db-882b-6d8ef32a8790",
            "master_password": "$r#+KzaHqxqS3j0s",
            "master_username": "appuser",
            "port": 27017,
            "preferred_backup_window": "16:00-16:30",
            "preferred_maintenance_window": "sun:19:00-sun:19:30",
            "reader_endpoint": "docdb-cluster.cluster-ro-ciru8g0kwep8.us-east-1.docdb.amazonaws.com",
            "skip_final_snapshot": true,
            "snapshot_identifier": null,
            "storage_encrypted": true,
            "tags": {
              "Name": "docdb-cluster"
            },
            "tags_all": {
              "Name": "docdb-cluster"
            },
            "timeouts": null,
            "vpc_security_group_ids": [
              "sg-0a3ac6f7c1c9997bf"
            ]
          },
          "sensitive_attributes": [
            [
              {
                "type": "get_attr",
                "value": "master_password"
              }
            ]
          ],
          "identity_schema_version": 0,
          "private": "eyJlMmJmYjczMC1lY2FhLTExZTYtOGY4OC0zNDM2M2JjN2M0YzAiOnsiY3JlYXRlIjo3MjAwMDAwMDAwMDAwLCJkZWxldGUiOjcyMDAwMDAwMDAwMDAsInVwZGF0ZSI6NzIwMDAwMDAwMDAwMH19",
          "dependencies": [
            "aws_docdb_cluster_parameter_group.documentdb_params",
            "aws_docdb_subnet_group.documentdb_subnet_group",
            "aws_kms_key.documentdb_key",
            "aws_security_group.private_app",
            "aws_security_group.private_db",
            "aws_security_group.public_facing",
            "aws_subnet.private_db",
            "aws_subnet.private_db_1b",
            "aws_vpc.main",
            "random_password.documentdb_password"
          ]
        }
      ]
    },
    {
      "mode": "managed",
      "type": "aws_docdb_cluster_instance",
      "name": "documentdb_instance_1",
      "provider": "provider[\"registry.terraform.io/hashicorp/aws\"]",
      "instances": [
        {
          "index_key": 0,
          "schema_version": 0,
          "attributes": {
            "apply_immediately": null,
            "arn": "arn:aws:rds:us-east-1:762595429056:db:docdb-instance-1",
            "auto_minor_version_upgrade": true,
            "availability_zone": "us-east-1a",
            "ca_cert_identifier": "rds-ca-rsa2048-g1",
            "cluster_identifier": "docdb-cluster",
            "db_subnet_group_name": "docdb-sg",
            "dbi_resource_id": "db-SQB7HOTCU7NCFOH5G3FN3TD2UA",
            "endpoint": "docdb-instance-1.ciru8g0kwep8.us-east-1.docdb.amazonaws.com",
            "engine": "docdb",
            "engine_version": "4.0.0",
            "id": "docdb-instance-1",
            "identifier": "docdb-instance-1",
            "identifier_prefix": null,
            "instance_class": "db.t4g.medium",
            "kms_key_id": "arn:aws:kms:us-east-1:762595429056:key/6ea38d4f-ad90-47db-882b-6d8ef32a8790",
            "port": 27017,
            "preferred_backup_window": "16:00-16:30",
            "preferred_maintenance_window": "tue:03:54-tue:04:24",
            "promotion_tier": 0,
            "publicly_accessible": false,
            "storage_encrypted": true,
            "tags": {
              "Name": "docdb-instance-1"
            },
            "tags_all": {
              "Name": "docdb-instance-1"
            },
            "timeouts": null,
            "writer": false
          },
          "sensitive_attributes": [],
          "identity_schema_version": 0,
          "private": "eyJlMmJmYjczMC1lY2FhLTExZTYtOGY4OC0zNDM2M2JjN2M0YzAiOnsiY3JlYXRlIjo1NDAwMDAwMDAwMDAwLCJkZWxldGUiOjU0MDAwMDAwMDAwMDAsInVwZGF0ZSI6NTQwMDAwMDAwMDAwMH19",
          "dependencies": [
            "aws_docdb_cluster.documentdb_cluster",
            "aws_docdb_cluster_parameter_group.documentdb_params",
            "aws_docdb_subnet_group.documentdb_subnet_group",
            "aws_kms_key.documentdb_key",
            "aws_security_group.private_app",
            "aws_security_group.private_db",
            "aws_security_group.public_facing",
            "aws_subnet.private_db",
            "aws_subnet.private_db_1b",
            "aws_vpc.main",
            "random_password.documentdb_password"
          ]
        }
      ]
    },
    {
      "mode": "managed",
      "type": "aws_docdb_cluster_instance",
      "name": "documentdb_instance_2",
      "provider": "provider[\"registry.terraform.io/hashicorp/aws\"]",
      "instances": [
        {
          "index_key": 0,
          "schema_version": 0,
          "attributes": {
            "apply_immediately": null,
            "arn": "arn:aws:rds:us-east-1:762595429056:db:docdb-instance-2",
            "auto_minor_version_upgrade": true,
            "availability_zone": "us-east-1b",
            "ca_cert_identifier": "rds-ca-rsa2048-g1",
            "cluster_identifier": "docdb-cluster",
            "db_subnet_group_name": "docdb-sg",
            "dbi_resource_id": "db-HDMKOXUR735RY3UVQME4TVGDZI",
            "endpoint": "docdb-instance-2.ciru8g0kwep8.us-east-1.docdb.amazonaws.com",
            "engine": "docdb",
            "engine_version": "4.0.0",
            "id": "docdb-instance-2",
            "identifier": "docdb-instance-2",
            "identifier_prefix": null,
            "instance_class": "db.t4g.medium",
            "kms_key_id": "arn:aws:kms:us-east-1:762595429056:key/6ea38d4f-ad90-47db-882b-6d8ef32a8790",
            "port": 27017,
            "preferred_backup_window": "16:00-16:30",
            "preferred_maintenance_window": "tue:09:01-tue:09:31",
            "promotion_tier": 1,
            "publicly_accessible": false,
            "storage_encrypted": true,
            "tags": {
              "Name": "docdb-instance-2"
            },
            "tags_all": {
              "Name": "docdb-instance-2"
            },
            "timeouts": null,
            "writer": true
          },
          "sensitive_attributes": [],
          "identity_schema_version": 0,
          "private": "eyJlMmJmYjczMC1lY2FhLTExZTYtOGY4OC0zNDM2M2JjN2M0YzAiOnsiY3JlYXRlIjo1NDAwMDAwMDAwMDAwLCJkZWxldGUiOjU0MDAwMDAwMDAwMDAsInVwZGF0ZSI6NTQwMDAwMDAwMDAwMH19",
          "dependencies": [
            "aws_docdb_cluster.documentdb_cluster",
            "aws_docdb_cluster_parameter_group.documentdb_params",
            "aws_docdb_subnet_group.documentdb_subnet_group",
            "aws_kms_key.documentdb_key",
            "aws_security_group.private_app",
            "aws_security_group.private_db",
            "aws_security_group.public_facing",
            "aws_subnet.private_db",
            "aws_subnet.private_db_1b",
            "aws_vpc.main",
            "random_password.documentdb_password"
          ]
        }
      ]
    },
    {
      "mode": "managed",
      "type": "aws_docdb_cluster_parameter_group",
      "name": "documentdb_params",
      "provider": "provider[\"registry.terraform.io/hashicorp/aws\"]",
      "instances": [
        {
          "schema_version": 0,
          "attributes": {
            "arn": "arn:aws:rds:us-east-1:762595429056:cluster-pg:docdb-params",
            "description": "DocumentDB parameter group",
            "family": "docdb4.0",
            "id": "docdb-params",
            "name": "docdb-params",
            "name_prefix": null,
            "parameter": [
              {
                "apply_method": "pending-reboot",
                "name": "audit_logs",
                "value": "enabled"
              },
              {
                "apply_method": "pending-reboot",
                "name": "profiler",
                "value": "enabled"
              }
            ],
            "tags": {},
            "tags_all": {}
          },
          "sensitive_attributes": [],
          "identity_schema_version": 0,
          "private": "bnVsbA=="
        }
      ]
    },
    {
      "mode": "managed",
      "type": "aws_docdb_subnet_group",
      "name": "documentdb_subnet_group",
      "provider": "provider[\"registry.terraform.io/hashicorp/aws\"]",
      "instances": [
        {
          "schema_version": 0,
          "attributes": {
            "arn": "arn:aws:rds:us-east-1:762595429056:subgrp:docdb-sg",
            "description": "DocumentDB subnet group",
            "id": "docdb-sg",
            "name": "docdb-sg",
            "name_prefix": null,
            "subnet_ids": [
              "subnet-02ff29690be7af285",
              "subnet-0e1810a889ea5c866"
            ],
            "tags": {
              "Name": "docdb-sg"
            },
            "tags_all": {
              "Name": "docdb-sg"
            }
          },
          "sensitive_attributes": [],
          "identity_schema_version": 0,
          "private": "bnVsbA==",
          "dependencies": [
            "aws_subnet.private_db",
            "aws_subnet.private_db_1b",
            "aws_vpc.main"
          ]
        }
      ]
    },
    {
      "mode": "managed",
      "type": "aws_ecr_repository",
      "name": "nginx",
      "provider": "provider[\"registry.terraform.io/hashicorp/aws\"]",
      "instances": [
        {
          "index_key": 0,
          "schema_version": 0,
          "attributes": {
            "arn": "arn:aws:ecr:us-east-1:762595429056:repository/nginx-ecommerce",
            "encryption_configuration": [
              {
                "encryption_type": "AES256",
                "kms_key": ""
              }
            ],
            "force_delete": true,
            "id": "nginx-ecommerce",
            "image_scanning_configuration": [
              {
                "scan_on_push": true
              }
            ],
            "image_tag_mutability": "MUTABLE",
            "name": "nginx-ecommerce",
            "registry_id": "762595429056",
            "repository_url": "762595429056.dkr.ecr.us-east-1.amazonaws.com/nginx-ecommerce",
            "tags": {},
            "tags_all": {},
            "timeouts": null
          },
          "sensitive_attributes": [],
          "identity_schema_version": 0,
          "private": "eyJlMmJmYjczMC1lY2FhLTExZTYtOGY4OC0zNDM2M2JjN2M0YzAiOnsiZGVsZXRlIjoxMjAwMDAwMDAwMDAwfX0="
        }
      ]
    },
    {
      "mode": "managed",
      "type": "aws_eip",
      "name": "nat_eip",
      "provider": "provider[\"registry.terraform.io/hashicorp/aws\"]",
      "instances": [
        {
          "schema_version": 0,
          "attributes": {
            "address": null,
            "allocation_id": "eipalloc-0f00eaa4e133112cb",
            "associate_with_private_ip": null,
            "association_id": "eipassoc-039b707144a09dab5",
            "carrier_ip": "",
            "customer_owned_ip": "",
            "customer_owned_ipv4_pool": "",
            "domain": "vpc",
            "id": "eipalloc-0f00eaa4e133112cb",
            "instance": "",
            "network_border_group": "us-east-1",
            "network_interface": "eni-058ac684a4118413a",
            "private_dns": "ip-10-0-0-76.ec2.internal",
            "private_ip": "10.0.0.76",
            "public_dns": "ec2-44-217-210-228.compute-1.amazonaws.com",
            "public_ip": "44.217.210.228",
            "public_ipv4_pool": "amazon",
            "tags": {},
            "tags_all": {},
            "timeouts": null,
            "vpc": true
          },
          "sensitive_attributes": [],
          "identity_schema_version": 0,
          "private": "eyJlMmJmYjczMC1lY2FhLTExZTYtOGY4OC0zNDM2M2JjN2M0YzAiOnsiZGVsZXRlIjoxODAwMDAwMDAwMDAsInJlYWQiOjkwMDAwMDAwMDAwMCwidXBkYXRlIjozMDAwMDAwMDAwMDB9fQ==",
          "dependencies": [
            "aws_internet_gateway.igw",
            "aws_vpc.main"
          ]
        }
      ]
    },
    {
      "mode": "managed",
      "type": "aws_elasticache_replication_group",
      "name": "redis_cluster",
      "provider": "provider[\"registry.terraform.io/hashicorp/aws\"]",
      "instances": [
        {
          "schema_version": 1,
          "attributes": {
            "apply_immediately": null,
            "arn": "arn:aws:elasticache:us-east-1:762595429056:replicationgroup:dbs-elasticache-ecommerce-cluster",
            "at_rest_encryption_enabled": true,
            "auth_token": "LxcJ9IkjkPfnwrVL6oez6n7nTpMRacAi",
            "auto_minor_version_upgrade": "true",
            "automatic_failover_enabled": true,
            "availability_zones": null,
            "cluster_enabled": false,
            "cluster_mode": [
              {
                "num_node_groups": 1,
                "replicas_per_node_group": 1
              }
            ],
            "configuration_endpoint_address": null,
            "data_tiering_enabled": false,
            "description": "Redis cluster for ecommerce application",
            "engine": "redis",
            "engine_version": "7.1",
            "engine_version_actual": "7.1.0",
            "final_snapshot_identifier": "dbs-elasticache-ecommerce-cluster-final-snapshot",
            "global_replication_group_id": null,
            "id": "dbs-elasticache-ecommerce-cluster",
            "kms_key_id": "",
            "log_delivery_configuration": [],
            "maintenance_window": "sun:05:00-sun:06:00",
            "member_clusters": [
              "dbs-elasticache-ecommerce-cluster-001",
              "dbs-elasticache-ecommerce-cluster-002"
            ],
            "multi_az_enabled": true,
            "node_type": "cache.t3.micro",
            "notification_topic_arn": null,
            "num_cache_clusters": 2,
            "num_node_groups": 1,
            "number_cache_clusters": 2,
            "parameter_group_name": "default.redis7",
            "port": 6379,
            "preferred_cache_cluster_azs": [
              "us-east-1a",
              "us-east-1b"
            ],
            "primary_endpoint_address": "master.dbs-elasticache-ecommerce-cluster.ehtrgd.use1.cache.amazonaws.com",
            "reader_endpoint_address": "replica.dbs-elasticache-ecommerce-cluster.ehtrgd.use1.cache.amazonaws.com",
            "replicas_per_node_group": 1,
            "replication_group_description": "Redis cluster for ecommerce application",
            "replication_group_id": "dbs-elasticache-ecommerce-cluster",
            "security_group_ids": [
              "sg-0a3ac6f7c1c9997bf"
            ],
            "security_group_names": [],
            "snapshot_arns": null,
            "snapshot_name": null,
            "snapshot_retention_limit": 1,
            "snapshot_window": "16:00-17:00",
            "subnet_group_name": "redis-subnet-group",
            "tags": {
              "Environment": "production",
              "Name": "dbs-elasticache-ecommerce-cluster"
            },
            "tags_all": {
              "Environment": "production",
              "Name": "dbs-elasticache-ecommerce-cluster"
            },
            "timeouts": null,
            "transit_encryption_enabled": true,
            "user_group_ids": []
          },
          "sensitive_attributes": [
            [
              {
                "type": "get_attr",
                "value": "auth_token"
              }
            ]
          ],
          "identity_schema_version": 0,
          "private": "eyJlMmJmYjczMC1lY2FhLTExZTYtOGY4OC0zNDM2M2JjN2M0YzAiOnsiY3JlYXRlIjozNjAwMDAwMDAwMDAwLCJkZWxldGUiOjI0MDAwMDAwMDAwMDAsInVwZGF0ZSI6MjQwMDAwMDAwMDAwMH0sInNjaGVtYV92ZXJzaW9uIjoiMSJ9",
          "dependencies": [
            "aws_elasticache_subnet_group.redis_subnet_group",
            "aws_security_group.private_app",
            "aws_security_group.private_db",
            "aws_security_group.public_facing",
            "aws_subnet.private_redis_1a",
            "aws_subnet.private_redis_1b",
            "aws_vpc.main",
            "random_password.redis_auth_token"
          ]
        }
      ]
    },
    {
      "mode": "managed",
      "type": "aws_elasticache_subnet_group",
      "name": "redis_subnet_group",
      "provider": "provider[\"registry.terraform.io/hashicorp/aws\"]",
      "instances": [
        {
          "schema_version": 0,
          "attributes": {
            "arn": "arn:aws:elasticache:us-east-1:762595429056:subnetgroup:redis-subnet-group",
            "description": "Managed by Terraform",
            "id": "redis-subnet-group",
            "name": "redis-subnet-group",
            "subnet_ids": [
              "subnet-00092afc71be20ddb",
              "subnet-01b0d5e724952a23c"
            ],
            "tags": {
              "Name": "redis-subnet-group"
            },
            "tags_all": {
              "Name": "redis-subnet-group"
            }
          },
          "sensitive_attributes": [],
          "identity_schema_version": 0,
          "private": "bnVsbA==",
          "dependencies": [
            "aws_subnet.private_redis_1a",
            "aws_subnet.private_redis_1b",
            "aws_vpc.main"
          ]
        }
      ]
    },
    {
      "mode": "managed",
      "type": "aws_iam_instance_profile",
      "name": "ec2_ssm_profile",
      "provider": "provider[\"registry.terraform.io/hashicorp/aws\"]",
      "instances": [
        {
          "index_key": 0,
          "schema_version": 0,
          "attributes": {
            "arn": "arn:aws:iam::762595429056:instance-profile/ec2_ssm_profile",
            "create_date": "2026-01-17T05:40:22Z",
            "id": "ec2_ssm_profile",
            "name": "ec2_ssm_profile",
            "name_prefix": null,
            "path": "/",
            "role": "ec2_ssm_role",
            "tags": null,
            "tags_all": {},
            "unique_id": "AIPA3DDR2ZLADXIBSNRY3"
          },
          "sensitive_attributes": [],
          "identity_schema_version": 0,
          "private": "bnVsbA==",
          "dependencies": [
            "aws_iam_role.ec2_ssm_role",
            "data.aws_iam_role.existing_instance_profile"
          ]
        }
      ]
    },
    {
      "mode": "managed",
      "type": "aws_iam_role",
      "name": "backup",
      "provider": "provider[\"registry.terraform.io/hashicorp/aws\"]",
      "instances": [
        {
          "schema_version": 0,
          "attributes": {
            "arn": "arn:aws:iam::762595429056:role/aws-backup-service-role",
            "assume_role_policy": "{\"Statement\":[{\"Action\":\"sts:AssumeRole\",\"Effect\":\"Allow\",\"Principal\":{\"Service\":\"backup.amazonaws.com\"}}],\"Version\":\"2012-10-17\"}",
            "create_date": "2026-01-15T00:34:41Z",
            "description": "",
            "force_detach_policies": false,
            "id": "aws-backup-service-role",
            "inline_policy": [],
            "managed_policy_arns": [
              "arn:aws:iam::aws:policy/service-role/AWSBackupServiceRolePolicyForBackup"
            ],
            "max_session_duration": 3600,
            "name": "aws-backup-service-role",
            "name_prefix": "",
            "path": "/",
            "permissions_boundary": null,
            "tags": {},
            "tags_all": {},
            "unique_id": "AROA3DDR2ZLAEGSHAHFY3"
          },
          "sensitive_attributes": [],
          "identity_schema_version": 0,
          "private": "bnVsbA=="
        }
      ]
    },
    {
      "mode": "managed",
      "type": "aws_iam_role",
      "name": "ec2_ssm_role",
      "provider": "provider[\"registry.terraform.io/hashicorp/aws\"]",
      "instances": [
        {
          "index_key": 0,
          "schema_version": 0,
          "attributes": {
            "arn": "arn:aws:iam::762595429056:role/ec2_ssm_role",
            "assume_role_policy": "{\"Statement\":[{\"Action\":\"sts:AssumeRole\",\"Effect\":\"Allow\",\"Principal\":{\"Service\":\"ec2.amazonaws.com\"}}],\"Version\":\"2012-10-17\"}",
            "create_date": "2026-01-15T00:34:41Z",
            "description": "",
            "force_detach_policies": false,
            "id": "ec2_ssm_role",
            "inline_policy": [],
            "managed_policy_arns": [
              "arn:aws:iam::aws:policy/AmazonSSMManagedInstanceCore"
            ],
            "max_session_duration": 3600,
            "name": "ec2_ssm_role",
            "name_prefix": "",
            "path": "/",
            "permissions_boundary": null,
            "tags": {},
            "tags_all": {},
            "unique_id": "AROA3DDR2ZLAOGC4WNXAC"
          },
          "sensitive_attributes": [],
          "identity_schema_version": 0,
          "private": "bnVsbA=="
        }
      ]
    },
    {
      "mode": "managed",
      "type": "aws_iam_role_policy_attachment",
      "name": "backup",
      "provider": "provider[\"registry.terraform.io/hashicorp/aws\"]",
      "instances": [
        {
          "schema_version": 0,
          "attributes": {
            "id": "aws-backup-service-role-20260115003441972000000002",
            "policy_arn": "arn:aws:iam::aws:policy/service-role/AWSBackupServiceRolePolicyForBackup",
            "role": "aws-backup-service-role"
          },
          "sensitive_attributes": [],
          "identity_schema_version": 0,
          "private": "bnVsbA==",
          "dependencies": [
            "aws_iam_role.backup"
          ]
        }
      ]
    },
    {
      "mode": "managed",
      "type": "aws_iam_role_policy_attachment",
      "name": "ssm_policy_attachment",
      "provider": "provider[\"registry.terraform.io/hashicorp/aws\"]",
      "instances": [
        {
          "schema_version": 0,
          "attributes": {
            "id": "ec2_ssm_role-20260115003441918800000001",
            "policy_arn": "arn:aws:iam::aws:policy/AmazonSSMManagedInstanceCore",
            "role": "ec2_ssm_role"
          },
          "sensitive_attributes": [],
          "identity_schema_version": 0,
          "private": "bnVsbA==",
          "dependencies": [
            "aws_iam_role.ec2_ssm_role",
            "data.aws_iam_role.existing_instance_profile"
          ]
        }
      ]
    },
    {
      "mode": "managed",
      "type": "aws_internet_gateway",
      "name": "igw",
      "provider": "provider[\"registry.terraform.io/hashicorp/aws\"]",
      "instances": [
        {
          "schema_version": 0,
          "attributes": {
            "arn": "arn:aws:ec2:us-east-1:762595429056:internet-gateway/igw-0551daa0a8d7eb005",
            "id": "igw-0551daa0a8d7eb005",
            "owner_id": "762595429056",
            "tags": {
              "Name": "main-igw"
            },
            "tags_all": {
              "Name": "main-igw"
            },
            "vpc_id": "vpc-0f0ed43ff95e0c9dd"
          },
          "sensitive_attributes": [],
          "identity_schema_version": 0,
          "private": "bnVsbA==",
          "dependencies": [
            "aws_vpc.main"
          ]
        }
      ]
    },
    {
      "mode": "managed",
      "type": "aws_kms_alias",
      "name": "documentdb_key_alias",
      "provider": "provider[\"registry.terraform.io/hashicorp/aws\"]",
      "instances": [
        {
          "schema_version": 0,
          "attributes": {
            "arn": "arn:aws:kms:us-east-1:762595429056:alias/documentdb-key",
            "id": "alias/documentdb-key",
            "name": "alias/documentdb-key",
            "name_prefix": "",
            "target_key_arn": "arn:aws:kms:us-east-1:762595429056:key/6ea38d4f-ad90-47db-882b-6d8ef32a8790",
            "target_key_id": "6ea38d4f-ad90-47db-882b-6d8ef32a8790"
          },
          "sensitive_attributes": [],
          "identity_schema_version": 0,
          "private": "bnVsbA==",
          "dependencies": [
            "aws_kms_key.documentdb_key"
          ]
        }
      ]
    },
    {
      "mode": "managed",
      "type": "aws_kms_key",
      "name": "documentdb_key",
      "provider": "provider[\"registry.terraform.io/hashicorp/aws\"]",
      "instances": [
        {
          "schema_version": 0,
          "attributes": {
            "arn": "arn:aws:kms:us-east-1:762595429056:key/6ea38d4f-ad90-47db-882b-6d8ef32a8790",
            "bypass_policy_lockout_safety_check": false,
            "customer_master_key_spec": "SYMMETRIC_DEFAULT",
            "deletion_window_in_days": 7,
            "description": "KMS key for DocumentDB encryption",
            "enable_key_rotation": false,
            "id": "6ea38d4f-ad90-47db-882b-6d8ef32a8790",
            "is_enabled": true,
            "key_id": "6ea38d4f-ad90-47db-882b-6d8ef32a8790",
            "key_usage": "ENCRYPT_DECRYPT",
            "multi_region": false,
            "policy": "{\"Id\":\"key-default-1\",\"Statement\":[{\"Action\":\"kms:*\",\"Effect\":\"Allow\",\"Principal\":{\"AWS\":\"arn:aws:iam::762595429056:root\"},\"Resource\":\"*\",\"Sid\":\"Enable IAM User Permissions\"}],\"Version\":\"2012-10-17\"}",
            "tags": {},
            "tags_all": {}
          },
          "sensitive_attributes": [],
          "identity_schema_version": 0,
          "private": "bnVsbA=="
        }
      ]
    },
    {
      "mode": "managed",
      "type": "aws_lb",
      "name": "example",
      "provider": "provider[\"registry.terraform.io/hashicorp/aws\"]",
      "instances": [
        {
          "schema_version": 0,
          "attributes": {
            "access_logs": [
              {
                "bucket": "",
                "enabled": false,
                "prefix": ""
              }
            ],
            "arn": "arn:aws:elasticloadbalancing:us-east-1:762595429056:loadbalancer/app/example-alb/2c5108caa70df94d",
            "arn_suffix": "app/example-alb/2c5108caa70df94d",
            "customer_owned_ipv4_pool": "",
            "desync_mitigation_mode": "defensive",
            "dns_name": "example-alb-1259230549.us-east-1.elb.amazonaws.com",
            "drop_invalid_header_fields": false,
            "enable_cross_zone_load_balancing": true,
            "enable_deletion_protection": false,
            "enable_http2": true,
            "enable_waf_fail_open": false,
            "id": "arn:aws:elasticloadbalancing:us-east-1:762595429056:loadbalancer/app/example-alb/2c5108caa70df94d",
            "idle_timeout": 60,
            "internal": false,
            "ip_address_type": "ipv4",
            "load_balancer_type": "application",
            "name": "example-alb",
            "name_prefix": null,
            "security_groups": [
              "sg-024100af27bb67111"
            ],
            "subnet_mapping": [
              {
                "allocation_id": "",
                "ipv6_address": "",
                "outpost_id": "",
                "private_ipv4_address": "",
                "subnet_id": "subnet-0c0418bc3db949fc1"
              },
              {
                "allocation_id": "",
                "ipv6_address": "",
                "outpost_id": "",
                "private_ipv4_address": "",
                "subnet_id": "subnet-0ef87ea00c2f1b09f"
              }
            ],
            "subnets": [
              "subnet-0c0418bc3db949fc1",
              "subnet-0ef87ea00c2f1b09f"
            ],
            "tags": {
              "Environment": "dev"
            },
            "tags_all": {
              "Environment": "dev"
            },
            "timeouts": null,
            "vpc_id": "vpc-0f0ed43ff95e0c9dd",
            "zone_id": "Z35SXDOTRQ7X7K"
          },
          "sensitive_attributes": [],
          "identity_schema_version": 0,
          "private": "eyJlMmJmYjczMC1lY2FhLTExZTYtOGY4OC0zNDM2M2JjN2M0YzAiOnsiY3JlYXRlIjo2MDAwMDAwMDAwMDAsImRlbGV0ZSI6NjAwMDAwMDAwMDAwLCJ1cGRhdGUiOjYwMDAwMDAwMDAwMH19",
          "dependencies": [
            "aws_security_group.public_facing",
            "aws_subnet.public_facing_1a",
            "aws_subnet.public_facing_1b",
            "aws_vpc.main"
          ]
        }
      ]
    },
    {
      "mode": "managed",
      "type": "aws_lb_listener",
      "name": "http",
      "provider": "provider[\"registry.terraform.io/hashicorp/aws\"]",
      "instances": [
        {
          "schema_version": 0,
          "attributes": {
            "alpn_policy": null,
            "arn": "arn:aws:elasticloadbalancing:us-east-1:762595429056:listener/app/example-alb/2c5108caa70df94d/6e11ae7da48c3952",
            "certificate_arn": null,
            "default_action": [
              {
                "authenticate_cognito": [],
                "authenticate_oidc": [],
                "fixed_response": [],
                "forward": [],
                "order": 1,
                "redirect": [],
                "target_group_arn": "arn:aws:elasticloadbalancing:us-east-1:762595429056:targetgroup/frontend-tg/1a65750e13fe8094",
                "type": "forward"
              }
            ],
            "id": "arn:aws:elasticloadbalancing:us-east-1:762595429056:listener/app/example-alb/2c5108caa70df94d/6e11ae7da48c3952",
            "load_balancer_arn": "arn:aws:elasticloadbalancing:us-east-1:762595429056:loadbalancer/app/example-alb/2c5108caa70df94d",
            "port": 80,
            "protocol": "HTTP",
            "ssl_policy": "",
            "tags": {},
            "tags_all": {},
            "timeouts": null
          },
          "sensitive_attributes": [],
          "identity_schema_version": 0,
          "private": "eyJlMmJmYjczMC1lY2FhLTExZTYtOGY4OC0zNDM2M2JjN2M0YzAiOnsicmVhZCI6NjAwMDAwMDAwMDAwfX0=",
          "dependencies": [
            "aws_lb.example",
            "aws_lb_target_group.frontend",
            "aws_security_group.public_facing",
            "aws_subnet.public_facing_1a",
            "aws_subnet.public_facing_1b",
            "aws_vpc.main"
          ]
        }
      ]
    },
    {
      "mode": "managed",
      "type": "aws_lb_listener",
      "name": "https",
      "provider": "provider[\"registry.terraform.io/hashicorp/aws\"]",
      "instances": [
        {
          "schema_version": 0,
          "attributes": {
            "alpn_policy": null,
            "arn": "arn:aws:elasticloadbalancing:us-east-1:762595429056:listener/app/example-alb/2c5108caa70df94d/e8892c2b6f8b8939",
            "certificate_arn": "arn:aws:acm:us-east-1:762595429056:certificate/7efa1d60-270c-4036-a49a-d9a633cf56f0",
            "default_action": [
              {
                "authenticate_cognito": [],
                "authenticate_oidc": [],
                "fixed_response": [
                  {
                    "content_type": "text/plain",
                    "message_body": "",
                    "status_code": "200"
                  }
                ],
                "forward": [],
                "order": 1,
                "redirect": [],
                "target_group_arn": "",
                "type": "fixed-response"
              }
            ],
            "id": "arn:aws:elasticloadbalancing:us-east-1:762595429056:listener/app/example-alb/2c5108caa70df94d/e8892c2b6f8b8939",
            "load_balancer_arn": "arn:aws:elasticloadbalancing:us-east-1:762595429056:loadbalancer/app/example-alb/2c5108caa70df94d",
            "port": 443,
            "protocol": "HTTPS",
            "ssl_policy": "ELBSecurityPolicy-TLS-1-2-2017-01",
            "tags": {},
            "tags_all": {},
            "timeouts": null
          },
          "sensitive_attributes": [],
          "identity_schema_version": 0,
          "private": "eyJlMmJmYjczMC1lY2FhLTExZTYtOGY4OC0zNDM2M2JjN2M0YzAiOnsicmVhZCI6NjAwMDAwMDAwMDAwfX0=",
          "dependencies": [
            "aws_lb.example",
            "aws_security_group.public_facing",
            "aws_subnet.public_facing_1a",
            "aws_subnet.public_facing_1b",
            "aws_vpc.main",
            "data.local_file.cert_arn",
            "null_resource.create_self_signed_cert"
          ]
        }
      ]
    },
    {
      "mode": "managed",
      "type": "aws_lb_listener_rule",
      "name": "ap",
      "provider": "provider[\"registry.terraform.io/hashicorp/aws\"]",
      "instances": [
        {
          "schema_version": 0,
          "attributes": {
            "action": [
              {
                "authenticate_cognito": [],
                "authenticate_oidc": [],
                "fixed_response": [],
                "forward": [],
                "order": 1,
                "redirect": [],
                "target_group_arn": "arn:aws:elasticloadbalancing:us-east-1:762595429056:targetgroup/tg-ap/5b0fa3386504e744",
                "type": "forward"
              }
            ],
            "arn": "arn:aws:elasticloadbalancing:us-east-1:762595429056:listener-rule/app/example-alb/2c5108caa70df94d/e8892c2b6f8b8939/9db4c90e7a83db92",
            "condition": [
              {
                "host_header": [
                  {
                    "values": [
                      "portal.example.com"
                    ]
                  }
                ],
                "http_header": [],
                "http_request_method": [],
                "path_pattern": [],
                "query_string": [],
                "source_ip": []
              }
            ],
            "id": "arn:aws:elasticloadbalancing:us-east-1:762595429056:listener-rule/app/example-alb/2c5108caa70df94d/e8892c2b6f8b8939/9db4c90e7a83db92",
            "listener_arn": "arn:aws:elasticloadbalancing:us-east-1:762595429056:listener/app/example-alb/2c5108caa70df94d/e8892c2b6f8b8939",
            "priority": 22,
            "tags": {},
            "tags_all": {}
          },
          "sensitive_attributes": [],
          "identity_schema_version": 0,
          "private": "bnVsbA==",
          "dependencies": [
            "aws_lb.example",
            "aws_lb_listener.https",
            "aws_lb_target_group.ap",
            "aws_security_group.public_facing",
            "aws_subnet.public_facing_1a",
            "aws_subnet.public_facing_1b",
            "aws_vpc.main",
            "data.local_file.cert_arn",
            "null_resource.create_self_signed_cert"
          ]
        }
      ]
    },
    {
      "mode": "managed",
      "type": "aws_lb_listener_rule",
      "name": "bc",
      "provider": "provider[\"registry.terraform.io/hashicorp/aws\"]",
      "instances": [
        {
          "schema_version": 0,
          "attributes": {
            "action": [
              {
                "authenticate_cognito": [],
                "authenticate_oidc": [],
                "fixed_response": [],
                "forward": [],
                "order": 1,
                "redirect": [],
                "target_group_arn": "arn:aws:elasticloadbalancing:us-east-1:762595429056:targetgroup/tg-bc/699a55a9241fe09d",
                "type": "forward"
              }
            ],
            "arn": "arn:aws:elasticloadbalancing:us-east-1:762595429056:listener-rule/app/example-alb/2c5108caa70df94d/e8892c2b6f8b8939/6656cf81bc606bcd",
            "condition": [
              {
                "host_header": [
                  {
                    "values": [
                      "api.example.com"
                    ]
                  }
                ],
                "http_header": [],
                "http_request_method": [],
                "path_pattern": [],
                "query_string": [],
                "source_ip": []
              },
              {
                "host_header": [],
                "http_header": [],
                "http_request_method": [],
                "path_pattern": [
                  {
                    "values": [
                      "/cast/*"
                    ]
                  }
                ],
                "query_string": [],
                "source_ip": []
              }
            ],
            "id": "arn:aws:elasticloadbalancing:us-east-1:762595429056:listener-rule/app/example-alb/2c5108caa70df94d/e8892c2b6f8b8939/6656cf81bc606bcd",
            "listener_arn": "arn:aws:elasticloadbalancing:us-east-1:762595429056:listener/app/example-alb/2c5108caa70df94d/e8892c2b6f8b8939",
            "priority": 20,
            "tags": {},
            "tags_all": {}
          },
          "sensitive_attributes": [],
          "identity_schema_version": 0,
          "private": "bnVsbA==",
          "dependencies": [
            "aws_lb.example",
            "aws_lb_listener.https",
            "aws_lb_target_group.bc",
            "aws_security_group.public_facing",
            "aws_subnet.public_facing_1a",
            "aws_subnet.public_facing_1b",
            "aws_vpc.main",
            "data.local_file.cert_arn",
            "null_resource.create_self_signed_cert"
          ]
        }
      ]
    },
    {
      "mode": "managed",
      "type": "aws_lb_listener_rule",
      "name": "bm",
      "provider": "provider[\"registry.terraform.io/hashicorp/aws\"]",
      "instances": [
        {
          "schema_version": 0,
          "attributes": {
            "action": [
              {
                "authenticate_cognito": [],
                "authenticate_oidc": [],
                "fixed_response": [],
                "forward": [],
                "order": 1,
                "redirect": [],
                "target_group_arn": "arn:aws:elasticloadbalancing:us-east-1:762595429056:targetgroup/tg-bm/94a00733ee95d416",
                "type": "forward"
              }
            ],
            "arn": "arn:aws:elasticloadbalancing:us-east-1:762595429056:listener-rule/app/example-alb/2c5108caa70df94d/e8892c2b6f8b8939/21c97fe31c080e9e",
            "condition": [
              {
                "host_header": [
                  {
                    "values": [
                      "api.example.com"
                    ]
                  }
                ],
                "http_header": [],
                "http_request_method": [],
                "path_pattern": [],
                "query_string": [],
                "source_ip": []
              },
              {
                "host_header": [],
                "http_header": [],
                "http_request_method": [],
                "path_pattern": [
                  {
                    "values": [
                      "/mgmt/*"
                    ]
                  }
                ],
                "query_string": [],
                "source_ip": []
              }
            ],
            "id": "arn:aws:elasticloadbalancing:us-east-1:762595429056:listener-rule/app/example-alb/2c5108caa70df94d/e8892c2b6f8b8939/21c97fe31c080e9e",
            "listener_arn": "arn:aws:elasticloadbalancing:us-east-1:762595429056:listener/app/example-alb/2c5108caa70df94d/e8892c2b6f8b8939",
            "priority": 19,
            "tags": {},
            "tags_all": {}
          },
          "sensitive_attributes": [],
          "identity_schema_version": 0,
          "private": "bnVsbA==",
          "dependencies": [
            "aws_lb.example",
            "aws_lb_listener.https",
            "aws_lb_target_group.bm",
            "aws_security_group.public_facing",
            "aws_subnet.public_facing_1a",
            "aws_subnet.public_facing_1b",
            "aws_vpc.main",
            "data.local_file.cert_arn",
            "null_resource.create_self_signed_cert"
          ]
        }
      ]
    },
    {
      "mode": "managed",
      "type": "aws_lb_listener_rule",
      "name": "bp",
      "provider": "provider[\"registry.terraform.io/hashicorp/aws\"]",
      "instances": [
        {
          "schema_version": 0,
          "attributes": {
            "action": [
              {
                "authenticate_cognito": [],
                "authenticate_oidc": [],
                "fixed_response": [],
                "forward": [],
                "order": 1,
                "redirect": [],
                "target_group_arn": "arn:aws:elasticloadbalancing:us-east-1:762595429056:targetgroup/tg-bp/e55f60e3440c9e70",
                "type": "forward"
              }
            ],
            "arn": "arn:aws:elasticloadbalancing:us-east-1:762595429056:listener-rule/app/example-alb/2c5108caa70df94d/e8892c2b6f8b8939/178e36254cde8255",
            "condition": [
              {
                "host_header": [
                  {
                    "values": [
                      "api.example.com"
                    ]
                  }
                ],
                "http_header": [],
                "http_request_method": [],
                "path_pattern": [],
                "query_string": [],
                "source_ip": []
              },
              {
                "host_header": [],
                "http_header": [],
                "http_request_method": [],
                "path_pattern": [
                  {
                    "values": [
                      "/proc/*"
                    ]
                  }
                ],
                "query_string": [],
                "source_ip": []
              }
            ],
            "id": "arn:aws:elasticloadbalancing:us-east-1:762595429056:listener-rule/app/example-alb/2c5108caa70df94d/e8892c2b6f8b8939/178e36254cde8255",
            "listener_arn": "arn:aws:elasticloadbalancing:us-east-1:762595429056:listener/app/example-alb/2c5108caa70df94d/e8892c2b6f8b8939",
            "priority": 18,
            "tags": {},
            "tags_all": {}
          },
          "sensitive_attributes": [],
          "identity_schema_version": 0,
          "private": "bnVsbA==",
          "dependencies": [
            "aws_lb.example",
            "aws_lb_listener.https",
            "aws_lb_target_group.bp",
            "aws_security_group.public_facing",
            "aws_subnet.public_facing_1a",
            "aws_subnet.public_facing_1b",
            "aws_vpc.main",
            "data.local_file.cert_arn",
            "null_resource.create_self_signed_cert"
          ]
        }
      ]
    },
    {
      "mode": "managed",
      "type": "aws_lb_listener_rule",
      "name": "ct",
      "provider": "provider[\"registry.terraform.io/hashicorp/aws\"]",
      "instances": [
        {
          "schema_version": 0,
          "attributes": {
            "action": [
              {
                "authenticate_cognito": [],
                "authenticate_oidc": [],
                "fixed_response": [],
                "forward": [],
                "order": 1,
                "redirect": [],
                "target_group_arn": "arn:aws:elasticloadbalancing:us-east-1:762595429056:targetgroup/tg-ct/cadef3114f4cfaad",
                "type": "forward"
              }
            ],
            "arn": "arn:aws:elasticloadbalancing:us-east-1:762595429056:listener-rule/app/example-alb/2c5108caa70df94d/e8892c2b6f8b8939/a0c51704fe2ec692",
            "condition": [
              {
                "host_header": [
                  {
                    "values": [
                      "api.example.com"
                    ]
                  }
                ],
                "http_header": [],
                "http_request_method": [],
                "path_pattern": [],
                "query_string": [],
                "source_ip": []
              },
              {
                "host_header": [],
                "http_header": [],
                "http_request_method": [],
                "path_pattern": [
                  {
                    "values": [
                      "/ct/*"
                    ]
                  }
                ],
                "query_string": [],
                "source_ip": []
              }
            ],
            "id": "arn:aws:elasticloadbalancing:us-east-1:762595429056:listener-rule/app/example-alb/2c5108caa70df94d/e8892c2b6f8b8939/a0c51704fe2ec692",
            "listener_arn": "arn:aws:elasticloadbalancing:us-east-1:762595429056:listener/app/example-alb/2c5108caa70df94d/e8892c2b6f8b8939",
            "priority": 23,
            "tags": {},
            "tags_all": {}
          },
          "sensitive_attributes": [],
          "identity_schema_version": 0,
          "private": "bnVsbA==",
          "dependencies": [
            "aws_lb.example",
            "aws_lb_listener.https",
            "aws_lb_target_group.ct",
            "aws_security_group.public_facing",
            "aws_subnet.public_facing_1a",
            "aws_subnet.public_facing_1b",
            "aws_vpc.main",
            "data.local_file.cert_arn",
            "null_resource.create_self_signed_cert"
          ]
        }
      ]
    },
    {
      "mode": "managed",
      "type": "aws_lb_listener_rule",
      "name": "fc",
      "provider": "provider[\"registry.terraform.io/hashicorp/aws\"]",
      "instances": [
        {
          "schema_version": 0,
          "attributes": {
            "action": [
              {
                "authenticate_cognito": [],
                "authenticate_oidc": [],
                "fixed_response": [],
                "forward": [],
                "order": 1,
                "redirect": [],
                "target_group_arn": "arn:aws:elasticloadbalancing:us-east-1:762595429056:targetgroup/tg-fc/f6aabab226619921",
                "type": "forward"
              }
            ],
            "arn": "arn:aws:elasticloadbalancing:us-east-1:762595429056:listener-rule/app/example-alb/2c5108caa70df94d/e8892c2b6f8b8939/8a624164f2e26fe3",
            "condition": [
              {
                "host_header": [
                  {
                    "values": [
                      "api.example.com"
                    ]
                  }
                ],
                "http_header": [],
                "http_request_method": [],
                "path_pattern": [],
                "query_string": [],
                "source_ip": []
              },
              {
                "host_header": [],
                "http_header": [],
                "http_request_method": [],
                "path_pattern": [
                  {
                    "values": [
                      "/fac/*"
                    ]
                  }
                ],
                "query_string": [],
                "source_ip": []
              }
            ],
            "id": "arn:aws:elasticloadbalancing:us-east-1:762595429056:listener-rule/app/example-alb/2c5108caa70df94d/e8892c2b6f8b8939/8a624164f2e26fe3",
            "listener_arn": "arn:aws:elasticloadbalancing:us-east-1:762595429056:listener/app/example-alb/2c5108caa70df94d/e8892c2b6f8b8939",
            "priority": 16,
            "tags": {},
            "tags_all": {}
          },
          "sensitive_attributes": [],
          "identity_schema_version": 0,
          "private": "bnVsbA==",
          "dependencies": [
            "aws_lb.example",
            "aws_lb_listener.https",
            "aws_lb_target_group.fc",
            "aws_security_group.public_facing",
            "aws_subnet.public_facing_1a",
            "aws_subnet.public_facing_1b",
            "aws_vpc.main",
            "data.local_file.cert_arn",
            "null_resource.create_self_signed_cert"
          ]
        }
      ]
    },
    {
      "mode": "managed",
      "type": "aws_lb_listener_rule",
      "name": "kb",
      "provider": "provider[\"registry.terraform.io/hashicorp/aws\"]",
      "instances": [
        {
          "schema_version": 0,
          "attributes": {
            "action": [
              {
                "authenticate_cognito": [],
                "authenticate_oidc": [],
                "fixed_response": [],
                "forward": [],
                "order": 1,
                "redirect": [],
                "target_group_arn": "arn:aws:elasticloadbalancing:us-east-1:762595429056:targetgroup/tg-kb/bfcad65f2e855866",
                "type": "forward"
              }
            ],
            "arn": "arn:aws:elasticloadbalancing:us-east-1:762595429056:listener-rule/app/example-alb/2c5108caa70df94d/e8892c2b6f8b8939/07f23109a0f165d3",
            "condition": [
              {
                "host_header": [
                  {
                    "values": [
                      "api.example.com"
                    ]
                  }
                ],
                "http_header": [],
                "http_request_method": [],
                "path_pattern": [],
                "query_string": [],
                "source_ip": []
              },
              {
                "host_header": [],
                "http_header": [],
                "http_request_method": [],
                "path_pattern": [
                  {
                    "values": [
                      "/kb/*"
                    ]
                  }
                ],
                "query_string": [],
                "source_ip": []
              }
            ],
            "id": "arn:aws:elasticloadbalancing:us-east-1:762595429056:listener-rule/app/example-alb/2c5108caa70df94d/e8892c2b6f8b8939/07f23109a0f165d3",
            "listener_arn": "arn:aws:elasticloadbalancing:us-east-1:762595429056:listener/app/example-alb/2c5108caa70df94d/e8892c2b6f8b8939",
            "priority": 15,
            "tags": {},
            "tags_all": {}
          },
          "sensitive_attributes": [],
          "identity_schema_version": 0,
          "private": "bnVsbA==",
          "dependencies": [
            "aws_lb.example",
            "aws_lb_listener.https",
            "aws_lb_target_group.kb",
            "aws_security_group.public_facing",
            "aws_subnet.public_facing_1a",
            "aws_subnet.public_facing_1b",
            "aws_vpc.main",
            "data.local_file.cert_arn",
            "null_resource.create_self_signed_cert"
          ]
        }
      ]
    },
    {
      "mode": "managed",
      "type": "aws_lb_listener_rule",
      "name": "qr",
      "provider": "provider[\"registry.terraform.io/hashicorp/aws\"]",
      "instances": [
        {
          "schema_version": 0,
          "attributes": {
            "action": [
              {
                "authenticate_cognito": [],
                "authenticate_oidc": [],
                "fixed_response": [],
                "forward": [],
                "order": 1,
                "redirect": [],
                "target_group_arn": "arn:aws:elasticloadbalancing:us-east-1:762595429056:targetgroup/tg-qr/d591bcf343d5c5f0",
                "type": "forward"
              }
            ],
            "arn": "arn:aws:elasticloadbalancing:us-east-1:762595429056:listener-rule/app/example-alb/2c5108caa70df94d/e8892c2b6f8b8939/f1ac071c5cbf2022",
            "condition": [
              {
                "host_header": [
                  {
                    "values": [
                      "api.example.com"
                    ]
                  }
                ],
                "http_header": [],
                "http_request_method": [],
                "path_pattern": [],
                "query_string": [],
                "source_ip": []
              },
              {
                "host_header": [],
                "http_header": [],
                "http_request_method": [],
                "path_pattern": [
                  {
                    "values": [
                      "/qr/*"
                    ]
                  }
                ],
                "query_string": [],
                "source_ip": []
              }
            ],
            "id": "arn:aws:elasticloadbalancing:us-east-1:762595429056:listener-rule/app/example-alb/2c5108caa70df94d/e8892c2b6f8b8939/f1ac071c5cbf2022",
            "listener_arn": "arn:aws:elasticloadbalancing:us-east-1:762595429056:listener/app/example-alb/2c5108caa70df94d/e8892c2b6f8b8939",
            "priority": 13,
            "tags": {},
            "tags_all": {}
          },
          "sensitive_attributes": [],
          "identity_schema_version": 0,
          "private": "bnVsbA==",
          "dependencies": [
            "aws_lb.example",
            "aws_lb_listener.https",
            "aws_lb_target_group.qr",
            "aws_security_group.public_facing",
            "aws_subnet.public_facing_1a",
            "aws_subnet.public_facing_1b",
            "aws_vpc.main",
            "data.local_file.cert_arn",
            "null_resource.create_self_signed_cert"
          ]
        }
      ]
    },
    {
      "mode": "managed",
      "type": "aws_lb_listener_rule",
      "name": "redirect",
      "provider": "provider[\"registry.terraform.io/hashicorp/aws\"]",
      "instances": [
        {
          "schema_version": 0,
          "attributes": {
            "action": [
              {
                "authenticate_cognito": [],
                "authenticate_oidc": [],
                "fixed_response": [],
                "forward": [],
                "order": 1,
                "redirect": [
                  {
                    "host": "api.example.com",
                    "path": "/proc/#{path}",
                    "port": "443",
                    "protocol": "HTTPS",
                    "query": "#{query}",
                    "status_code": "HTTP_301"
                  }
                ],
                "target_group_arn": "",
                "type": "redirect"
              }
            ],
            "arn": "arn:aws:elasticloadbalancing:us-east-1:762595429056:listener-rule/app/example-alb/2c5108caa70df94d/e8892c2b6f8b8939/7ea516f2a27ff464",
            "condition": [
              {
                "host_header": [
                  {
                    "values": [
                      "api.example.com"
                    ]
                  }
                ],
                "http_header": [],
                "http_request_method": [],
                "path_pattern": [],
                "query_string": [],
                "source_ip": []
              },
              {
                "host_header": [],
                "http_header": [],
                "http_request_method": [],
                "path_pattern": [
                  {
                    "values": [
                      "/link/*"
                    ]
                  }
                ],
                "query_string": [],
                "source_ip": []
              }
            ],
            "id": "arn:aws:elasticloadbalancing:us-east-1:762595429056:listener-rule/app/example-alb/2c5108caa70df94d/e8892c2b6f8b8939/7ea516f2a27ff464",
            "listener_arn": "arn:aws:elasticloadbalancing:us-east-1:762595429056:listener/app/example-alb/2c5108caa70df94d/e8892c2b6f8b8939",
            "priority": 21,
            "tags": {},
            "tags_all": {}
          },
          "sensitive_attributes": [],
          "identity_schema_version": 0,
          "private": "bnVsbA==",
          "dependencies": [
            "aws_lb.example",
            "aws_lb_listener.https",
            "aws_security_group.public_facing",
            "aws_subnet.public_facing_1a",
            "aws_subnet.public_facing_1b",
            "aws_vpc.main",
            "data.local_file.cert_arn",
            "null_resource.create_self_signed_cert"
          ]
        }
      ]
    },
    {
      "mode": "managed",
      "type": "aws_lb_listener_rule",
      "name": "sc",
      "provider": "provider[\"registry.terraform.io/hashicorp/aws\"]",
      "instances": [
        {
          "schema_version": 0,
          "attributes": {
            "action": [
              {
                "authenticate_cognito": [],
                "authenticate_oidc": [],
                "fixed_response": [],
                "forward": [],
                "order": 1,
                "redirect": [],
                "target_group_arn": "arn:aws:elasticloadbalancing:us-east-1:762595429056:targetgroup/tg-sc/592a53c2f6348d7e",
                "type": "forward"
              }
            ],
            "arn": "arn:aws:elasticloadbalancing:us-east-1:762595429056:listener-rule/app/example-alb/2c5108caa70df94d/e8892c2b6f8b8939/8121eaff7c883c26",
            "condition": [
              {
                "host_header": [
                  {
                    "values": [
                      "api.example.com"
                    ]
                  }
                ],
                "http_header": [],
                "http_request_method": [],
                "path_pattern": [],
                "query_string": [],
                "source_ip": []
              },
              {
                "host_header": [],
                "http_header": [],
                "http_request_method": [],
                "path_pattern": [
                  {
                    "values": [
                      "/sched/*"
                    ]
                  }
                ],
                "query_string": [],
                "source_ip": []
              }
            ],
            "id": "arn:aws:elasticloadbalancing:us-east-1:762595429056:listener-rule/app/example-alb/2c5108caa70df94d/e8892c2b6f8b8939/8121eaff7c883c26",
            "listener_arn": "arn:aws:elasticloadbalancing:us-east-1:762595429056:listener/app/example-alb/2c5108caa70df94d/e8892c2b6f8b8939",
            "priority": 12,
            "tags": {},
            "tags_all": {}
          },
          "sensitive_attributes": [],
          "identity_schema_version": 0,
          "private": "bnVsbA==",
          "dependencies": [
            "aws_lb.example",
            "aws_lb_listener.https",
            "aws_lb_target_group.sc",
            "aws_security_group.public_facing",
            "aws_subnet.public_facing_1a",
            "aws_subnet.public_facing_1b",
            "aws_vpc.main",
            "data.local_file.cert_arn",
            "null_resource.create_self_signed_cert"
          ]
        }
      ]
    },
    {
      "mode": "managed",
      "type": "aws_lb_listener_rule",
      "name": "sp",
      "provider": "provider[\"registry.terraform.io/hashicorp/aws\"]",
      "instances": [
        {
          "schema_version": 0,
          "attributes": {
            "action": [
              {
                "authenticate_cognito": [],
                "authenticate_oidc": [],
                "fixed_response": [],
                "forward": [],
                "order": 1,
                "redirect": [],
                "target_group_arn": "arn:aws:elasticloadbalancing:us-east-1:762595429056:targetgroup/tg-sp/9744a05ee3ebebad",
                "type": "forward"
              }
            ],
            "arn": "arn:aws:elasticloadbalancing:us-east-1:762595429056:listener-rule/app/example-alb/2c5108caa70df94d/e8892c2b6f8b8939/797ed1ef45161ed8",
            "condition": [
              {
                "host_header": [
                  {
                    "values": [
                      "api.example.com"
                    ]
                  }
                ],
                "http_header": [],
                "http_request_method": [],
                "path_pattern": [],
                "query_string": [],
                "source_ip": []
              },
              {
                "host_header": [],
                "http_header": [],
                "http_request_method": [],
                "path_pattern": [
                  {
                    "values": [
                      "/auth/*"
                    ]
                  }
                ],
                "query_string": [],
                "source_ip": []
              }
            ],
            "id": "arn:aws:elasticloadbalancing:us-east-1:762595429056:listener-rule/app/example-alb/2c5108caa70df94d/e8892c2b6f8b8939/797ed1ef45161ed8",
            "listener_arn": "arn:aws:elasticloadbalancing:us-east-1:762595429056:listener/app/example-alb/2c5108caa70df94d/e8892c2b6f8b8939",
            "priority": 1,
            "tags": {},
            "tags_all": {}
          },
          "sensitive_attributes": [],
          "identity_schema_version": 0,
          "private": "bnVsbA==",
          "dependencies": [
            "aws_lb.example",
            "aws_lb_listener.https",
            "aws_lb_target_group.sp",
            "aws_security_group.public_facing",
            "aws_subnet.public_facing_1a",
            "aws_subnet.public_facing_1b",
            "aws_vpc.main",
            "data.local_file.cert_arn",
            "null_resource.create_self_signed_cert"
          ]
        }
      ]
    },
    {
      "mode": "managed",
      "type": "aws_lb_listener_rule",
      "name": "tk",
      "provider": "provider[\"registry.terraform.io/hashicorp/aws\"]",
      "instances": [
        {
          "schema_version": 0,
          "attributes": {
            "action": [
              {
                "authenticate_cognito": [],
                "authenticate_oidc": [],
                "fixed_response": [],
                "forward": [],
                "order": 1,
                "redirect": [],
                "target_group_arn": "arn:aws:elasticloadbalancing:us-east-1:762595429056:targetgroup/tg-tk/2c7be5b86ae353ca",
                "type": "forward"
              }
            ],
            "arn": "arn:aws:elasticloadbalancing:us-east-1:762595429056:listener-rule/app/example-alb/2c5108caa70df94d/e8892c2b6f8b8939/fcd80fd4423e2458",
            "condition": [
              {
                "host_header": [
                  {
                    "values": [
                      "api.example.com"
                    ]
                  }
                ],
                "http_header": [],
                "http_request_method": [],
                "path_pattern": [],
                "query_string": [],
                "source_ip": []
              },
              {
                "host_header": [],
                "http_header": [],
                "http_request_method": [],
                "path_pattern": [
                  {
                    "values": [
                      "/tkt/*"
                    ]
                  }
                ],
                "query_string": [],
                "source_ip": []
              }
            ],
            "id": "arn:aws:elasticloadbalancing:us-east-1:762595429056:listener-rule/app/example-alb/2c5108caa70df94d/e8892c2b6f8b8939/fcd80fd4423e2458",
            "listener_arn": "arn:aws:elasticloadbalancing:us-east-1:762595429056:listener/app/example-alb/2c5108caa70df94d/e8892c2b6f8b8939",
            "priority": 11,
            "tags": {},
            "tags_all": {}
          },
          "sensitive_attributes": [],
          "identity_schema_version": 0,
          "private": "bnVsbA==",
          "dependencies": [
            "aws_lb.example",
            "aws_lb_listener.https",
            "aws_lb_target_group.tk",
            "aws_security_group.public_facing",
            "aws_subnet.public_facing_1a",
            "aws_subnet.public_facing_1b",
            "aws_vpc.main",
            "data.local_file.cert_arn",
            "null_resource.create_self_signed_cert"
          ]
        }
      ]
    },
    {
      "mode": "managed",
      "type": "aws_lb_target_group",
      "name": "ap",
      "provider": "provider[\"registry.terraform.io/hashicorp/aws\"]",
      "instances": [
        {
          "schema_version": 0,
          "attributes": {
            "arn": "arn:aws:elasticloadbalancing:us-east-1:762595429056:targetgroup/tg-ap/5b0fa3386504e744",
            "arn_suffix": "targetgroup/tg-ap/5b0fa3386504e744",
            "connection_termination": false,
            "deregistration_delay": "300",
            "health_check": [
              {
                "enabled": true,
                "healthy_threshold": 3,
                "interval": 30,
                "matcher": "200",
                "path": "/health",
                "port": "traffic-port",
                "protocol": "HTTP",
                "timeout": 5,
                "unhealthy_threshold": 3
              }
            ],
            "id": "arn:aws:elasticloadbalancing:us-east-1:762595429056:targetgroup/tg-ap/5b0fa3386504e744",
            "lambda_multi_value_headers_enabled": false,
            "load_balancing_algorithm_type": "round_robin",
            "name": "tg-ap",
            "name_prefix": null,
            "port": 443,
            "preserve_client_ip": null,
            "protocol": "HTTPS",
            "protocol_version": "HTTP1",
            "proxy_protocol_v2": false,
            "slow_start": 0,
            "stickiness": [
              {
                "cookie_duration": 86400,
                "cookie_name": "",
                "enabled": false,
                "type": "lb_cookie"
              }
            ],
            "tags": {},
            "tags_all": {},
            "target_type": "ip",
            "vpc_id": "vpc-0f0ed43ff95e0c9dd"
          },
          "sensitive_attributes": [],
          "identity_schema_version": 0,
          "private": "bnVsbA==",
          "dependencies": [
            "aws_vpc.main"
          ]
        }
      ]
    },
    {
      "mode": "managed",
      "type": "aws_lb_target_group",
      "name": "bc",
      "provider": "provider[\"registry.terraform.io/hashicorp/aws\"]",
      "instances": [
        {
          "schema_version": 0,
          "attributes": {
            "arn": "arn:aws:elasticloadbalancing:us-east-1:762595429056:targetgroup/tg-bc/699a55a9241fe09d",
            "arn_suffix": "targetgroup/tg-bc/699a55a9241fe09d",
            "connection_termination": false,
            "deregistration_delay": "300",
            "health_check": [
              {
                "enabled": true,
                "healthy_threshold": 3,
                "interval": 30,
                "matcher": "200",
                "path": "/cast/health",
                "port": "traffic-port",
                "protocol": "HTTP",
                "timeout": 5,
                "unhealthy_threshold": 3
              }
            ],
            "id": "arn:aws:elasticloadbalancing:us-east-1:762595429056:targetgroup/tg-bc/699a55a9241fe09d",
            "lambda_multi_value_headers_enabled": false,
            "load_balancing_algorithm_type": "round_robin",
            "name": "tg-bc",
            "name_prefix": null,
            "port": 443,
            "preserve_client_ip": null,
            "protocol": "HTTPS",
            "protocol_version": "HTTP1",
            "proxy_protocol_v2": false,
            "slow_start": 0,
            "stickiness": [
              {
                "cookie_duration": 86400,
                "cookie_name": "",
                "enabled": false,
                "type": "lb_cookie"
              }
            ],
            "tags": {},
            "tags_all": {},
            "target_type": "ip",
            "vpc_id": "vpc-0f0ed43ff95e0c9dd"
          },
          "sensitive_attributes": [],
          "identity_schema_version": 0,
          "private": "bnVsbA==",
          "dependencies": [
            "aws_vpc.main"
          ]
        }
      ]
    },
    {
      "mode": "managed",
      "type": "aws_lb_target_group",
      "name": "bm",
      "provider": "provider[\"registry.terraform.io/hashicorp/aws\"]",
      "instances": [
        {
          "schema_version": 0,
          "attributes": {
            "arn": "arn:aws:elasticloadbalancing:us-east-1:762595429056:targetgroup/tg-bm/94a00733ee95d416",
            "arn_suffix": "targetgroup/tg-bm/94a00733ee95d416",
            "connection_termination": false,
            "deregistration_delay": "300",
            "health_check": [
              {
                "enabled": true,
                "healthy_threshold": 3,
                "interval": 30,
                "matcher": "200",
                "path": "/mgmt/health",
                "port": "traffic-port",
                "protocol": "HTTP",
                "timeout": 5,
                "unhealthy_threshold": 3
              }
            ],
            "id": "arn:aws:elasticloadbalancing:us-east-1:762595429056:targetgroup/tg-bm/94a00733ee95d416",
            "lambda_multi_value_headers_enabled": false,
            "load_balancing_algorithm_type": "round_robin",
            "name": "tg-bm",
            "name_prefix": null,
            "port": 443,
            "preserve_client_ip": null,
            "protocol": "HTTPS",
            "protocol_version": "HTTP1",
            "proxy_protocol_v2": false,
            "slow_start": 0,
            "stickiness": [
              {
                "cookie_duration": 86400,
                "cookie_name": "",
                "enabled": false,
                "type": "lb_cookie"
              }
            ],
            "tags": {},
            "tags_all": {},
            "target_type": "ip",
            "vpc_id": "vpc-0f0ed43ff95e0c9dd"
          },
          "sensitive_attributes": [],
          "identity_schema_version": 0,
          "private": "bnVsbA==",
          "dependencies": [
            "aws_vpc.main"
          ]
        }
      ]
    },
    {
      "mode": "managed",
      "type": "aws_lb_target_group",
      "name": "bp",
      "provider": "provider[\"registry.terraform.io/hashicorp/aws\"]",
      "instances": [
        {
          "schema_version": 0,
          "attributes": {
            "arn": "arn:aws:elasticloadbalancing:us-east-1:762595429056:targetgroup/tg-bp/e55f60e3440c9e70",
            "arn_suffix": "targetgroup/tg-bp/e55f60e3440c9e70",
            "connection_termination": false,
            "deregistration_delay": "300",
            "health_check": [
              {
                "enabled": true,
                "healthy_threshold": 3,
                "interval": 30,
                "matcher": "200",
                "path": "/proc/health",
                "port": "traffic-port",
                "protocol": "HTTP",
                "timeout": 5,
                "unhealthy_threshold": 3
              }
            ],
            "id": "arn:aws:elasticloadbalancing:us-east-1:762595429056:targetgroup/tg-bp/e55f60e3440c9e70",
            "lambda_multi_value_headers_enabled": false,
            "load_balancing_algorithm_type": "round_robin",
            "name": "tg-bp",
            "name_prefix": null,
            "port": 443,
            "preserve_client_ip": null,
            "protocol": "HTTPS",
            "protocol_version": "HTTP1",
            "proxy_protocol_v2": false,
            "slow_start": 0,
            "stickiness": [
              {
                "cookie_duration": 86400,
                "cookie_name": "",
                "enabled": false,
                "type": "lb_cookie"
              }
            ],
            "tags": {},
            "tags_all": {},
            "target_type": "ip",
            "vpc_id": "vpc-0f0ed43ff95e0c9dd"
          },
          "sensitive_attributes": [],
          "identity_schema_version": 0,
          "private": "bnVsbA==",
          "dependencies": [
            "aws_vpc.main"
          ]
        }
      ]
    },
    {
      "mode": "managed",
      "type": "aws_lb_target_group",
      "name": "ct",
      "provider": "provider[\"registry.terraform.io/hashicorp/aws\"]",
      "instances": [
        {
          "schema_version": 0,
          "attributes": {
            "arn": "arn:aws:elasticloadbalancing:us-east-1:762595429056:targetgroup/tg-ct/cadef3114f4cfaad",
            "arn_suffix": "targetgroup/tg-ct/cadef3114f4cfaad",
            "connection_termination": false,
            "deregistration_delay": "300",
            "health_check": [
              {
                "enabled": true,
                "healthy_threshold": 3,
                "interval": 30,
                "matcher": "200",
                "path": "/ct/health",
                "port": "traffic-port",
                "protocol": "HTTP",
                "timeout": 5,
                "unhealthy_threshold": 3
              }
            ],
            "id": "arn:aws:elasticloadbalancing:us-east-1:762595429056:targetgroup/tg-ct/cadef3114f4cfaad",
            "lambda_multi_value_headers_enabled": false,
            "load_balancing_algorithm_type": "round_robin",
            "name": "tg-ct",
            "name_prefix": null,
            "port": 443,
            "preserve_client_ip": null,
            "protocol": "HTTPS",
            "protocol_version": "HTTP1",
            "proxy_protocol_v2": false,
            "slow_start": 0,
            "stickiness": [
              {
                "cookie_duration": 86400,
                "cookie_name": "",
                "enabled": false,
                "type": "lb_cookie"
              }
            ],
            "tags": {},
            "tags_all": {},
            "target_type": "ip",
            "vpc_id": "vpc-0f0ed43ff95e0c9dd"
          },
          "sensitive_attributes": [],
          "identity_schema_version": 0,
          "private": "bnVsbA==",
          "dependencies": [
            "aws_vpc.main"
          ]
        }
      ]
    },
    {
      "mode": "managed",
      "type": "aws_lb_target_group",
      "name": "fc",
      "provider": "provider[\"registry.terraform.io/hashicorp/aws\"]",
      "instances": [
        {
          "schema_version": 0,
          "attributes": {
            "arn": "arn:aws:elasticloadbalancing:us-east-1:762595429056:targetgroup/tg-fc/f6aabab226619921",
            "arn_suffix": "targetgroup/tg-fc/f6aabab226619921",
            "connection_termination": false,
            "deregistration_delay": "300",
            "health_check": [
              {
                "enabled": true,
                "healthy_threshold": 3,
                "interval": 30,
                "matcher": "200",
                "path": "/fac/health",
                "port": "traffic-port",
                "protocol": "HTTP",
                "timeout": 5,
                "unhealthy_threshold": 3
              }
            ],
            "id": "arn:aws:elasticloadbalancing:us-east-1:762595429056:targetgroup/tg-fc/f6aabab226619921",
            "lambda_multi_value_headers_enabled": false,
            "load_balancing_algorithm_type": "round_robin",
            "name": "tg-fc",
            "name_prefix": null,
            "port": 443,
            "preserve_client_ip": null,
            "protocol": "HTTPS",
            "protocol_version": "HTTP1",
            "proxy_protocol_v2": false,
            "slow_start": 0,
            "stickiness": [
              {
                "cookie_duration": 86400,
                "cookie_name": "",
                "enabled": false,
                "type": "lb_cookie"
              }
            ],
            "tags": {},
            "tags_all": {},
            "target_type": "ip",
            "vpc_id": "vpc-0f0ed43ff95e0c9dd"
          },
          "sensitive_attributes": [],
          "identity_schema_version": 0,
          "private": "bnVsbA==",
          "dependencies": [
            "aws_vpc.main"
          ]
        }
      ]
    },
    {
      "mode": "managed",
      "type": "aws_lb_target_group",
      "name": "frontend",
      "provider": "provider[\"registry.terraform.io/hashicorp/aws\"]",
      "instances": [
        {
          "schema_version": 0,
          "attributes": {
            "arn": "arn:aws:elasticloadbalancing:us-east-1:762595429056:targetgroup/frontend-tg/1a65750e13fe8094",
            "arn_suffix": "targetgroup/frontend-tg/1a65750e13fe8094",
            "connection_termination": false,
            "deregistration_delay": "300",
            "health_check": [
              {
                "enabled": true,
                "healthy_threshold": 5,
                "interval": 30,
                "matcher": "200",
                "path": "/",
                "port": "traffic-port",
                "protocol": "HTTP",
                "timeout": 5,
                "unhealthy_threshold": 2
              }
            ],
            "id": "arn:aws:elasticloadbalancing:us-east-1:762595429056:targetgroup/frontend-tg/1a65750e13fe8094",
            "lambda_multi_value_headers_enabled": false,
            "load_balancing_algorithm_type": "round_robin",
            "name": "frontend-tg",
            "name_prefix": null,
            "port": 80,
            "preserve_client_ip": null,
            "protocol": "HTTP",
            "protocol_version": "HTTP1",
            "proxy_protocol_v2": false,
            "slow_start": 0,
            "stickiness": [
              {
                "cookie_duration": 86400,
                "cookie_name": "",
                "enabled": false,
                "type": "lb_cookie"
              }
            ],
            "tags": {},
            "tags_all": {},
            "target_type": "ip",
            "vpc_id": "vpc-0f0ed43ff95e0c9dd"
          },
          "sensitive_attributes": [],
          "identity_schema_version": 0,
          "private": "bnVsbA==",
          "dependencies": [
            "aws_vpc.main"
          ]
        }
      ]
    },
    {
      "mode": "managed",
      "type": "aws_lb_target_group",
      "name": "kb",
      "provider": "provider[\"registry.terraform.io/hashicorp/aws\"]",
      "instances": [
        {
          "schema_version": 0,
          "attributes": {
            "arn": "arn:aws:elasticloadbalancing:us-east-1:762595429056:targetgroup/tg-kb/bfcad65f2e855866",
            "arn_suffix": "targetgroup/tg-kb/bfcad65f2e855866",
            "connection_termination": false,
            "deregistration_delay": "300",
            "health_check": [
              {
                "enabled": true,
                "healthy_threshold": 3,
                "interval": 30,
                "matcher": "200",
                "path": "/kb/health",
                "port": "traffic-port",
                "protocol": "HTTP",
                "timeout": 5,
                "unhealthy_threshold": 3
              }
            ],
            "id": "arn:aws:elasticloadbalancing:us-east-1:762595429056:targetgroup/tg-kb/bfcad65f2e855866",
            "lambda_multi_value_headers_enabled": false,
            "load_balancing_algorithm_type": "round_robin",
            "name": "tg-kb",
            "name_prefix": null,
            "port": 443,
            "preserve_client_ip": null,
            "protocol": "HTTPS",
            "protocol_version": "HTTP1",
            "proxy_protocol_v2": false,
            "slow_start": 0,
            "stickiness": [
              {
                "cookie_duration": 86400,
                "cookie_name": "",
                "enabled": false,
                "type": "lb_cookie"
              }
            ],
            "tags": {},
            "tags_all": {},
            "target_type": "ip",
            "vpc_id": "vpc-0f0ed43ff95e0c9dd"
          },
          "sensitive_attributes": [],
          "identity_schema_version": 0,
          "private": "bnVsbA==",
          "dependencies": [
            "aws_vpc.main"
          ]
        }
      ]
    },
    {
      "mode": "managed",
      "type": "aws_lb_target_group",
      "name": "qr",
      "provider": "provider[\"registry.terraform.io/hashicorp/aws\"]",
      "instances": [
        {
          "schema_version": 0,
          "attributes": {
            "arn": "arn:aws:elasticloadbalancing:us-east-1:762595429056:targetgroup/tg-qr/d591bcf343d5c5f0",
            "arn_suffix": "targetgroup/tg-qr/d591bcf343d5c5f0",
            "connection_termination": false,
            "deregistration_delay": "300",
            "health_check": [
              {
                "enabled": true,
                "healthy_threshold": 3,
                "interval": 30,
                "matcher": "200",
                "path": "/qr/health",
                "port": "traffic-port",
                "protocol": "HTTP",
                "timeout": 5,
                "unhealthy_threshold": 3
              }
            ],
            "id": "arn:aws:elasticloadbalancing:us-east-1:762595429056:targetgroup/tg-qr/d591bcf343d5c5f0",
            "lambda_multi_value_headers_enabled": false,
            "load_balancing_algorithm_type": "round_robin",
            "name": "tg-qr",
            "name_prefix": null,
            "port": 443,
            "preserve_client_ip": null,
            "protocol": "HTTPS",
            "protocol_version": "HTTP1",
            "proxy_protocol_v2": false,
            "slow_start": 0,
            "stickiness": [
              {
                "cookie_duration": 86400,
                "cookie_name": "",
                "enabled": false,
                "type": "lb_cookie"
              }
            ],
            "tags": {},
            "tags_all": {},
            "target_type": "ip",
            "vpc_id": "vpc-0f0ed43ff95e0c9dd"
          },
          "sensitive_attributes": [],
          "identity_schema_version": 0,
          "private": "bnVsbA==",
          "dependencies": [
            "aws_vpc.main"
          ]
        }
      ]
    },
    {
      "mode": "managed",
      "type": "aws_lb_target_group",
      "name": "sc",
      "provider": "provider[\"registry.terraform.io/hashicorp/aws\"]",
      "instances": [
        {
          "schema_version": 0,
          "attributes": {
            "arn": "arn:aws:elasticloadbalancing:us-east-1:762595429056:targetgroup/tg-sc/592a53c2f6348d7e",
            "arn_suffix": "targetgroup/tg-sc/592a53c2f6348d7e",
            "connection_termination": false,
            "deregistration_delay": "300",
            "health_check": [
              {
                "enabled": true,
                "healthy_threshold": 3,
                "interval": 30,
                "matcher": "200",
                "path": "/sched/health",
                "port": "traffic-port",
                "protocol": "HTTP",
                "timeout": 5,
                "unhealthy_threshold": 3
              }
            ],
            "id": "arn:aws:elasticloadbalancing:us-east-1:762595429056:targetgroup/tg-sc/592a53c2f6348d7e",
            "lambda_multi_value_headers_enabled": false,
            "load_balancing_algorithm_type": "round_robin",
            "name": "tg-sc",
            "name_prefix": null,
            "port": 443,
            "preserve_client_ip": null,
            "protocol": "HTTPS",
            "protocol_version": "HTTP1",
            "proxy_protocol_v2": false,
            "slow_start": 0,
            "stickiness": [
              {
                "cookie_duration": 86400,
                "cookie_name": "",
                "enabled": false,
                "type": "lb_cookie"
              }
            ],
            "tags": {},
            "tags_all": {},
            "target_type": "ip",
            "vpc_id": "vpc-0f0ed43ff95e0c9dd"
          },
          "sensitive_attributes": [],
          "identity_schema_version": 0,
          "private": "bnVsbA==",
          "dependencies": [
            "aws_vpc.main"
          ]
        }
      ]
    },
    {
      "mode": "managed",
      "type": "aws_lb_target_group",
      "name": "sp",
      "provider": "provider[\"registry.terraform.io/hashicorp/aws\"]",
      "instances": [
        {
          "schema_version": 0,
          "attributes": {
            "arn": "arn:aws:elasticloadbalancing:us-east-1:762595429056:targetgroup/tg-sp/9744a05ee3ebebad",
            "arn_suffix": "targetgroup/tg-sp/9744a05ee3ebebad",
            "connection_termination": false,
            "deregistration_delay": "300",
            "health_check": [
              {
                "enabled": true,
                "healthy_threshold": 3,
                "interval": 30,
                "matcher": "200",
                "path": "/auth/health",
                "port": "traffic-port",
                "protocol": "HTTP",
                "timeout": 5,
                "unhealthy_threshold": 3
              }
            ],
            "id": "arn:aws:elasticloadbalancing:us-east-1:762595429056:targetgroup/tg-sp/9744a05ee3ebebad",
            "lambda_multi_value_headers_enabled": false,
            "load_balancing_algorithm_type": "round_robin",
            "name": "tg-sp",
            "name_prefix": null,
            "port": 443,
            "preserve_client_ip": null,
            "protocol": "HTTPS",
            "protocol_version": "HTTP1",
            "proxy_protocol_v2": false,
            "slow_start": 0,
            "stickiness": [
              {
                "cookie_duration": 86400,
                "cookie_name": "",
                "enabled": false,
                "type": "lb_cookie"
              }
            ],
            "tags": {},
            "tags_all": {},
            "target_type": "ip",
            "vpc_id": "vpc-0f0ed43ff95e0c9dd"
          },
          "sensitive_attributes": [],
          "identity_schema_version": 0,
          "private": "bnVsbA==",
          "dependencies": [
            "aws_vpc.main"
          ]
        }
      ]
    },
    {
      "mode": "managed",
      "type": "aws_lb_target_group",
      "name": "tk",
      "provider": "provider[\"registry.terraform.io/hashicorp/aws\"]",
      "instances": [
        {
          "schema_version": 0,
          "attributes": {
            "arn": "arn:aws:elasticloadbalancing:us-east-1:762595429056:targetgroup/tg-tk/2c7be5b86ae353ca",
            "arn_suffix": "targetgroup/tg-tk/2c7be5b86ae353ca",
            "connection_termination": false,
            "deregistration_delay": "300",
            "health_check": [
              {
                "enabled": true,
                "healthy_threshold": 3,
                "interval": 30,
                "matcher": "200",
                "path": "/tkt/health",
                "port": "traffic-port",
                "protocol": "HTTP",
                "timeout": 5,
                "unhealthy_threshold": 3
              }
            ],
            "id": "arn:aws:elasticloadbalancing:us-east-1:762595429056:targetgroup/tg-tk/2c7be5b86ae353ca",
            "lambda_multi_value_headers_enabled": false,
            "load_balancing_algorithm_type": "round_robin",
            "name": "tg-tk",
            "name_prefix": null,
            "port": 443,
            "preserve_client_ip": null,
            "protocol": "HTTPS",
            "protocol_version": "HTTP1",
            "proxy_protocol_v2": false,
            "slow_start": 0,
            "stickiness": [
              {
                "cookie_duration": 86400,
                "cookie_name": "",
                "enabled": false,
                "type": "lb_cookie"
              }
            ],
            "tags": {},
            "tags_all": {},
            "target_type": "ip",
            "vpc_id": "vpc-0f0ed43ff95e0c9dd"
          },
          "sensitive_attributes": [],
          "identity_schema_version": 0,
          "private": "bnVsbA==",
          "dependencies": [
            "aws_vpc.main"
          ]
        }
      ]
    },
    {
      "mode": "managed",
      "type": "aws_nat_gateway",
      "name": "nat",
      "provider": "provider[\"registry.terraform.io/hashicorp/aws\"]",
      "instances": [
        {
          "schema_version": 0,
          "attributes": {
            "allocation_id": "eipalloc-0f00eaa4e133112cb",
            "connectivity_type": "public",
            "id": "nat-01d22316ef5bcdd0a",
            "network_interface_id": "eni-058ac684a4118413a",
            "private_ip": "10.0.0.76",
            "public_ip": "44.217.210.228",
            "subnet_id": "subnet-0c0418bc3db949fc1",
            "tags": {
              "Name": "main-nat"
            },
            "tags_all": {
              "Name": "main-nat"
            }
          },
          "sensitive_attributes": [],
          "identity_schema_version": 0,
          "private": "bnVsbA==",
          "dependencies": [
            "aws_eip.nat_eip",
            "aws_internet_gateway.igw",
            "aws_subnet.public_facing_1a",
            "aws_vpc.main"
          ]
        }
      ]
    },
    {
      "mode": "managed",
      "type": "aws_route53_record",
      "name": "api",
      "provider": "provider[\"registry.terraform.io/hashicorp/aws\"]",
      "instances": [
        {
          "schema_version": 2,
          "attributes": {
            "alias": [
              {
                "evaluate_target_health": true,
                "name": "example-alb-1259230549.us-east-1.elb.amazonaws.com",
                "zone_id": "Z35SXDOTRQ7X7K"
              }
            ],
            "allow_overwrite": null,
            "failover_routing_policy": [],
            "fqdn": "api.example.com",
            "geolocation_routing_policy": [],
            "health_check_id": "",
            "id": "Z00302401RWM0G7DR2VH9_api_A",
            "latency_routing_policy": [],
            "multivalue_answer_routing_policy": null,
            "name": "api",
            "records": [],
            "set_identifier": "",
            "ttl": 0,
            "type": "A",
            "weighted_routing_policy": [],
            "zone_id": "Z00302401RWM0G7DR2VH9"
          },
          "sensitive_attributes": [],
          "identity_schema_version": 0,
          "private": "eyJzY2hlbWFfdmVyc2lvbiI6IjIifQ==",
          "dependencies": [
            "aws_lb.example",
            "aws_route53_zone.private",
            "aws_security_group.public_facing",
            "aws_subnet.public_facing_1a",
            "aws_subnet.public_facing_1b",
            "aws_vpc.main"
          ]
        }
      ]
    },
    {
      "mode": "managed",
      "type": "aws_route53_record",
      "name": "portal",
      "provider": "provider[\"registry.terraform.io/hashicorp/aws\"]",
      "instances": [
        {
          "schema_version": 2,
          "attributes": {
            "alias": [
              {
                "evaluate_target_health": true,
                "name": "example-alb-1259230549.us-east-1.elb.amazonaws.com",
                "zone_id": "Z35SXDOTRQ7X7K"
              }
            ],
            "allow_overwrite": null,
            "failover_routing_policy": [],
            "fqdn": "portal.example.com",
            "geolocation_routing_policy": [],
            "health_check_id": "",
            "id": "Z00302401RWM0G7DR2VH9_portal_A",
            "latency_routing_policy": [],
            "multivalue_answer_routing_policy": null,
            "name": "portal",
            "records": [],
            "set_identifier": "",
            "ttl": 0,
            "type": "A",
            "weighted_routing_policy": [],
            "zone_id": "Z00302401RWM0G7DR2VH9"
          },
          "sensitive_attributes": [],
          "identity_schema_version": 0,
          "private": "eyJzY2hlbWFfdmVyc2lvbiI6IjIifQ==",
          "dependencies": [
            "aws_lb.example",
            "aws_route53_zone.private",
            "aws_security_group.public_facing",
            "aws_subnet.public_facing_1a",
            "aws_subnet.public_facing_1b",
            "aws_vpc.main"
          ]
        }
      ]
    },
    {
      "mode": "managed",
      "type": "aws_route53_record",
      "name": "public",
      "provider": "provider[\"registry.terraform.io/hashicorp/aws\"]",
      "instances": [
        {
          "schema_version": 2,
          "attributes": {
            "alias": [
              {
                "evaluate_target_health": false,
                "name": "dwo1ey6nx4hkf.cloudfront.net",
                "zone_id": "Z2FDTNDATAQYW2"
              }
            ],
            "allow_overwrite": null,
            "failover_routing_policy": [],
            "fqdn": "public.example.com",
            "geolocation_routing_policy": [],
            "health_check_id": "",
            "id": "Z00302401RWM0G7DR2VH9_public_A",
            "latency_routing_policy": [],
            "multivalue_answer_routing_policy": null,
            "name": "public",
            "records": [],
            "set_identifier": "",
            "ttl": 0,
            "type": "A",
            "weighted_routing_policy": [],
            "zone_id": "Z00302401RWM0G7DR2VH9"
          },
          "sensitive_attributes": [],
          "identity_schema_version": 0,
          "private": "eyJzY2hlbWFfdmVyc2lvbiI6IjIifQ==",
          "dependencies": [
            "aws_cloudfront_distribution.web_distribution",
            "aws_cloudfront_origin_access_identity.s3_oai",
            "aws_lb.example",
            "aws_route53_zone.private",
            "aws_s3_bucket.product_images",
            "aws_s3_bucket_policy.cloudfront_access",
            "aws_security_group.public_facing",
            "aws_subnet.public_facing_1a",
            "aws_subnet.public_facing_1b",
            "aws_vpc.main",
            "random_id.suffix"
          ]
        }
      ]
    },
    {
      "mode": "managed",
      "type": "aws_route53_zone",
      "name": "private",
      "provider": "provider[\"registry.terraform.io/hashicorp/aws\"]",
      "instances": [
        {
          "schema_version": 0,
          "attributes": {
            "arn": "arn:aws:route53:::hostedzone/Z00302401RWM0G7DR2VH9",
            "comment": "Managed by Terraform",
            "delegation_set_id": "",
            "force_destroy": false,
            "id": "Z00302401RWM0G7DR2VH9",
            "name": "example.com",
            "name_servers": [
              "ns-0.awsdns-00.com.",
              "ns-1024.awsdns-00.org.",
              "ns-1536.awsdns-00.co.uk.",
              "ns-512.awsdns-00.net."
            ],
            "tags": {
              "Name": "example.com private zone"
            },
            "tags_all": {
              "Name": "example.com private zone"
            },
            "vpc": [
              {
                "vpc_id": "vpc-0f0ed43ff95e0c9dd",
                "vpc_region": "us-east-1"
              }
            ],
            "zone_id": "Z00302401RWM0G7DR2VH9"
          },
          "sensitive_attributes": [],
          "identity_schema_version": 0,
          "private": "bnVsbA==",
          "dependencies": [
            "aws_vpc.main"
          ]
        }
      ]
    },
    {
      "mode": "managed",
      "type": "aws_route_table",
      "name": "private_app",
      "provider": "provider[\"registry.terraform.io/hashicorp/aws\"]",
      "instances": [
        {
          "schema_version": 0,
          "attributes": {
            "arn": "arn:aws:ec2:us-east-1:762595429056:route-table/rtb-063451ab57351066b",
            "id": "rtb-063451ab57351066b",
            "owner_id": "762595429056",
            "propagating_vgws": [],
            "route": [
              {
                "carrier_gateway_id": "",
                "cidr_block": "0.0.0.0/0",
                "core_network_arn": "",
                "destination_prefix_list_id": "",
                "egress_only_gateway_id": "",
                "gateway_id": "",
                "instance_id": "",
                "ipv6_cidr_block": "",
                "local_gateway_id": "",
                "nat_gateway_id": "nat-01d22316ef5bcdd0a",
                "network_interface_id": "",
                "transit_gateway_id": "",
                "vpc_endpoint_id": "",
                "vpc_peering_connection_id": ""
              }
            ],
            "tags": {
              "Name": "private-app-route-table"
            },
            "tags_all": {
              "Name": "private-app-route-table"
            },
            "timeouts": null,
            "vpc_id": "vpc-0f0ed43ff95e0c9dd"
          },
          "sensitive_attributes": [],
          "identity_schema_version": 0,
          "private": "eyJlMmJmYjczMC1lY2FhLTExZTYtOGY4OC0zNDM2M2JjN2M0YzAiOnsiY3JlYXRlIjozMDAwMDAwMDAwMDAsImRlbGV0ZSI6MzAwMDAwMDAwMDAwLCJ1cGRhdGUiOjEyMDAwMDAwMDAwMH19",
          "dependencies": [
            "aws_eip.nat_eip",
            "aws_internet_gateway.igw",
            "aws_nat_gateway.nat",
            "aws_subnet.public_facing_1a",
            "aws_vpc.main"
          ]
        }
      ]
    },
    {
      "mode": "managed",
      "type": "aws_route_table",
      "name": "private_db",
      "provider": "provider[\"registry.terraform.io/hashicorp/aws\"]",
      "instances": [
        {
          "schema_version": 0,
          "attributes": {
            "arn": "arn:aws:ec2:us-east-1:762595429056:route-table/rtb-09a058d7df2544502",
            "id": "rtb-09a058d7df2544502",
            "owner_id": "762595429056",
            "propagating_vgws": [],
            "route": [
              {
                "carrier_gateway_id": "",
                "cidr_block": "0.0.0.0/0",
                "core_network_arn": "",
                "destination_prefix_list_id": "",
                "egress_only_gateway_id": "",
                "gateway_id": "",
                "instance_id": "",
                "ipv6_cidr_block": "",
                "local_gateway_id": "",
                "nat_gateway_id": "nat-01d22316ef5bcdd0a",
                "network_interface_id": "",
                "transit_gateway_id": "",
                "vpc_endpoint_id": "",
                "vpc_peering_connection_id": ""
              }
            ],
            "tags": {
              "Name": "private-db-route-table"
            },
            "tags_all": {
              "Name": "private-db-route-table"
            },
            "timeouts": null,
            "vpc_id": "vpc-0f0ed43ff95e0c9dd"
          },
          "sensitive_attributes": [],
          "identity_schema_version": 0,
          "private": "eyJlMmJmYjczMC1lY2FhLTExZTYtOGY4OC0zNDM2M2JjN2M0YzAiOnsiY3JlYXRlIjozMDAwMDAwMDAwMDAsImRlbGV0ZSI6MzAwMDAwMDAwMDAwLCJ1cGRhdGUiOjEyMDAwMDAwMDAwMH19",
          "dependencies": [
            "aws_eip.nat_eip",
            "aws_internet_gateway.igw",
            "aws_nat_gateway.nat",
            "aws_subnet.public_facing_1a",
            "aws_vpc.main"
          ]
        }
      ]
    },
    {
      "mode": "managed",
      "type": "aws_route_table",
      "name": "public_facing",
      "provider": "provider[\"registry.terraform.io/hashicorp/aws\"]",
      "instances": [
        {
          "schema_version": 0,
          "attributes": {
            "arn": "arn:aws:ec2:us-east-1:762595429056:route-table/rtb-080656ee9cc6e5ecd",
            "id": "rtb-080656ee9cc6e5ecd",
            "owner_id": "762595429056",
            "propagating_vgws": [],
            "route": [
              {
                "carrier_gateway_id": "",
                "cidr_block": "0.0.0.0/0",
                "core_network_arn": "",
                "destination_prefix_list_id": "",
                "egress_only_gateway_id": "",
                "gateway_id": "igw-0551daa0a8d7eb005",
                "instance_id": "",
                "ipv6_cidr_block": "",
                "local_gateway_id": "",
                "nat_gateway_id": "",
                "network_interface_id": "",
                "transit_gateway_id": "",
                "vpc_endpoint_id": "",
                "vpc_peering_connection_id": ""
              }
            ],
            "tags": {
              "Name": "public-facing-route-table"
            },
            "tags_all": {
              "Name": "public-facing-route-table"
            },
            "timeouts": null,
            "vpc_id": "vpc-0f0ed43ff95e0c9dd"
          },
          "sensitive_attributes": [],
          "identity_schema_version": 0,
          "private": "eyJlMmJmYjczMC1lY2FhLTExZTYtOGY4OC0zNDM2M2JjN2M0YzAiOnsiY3JlYXRlIjozMDAwMDAwMDAwMDAsImRlbGV0ZSI6MzAwMDAwMDAwMDAwLCJ1cGRhdGUiOjEyMDAwMDAwMDAwMH19",
          "dependencies": [
            "aws_internet_gateway.igw",
            "aws_vpc.main"
          ]
        }
      ]
    },
    {
      "mode": "managed",
      "type": "aws_route_table_association",
      "name": "private_app",
      "provider": "provider[\"registry.terraform.io/hashicorp/aws\"]",
      "instances": [
        {
          "schema_version": 0,
          "attributes": {
            "gateway_id": "",
            "id": "rtbassoc-0e16fb4cd8ab85608",
            "route_table_id": "rtb-063451ab57351066b",
            "subnet_id": "subnet-06b1ac058e96551ed"
          },
          "sensitive_attributes": [],
          "identity_schema_version": 0,
          "private": "bnVsbA==",
          "dependencies": [
            "aws_eip.nat_eip",
            "aws_internet_gateway.igw",
            "aws_nat_gateway.nat",
            "aws_route_table.private_app",
            "aws_subnet.private_app",
            "aws_subnet.public_facing_1a",
            "aws_vpc.main"
          ]
        }
      ]
    },
    {
      "mode": "managed",
      "type": "aws_route_table_association",
      "name": "private_app_1b",
      "provider": "provider[\"registry.terraform.io/hashicorp/aws\"]",
      "instances": [
        {
          "schema_version": 0,
          "attributes": {
            "gateway_id": "",
            "id": "rtbassoc-060f46649fc9cdca6",
            "route_table_id": "rtb-063451ab57351066b",
            "subnet_id": "subnet-034d24d063f92788f"
          },
          "sensitive_attributes": [],
          "identity_schema_version": 0,
          "private": "bnVsbA==",
          "dependencies": [
            "aws_eip.nat_eip",
            "aws_internet_gateway.igw",
            "aws_nat_gateway.nat",
            "aws_route_table.private_app",
            "aws_subnet.private_app_1b",
            "aws_subnet.public_facing_1a",
            "aws_vpc.main"
          ]
        }
      ]
    },
    {
      "mode": "managed",
      "type": "aws_route_table_association",
      "name": "private_db",
      "provider": "provider[\"registry.terraform.io/hashicorp/aws\"]",
      "instances": [
        {
          "schema_version": 0,
          "attributes": {
            "gateway_id": "",
            "id": "rtbassoc-04f1deacd6781c0c4",
            "route_table_id": "rtb-09a058d7df2544502",
            "subnet_id": "subnet-02ff29690be7af285"
          },
          "sensitive_attributes": [],
          "identity_schema_version": 0,
          "private": "bnVsbA==",
          "dependencies": [
            "aws_eip.nat_eip",
            "aws_internet_gateway.igw",
            "aws_nat_gateway.nat",
            "aws_route_table.private_db",
            "aws_subnet.private_db",
            "aws_subnet.public_facing_1a",
            "aws_vpc.main"
          ]
        }
      ]
    },
    {
      "mode": "managed",
      "type": "aws_route_table_association",
      "name": "private_db_1b",
      "provider": "provider[\"registry.terraform.io/hashicorp/aws\"]",
      "instances": [
        {
          "schema_version": 0,
          "attributes": {
            "gateway_id": "",
            "id": "rtbassoc-018cd323c39f409d2",
            "route_table_id": "rtb-09a058d7df2544502",
            "subnet_id": "subnet-0e1810a889ea5c866"
          },
          "sensitive_attributes": [],
          "identity_schema_version": 0,
          "private": "bnVsbA==",
          "dependencies": [
            "aws_eip.nat_eip",
            "aws_internet_gateway.igw",
            "aws_nat_gateway.nat",
            "aws_route_table.private_db",
            "aws_subnet.private_db_1b",
            "aws_subnet.public_facing_1a",
            "aws_vpc.main"
          ]
        }
      ]
    },
    {
      "mode": "managed",
      "type": "aws_route_table_association",
      "name": "private_redis_1a",
      "provider": "provider[\"registry.terraform.io/hashicorp/aws\"]",
      "instances": [
        {
          "schema_version": 0,
          "attributes": {
            "gateway_id": "",
            "id": "rtbassoc-05474ffc50adbcc0f",
            "route_table_id": "rtb-09a058d7df2544502",
            "subnet_id": "subnet-01b0d5e724952a23c"
          },
          "sensitive_attributes": [],
          "identity_schema_version": 0,
          "private": "bnVsbA==",
          "dependencies": [
            "aws_eip.nat_eip",
            "aws_internet_gateway.igw",
            "aws_nat_gateway.nat",
            "aws_route_table.private_db",
            "aws_subnet.private_redis_1a",
            "aws_subnet.public_facing_1a",
            "aws_vpc.main"
          ]
        }
      ]
    },
    {
      "mode": "managed",
      "type": "aws_route_table_association",
      "name": "private_redis_1b",
      "provider": "provider[\"registry.terraform.io/hashicorp/aws\"]",
      "instances": [
        {
          "schema_version": 0,
          "attributes": {
            "gateway_id": "",
            "id": "rtbassoc-0d305a8f158bbc90a",
            "route_table_id": "rtb-09a058d7df2544502",
            "subnet_id": "subnet-00092afc71be20ddb"
          },
          "sensitive_attributes": [],
          "identity_schema_version": 0,
          "private": "bnVsbA==",
          "dependencies": [
            "aws_eip.nat_eip",
            "aws_internet_gateway.igw",
            "aws_nat_gateway.nat",
            "aws_route_table.private_db",
            "aws_subnet.private_redis_1b",
            "aws_subnet.public_facing_1a",
            "aws_vpc.main"
          ]
        }
      ]
    },
    {
      "mode": "managed",
      "type": "aws_route_table_association",
      "name": "public_facing",
      "provider": "provider[\"registry.terraform.io/hashicorp/aws\"]",
      "instances": [
        {
          "schema_version": 0,
          "attributes": {
            "gateway_id": "",
            "id": "rtbassoc-059cf116dbf0bb9d2",
            "route_table_id": "rtb-080656ee9cc6e5ecd",
            "subnet_id": "subnet-0c0418bc3db949fc1"
          },
          "sensitive_attributes": [],
          "identity_schema_version": 0,
          "private": "bnVsbA==",
          "dependencies": [
            "aws_internet_gateway.igw",
            "aws_route_table.public_facing",
            "aws_subnet.public_facing_1a",
            "aws_vpc.main"
          ]
        }
      ]
    },
    {
      "mode": "managed",
      "type": "aws_route_table_association",
      "name": "public_facing_1b",
      "provider": "provider[\"registry.terraform.io/hashicorp/aws\"]",
      "instances": [
        {
          "schema_version": 0,
          "attributes": {
            "gateway_id": "",
            "id": "rtbassoc-0e16d8b31c8fb501c",
            "route_table_id": "rtb-080656ee9cc6e5ecd",
            "subnet_id": "subnet-0ef87ea00c2f1b09f"
          },
          "sensitive_attributes": [],
          "identity_schema_version": 0,
          "private": "bnVsbA==",
          "dependencies": [
            "aws_internet_gateway.igw",
            "aws_route_table.public_facing",
            "aws_subnet.public_facing_1b",
            "aws_vpc.main"
          ]
        }
      ]
    },
    {
      "mode": "managed",
      "type": "aws_s3_bucket",
      "name": "product_images",
      "provider": "provider[\"registry.terraform.io/hashicorp/aws\"]",
      "instances": [
        {
          "schema_version": 0,
          "attributes": {
            "acceleration_status": "",
            "acl": null,
            "arn": "arn:aws:s3:::learn-lovable-product-images-a473b9f5",
            "bucket": "learn-lovable-product-images-a473b9f5",
            "bucket_domain_name": "learn-lovable-product-images-a473b9f5.s3.amazonaws.com",
            "bucket_prefix": null,
            "bucket_regional_domain_name": "learn-lovable-product-images-a473b9f5.s3.amazonaws.com",
            "cors_rule": [],
            "force_destroy": true,
            "grant": [
              {
                "id": "99652606fff3ea49f1d4e5c75c18ebdc61b1f5ddd1baf1bd5af2cdbfb021ac47",
                "permissions": [
                  "FULL_CONTROL"
                ],
                "type": "CanonicalUser",
                "uri": ""
              }
            ],
            "hosted_zone_id": "Z3AQBSTGFYJSTF",
            "id": "learn-lovable-product-images-a473b9f5",
            "lifecycle_rule": [],
            "logging": [],
            "object_lock_configuration": [],
            "object_lock_enabled": false,
            "policy": "{\"Version\":\"2012-10-17\",\"Statement\":[{\"Effect\":\"Allow\",\"Principal\":{\"AWS\":\"arn:aws:iam::cloudfront:user/CloudFront Origin Access Identity EZTDFH3Y5FP3G\"},\"Action\":\"s3:GetObject\",\"Resource\":\"arn:aws:s3:::learn-lovable-product-images-a473b9f5/*\"}]}",
            "region": "us-east-1",
            "replication_configuration": [],
            "request_payer": "BucketOwner",
            "server_side_encryption_configuration": [
              {
                "rule": [
                  {
                    "apply_server_side_encryption_by_default": [
                      {
                        "kms_master_key_id": "",
                        "sse_algorithm": "AES256"
                      }
                    ],
                    "bucket_key_enabled": false
                  }
                ]
              }
            ],
            "tags": {
              "Environment": "production",
              "Name": "Product Images"
            },
            "tags_all": {
              "Environment": "production",
              "Name": "Product Images"
            },
            "versioning": [
              {
                "enabled": false,
                "mfa_delete": false
              }
            ],
            "website": [],
            "website_domain": null,
            "website_endpoint": null
          },
          "sensitive_attributes": [],
          "identity_schema_version": 0,
          "private": "bnVsbA==",
          "dependencies": [
            "random_id.suffix"
          ]
        }
      ]
    },
    {
      "mode": "managed",
      "type": "aws_s3_bucket_policy",
      "name": "cloudfront_access",
      "provider": "provider[\"registry.terraform.io/hashicorp/aws\"]",
      "instances": [
        {
          "schema_version": 0,
          "attributes": {
            "bucket": "learn-lovable-product-images-a473b9f5",
            "id": "learn-lovable-product-images-a473b9f5",
            "policy": "{\"Statement\":[{\"Action\":\"s3:GetObject\",\"Effect\":\"Allow\",\"Principal\":{\"AWS\":\"arn:aws:iam::cloudfront:user/CloudFront Origin Access Identity EZTDFH3Y5FP3G\"},\"Resource\":\"arn:aws:s3:::learn-lovable-product-images-a473b9f5/*\"}],\"Version\":\"2012-10-17\"}"
          },
          "sensitive_attributes": [],
          "identity_schema_version": 0,
          "private": "bnVsbA==",
          "dependencies": [
            "aws_cloudfront_origin_access_identity.s3_oai",
            "aws_s3_bucket.product_images",
            "random_id.suffix"
          ]
        }
      ]
    },
    {
      "mode": "managed",
      "type": "aws_s3_bucket_public_access_block",
      "name": "public_access",
      "provider": "provider[\"registry.terraform.io/hashicorp/aws\"]",
      "instances": [
        {
          "schema_version": 0,
          "attributes": {
            "block_public_acls": true,
            "block_public_policy": true,
            "bucket": "learn-lovable-product-images-a473b9f5",
            "id": "learn-lovable-product-images-a473b9f5",
            "ignore_public_acls": true,
            "restrict_public_buckets": true
          },
          "sensitive_attributes": [],
          "identity_schema_version": 0,
          "private": "bnVsbA==",
          "dependencies": [
            "aws_s3_bucket.product_images",
            "random_id.suffix"
          ]
        }
      ]
    },
    {
      "mode": "managed",
      "type": "aws_secretsmanager_secret",
      "name": "documentdb_credentials",
      "provider": "provider[\"registry.terraform.io/hashicorp/aws\"]",
      "instances": [
        {
          "schema_version": 0,
          "attributes": {
            "arn": "arn:aws:secretsmanager:us-east-1:762595429056:secret:docdb/creds2-ONrLL6",
            "description": "DocumentDB master user credentials",
            "force_overwrite_replica_secret": false,
            "id": "arn:aws:secretsmanager:us-east-1:762595429056:secret:docdb/creds2-ONrLL6",
            "kms_key_id": "",
            "name": "docdb/creds2",
            "name_prefix": "",
            "policy": "",
            "recovery_window_in_days": 0,
            "replica": [],
            "rotation_enabled": false,
            "rotation_lambda_arn": "",
            "rotation_rules": [],
            "tags": {},
            "tags_all": {}
          },
          "sensitive_attributes": [],
          "identity_schema_version": 0,
          "private": "bnVsbA=="
        }
      ]
    },
    {
      "mode": "managed",
      "type": "aws_secretsmanager_secret_version",
      "name": "documentdb_credentials",
      "provider": "provider[\"registry.terraform.io/hashicorp/aws\"]",
      "instances": [
        {
          "schema_version": 0,
          "attributes": {
            "arn": "arn:aws:secretsmanager:us-east-1:762595429056:secret:docdb/creds2-ONrLL6",
            "id": "arn:aws:secretsmanager:us-east-1:762595429056:secret:docdb/creds2-ONrLL6|4BC06207-BCF9-4D7D-B057-0B0A8455DE7C",
            "secret_binary": "",
            "secret_id": "arn:aws:secretsmanager:us-east-1:762595429056:secret:docdb/creds2-ONrLL6",
            "secret_string": "{\"docdb_url\":\"mongodb://docdb-cluster.cluster-ciru8g0kwep8.us-east-1.docdb.amazonaws.com:27017\",\"password\":\"$r#+KzaHqxqS3j0s\",\"redis_auth_token\":\"LxcJ9IkjkPfnwrVL6oez6n7nTpMRacAi\",\"redis_url\":\"redis://master.dbs-elasticache-ecommerce-cluster.ehtrgd.use1.cache.amazonaws.com:6379\",\"username\":\"appuser\"}",
            "version_id": "4BC06207-BCF9-4D7D-B057-0B0A8455DE7C",
            "version_stages": []
          },
          "sensitive_attributes": [
            [
              {
                "type": "get_attr",
                "value": "secret_binary"
              }
            ],
            [
              {
                "type": "get_attr",
                "value": "secret_string"
              }
            ]
          ],
          "identity_schema_version": 0,
          "private": "bnVsbA==",
          "dependencies": [
            "aws_docdb_cluster.documentdb_cluster",
            "aws_docdb_cluster_parameter_group.documentdb_params",
            "aws_docdb_subnet_group.documentdb_subnet_group",
            "aws_elasticache_replication_group.redis_cluster",
            "aws_elasticache_subnet_group.redis_subnet_group",
            "aws_kms_key.documentdb_key",
            "aws_secretsmanager_secret.documentdb_credentials",
            "aws_security_group.private_app",
            "aws_security_group.private_db",
            "aws_security_group.public_facing",
            "aws_subnet.private_db",
            "aws_subnet.private_db_1b",
            "aws_subnet.private_redis_1a",
            "aws_subnet.private_redis_1b",
            "aws_vpc.main",
            "random_password.documentdb_password",
            "random_password.redis_auth_token"
          ]
        }
      ]
    },
    {
      "mode": "managed",
      "type": "aws_security_group",
      "name": "private_app",
      "provider": "provider[\"registry.terraform.io/hashicorp/aws\"]",
      "instances": [
        {
          "schema_version": 1,
          "attributes": {
            "arn": "arn:aws:ec2:us-east-1:762595429056:security-group/sg-05d3c88562c9c296f",
            "description": "Allow inbound traffic from ALB",
            "egress": [
              {
                "cidr_blocks": [
                  "0.0.0.0/0"
                ],
                "description": "",
                "from_port": 0,
                "ipv6_cidr_blocks": [],
                "prefix_list_ids": [],
                "protocol": "-1",
                "security_groups": [],
                "self": false,
                "to_port": 0
              }
            ],
            "id": "sg-05d3c88562c9c296f",
            "ingress": [
              {
                "cidr_blocks": [],
                "description": "HTTP from public subnet",
                "from_port": 80,
                "ipv6_cidr_blocks": [],
                "prefix_list_ids": [],
                "protocol": "tcp",
                "security_groups": [
                  "sg-024100af27bb67111"
                ],
                "self": false,
                "to_port": 80
              },
              {
                "cidr_blocks": [],
                "description": "HTTPS from public subnet",
                "from_port": 443,
                "ipv6_cidr_blocks": [],
                "prefix_list_ids": [],
                "protocol": "tcp",
                "security_groups": [
                  "sg-024100af27bb67111"
                ],
                "self": false,
                "to_port": 443
              },
              {
                "cidr_blocks": [],
                "description": "MYSQL/Aurora from private subnet",
                "from_port": 3001,
                "ipv6_cidr_blocks": [],
                "prefix_list_ids": [],
                "protocol": "tcp",
                "security_groups": [
                  "sg-024100af27bb67111"
                ],
                "self": false,
                "to_port": 3001
              }
            ],
            "name": "allow_alb",
            "name_prefix": "",
            "owner_id": "762595429056",
            "revoke_rules_on_delete": false,
            "tags": {
              "Name": "allow_nginx"
            },
            "tags_all": {
              "Name": "allow_nginx"
            },
            "timeouts": null,
            "vpc_id": "vpc-0f0ed43ff95e0c9dd"
          },
          "sensitive_attributes": [],
          "identity_schema_version": 0,
          "private": "eyJlMmJmYjczMC1lY2FhLTExZTYtOGY4OC0zNDM2M2JjN2M0YzAiOnsiY3JlYXRlIjo2MDAwMDAwMDAwMDAsImRlbGV0ZSI6OTAwMDAwMDAwMDAwfSwic2NoZW1hX3ZlcnNpb24iOiIxIn0=",
          "dependencies": [
            "aws_security_group.public_facing",
            "aws_vpc.main"
          ]
        }
      ]
    },
    {
      "mode": "managed",
      "type": "aws_security_group",
      "name": "private_db",
      "provider": "provider[\"registry.terraform.io/hashicorp/aws\"]",
      "instances": [
        {
          "schema_version": 1,
          "attributes": {
            "arn": "arn:aws:ec2:us-east-1:762595429056:security-group/sg-0a3ac6f7c1c9997bf",
            "description": "Allow HTTP inbound traffic within VPC",
            "egress": [
              {
                "cidr_blocks": [
                  "0.0.0.0/0"
                ],
                "description": "Outbound to all",
                "from_port": 0,
                "ipv6_cidr_blocks": [],
                "prefix_list_ids": [],
                "protocol": "-1",
                "security_groups": [],
                "self": false,
                "to_port": 0
              }
            ],
            "id": "sg-0a3ac6f7c1c9997bf",
            "ingress": [
              {
                "cidr_blocks": [],
                "description": "Allow HTTP inbound traffic within VPC",
                "from_port": 5432,
                "ipv6_cidr_blocks": [],
                "prefix_list_ids": [],
                "protocol": "tcp",
                "security_groups": [],
                "self": true,
                "to_port": 5432
              },
              {
                "cidr_blocks": [],
                "description": "Setup to allow SSM",
                "from_port": 5432,
                "ipv6_cidr_blocks": [],
                "prefix_list_ids": [],
                "protocol": "tcp",
                "security_groups": [
                  "sg-05d3c88562c9c296f"
                ],
                "self": false,
                "to_port": 5432
              }
            ],
            "name": "allow_backend",
            "name_prefix": "",
            "owner_id": "762595429056",
            "revoke_rules_on_delete": false,
            "tags": {
              "Name": "allow_wordpress"
            },
            "tags_all": {
              "Name": "allow_wordpress"
            },
            "timeouts": null,
            "vpc_id": "vpc-0f0ed43ff95e0c9dd"
          },
          "sensitive_attributes": [],
          "identity_schema_version": 0,
          "private": "eyJlMmJmYjczMC1lY2FhLTExZTYtOGY4OC0zNDM2M2JjN2M0YzAiOnsiY3JlYXRlIjo2MDAwMDAwMDAwMDAsImRlbGV0ZSI6OTAwMDAwMDAwMDAwfSwic2NoZW1hX3ZlcnNpb24iOiIxIn0=",
          "dependencies": [
            "aws_security_group.private_app",
            "aws_security_group.public_facing",
            "aws_vpc.main"
          ]
        }
      ]
    },
    {
      "mode": "managed",
      "type": "aws_security_group",
      "name": "public_facing",
      "provider": "provider[\"registry.terraform.io/hashicorp/aws\"]",
      "instances": [
        {
          "schema_version": 1,
          "attributes": {
            "arn": "arn:aws:ec2:us-east-1:762595429056:security-group/sg-024100af27bb67111",
            "description": "Allow HTTP and SSH inbound traffic",
            "egress": [
              {
                "cidr_blocks": [
                  "0.0.0.0/0"
                ],
                "description": "",
                "from_port": 0,
                "ipv6_cidr_blocks": [],
                "prefix_list_ids": [],
                "protocol": "-1",
                "security_groups": [],
                "self": false,
                "to_port": 0
              }
            ],
            "id": "sg-024100af27bb67111",
            "ingress": [
              {
                "cidr_blocks": [
                  "0.0.0.0/0"
                ],
                "description": "HTTP from anywhere",
                "from_port": 80,
                "ipv6_cidr_blocks": [],
                "prefix_list_ids": [],
                "protocol": "tcp",
                "security_groups": [],
                "self": false,
                "to_port": 80
              },
              {
                "cidr_blocks": [
                  "0.0.0.0/0"
                ],
                "description": "HTTPS from anywhere",
                "from_port": 443,
                "ipv6_cidr_blocks": [],
                "prefix_list_ids": [],
                "protocol": "tcp",
                "security_groups": [],
                "self": false,
                "to_port": 443
              }
            ],
            "name": "allow_http_https",
            "name_prefix": "",
            "owner_id": "762595429056",
            "revoke_rules_on_delete": false,
            "tags": {
              "Name": "allow_http_https"
            },
            "tags_all": {
              "Name": "allow_http_https"
            },
            "timeouts": null,
            "vpc_id": "vpc-0f0ed43ff95e0c9dd"
          },
          "sensitive_attributes": [],
          "identity_schema_version": 0,
          "private": "eyJlMmJmYjczMC1lY2FhLTExZTYtOGY4OC0zNDM2M2JjN2M0YzAiOnsiY3JlYXRlIjo2MDAwMDAwMDAwMDAsImRlbGV0ZSI6OTAwMDAwMDAwMDAwfSwic2NoZW1hX3ZlcnNpb24iOiIxIn0=",
          "dependencies": [
            "aws_vpc.main"
          ]
        }
      ]
    },
    {
      "mode": "managed",
      "type": "aws_security_group",
      "name": "vpc_endpoints",
      "provider": "provider[\"registry.terraform.io/hashicorp/aws\"]",
      "instances": [
        {
          "schema_version": 1,
          "attributes": {
            "arn": "arn:aws:ec2:us-east-1:762595429056:security-group/sg-0d11866bbac816ea0",
            "description": "Security group for VPC endpoints",
            "egress": [
              {
                "cidr_blocks": [
                  "0.0.0.0/0"
                ],
                "description": "",
                "from_port": 0,
                "ipv6_cidr_blocks": [],
                "prefix_list_ids": [],
                "protocol": "-1",
                "security_groups": [],
                "self": false,
                "to_port": 0
              }
            ],
            "id": "sg-0d11866bbac816ea0",
            "ingress": [
              {
                "cidr_blocks": [
                  "10.0.0.0/24"
                ],
                "description": "",
                "from_port": 443,
                "ipv6_cidr_blocks": [],
                "prefix_list_ids": [],
                "protocol": "tcp",
                "security_groups": [],
                "self": false,
                "to_port": 443
              }
            ],
            "name": "vpc-endpoints-sg",
            "name_prefix": "",
            "owner_id": "762595429056",
            "revoke_rules_on_delete": false,
            "tags": {
              "Name": "vpc-endpoints-sg"
            },
            "tags_all": {
              "Name": "vpc-endpoints-sg"
            },
            "timeouts": null,
            "vpc_id": "vpc-0f0ed43ff95e0c9dd"
          },
          "sensitive_attributes": [],
          "identity_schema_version": 0,
          "private": "eyJlMmJmYjczMC1lY2FhLTExZTYtOGY4OC0zNDM2M2JjN2M0YzAiOnsiY3JlYXRlIjo2MDAwMDAwMDAwMDAsImRlbGV0ZSI6OTAwMDAwMDAwMDAwfSwic2NoZW1hX3ZlcnNpb24iOiIxIn0=",
          "dependencies": [
            "aws_vpc.main"
          ]
        }
      ]
    },
    {
      "mode": "managed",
      "type": "aws_subnet",
      "name": "private_app",
      "provider": "provider[\"registry.terraform.io/hashicorp/aws\"]",
      "instances": [
        {
          "schema_version": 1,
          "attributes": {
            "arn": "arn:aws:ec2:us-east-1:762595429056:subnet/subnet-06b1ac058e96551ed",
            "assign_ipv6_address_on_creation": false,
            "availability_zone": "us-east-1a",
            "availability_zone_id": "use1-az6",
            "cidr_block": "10.0.0.32/28",
            "customer_owned_ipv4_pool": "",
            "enable_dns64": false,
            "enable_resource_name_dns_a_record_on_launch": false,
            "enable_resource_name_dns_aaaa_record_on_launch": false,
            "id": "subnet-06b1ac058e96551ed",
            "ipv6_cidr_block": "",
            "ipv6_cidr_block_association_id": "",
            "ipv6_native": false,
            "map_customer_owned_ip_on_launch": false,
            "map_public_ip_on_launch": false,
            "outpost_arn": "",
            "owner_id": "762595429056",
            "private_dns_hostname_type_on_launch": "ip-name",
            "tags": {
              "Name": "private-app-subnet"
            },
            "tags_all": {
              "Name": "private-app-subnet"
            },
            "timeouts": null,
            "vpc_id": "vpc-0f0ed43ff95e0c9dd"
          },
          "sensitive_attributes": [],
          "identity_schema_version": 0,
          "private": "eyJlMmJmYjczMC1lY2FhLTExZTYtOGY4OC0zNDM2M2JjN2M0YzAiOnsiY3JlYXRlIjo2MDAwMDAwMDAwMDAsImRlbGV0ZSI6MTIwMDAwMDAwMDAwMH0sInNjaGVtYV92ZXJzaW9uIjoiMSJ9",
          "dependencies": [
            "aws_vpc.main"
          ]
        }
      ]
    },
    {
      "mode": "managed",
      "type": "aws_subnet",
      "name": "private_app_1b",
      "provider": "provider[\"registry.terraform.io/hashicorp/aws\"]",
      "instances": [
        {
          "schema_version": 1,
          "attributes": {
            "arn": "arn:aws:ec2:us-east-1:762595429056:subnet/subnet-034d24d063f92788f",
            "assign_ipv6_address_on_creation": false,
            "availability_zone": "us-east-1b",
            "availability_zone_id": "use1-az1",
            "cidr_block": "10.0.0.48/28",
            "customer_owned_ipv4_pool": "",
            "enable_dns64": false,
            "enable_resource_name_dns_a_record_on_launch": false,
            "enable_resource_name_dns_aaaa_record_on_launch": false,
            "id": "subnet-034d24d063f92788f",
            "ipv6_cidr_block": "",
            "ipv6_cidr_block_association_id": "",
            "ipv6_native": false,
            "map_customer_owned_ip_on_launch": false,
            "map_public_ip_on_launch": false,
            "outpost_arn": "",
            "owner_id": "762595429056",
            "private_dns_hostname_type_on_launch": "ip-name",
            "tags": {
              "Name": "private-app-subnet-1b"
            },
            "tags_all": {
              "Name": "private-app-subnet-1b"
            },
            "timeouts": null,
            "vpc_id": "vpc-0f0ed43ff95e0c9dd"
          },
          "sensitive_attributes": [],
          "identity_schema_version": 0,
          "private": "eyJlMmJmYjczMC1lY2FhLTExZTYtOGY4OC0zNDM2M2JjN2M0YzAiOnsiY3JlYXRlIjo2MDAwMDAwMDAwMDAsImRlbGV0ZSI6MTIwMDAwMDAwMDAwMH0sInNjaGVtYV92ZXJzaW9uIjoiMSJ9",
          "dependencies": [
            "aws_vpc.main"
          ]
        }
      ]
    },
    {
      "mode": "managed",
      "type": "aws_subnet",
      "name": "private_db",
      "provider": "provider[\"registry.terraform.io/hashicorp/aws\"]",
      "instances": [
        {
          "schema_version": 1,
          "attributes": {
            "arn": "arn:aws:ec2:us-east-1:762595429056:subnet/subnet-02ff29690be7af285",
            "assign_ipv6_address_on_creation": false,
            "availability_zone": "us-east-1a",
            "availability_zone_id": "use1-az6",
            "cidr_block": "10.0.0.96/27",
            "customer_owned_ipv4_pool": "",
            "enable_dns64": false,
            "enable_resource_name_dns_a_record_on_launch": false,
            "enable_resource_name_dns_aaaa_record_on_launch": false,
            "id": "subnet-02ff29690be7af285",
            "ipv6_cidr_block": "",
            "ipv6_cidr_block_association_id": "",
            "ipv6_native": false,
            "map_customer_owned_ip_on_launch": false,
            "map_public_ip_on_launch": false,
            "outpost_arn": "",
            "owner_id": "762595429056",
            "private_dns_hostname_type_on_launch": "ip-name",
            "tags": {
              "Name": "private-db-subnet"
            },
            "tags_all": {
              "Name": "private-db-subnet"
            },
            "timeouts": null,
            "vpc_id": "vpc-0f0ed43ff95e0c9dd"
          },
          "sensitive_attributes": [],
          "identity_schema_version": 0,
          "private": "eyJlMmJmYjczMC1lY2FhLTExZTYtOGY4OC0zNDM2M2JjN2M0YzAiOnsiY3JlYXRlIjo2MDAwMDAwMDAwMDAsImRlbGV0ZSI6MTIwMDAwMDAwMDAwMH0sInNjaGVtYV92ZXJzaW9uIjoiMSJ9",
          "dependencies": [
            "aws_vpc.main"
          ]
        }
      ]
    },
    {
      "mode": "managed",
      "type": "aws_subnet",
      "name": "private_db_1b",
      "provider": "provider[\"registry.terraform.io/hashicorp/aws\"]",
      "instances": [
        {
          "schema_version": 1,
          "attributes": {
            "arn": "arn:aws:ec2:us-east-1:762595429056:subnet/subnet-0e1810a889ea5c866",
            "assign_ipv6_address_on_creation": false,
            "availability_zone": "us-east-1b",
            "availability_zone_id": "use1-az1",
            "cidr_block": "10.0.0.128/27",
            "customer_owned_ipv4_pool": "",
            "enable_dns64": false,
            "enable_resource_name_dns_a_record_on_launch": false,
            "enable_resource_name_dns_aaaa_record_on_launch": false,
            "id": "subnet-0e1810a889ea5c866",
            "ipv6_cidr_block": "",
            "ipv6_cidr_block_association_id": "",
            "ipv6_native": false,
            "map_customer_owned_ip_on_launch": false,
            "map_public_ip_on_launch": false,
            "outpost_arn": "",
            "owner_id": "762595429056",
            "private_dns_hostname_type_on_launch": "ip-name",
            "tags": {
              "Name": "private-db-subnet-1b"
            },
            "tags_all": {
              "Name": "private-db-subnet-1b"
            },
            "timeouts": null,
            "vpc_id": "vpc-0f0ed43ff95e0c9dd"
          },
          "sensitive_attributes": [],
          "identity_schema_version": 0,
          "private": "eyJlMmJmYjczMC1lY2FhLTExZTYtOGY4OC0zNDM2M2JjN2M0YzAiOnsiY3JlYXRlIjo2MDAwMDAwMDAwMDAsImRlbGV0ZSI6MTIwMDAwMDAwMDAwMH0sInNjaGVtYV92ZXJzaW9uIjoiMSJ9",
          "dependencies": [
            "aws_vpc.main"
          ]
        }
      ]
    },
    {
      "mode": "managed",
      "type": "aws_subnet",
      "name": "private_redis_1a",
      "provider": "provider[\"registry.terraform.io/hashicorp/aws\"]",
      "instances": [
        {
          "schema_version": 1,
          "attributes": {
            "arn": "arn:aws:ec2:us-east-1:762595429056:subnet/subnet-01b0d5e724952a23c",
            "assign_ipv6_address_on_creation": false,
            "availability_zone": "us-east-1a",
            "availability_zone_id": "use1-az6",
            "cidr_block": "10.0.0.160/28",
            "customer_owned_ipv4_pool": "",
            "enable_dns64": false,
            "enable_resource_name_dns_a_record_on_launch": false,
            "enable_resource_name_dns_aaaa_record_on_launch": false,
            "id": "subnet-01b0d5e724952a23c",
            "ipv6_cidr_block": "",
            "ipv6_cidr_block_association_id": "",
            "ipv6_native": false,
            "map_customer_owned_ip_on_launch": false,
            "map_public_ip_on_launch": false,
            "outpost_arn": "",
            "owner_id": "762595429056",
            "private_dns_hostname_type_on_launch": "ip-name",
            "tags": {
              "Name": "private-redis-subnet-1a"
            },
            "tags_all": {
              "Name": "private-redis-subnet-1a"
            },
            "timeouts": null,
            "vpc_id": "vpc-0f0ed43ff95e0c9dd"
          },
          "sensitive_attributes": [],
          "identity_schema_version": 0,
          "private": "eyJlMmJmYjczMC1lY2FhLTExZTYtOGY4OC0zNDM2M2JjN2M0YzAiOnsiY3JlYXRlIjo2MDAwMDAwMDAwMDAsImRlbGV0ZSI6MTIwMDAwMDAwMDAwMH0sInNjaGVtYV92ZXJzaW9uIjoiMSJ9",
          "dependencies": [
            "aws_vpc.main"
          ]
        }
      ]
    },
    {
      "mode": "managed",
      "type": "aws_subnet",
      "name": "private_redis_1b",
      "provider": "provider[\"registry.terraform.io/hashicorp/aws\"]",
      "instances": [
        {
          "schema_version": 1,
          "attributes": {
            "arn": "arn:aws:ec2:us-east-1:762595429056:subnet/subnet-00092afc71be20ddb",
            "assign_ipv6_address_on_creation": false,
            "availability_zone": "us-east-1b",
            "availability_zone_id": "use1-az1",
            "cidr_block": "10.0.0.176/28",
            "customer_owned_ipv4_pool": "",
            "enable_dns64": false,
            "enable_resource_name_dns_a_record_on_launch": false,
            "enable_resource_name_dns_aaaa_record_on_launch": false,
            "id": "subnet-00092afc71be20ddb",
            "ipv6_cidr_block": "",
            "ipv6_cidr_block_association_id": "",
            "ipv6_native": false,
            "map_customer_owned_ip_on_launch": false,
            "map_public_ip_on_launch": false,
            "outpost_arn": "",
            "owner_id": "762595429056",
            "private_dns_hostname_type_on_launch": "ip-name",
            "tags": {
              "Name": "private-redis-subnet-1b"
            },
            "tags_all": {
              "Name": "private-redis-subnet-1b"
            },
            "timeouts": null,
            "vpc_id": "vpc-0f0ed43ff95e0c9dd"
          },
          "sensitive_attributes": [],
          "identity_schema_version": 0,
          "private": "eyJlMmJmYjczMC1lY2FhLTExZTYtOGY4OC0zNDM2M2JjN2M0YzAiOnsiY3JlYXRlIjo2MDAwMDAwMDAwMDAsImRlbGV0ZSI6MTIwMDAwMDAwMDAwMH0sInNjaGVtYV92ZXJzaW9uIjoiMSJ9",
          "dependencies": [
            "aws_vpc.main"
          ]
        }
      ]
    },
    {
      "mode": "managed",
      "type": "aws_subnet",
      "name": "public_facing_1a",
      "provider": "provider[\"registry.terraform.io/hashicorp/aws\"]",
      "instances": [
        {
          "schema_version": 1,
          "attributes": {
            "arn": "arn:aws:ec2:us-east-1:762595429056:subnet/subnet-0c0418bc3db949fc1",
            "assign_ipv6_address_on_creation": false,
            "availability_zone": "us-east-1a",
            "availability_zone_id": "use1-az6",
            "cidr_block": "10.0.0.64/28",
            "customer_owned_ipv4_pool": "",
            "enable_dns64": false,
            "enable_resource_name_dns_a_record_on_launch": false,
            "enable_resource_name_dns_aaaa_record_on_launch": false,
            "id": "subnet-0c0418bc3db949fc1",
            "ipv6_cidr_block": "",
            "ipv6_cidr_block_association_id": "",
            "ipv6_native": false,
            "map_customer_owned_ip_on_launch": false,
            "map_public_ip_on_launch": true,
            "outpost_arn": "",
            "owner_id": "762595429056",
            "private_dns_hostname_type_on_launch": "ip-name",
            "tags": {
              "Name": "public-subnet_1a"
            },
            "tags_all": {
              "Name": "public-subnet_1a"
            },
            "timeouts": null,
            "vpc_id": "vpc-0f0ed43ff95e0c9dd"
          },
          "sensitive_attributes": [],
          "identity_schema_version": 0,
          "private": "eyJlMmJmYjczMC1lY2FhLTExZTYtOGY4OC0zNDM2M2JjN2M0YzAiOnsiY3JlYXRlIjo2MDAwMDAwMDAwMDAsImRlbGV0ZSI6MTIwMDAwMDAwMDAwMH0sInNjaGVtYV92ZXJzaW9uIjoiMSJ9",
          "dependencies": [
            "aws_vpc.main"
          ]
        }
      ]
    },
    {
      "mode": "managed",
      "type": "aws_subnet",
      "name": "public_facing_1b",
      "provider": "provider[\"registry.terraform.io/hashicorp/aws\"]",
      "instances": [
        {
          "schema_version": 1,
          "attributes": {
            "arn": "arn:aws:ec2:us-east-1:762595429056:subnet/subnet-0ef87ea00c2f1b09f",
            "assign_ipv6_address_on_creation": false,
            "availability_zone": "us-east-1b",
            "availability_zone_id": "use1-az1",
            "cidr_block": "10.0.0.80/28",
            "customer_owned_ipv4_pool": "",
            "enable_dns64": false,
            "enable_resource_name_dns_a_record_on_launch": false,
            "enable_resource_name_dns_aaaa_record_on_launch": false,
            "id": "subnet-0ef87ea00c2f1b09f",
            "ipv6_cidr_block": "",
            "ipv6_cidr_block_association_id": "",
            "ipv6_native": false,
            "map_customer_owned_ip_on_launch": false,
            "map_public_ip_on_launch": true,
            "outpost_arn": "",
            "owner_id": "762595429056",
            "private_dns_hostname_type_on_launch": "ip-name",
            "tags": {
              "Name": "public-subnet_1b"
            },
            "tags_all": {
              "Name": "public-subnet_1b"
            },
            "timeouts": null,
            "vpc_id": "vpc-0f0ed43ff95e0c9dd"
          },
          "sensitive_attributes": [],
          "identity_schema_version": 0,
          "private": "eyJlMmJmYjczMC1lY2FhLTExZTYtOGY4OC0zNDM2M2JjN2M0YzAiOnsiY3JlYXRlIjo2MDAwMDAwMDAwMDAsImRlbGV0ZSI6MTIwMDAwMDAwMDAwMH0sInNjaGVtYV92ZXJzaW9uIjoiMSJ9",
          "dependencies": [
            "aws_vpc.main"
          ]
        }
      ]
    },
    {
      "mode": "managed",
      "type": "aws_vpc",
      "name": "main",
      "provider": "provider[\"registry.terraform.io/hashicorp/aws\"]",
      "instances": [
        {
          "schema_version": 1,
          "attributes": {
            "arn": "arn:aws:ec2:us-east-1:762595429056:vpc/vpc-0f0ed43ff95e0c9dd",
            "assign_generated_ipv6_cidr_block": false,
            "cidr_block": "10.0.0.0/24",
            "default_network_acl_id": "acl-0fea53fba377b72d2",
            "default_route_table_id": "rtb-043429b142070b7c5",
            "default_security_group_id": "sg-0ee92b6535a2f8012",
            "dhcp_options_id": "dopt-015d302a35bf5e9c7",
            "enable_classiclink": false,
            "enable_classiclink_dns_support": false,
            "enable_dns_hostnames": true,
            "enable_dns_support": true,
            "id": "vpc-0f0ed43ff95e0c9dd",
            "instance_tenancy": "default",
            "ipv4_ipam_pool_id": null,
            "ipv4_netmask_length": null,
            "ipv6_association_id": "",
            "ipv6_cidr_block": "",
            "ipv6_cidr_block_network_border_group": "",
            "ipv6_ipam_pool_id": "",
            "ipv6_netmask_length": 0,
            "main_route_table_id": "rtb-043429b142070b7c5",
            "owner_id": "762595429056",
            "tags": {
              "Name": "main-vpc"
            },
            "tags_all": {
              "Name": "main-vpc"
            }
          },
          "sensitive_attributes": [],
          "identity_schema_version": 0,
          "private": "eyJzY2hlbWFfdmVyc2lvbiI6IjEifQ=="
        }
      ]
    },
    {
      "mode": "managed",
      "type": "aws_vpc_endpoint",
      "name": "cloudwatch_logs",
      "provider": "provider[\"registry.terraform.io/hashicorp/aws\"]",
      "instances": [
        {
          "schema_version": 0,
          "attributes": {
            "arn": "arn:aws:ec2:us-east-1:762595429056:vpc-endpoint/vpce-067bde3934f1b3183",
            "auto_accept": null,
            "cidr_blocks": [],
            "dns_entry": [
              {
                "dns_name": "vpce-067bde3934f1b3183-sq4t32l8.logs.us-east-1.vpce.amazonaws.com",
                "hosted_zone_id": "Z7HUB22UULQXV"
              },
              {
                "dns_name": "vpce-067bde3934f1b3183-sq4t32l8-us-east-1a.logs.us-east-1.vpce.amazonaws.com",
                "hosted_zone_id": "Z7HUB22UULQXV"
              },
              {
                "dns_name": "vpce-067bde3934f1b3183-sq4t32l8-us-east-1b.logs.us-east-1.vpce.amazonaws.com",
                "hosted_zone_id": "Z7HUB22UULQXV"
              }
            ],
            "dns_options": [
              {
                "dns_record_ip_type": "ipv4"
              }
            ],
            "id": "vpce-067bde3934f1b3183",
            "ip_address_type": "ipv4",
            "network_interface_ids": [
              "eni-000ff1deb50b27b28",
              "eni-095c1a1b6708f679d"
            ],
            "owner_id": "762595429056",
            "policy": "{\"Statement\":[{\"Action\":\"*\",\"Effect\":\"Allow\",\"Principal\":\"*\",\"Resource\":\"*\"}]}",
            "prefix_list_id": null,
            "private_dns_enabled": false,
            "requester_managed": false,
            "route_table_ids": [],
            "security_group_ids": [
              "sg-0d11866bbac816ea0"
            ],
            "service_name": "com.amazonaws.us-east-1.logs",
            "state": "available",
            "subnet_ids": [
              "subnet-034d24d063f92788f",
              "subnet-06b1ac058e96551ed"
            ],
            "tags": {
              "Name": "cloudwatch-logs-endpoint"
            },
            "tags_all": {
              "Name": "cloudwatch-logs-endpoint"
            },
            "timeouts": null,
            "vpc_endpoint_type": "Interface",
            "vpc_id": "vpc-0f0ed43ff95e0c9dd"
          },
          "sensitive_attributes": [],
          "identity_schema_version": 0,
          "private": "eyJlMmJmYjczMC1lY2FhLTExZTYtOGY4OC0zNDM2M2JjN2M0YzAiOnsiY3JlYXRlIjo2MDAwMDAwMDAwMDAsImRlbGV0ZSI6NjAwMDAwMDAwMDAwLCJ1cGRhdGUiOjYwMDAwMDAwMDAwMH19",
          "dependencies": [
            "aws_security_group.vpc_endpoints",
            "aws_subnet.private_app",
            "aws_subnet.private_app_1b",
            "aws_vpc.main"
          ]
        }
      ]
    },
    {
      "mode": "managed",
      "type": "aws_vpc_endpoint",
      "name": "ecr_api",
      "provider": "provider[\"registry.terraform.io/hashicorp/aws\"]",
      "instances": [
        {
          "schema_version": 0,
          "attributes": {
            "arn": "arn:aws:ec2:us-east-1:762595429056:vpc-endpoint/vpce-0a390bc13ee5a2a79",
            "auto_accept": null,
            "cidr_blocks": [],
            "dns_entry": [
              {
                "dns_name": "vpce-0a390bc13ee5a2a79-5g4p1czk.api.ecr.us-east-1.vpce.amazonaws.com",
                "hosted_zone_id": "Z7HUB22UULQXV"
              },
              {
                "dns_name": "vpce-0a390bc13ee5a2a79-5g4p1czk-us-east-1b.api.ecr.us-east-1.vpce.amazonaws.com",
                "hosted_zone_id": "Z7HUB22UULQXV"
              },
              {
                "dns_name": "vpce-0a390bc13ee5a2a79-5g4p1czk-us-east-1a.api.ecr.us-east-1.vpce.amazonaws.com",
                "hosted_zone_id": "Z7HUB22UULQXV"
              }
            ],
            "dns_options": [
              {
                "dns_record_ip_type": "ipv4"
              }
            ],
            "id": "vpce-0a390bc13ee5a2a79",
            "ip_address_type": "ipv4",
            "network_interface_ids": [
              "eni-06544d777e109e4d2",
              "eni-0d317cf8bf0098886"
            ],
            "owner_id": "762595429056",
            "policy": "{\"Statement\":[{\"Action\":\"*\",\"Effect\":\"Allow\",\"Principal\":\"*\",\"Resource\":\"*\"}]}",
            "prefix_list_id": null,
            "private_dns_enabled": false,
            "requester_managed": false,
            "route_table_ids": [],
            "security_group_ids": [
              "sg-0d11866bbac816ea0"
            ],
            "service_name": "com.amazonaws.us-east-1.ecr.api",
            "state": "available",
            "subnet_ids": [
              "subnet-034d24d063f92788f",
              "subnet-06b1ac058e96551ed"
            ],
            "tags": {
              "Name": "ecr-api-endpoint"
            },
            "tags_all": {
              "Name": "ecr-api-endpoint"
            },
            "timeouts": null,
            "vpc_endpoint_type": "Interface",
            "vpc_id": "vpc-0f0ed43ff95e0c9dd"
          },
          "sensitive_attributes": [],
          "identity_schema_version": 0,
          "private": "eyJlMmJmYjczMC1lY2FhLTExZTYtOGY4OC0zNDM2M2JjN2M0YzAiOnsiY3JlYXRlIjo2MDAwMDAwMDAwMDAsImRlbGV0ZSI6NjAwMDAwMDAwMDAwLCJ1cGRhdGUiOjYwMDAwMDAwMDAwMH19",
          "dependencies": [
            "aws_security_group.vpc_endpoints",
            "aws_subnet.private_app",
            "aws_subnet.private_app_1b",
            "aws_vpc.main"
          ]
        }
      ]
    },
    {
      "mode": "managed",
      "type": "aws_vpc_endpoint",
      "name": "ecr_dkr",
      "provider": "provider[\"registry.terraform.io/hashicorp/aws\"]",
      "instances": [
        {
          "schema_version": 0,
          "attributes": {
            "arn": "arn:aws:ec2:us-east-1:762595429056:vpc-endpoint/vpce-020713cd80938859d",
            "auto_accept": null,
            "cidr_blocks": [],
            "dns_entry": [
              {
                "dns_name": "vpce-020713cd80938859d-l6t2ex3c.dkr.ecr.us-east-1.vpce.amazonaws.com",
                "hosted_zone_id": "Z7HUB22UULQXV"
              },
              {
                "dns_name": "vpce-020713cd80938859d-l6t2ex3c-us-east-1b.dkr.ecr.us-east-1.vpce.amazonaws.com",
                "hosted_zone_id": "Z7HUB22UULQXV"
              },
              {
                "dns_name": "vpce-020713cd80938859d-l6t2ex3c-us-east-1a.dkr.ecr.us-east-1.vpce.amazonaws.com",
                "hosted_zone_id": "Z7HUB22UULQXV"
              }
            ],
            "dns_options": [
              {
                "dns_record_ip_type": "ipv4"
              }
            ],
            "id": "vpce-020713cd80938859d",
            "ip_address_type": "ipv4",
            "network_interface_ids": [
              "eni-00658532fcc0007fa",
              "eni-086d3ad1874b1f195"
            ],
            "owner_id": "762595429056",
            "policy": "{\"Statement\":[{\"Action\":\"*\",\"Effect\":\"Allow\",\"Principal\":\"*\",\"Resource\":\"*\"}]}",
            "prefix_list_id": null,
            "private_dns_enabled": false,
            "requester_managed": false,
            "route_table_ids": [],
            "security_group_ids": [
              "sg-0d11866bbac816ea0"
            ],
            "service_name": "com.amazonaws.us-east-1.ecr.dkr",
            "state": "available",
            "subnet_ids": [
              "subnet-034d24d063f92788f",
              "subnet-06b1ac058e96551ed"
            ],
            "tags": {
              "Name": "ecr-dkr-endpoint"
            },
            "tags_all": {
              "Name": "ecr-dkr-endpoint"
            },
            "timeouts": null,
            "vpc_endpoint_type": "Interface",
            "vpc_id": "vpc-0f0ed43ff95e0c9dd"
          },
          "sensitive_attributes": [],
          "identity_schema_version": 0,
          "private": "eyJlMmJmYjczMC1lY2FhLTExZTYtOGY4OC0zNDM2M2JjN2M0YzAiOnsiY3JlYXRlIjo2MDAwMDAwMDAwMDAsImRlbGV0ZSI6NjAwMDAwMDAwMDAwLCJ1cGRhdGUiOjYwMDAwMDAwMDAwMH19",
          "dependencies": [
            "aws_security_group.vpc_endpoints",
            "aws_subnet.private_app",
            "aws_subnet.private_app_1b",
            "aws_vpc.main"
          ]
        }
      ]
    },
    {
      "mode": "managed",
      "type": "aws_vpc_endpoint",
      "name": "s3_gateway",
      "provider": "provider[\"registry.terraform.io/hashicorp/aws\"]",
      "instances": [
        {
          "schema_version": 0,
          "attributes": {
            "arn": "arn:aws:ec2:us-east-1:762595429056:vpc-endpoint/vpce-01497d322a80f7cc5",
            "auto_accept": null,
            "cidr_blocks": [
              "16.15.176.0/20",
              "16.182.0.0/16",
              "18.34.0.0/19",
              "52.216.0.0/15",
              "54.231.0.0/16",
              "3.5.0.0/19",
              "18.34.232.0/21",
              "16.15.192.0/18"
            ],
            "dns_entry": [],
            "dns_options": [
              {
                "dns_record_ip_type": "service-defined"
              }
            ],
            "id": "vpce-01497d322a80f7cc5",
            "ip_address_type": "ipv4",
            "network_interface_ids": [],
            "owner_id": "762595429056",
            "policy": "{\"Statement\":[{\"Action\":\"*\",\"Effect\":\"Allow\",\"Principal\":\"*\",\"Resource\":\"*\"}],\"Version\":\"2008-10-17\"}",
            "prefix_list_id": "pl-63a5400a",
            "private_dns_enabled": false,
            "requester_managed": false,
            "route_table_ids": [
              "rtb-063451ab57351066b",
              "rtb-09a058d7df2544502"
            ],
            "security_group_ids": [],
            "service_name": "com.amazonaws.us-east-1.s3",
            "state": "available",
            "subnet_ids": [],
            "tags": {
              "Name": "s3-gateway-endpoint"
            },
            "tags_all": {
              "Name": "s3-gateway-endpoint"
            },
            "timeouts": null,
            "vpc_endpoint_type": "Gateway",
            "vpc_id": "vpc-0f0ed43ff95e0c9dd"
          },
          "sensitive_attributes": [],
          "identity_schema_version": 0,
          "private": "eyJlMmJmYjczMC1lY2FhLTExZTYtOGY4OC0zNDM2M2JjN2M0YzAiOnsiY3JlYXRlIjo2MDAwMDAwMDAwMDAsImRlbGV0ZSI6NjAwMDAwMDAwMDAwLCJ1cGRhdGUiOjYwMDAwMDAwMDAwMH19",
          "dependencies": [
            "aws_eip.nat_eip",
            "aws_internet_gateway.igw",
            "aws_nat_gateway.nat",
            "aws_route_table.private_app",
            "aws_route_table.private_db",
            "aws_subnet.public_facing_1a",
            "aws_vpc.main"
          ]
        }
      ]
    },
    {
      "mode": "managed",
      "type": "aws_vpc_endpoint",
      "name": "secretsmanager",
      "provider": "provider[\"registry.terraform.io/hashicorp/aws\"]",
      "instances": [
        {
          "schema_version": 0,
          "attributes": {
            "arn": "arn:aws:ec2:us-east-1:762595429056:vpc-endpoint/vpce-050100e72fc2a3f52",
            "auto_accept": null,
            "cidr_blocks": [],
            "dns_entry": [
              {
                "dns_name": "vpce-050100e72fc2a3f52-xtwh0fb5.secretsmanager.us-east-1.vpce.amazonaws.com",
                "hosted_zone_id": "Z7HUB22UULQXV"
              },
              {
                "dns_name": "vpce-050100e72fc2a3f52-xtwh0fb5-us-east-1b.secretsmanager.us-east-1.vpce.amazonaws.com",
                "hosted_zone_id": "Z7HUB22UULQXV"
              },
              {
                "dns_name": "vpce-050100e72fc2a3f52-xtwh0fb5-us-east-1a.secretsmanager.us-east-1.vpce.amazonaws.com",
                "hosted_zone_id": "Z7HUB22UULQXV"
              }
            ],
            "dns_options": [
              {
                "dns_record_ip_type": "ipv4"
              }
            ],
            "id": "vpce-050100e72fc2a3f52",
            "ip_address_type": "ipv4",
            "network_interface_ids": [
              "eni-0148f4f41e43baa82",
              "eni-0cb5e4e0db2be7487"
            ],
            "owner_id": "762595429056",
            "policy": "{\"Statement\":[{\"Action\":\"*\",\"Effect\":\"Allow\",\"Principal\":\"*\",\"Resource\":\"*\"}]}",
            "prefix_list_id": null,
            "private_dns_enabled": false,
            "requester_managed": false,
            "route_table_ids": [],
            "security_group_ids": [
              "sg-0d11866bbac816ea0"
            ],
            "service_name": "com.amazonaws.us-east-1.secretsmanager",
            "state": "available",
            "subnet_ids": [
              "subnet-034d24d063f92788f",
              "subnet-06b1ac058e96551ed"
            ],
            "tags": {
              "Name": "secretsmanager-endpoint"
            },
            "tags_all": {
              "Name": "secretsmanager-endpoint"
            },
            "timeouts": null,
            "vpc_endpoint_type": "Interface",
            "vpc_id": "vpc-0f0ed43ff95e0c9dd"
          },
          "sensitive_attributes": [],
          "identity_schema_version": 0,
          "private": "eyJlMmJmYjczMC1lY2FhLTExZTYtOGY4OC0zNDM2M2JjN2M0YzAiOnsiY3JlYXRlIjo2MDAwMDAwMDAwMDAsImRlbGV0ZSI6NjAwMDAwMDAwMDAwLCJ1cGRhdGUiOjYwMDAwMDAwMDAwMH19",
          "dependencies": [
            "aws_security_group.vpc_endpoints",
            "aws_subnet.private_app",
            "aws_subnet.private_app_1b",
            "aws_vpc.main"
          ]
        }
      ]
    },
    {
      "mode": "managed",
      "type": "aws_wafv2_web_acl",
      "name": "alb_waf",
      "provider": "provider[\"registry.terraform.io/hashicorp/aws\"]",
      "instances": [
        {
          "schema_version": 0,
          "attributes": {
            "arn": "arn:aws:wafv2:us-east-1:762595429056:regional/webacl/alb-waf/5de0fec1-f1d3-4649-80a5-08af5bd1c561",
            "capacity": 702,
            "custom_response_body": [],
            "default_action": [
              {
                "allow": [
                  {
                    "custom_request_handling": []
                  }
                ],
                "block": []
              }
            ],
            "description": "",
            "id": "5de0fec1-f1d3-4649-80a5-08af5bd1c561",
            "lock_token": "14f14c44-7ec3-4214-a3b6-23c34fe78c6c",
            "name": "alb-waf",
            "rule": [
              {
                "action": [
                  {
                    "allow": [],
                    "block": [
                      {
                        "custom_response": []
                      }
                    ],
                    "captcha": [],
                    "count": []
                  }
                ],
                "name": "RateLimitRule",
                "override_action": [],
                "priority": 1,
                "rule_label": [],
                "statement": [
                  {
                    "and_statement": [],
                    "byte_match_statement": [],
                    "geo_match_statement": [],
                    "ip_set_reference_statement": [],
                    "label_match_statement": [],
                    "managed_rule_group_statement": [],
                    "not_statement": [],
                    "or_statement": [],
                    "rate_based_statement": [
                      {
                        "aggregate_key_type": "IP",
                        "forwarded_ip_config": [],
                        "limit": 2000,
                        "scope_down_statement": []
                      }
                    ],
                    "regex_pattern_set_reference_statement": [],
                    "rule_group_reference_statement": [],
                    "size_constraint_statement": [],
                    "sqli_match_statement": [],
                    "xss_match_statement": []
                  }
                ],
                "visibility_config": [
                  {
                    "cloudwatch_metrics_enabled": true,
                    "metric_name": "RateLimitRule",
                    "sampled_requests_enabled": true
                  }
                ]
              },
              {
                "action": [],
                "name": "AWSManagedRulesCommonRuleSet",
                "override_action": [
                  {
                    "count": [],
                    "none": [
                      {}
                    ]
                  }
                ],
                "priority": 2,
                "rule_label": [],
                "statement": [
                  {
                    "and_statement": [],
                    "byte_match_statement": [],
                    "geo_match_statement": [],
                    "ip_set_reference_statement": [],
                    "label_match_statement": [],
                    "managed_rule_group_statement": [
                      {
                        "excluded_rule": [],
                        "name": "AWSManagedRulesCommonRuleSet",
                        "scope_down_statement": [],
                        "vendor_name": "AWS",
                        "version": ""
                      }
                    ],
                    "not_statement": [],
                    "or_statement": [],
                    "rate_based_statement": [],
                    "regex_pattern_set_reference_statement": [],
                    "rule_group_reference_statement": [],
                    "size_constraint_statement": [],
                    "sqli_match_statement": [],
                    "xss_match_statement": []
                  }
                ],
                "visibility_config": [
                  {
                    "cloudwatch_metrics_enabled": true,
                    "metric_name": "AWSManagedRulesCommonRuleSet",
                    "sampled_requests_enabled": true
                  }
                ]
              }
            ],
            "scope": "REGIONAL",
            "tags": {},
            "tags_all": {},
            "visibility_config": [
              {
                "cloudwatch_metrics_enabled": true,
                "metric_name": "alb-waf",
                "sampled_requests_enabled": true
              }
            ]
          },
          "sensitive_attributes": [],
          "identity_schema_version": 0,
          "private": "bnVsbA=="
        }
      ]
    },
    {
      "mode": "managed",
      "type": "aws_wafv2_web_acl_association",
      "name": "alb_waf",
      "provider": "provider[\"registry.terraform.io/hashicorp/aws\"]",
      "instances": [
        {
          "schema_version": 0,
          "attributes": {
            "id": "arn:aws:wafv2:us-east-1:762595429056:regional/webacl/alb-waf/5de0fec1-f1d3-4649-80a5-08af5bd1c561,arn:aws:elasticloadbalancing:us-east-1:762595429056:loadbalancer/app/example-alb/2c5108caa70df94d",
            "resource_arn": "arn:aws:elasticloadbalancing:us-east-1:762595429056:loadbalancer/app/example-alb/2c5108caa70df94d",
            "web_acl_arn": "arn:aws:wafv2:us-east-1:762595429056:regional/webacl/alb-waf/5de0fec1-f1d3-4649-80a5-08af5bd1c561"
          },
          "sensitive_attributes": [],
          "identity_schema_version": 0,
          "private": "bnVsbA==",
          "dependencies": [
            "aws_lb.example",
            "aws_security_group.public_facing",
            "aws_subnet.public_facing_1a",
            "aws_subnet.public_facing_1b",
            "aws_vpc.main",
            "aws_wafv2_web_acl.alb_waf"
          ]
        }
      ]
    },
    {
      "mode": "managed",
      "type": "null_resource",
      "name": "create_self_signed_cert",
      "provider": "provider[\"registry.terraform.io/hashicorp/null\"]",
      "instances": [
        {
          "schema_version": 0,
          "attributes": {
            "id": "2970942941508439314",
            "triggers": {
              "always_run": "2026-01-17T05:40:22Z"
            }
          },
          "sensitive_attributes": [],
          "identity_schema_version": 0
        }
      ]
    },
    {
      "mode": "managed",
      "type": "null_resource",
      "name": "nginx_image",
      "provider": "provider[\"registry.terraform.io/hashicorp/null\"]",
      "instances": [
        {
          "schema_version": 0,
          "attributes": {
            "id": "41823280653472134",
            "triggers": {
              "repository_url": "762595429056.dkr.ecr.us-east-1.amazonaws.com/nginx-ecommerce"
            }
          },
          "sensitive_attributes": [],
          "identity_schema_version": 0,
          "dependencies": [
            "aws_ecr_repository.nginx",
            "data.aws_ecr_repository.existing_nginx"
          ]
        }
      ]
    },
    {
      "mode": "managed",
      "type": "null_resource",
      "name": "upload_images_to_s3",
      "provider": "provider[\"registry.terraform.io/hashicorp/null\"]",
      "instances": [
        {
          "schema_version": 0,
          "attributes": {
            "id": "8437915401717959101",
            "triggers": {
              "bucket_name": "learn-lovable-product-images-a473b9f5",
              "timestamp": "2026-01-17T05:40:22Z"
            }
          },
          "sensitive_attributes": [],
          "identity_schema_version": 0,
          "dependencies": [
            "aws_cloudfront_origin_access_identity.s3_oai",
            "aws_s3_bucket.product_images",
            "aws_s3_bucket_policy.cloudfront_access",
            "random_id.suffix"
          ]
        }
      ]
    },
    {
      "mode": "managed",
      "type": "random_id",
      "name": "suffix",
      "provider": "provider[\"registry.terraform.io/hashicorp/random\"]",
      "instances": [
        {
          "schema_version": 0,
          "attributes": {
            "b64_std": "pHO59Q==",
            "b64_url": "pHO59Q",
            "byte_length": 4,
            "dec": "2759047669",
            "hex": "a473b9f5",
            "id": "pHO59Q",
            "keepers": null,
            "prefix": null
          },
          "sensitive_attributes": [],
          "identity_schema_version": 0
        }
      ]
    },
    {
      "mode": "managed",
      "type": "random_password",
      "name": "documentdb_password",
      "provider": "provider[\"registry.terraform.io/hashicorp/random\"]",
      "instances": [
        {
          "schema_version": 3,
          "attributes": {
            "bcrypt_hash": "$2a$10$AVhn1FgPvdsJtIMxXN/hE.3uw9I90DCH6QvdR3ltgdiOymFyIM1lu",
            "id": "none",
            "keepers": null,
            "length": 16,
            "lower": true,
            "min_lower": 0,
            "min_numeric": 0,
            "min_special": 0,
            "min_upper": 0,
            "number": true,
            "numeric": true,
            "override_special": null,
            "result": "$r#+KzaHqxqS3j0s",
            "special": true,
            "upper": true
          },
          "sensitive_attributes": [
            [
              {
                "type": "get_attr",
                "value": "bcrypt_hash"
              }
            ],
            [
              {
                "type": "get_attr",
                "value": "result"
              }
            ]
          ],
          "identity_schema_version": 0
        }
      ]
    },
    {
      "mode": "managed",
      "type": "random_password",
      "name": "redis_auth_token",
      "provider": "provider[\"registry.terraform.io/hashicorp/random\"]",
      "instances": [
        {
          "schema_version": 3,
          "attributes": {
            "bcrypt_hash": "$2a$10$qbmIgESb8.yl.BachuZMd.lTtqPgW.YYSDDwFIiITs94x8uskijv6",
            "id": "none",
            "keepers": null,
            "length": 32,
            "lower": true,
            "min_lower": 0,
            "min_numeric": 0,
            "min_special": 0,
            "min_upper": 0,
            "number": true,
            "numeric": true,
            "override_special": null,
            "result": "LxcJ9IkjkPfnwrVL6oez6n7nTpMRacAi",
            "special": false,
            "upper": true
          },
          "sensitive_attributes": [
            [
              {
                "type": "get_attr",
                "value": "bcrypt_hash"
              }
            ],
            [
              {
                "type": "get_attr",
                "value": "result"
              }
            ]
          ],
          "identity_schema_version": 0
        }
      ]
    }
  ],
  "check_results": null
}
