{
  "version": 4,
  "terraform_version": "1.14.3",
  "serial": 427,
  "lineage": "0d4d544c-f9c2-e925-3611-5751b2d92a37",
  "outputs": {
    "alb_dns_name": {
      "value": "example-alb-847165152.us-east-1.elb.amazonaws.com",
      "type": "string"
    },
    "certificate_arn": {
      "value": "arn:aws:acm:us-east-1:762595429056:certificate/732f571a-098d-4ec8-84c0-d364fed5cd93",
      "type": "string"
    },
    "documentdb_cluster_endpoint": {
      "value": "docdb-cluster.cluster-ciru8g0kwep8.us-east-1.docdb.amazonaws.com",
      "type": "string"
    },
    "documentdb_secret_arn": {
      "value": "arn:aws:secretsmanager:us-east-1:762595429056:secret:docdb/creds-sZxAY3",
      "type": "string"
    }
  },
  "resources": [
    {
      "mode": "data",
      "type": "aws_region",
      "name": "current",
      "provider": "provider[\"registry.terraform.io/hashicorp/aws\"]",
      "instances": [
        {
          "schema_version": 0,
          "attributes": {
            "description": "US East (N. Virginia)",
            "endpoint": "ec2.us-east-1.amazonaws.com",
            "id": "us-east-1",
            "name": "us-east-1"
          },
          "sensitive_attributes": [],
          "identity_schema_version": 0
        }
      ]
    },
    {
      "mode": "data",
      "type": "local_file",
      "name": "cert_arn",
      "provider": "provider[\"registry.terraform.io/hashicorp/local\"]",
      "instances": [
        {
          "schema_version": 0,
          "attributes": {
            "content": "arn:aws:acm:us-east-1:762595429056:certificate/732f571a-098d-4ec8-84c0-d364fed5cd93\n",
            "content_base64": "YXJuOmF3czphY206dXMtZWFzdC0xOjc2MjU5NTQyOTA1NjpjZXJ0aWZpY2F0ZS83MzJmNTcxYS0wOThkLTRlYzgtODRjMC1kMzY0ZmVkNWNkOTMK",
            "content_base64sha256": "vtEqlhrUedPnDq0Gzr1CHRJ4L6LDkJdkcadsKMlslwE=",
            "content_base64sha512": "zDjEHioW2wP5RdZvzRTERwjF3UNSzbtDe+ntbG9rskMuWabyciN0xy8zKyDTy45IBOxUVz9KvlX0jyY29tasXg==",
            "content_md5": "b6395b7a42a2c12be12ba06245d18178",
            "content_sha1": "f0baf888049f6dfb96150f2a1de513ab4b9ce45e",
            "content_sha256": "bed12a961ad479d3e70ead06cebd421d12782fa2c390976471a76c28c96c9701",
            "content_sha512": "cc38c41e2a16db03f945d66fcd14c44708c5dd4352cdbb437be9ed6c6f6bb2432e59a6f2722374c72f332b20d3cb8e4804ec54573f4abe55f48f2636f6d6ac5e",
            "filename": "cert_arn.txt",
            "id": "f0baf888049f6dfb96150f2a1de513ab4b9ce45e"
          },
          "sensitive_attributes": [],
          "identity_schema_version": 0
        }
      ]
    },
    {
      "mode": "managed",
      "type": "aws_backup_plan",
      "name": "docdb",
      "provider": "provider[\"registry.terraform.io/hashicorp/aws\"]",
      "instances": [
        {
          "schema_version": 0,
          "attributes": {
            "advanced_backup_setting": [],
            "arn": "arn:aws:backup:us-east-1:762595429056:backup-plan:6492c28e-81fd-415e-9333-ac4d3d22cc8d",
            "id": "6492c28e-81fd-415e-9333-ac4d3d22cc8d",
            "name": "docdb-backup-plan",
            "rule": [
              {
                "completion_window": 180,
                "copy_action": [],
                "enable_continuous_backup": false,
                "lifecycle": [
                  {
                    "cold_storage_after": 30,
                    "delete_after": 365
                  }
                ],
                "recovery_point_tags": {
                  "Environment": "production"
                },
                "rule_name": "daily_backup",
                "schedule": "cron(0 2 * * ? *)",
                "start_window": 60,
                "target_vault_name": "docdb-backup-vault"
              }
            ],
            "tags": null,
            "tags_all": {},
            "version": "NDQyZDk3MzctOTY1Yy00MDcxLTg1YjMtNmE2ZTg5ZDVlNjMx"
          },
          "sensitive_attributes": [],
          "identity_schema_version": 0,
          "private": "bnVsbA==",
          "dependencies": [
            "aws_backup_vault.docdb",
            "aws_kms_key.documentdb_key"
          ]
        }
      ]
    },
    {
      "mode": "managed",
      "type": "aws_backup_selection",
      "name": "docdb",
      "provider": "provider[\"registry.terraform.io/hashicorp/aws\"]",
      "instances": [
        {
          "schema_version": 0,
          "attributes": {
            "condition": [
              {
                "string_equals": [],
                "string_like": [],
                "string_not_equals": [],
                "string_not_like": []
              }
            ],
            "iam_role_arn": "arn:aws:iam::762595429056:role/aws-backup-service-role",
            "id": "e720b658-d548-4eef-babb-c17d2053e6c7",
            "name": "docdb-backup-selection",
            "not_resources": [],
            "plan_id": "6492c28e-81fd-415e-9333-ac4d3d22cc8d",
            "resources": [
              "arn:aws:rds:us-east-1:762595429056:cluster:docdb-cluster"
            ],
            "selection_tag": []
          },
          "sensitive_attributes": [],
          "identity_schema_version": 0,
          "private": "bnVsbA==",
          "dependencies": [
            "aws_backup_plan.docdb",
            "aws_backup_vault.docdb",
            "aws_docdb_cluster.documentdb_cluster",
            "aws_docdb_cluster_parameter_group.documentdb_params",
            "aws_docdb_subnet_group.documentdb_subnet_group",
            "aws_iam_role.backup",
            "aws_kms_key.documentdb_key",
            "aws_security_group.private_app",
            "aws_security_group.private_db",
            "aws_security_group.public_facing",
            "aws_subnet.private_db",
            "aws_subnet.private_db_1b",
            "aws_vpc.main",
            "random_password.documentdb_password"
          ]
        }
      ]
    },
    {
      "mode": "managed",
      "type": "aws_backup_vault",
      "name": "docdb",
      "provider": "provider[\"registry.terraform.io/hashicorp/aws\"]",
      "instances": [
        {
          "schema_version": 0,
          "attributes": {
            "arn": "arn:aws:backup:us-east-1:762595429056:backup-vault:docdb-backup-vault",
            "id": "docdb-backup-vault",
            "kms_key_arn": "arn:aws:kms:us-east-1:762595429056:key/6f1a0d56-bce0-4d66-9350-1065c00d300c",
            "name": "docdb-backup-vault",
            "recovery_points": 0,
            "tags": null,
            "tags_all": {}
          },
          "sensitive_attributes": [],
          "identity_schema_version": 0,
          "private": "bnVsbA==",
          "dependencies": [
            "aws_kms_key.documentdb_key"
          ]
        }
      ]
    },
    {
      "mode": "managed",
      "type": "aws_cloudfront_distribution",
      "name": "web_distribution",
      "provider": "provider[\"registry.terraform.io/hashicorp/aws\"]",
      "instances": [
        {
          "schema_version": 1,
          "attributes": {
            "aliases": [],
            "arn": "arn:aws:cloudfront::762595429056:distribution/E1TPR56DV1ESKQ",
            "caller_reference": "terraform-20260110234603721600000003",
            "comment": "CloudFront distribution for web application and static assets",
            "custom_error_response": [],
            "default_cache_behavior": [
              {
                "allowed_methods": [
                  "GET",
                  "HEAD",
                  "OPTIONS"
                ],
                "cache_policy_id": "658327ea-f89d-4fab-a63d-7e88639e58f6",
                "cached_methods": [
                  "GET",
                  "HEAD"
                ],
                "compress": false,
                "default_ttl": 0,
                "field_level_encryption_id": "",
                "forwarded_values": [],
                "function_association": [],
                "lambda_function_association": [],
                "max_ttl": 0,
                "min_ttl": 0,
                "origin_request_policy_id": "88a5eaf4-2fd4-4709-b370-b4c650ea3fcf",
                "realtime_log_config_arn": "",
                "response_headers_policy_id": "",
                "smooth_streaming": false,
                "target_origin_id": "S3-learn-lovable-product-images-bc0f2bec",
                "trusted_key_groups": [],
                "trusted_signers": [],
                "viewer_protocol_policy": "allow-all"
              }
            ],
            "default_root_object": "index.html",
            "domain_name": "d3rib6gpq3yx1a.cloudfront.net",
            "enabled": true,
            "etag": "E24TZ5K86BPROO",
            "hosted_zone_id": "Z2FDTNDATAQYW2",
            "http_version": "http2",
            "id": "E1TPR56DV1ESKQ",
            "in_progress_validation_batches": 0,
            "is_ipv6_enabled": true,
            "last_modified_time": "2026-01-10 23:46:04.037 +0000 UTC",
            "logging_config": [],
            "ordered_cache_behavior": [],
            "origin": [
              {
                "connection_attempts": 3,
                "connection_timeout": 10,
                "custom_header": [],
                "custom_origin_config": [],
                "domain_name": "learn-lovable-product-images-bc0f2bec.s3.amazonaws.com",
                "origin_id": "S3-learn-lovable-product-images-bc0f2bec",
                "origin_path": "",
                "origin_shield": [],
                "s3_origin_config": [
                  {
                    "origin_access_identity": "origin-access-identity/cloudfront/E2ZKWMYDYFD52E"
                  }
                ]
              }
            ],
            "origin_group": [],
            "price_class": "PriceClass_100",
            "restrictions": [
              {
                "geo_restriction": [
                  {
                    "locations": [],
                    "restriction_type": "none"
                  }
                ]
              }
            ],
            "retain_on_delete": false,
            "status": "Deployed",
            "tags": {},
            "tags_all": {},
            "trusted_key_groups": [
              {
                "enabled": false,
                "items": []
              }
            ],
            "trusted_signers": [
              {
                "enabled": false,
                "items": []
              }
            ],
            "viewer_certificate": [
              {
                "acm_certificate_arn": "",
                "cloudfront_default_certificate": true,
                "iam_certificate_id": "",
                "minimum_protocol_version": "TLSv1",
                "ssl_support_method": ""
              }
            ],
            "wait_for_deployment": true,
            "web_acl_id": ""
          },
          "sensitive_attributes": [],
          "identity_schema_version": 0,
          "private": "eyJzY2hlbWFfdmVyc2lvbiI6IjEifQ==",
          "dependencies": [
            "aws_cloudfront_origin_access_identity.s3_oai",
            "aws_s3_bucket.product_images",
            "aws_s3_bucket_policy.cloudfront_access",
            "random_id.suffix"
          ]
        }
      ]
    },
    {
      "mode": "managed",
      "type": "aws_cloudfront_origin_access_identity",
      "name": "s3_oai",
      "provider": "provider[\"registry.terraform.io/hashicorp/aws\"]",
      "instances": [
        {
          "schema_version": 0,
          "attributes": {
            "caller_reference": "terraform-20260110234554362400000002",
            "cloudfront_access_identity_path": "origin-access-identity/cloudfront/E2ZKWMYDYFD52E",
            "comment": "OAI for learn-lovable-product-images-bc0f2bec",
            "etag": "ETVPDKIKX0DER",
            "iam_arn": "arn:aws:iam::cloudfront:user/CloudFront Origin Access Identity E2ZKWMYDYFD52E",
            "id": "E2ZKWMYDYFD52E",
            "s3_canonical_user_id": "a17e66d564825fad9587c14dc2a90a97628d3bdc20666be28db176f8830e2d340fbf877faa2c5509b3efb64028ae9346"
          },
          "sensitive_attributes": [],
          "identity_schema_version": 0,
          "private": "bnVsbA==",
          "dependencies": [
            "aws_s3_bucket.product_images",
            "random_id.suffix"
          ]
        }
      ]
    },
    {
      "mode": "managed",
      "type": "aws_docdb_cluster",
      "name": "documentdb_cluster",
      "provider": "provider[\"registry.terraform.io/hashicorp/aws\"]",
      "instances": [
        {
          "schema_version": 0,
          "attributes": {
            "apply_immediately": null,
            "arn": "arn:aws:rds:us-east-1:762595429056:cluster:docdb-cluster",
            "availability_zones": [
              "us-east-1a",
              "us-east-1b",
              "us-east-1d"
            ],
            "backup_retention_period": 1,
            "cluster_identifier": "docdb-cluster",
            "cluster_identifier_prefix": null,
            "cluster_members": [
              "docdb-instance-1",
              "docdb-instance-2"
            ],
            "cluster_resource_id": "cluster-HDZXOOXUY5WR6OHIDTVR66DRRQ",
            "db_cluster_parameter_group_name": "docdb-params",
            "db_subnet_group_name": "docdb-sg",
            "deletion_protection": true,
            "enabled_cloudwatch_logs_exports": [
              "audit",
              "profiler"
            ],
            "endpoint": "docdb-cluster.cluster-ciru8g0kwep8.us-east-1.docdb.amazonaws.com",
            "engine": "docdb",
            "engine_version": "4.0.0",
            "final_snapshot_identifier": null,
            "global_cluster_identifier": "",
            "hosted_zone_id": "ZNKXH85TT8WVW",
            "id": "docdb-cluster",
            "kms_key_id": "arn:aws:kms:us-east-1:762595429056:key/6f1a0d56-bce0-4d66-9350-1065c00d300c",
            "master_password": "O2ezMF\u0026p!t0zgBPy",
            "master_username": "appuser",
            "port": 27017,
            "preferred_backup_window": "16:00-16:30",
            "preferred_maintenance_window": "sun:19:00-sun:19:30",
            "reader_endpoint": "docdb-cluster.cluster-ro-ciru8g0kwep8.us-east-1.docdb.amazonaws.com",
            "skip_final_snapshot": true,
            "snapshot_identifier": null,
            "storage_encrypted": true,
            "tags": {
              "Name": "docdb-cluster"
            },
            "tags_all": {
              "Name": "docdb-cluster"
            },
            "timeouts": null,
            "vpc_security_group_ids": [
              "sg-0c13be306de890a18"
            ]
          },
          "sensitive_attributes": [
            [
              {
                "type": "get_attr",
                "value": "master_password"
              }
            ]
          ],
          "identity_schema_version": 0,
          "private": "eyJlMmJmYjczMC1lY2FhLTExZTYtOGY4OC0zNDM2M2JjN2M0YzAiOnsiY3JlYXRlIjo3MjAwMDAwMDAwMDAwLCJkZWxldGUiOjcyMDAwMDAwMDAwMDAsInVwZGF0ZSI6NzIwMDAwMDAwMDAwMH19",
          "dependencies": [
            "aws_docdb_cluster_parameter_group.documentdb_params",
            "aws_docdb_subnet_group.documentdb_subnet_group",
            "aws_kms_key.documentdb_key",
            "aws_security_group.private_app",
            "aws_security_group.private_db",
            "aws_security_group.public_facing",
            "aws_subnet.private_db",
            "aws_subnet.private_db_1b",
            "aws_vpc.main",
            "random_password.documentdb_password"
          ]
        }
      ]
    },
    {
      "mode": "managed",
      "type": "aws_docdb_cluster_instance",
      "name": "documentdb_instance_1",
      "provider": "provider[\"registry.terraform.io/hashicorp/aws\"]",
      "instances": [
        {
          "index_key": 0,
          "schema_version": 0,
          "attributes": {
            "apply_immediately": null,
            "arn": "arn:aws:rds:us-east-1:762595429056:db:docdb-instance-1",
            "auto_minor_version_upgrade": true,
            "availability_zone": "us-east-1a",
            "ca_cert_identifier": "rds-ca-rsa2048-g1",
            "cluster_identifier": "docdb-cluster",
            "db_subnet_group_name": "docdb-sg",
            "dbi_resource_id": "db-2NR7J2Z77BY7TF2ICSOPFDZ3KM",
            "endpoint": "docdb-instance-1.ciru8g0kwep8.us-east-1.docdb.amazonaws.com",
            "engine": "docdb",
            "engine_version": "4.0.0",
            "id": "docdb-instance-1",
            "identifier": "docdb-instance-1",
            "identifier_prefix": null,
            "instance_class": "db.r6g.xlarge",
            "kms_key_id": "arn:aws:kms:us-east-1:762595429056:key/6f1a0d56-bce0-4d66-9350-1065c00d300c",
            "port": 27017,
            "preferred_backup_window": "16:00-16:30",
            "preferred_maintenance_window": "sun:10:29-sun:10:59",
            "promotion_tier": 0,
            "publicly_accessible": false,
            "storage_encrypted": true,
            "tags": {
              "Name": "docdb-instance-1"
            },
            "tags_all": {
              "Name": "docdb-instance-1"
            },
            "timeouts": null,
            "writer": false
          },
          "sensitive_attributes": [],
          "identity_schema_version": 0,
          "private": "eyJlMmJmYjczMC1lY2FhLTExZTYtOGY4OC0zNDM2M2JjN2M0YzAiOnsiY3JlYXRlIjo1NDAwMDAwMDAwMDAwLCJkZWxldGUiOjU0MDAwMDAwMDAwMDAsInVwZGF0ZSI6NTQwMDAwMDAwMDAwMH19",
          "dependencies": [
            "aws_docdb_cluster.documentdb_cluster",
            "aws_docdb_cluster_parameter_group.documentdb_params",
            "aws_docdb_subnet_group.documentdb_subnet_group",
            "aws_kms_key.documentdb_key",
            "aws_security_group.private_app",
            "aws_security_group.private_db",
            "aws_security_group.public_facing",
            "aws_subnet.private_db",
            "aws_subnet.private_db_1b",
            "aws_vpc.main",
            "random_password.documentdb_password"
          ]
        }
      ]
    },
    {
      "mode": "managed",
      "type": "aws_docdb_cluster_instance",
      "name": "documentdb_instance_2",
      "provider": "provider[\"registry.terraform.io/hashicorp/aws\"]",
      "instances": [
        {
          "index_key": 0,
          "schema_version": 0,
          "attributes": {
            "apply_immediately": null,
            "arn": "arn:aws:rds:us-east-1:762595429056:db:docdb-instance-2",
            "auto_minor_version_upgrade": true,
            "availability_zone": "us-east-1b",
            "ca_cert_identifier": "rds-ca-rsa2048-g1",
            "cluster_identifier": "docdb-cluster",
            "db_subnet_group_name": "docdb-sg",
            "dbi_resource_id": "db-WRX5RRSDN6QKRSX3FSC7NJ2MWY",
            "endpoint": "docdb-instance-2.ciru8g0kwep8.us-east-1.docdb.amazonaws.com",
            "engine": "docdb",
            "engine_version": "4.0.0",
            "id": "docdb-instance-2",
            "identifier": "docdb-instance-2",
            "identifier_prefix": null,
            "instance_class": "db.r6g.xlarge",
            "kms_key_id": "arn:aws:kms:us-east-1:762595429056:key/6f1a0d56-bce0-4d66-9350-1065c00d300c",
            "port": 27017,
            "preferred_backup_window": "16:00-16:30",
            "preferred_maintenance_window": "tue:09:04-tue:09:34",
            "promotion_tier": 1,
            "publicly_accessible": false,
            "storage_encrypted": true,
            "tags": {
              "Name": "docdb-instance-2"
            },
            "tags_all": {
              "Name": "docdb-instance-2"
            },
            "timeouts": null,
            "writer": true
          },
          "sensitive_attributes": [],
          "identity_schema_version": 0,
          "private": "eyJlMmJmYjczMC1lY2FhLTExZTYtOGY4OC0zNDM2M2JjN2M0YzAiOnsiY3JlYXRlIjo1NDAwMDAwMDAwMDAwLCJkZWxldGUiOjU0MDAwMDAwMDAwMDAsInVwZGF0ZSI6NTQwMDAwMDAwMDAwMH19",
          "dependencies": [
            "aws_docdb_cluster.documentdb_cluster",
            "aws_docdb_cluster_parameter_group.documentdb_params",
            "aws_docdb_subnet_group.documentdb_subnet_group",
            "aws_kms_key.documentdb_key",
            "aws_security_group.private_app",
            "aws_security_group.private_db",
            "aws_security_group.public_facing",
            "aws_subnet.private_db",
            "aws_subnet.private_db_1b",
            "aws_vpc.main",
            "random_password.documentdb_password"
          ]
        }
      ]
    },
    {
      "mode": "managed",
      "type": "aws_docdb_cluster_parameter_group",
      "name": "documentdb_params",
      "provider": "provider[\"registry.terraform.io/hashicorp/aws\"]",
      "instances": [
        {
          "schema_version": 0,
          "attributes": {
            "arn": "arn:aws:rds:us-east-1:762595429056:cluster-pg:docdb-params",
            "description": "DocumentDB parameter group",
            "family": "docdb4.0",
            "id": "docdb-params",
            "name": "docdb-params",
            "name_prefix": null,
            "parameter": [
              {
                "apply_method": "pending-reboot",
                "name": "audit_logs",
                "value": "enabled"
              },
              {
                "apply_method": "pending-reboot",
                "name": "profiler",
                "value": "enabled"
              }
            ],
            "tags": {},
            "tags_all": {}
          },
          "sensitive_attributes": [],
          "identity_schema_version": 0,
          "private": "bnVsbA=="
        }
      ]
    },
    {
      "mode": "managed",
      "type": "aws_docdb_subnet_group",
      "name": "documentdb_subnet_group",
      "provider": "provider[\"registry.terraform.io/hashicorp/aws\"]",
      "instances": [
        {
          "schema_version": 0,
          "attributes": {
            "arn": "arn:aws:rds:us-east-1:762595429056:subgrp:docdb-sg",
            "description": "DocumentDB subnet group",
            "id": "docdb-sg",
            "name": "docdb-sg",
            "name_prefix": null,
            "subnet_ids": [
              "subnet-009066dbd2df1cb8c",
              "subnet-0d98a189dc7afbcc4"
            ],
            "tags": {
              "Name": "docdb-sg"
            },
            "tags_all": {
              "Name": "docdb-sg"
            }
          },
          "sensitive_attributes": [],
          "identity_schema_version": 0,
          "private": "bnVsbA==",
          "dependencies": [
            "aws_subnet.private_db",
            "aws_subnet.private_db_1b",
            "aws_vpc.main"
          ]
        }
      ]
    },
    {
      "mode": "managed",
      "type": "aws_ecr_repository",
      "name": "nginx",
      "provider": "provider[\"registry.terraform.io/hashicorp/aws\"]",
      "instances": [
        {
          "index_key": 0,
          "schema_version": 0,
          "attributes": {
            "arn": "arn:aws:ecr:us-east-1:762595429056:repository/nginx-ecommerce",
            "encryption_configuration": [
              {
                "encryption_type": "AES256",
                "kms_key": ""
              }
            ],
            "force_delete": true,
            "id": "nginx-ecommerce",
            "image_scanning_configuration": [
              {
                "scan_on_push": true
              }
            ],
            "image_tag_mutability": "MUTABLE",
            "name": "nginx-ecommerce",
            "registry_id": "762595429056",
            "repository_url": "762595429056.dkr.ecr.us-east-1.amazonaws.com/nginx-ecommerce",
            "tags": {},
            "tags_all": {},
            "timeouts": null
          },
          "sensitive_attributes": [],
          "identity_schema_version": 0,
          "private": "eyJlMmJmYjczMC1lY2FhLTExZTYtOGY4OC0zNDM2M2JjN2M0YzAiOnsiZGVsZXRlIjoxMjAwMDAwMDAwMDAwfX0="
        }
      ]
    },
    {
      "mode": "managed",
      "type": "aws_eip",
      "name": "nat_eip",
      "provider": "provider[\"registry.terraform.io/hashicorp/aws\"]",
      "instances": [
        {
          "schema_version": 0,
          "attributes": {
            "address": null,
            "allocation_id": "eipalloc-043662f1d2b8a7d1e",
            "associate_with_private_ip": null,
            "association_id": "",
            "carrier_ip": "",
            "customer_owned_ip": "",
            "customer_owned_ipv4_pool": "",
            "domain": "vpc",
            "id": "eipalloc-043662f1d2b8a7d1e",
            "instance": "",
            "network_border_group": "us-east-1",
            "network_interface": "",
            "private_dns": null,
            "private_ip": "",
            "public_dns": "ec2-54-160-248-127.compute-1.amazonaws.com",
            "public_ip": "54.160.248.127",
            "public_ipv4_pool": "amazon",
            "tags": null,
            "tags_all": {},
            "timeouts": null,
            "vpc": true
          },
          "sensitive_attributes": [],
          "identity_schema_version": 0,
          "private": "eyJlMmJmYjczMC1lY2FhLTExZTYtOGY4OC0zNDM2M2JjN2M0YzAiOnsiZGVsZXRlIjoxODAwMDAwMDAwMDAsInJlYWQiOjkwMDAwMDAwMDAwMCwidXBkYXRlIjozMDAwMDAwMDAwMDB9fQ==",
          "dependencies": [
            "aws_internet_gateway.igw",
            "aws_vpc.main"
          ]
        }
      ]
    },
    {
      "mode": "managed",
      "type": "aws_iam_instance_profile",
      "name": "ec2_ssm_profile",
      "provider": "provider[\"registry.terraform.io/hashicorp/aws\"]",
      "instances": [
        {
          "index_key": 0,
          "schema_version": 0,
          "attributes": {
            "arn": "arn:aws:iam::762595429056:instance-profile/ec2_ssm_profile",
            "create_date": "2026-01-11T00:27:49Z",
            "id": "ec2_ssm_profile",
            "name": "ec2_ssm_profile",
            "name_prefix": null,
            "path": "/",
            "role": "ec2_ssm_role",
            "tags": {},
            "tags_all": {},
            "unique_id": "AIPA3DDR2ZLAFUU246Y5G"
          },
          "sensitive_attributes": [],
          "identity_schema_version": 0,
          "private": "bnVsbA==",
          "dependencies": [
            "aws_iam_role.ec2_ssm_role",
            "data.aws_iam_role.existing_instance_profile"
          ]
        }
      ]
    },
    {
      "mode": "managed",
      "type": "aws_iam_role",
      "name": "backup",
      "provider": "provider[\"registry.terraform.io/hashicorp/aws\"]",
      "instances": [
        {
          "schema_version": 0,
          "attributes": {
            "arn": "arn:aws:iam::762595429056:role/aws-backup-service-role",
            "assume_role_policy": "{\"Statement\":[{\"Action\":\"sts:AssumeRole\",\"Effect\":\"Allow\",\"Principal\":{\"Service\":\"backup.amazonaws.com\"}}],\"Version\":\"2012-10-17\"}",
            "create_date": "2026-01-11T00:43:31Z",
            "description": "",
            "force_detach_policies": false,
            "id": "aws-backup-service-role",
            "inline_policy": [],
            "managed_policy_arns": [],
            "max_session_duration": 3600,
            "name": "aws-backup-service-role",
            "name_prefix": "",
            "path": "/",
            "permissions_boundary": null,
            "tags": null,
            "tags_all": {},
            "unique_id": "AROA3DDR2ZLAFXOAAONTB"
          },
          "sensitive_attributes": [],
          "identity_schema_version": 0,
          "private": "bnVsbA=="
        }
      ]
    },
    {
      "mode": "managed",
      "type": "aws_iam_role",
      "name": "ec2_ssm_role",
      "provider": "provider[\"registry.terraform.io/hashicorp/aws\"]",
      "instances": [
        {
          "index_key": 0,
          "schema_version": 0,
          "attributes": {
            "arn": "arn:aws:iam::762595429056:role/ec2_ssm_role",
            "assume_role_policy": "{\"Statement\":[{\"Action\":\"sts:AssumeRole\",\"Effect\":\"Allow\",\"Principal\":{\"Service\":\"ec2.amazonaws.com\"}}],\"Version\":\"2012-10-17\"}",
            "create_date": "2026-01-10T23:45:52Z",
            "description": "",
            "force_detach_policies": false,
            "id": "ec2_ssm_role",
            "inline_policy": [],
            "managed_policy_arns": [
              "arn:aws:iam::aws:policy/AmazonSSMManagedInstanceCore"
            ],
            "max_session_duration": 3600,
            "name": "ec2_ssm_role",
            "name_prefix": "",
            "path": "/",
            "permissions_boundary": null,
            "tags": {},
            "tags_all": {},
            "unique_id": "AROA3DDR2ZLAE35D67JOW"
          },
          "sensitive_attributes": [],
          "identity_schema_version": 0,
          "private": "bnVsbA=="
        }
      ]
    },
    {
      "mode": "managed",
      "type": "aws_iam_role_policy_attachment",
      "name": "backup",
      "provider": "provider[\"registry.terraform.io/hashicorp/aws\"]",
      "instances": [
        {
          "schema_version": 0,
          "attributes": {
            "id": "aws-backup-service-role-20260111004332124900000001",
            "policy_arn": "arn:aws:iam::aws:policy/service-role/AWSBackupServiceRolePolicyForBackup",
            "role": "aws-backup-service-role"
          },
          "sensitive_attributes": [],
          "identity_schema_version": 0,
          "private": "bnVsbA==",
          "dependencies": [
            "aws_iam_role.backup"
          ]
        }
      ]
    },
    {
      "mode": "managed",
      "type": "aws_iam_role_policy_attachment",
      "name": "ssm_policy_attachment",
      "provider": "provider[\"registry.terraform.io/hashicorp/aws\"]",
      "instances": [
        {
          "schema_version": 0,
          "attributes": {
            "id": "ec2_ssm_role-20260110234553598900000001",
            "policy_arn": "arn:aws:iam::aws:policy/AmazonSSMManagedInstanceCore",
            "role": "ec2_ssm_role"
          },
          "sensitive_attributes": [],
          "identity_schema_version": 0,
          "private": "bnVsbA==",
          "dependencies": [
            "aws_iam_role.ec2_ssm_role",
            "data.aws_iam_role.existing_instance_profile"
          ]
        }
      ]
    },
    {
      "mode": "managed",
      "type": "aws_internet_gateway",
      "name": "igw",
      "provider": "provider[\"registry.terraform.io/hashicorp/aws\"]",
      "instances": [
        {
          "schema_version": 0,
          "attributes": {
            "arn": "arn:aws:ec2:us-east-1:762595429056:internet-gateway/igw-06990cb064dc64fad",
            "id": "igw-06990cb064dc64fad",
            "owner_id": "762595429056",
            "tags": {
              "Name": "main-igw"
            },
            "tags_all": {
              "Name": "main-igw"
            },
            "vpc_id": "vpc-095ddf6d8326cbfdc"
          },
          "sensitive_attributes": [],
          "identity_schema_version": 0,
          "private": "bnVsbA==",
          "dependencies": [
            "aws_vpc.main"
          ]
        }
      ]
    },
    {
      "mode": "managed",
      "type": "aws_kms_alias",
      "name": "documentdb_key_alias",
      "provider": "provider[\"registry.terraform.io/hashicorp/aws\"]",
      "instances": [
        {
          "schema_version": 0,
          "attributes": {
            "arn": "arn:aws:kms:us-east-1:762595429056:alias/documentdb-key",
            "id": "alias/documentdb-key",
            "name": "alias/documentdb-key",
            "name_prefix": "",
            "target_key_arn": "arn:aws:kms:us-east-1:762595429056:key/6f1a0d56-bce0-4d66-9350-1065c00d300c",
            "target_key_id": "6f1a0d56-bce0-4d66-9350-1065c00d300c"
          },
          "sensitive_attributes": [],
          "identity_schema_version": 0,
          "private": "bnVsbA==",
          "dependencies": [
            "aws_kms_key.documentdb_key"
          ]
        }
      ]
    },
    {
      "mode": "managed",
      "type": "aws_kms_key",
      "name": "documentdb_key",
      "provider": "provider[\"registry.terraform.io/hashicorp/aws\"]",
      "instances": [
        {
          "schema_version": 0,
          "attributes": {
            "arn": "arn:aws:kms:us-east-1:762595429056:key/6f1a0d56-bce0-4d66-9350-1065c00d300c",
            "bypass_policy_lockout_safety_check": false,
            "customer_master_key_spec": "SYMMETRIC_DEFAULT",
            "deletion_window_in_days": 7,
            "description": "KMS key for DocumentDB encryption",
            "enable_key_rotation": false,
            "id": "6f1a0d56-bce0-4d66-9350-1065c00d300c",
            "is_enabled": true,
            "key_id": "6f1a0d56-bce0-4d66-9350-1065c00d300c",
            "key_usage": "ENCRYPT_DECRYPT",
            "multi_region": false,
            "policy": "{\"Id\":\"key-default-1\",\"Statement\":[{\"Action\":\"kms:*\",\"Effect\":\"Allow\",\"Principal\":{\"AWS\":\"arn:aws:iam::762595429056:root\"},\"Resource\":\"*\",\"Sid\":\"Enable IAM User Permissions\"}],\"Version\":\"2012-10-17\"}",
            "tags": {},
            "tags_all": {}
          },
          "sensitive_attributes": [],
          "identity_schema_version": 0,
          "private": "bnVsbA=="
        }
      ]
    },
    {
      "mode": "managed",
      "type": "aws_lb",
      "name": "example",
      "provider": "provider[\"registry.terraform.io/hashicorp/aws\"]",
      "instances": [
        {
          "schema_version": 0,
          "attributes": {
            "access_logs": [
              {
                "bucket": "",
                "enabled": false,
                "prefix": ""
              }
            ],
            "arn": "arn:aws:elasticloadbalancing:us-east-1:762595429056:loadbalancer/app/example-alb/2f2e673cf0423512",
            "arn_suffix": "app/example-alb/2f2e673cf0423512",
            "customer_owned_ipv4_pool": "",
            "desync_mitigation_mode": "defensive",
            "dns_name": "example-alb-847165152.us-east-1.elb.amazonaws.com",
            "drop_invalid_header_fields": false,
            "enable_cross_zone_load_balancing": true,
            "enable_deletion_protection": false,
            "enable_http2": true,
            "enable_waf_fail_open": false,
            "id": "arn:aws:elasticloadbalancing:us-east-1:762595429056:loadbalancer/app/example-alb/2f2e673cf0423512",
            "idle_timeout": 60,
            "internal": false,
            "ip_address_type": "ipv4",
            "load_balancer_type": "application",
            "name": "example-alb",
            "name_prefix": null,
            "security_groups": [
              "sg-000720c35c1983ba3"
            ],
            "subnet_mapping": [
              {
                "allocation_id": "",
                "ipv6_address": "",
                "outpost_id": "",
                "private_ipv4_address": "",
                "subnet_id": "subnet-04c45973f2b578939"
              },
              {
                "allocation_id": "",
                "ipv6_address": "",
                "outpost_id": "",
                "private_ipv4_address": "",
                "subnet_id": "subnet-0bcbb464de40256f3"
              }
            ],
            "subnets": [
              "subnet-04c45973f2b578939",
              "subnet-0bcbb464de40256f3"
            ],
            "tags": {
              "Environment": "dev"
            },
            "tags_all": {
              "Environment": "dev"
            },
            "timeouts": null,
            "vpc_id": "vpc-095ddf6d8326cbfdc",
            "zone_id": "Z35SXDOTRQ7X7K"
          },
          "sensitive_attributes": [],
          "identity_schema_version": 0,
          "private": "eyJlMmJmYjczMC1lY2FhLTExZTYtOGY4OC0zNDM2M2JjN2M0YzAiOnsiY3JlYXRlIjo2MDAwMDAwMDAwMDAsImRlbGV0ZSI6NjAwMDAwMDAwMDAwLCJ1cGRhdGUiOjYwMDAwMDAwMDAwMH19",
          "dependencies": [
            "aws_security_group.public_facing",
            "aws_subnet.public_facing_1a",
            "aws_subnet.public_facing_1b",
            "aws_vpc.main"
          ]
        }
      ]
    },
    {
      "mode": "managed",
      "type": "aws_lb_listener",
      "name": "http",
      "provider": "provider[\"registry.terraform.io/hashicorp/aws\"]",
      "instances": [
        {
          "schema_version": 0,
          "attributes": {
            "alpn_policy": null,
            "arn": "arn:aws:elasticloadbalancing:us-east-1:762595429056:listener/app/example-alb/2f2e673cf0423512/2562059d807f14b6",
            "certificate_arn": null,
            "default_action": [
              {
                "authenticate_cognito": [],
                "authenticate_oidc": [],
                "fixed_response": [],
                "forward": [],
                "order": 1,
                "redirect": [],
                "target_group_arn": "arn:aws:elasticloadbalancing:us-east-1:762595429056:targetgroup/frontend-tg/b390750f22a0264d",
                "type": "forward"
              }
            ],
            "id": "arn:aws:elasticloadbalancing:us-east-1:762595429056:listener/app/example-alb/2f2e673cf0423512/2562059d807f14b6",
            "load_balancer_arn": "arn:aws:elasticloadbalancing:us-east-1:762595429056:loadbalancer/app/example-alb/2f2e673cf0423512",
            "port": 80,
            "protocol": "HTTP",
            "ssl_policy": "",
            "tags": {},
            "tags_all": {},
            "timeouts": null
          },
          "sensitive_attributes": [],
          "identity_schema_version": 0,
          "private": "eyJlMmJmYjczMC1lY2FhLTExZTYtOGY4OC0zNDM2M2JjN2M0YzAiOnsicmVhZCI6NjAwMDAwMDAwMDAwfX0=",
          "dependencies": [
            "aws_lb.example",
            "aws_lb_target_group.frontend",
            "aws_security_group.public_facing",
            "aws_subnet.public_facing_1a",
            "aws_subnet.public_facing_1b",
            "aws_vpc.main"
          ]
        }
      ]
    },
    {
      "mode": "managed",
      "type": "aws_lb_listener",
      "name": "https",
      "provider": "provider[\"registry.terraform.io/hashicorp/aws\"]",
      "instances": [
        {
          "schema_version": 0,
          "attributes": {
            "alpn_policy": null,
            "arn": "arn:aws:elasticloadbalancing:us-east-1:762595429056:listener/app/example-alb/2f2e673cf0423512/3fa7850275f358bb",
            "certificate_arn": "arn:aws:acm:us-east-1:762595429056:certificate/732f571a-098d-4ec8-84c0-d364fed5cd93",
            "default_action": [
              {
                "authenticate_cognito": [],
                "authenticate_oidc": [],
                "fixed_response": [
                  {
                    "content_type": "text/plain",
                    "message_body": "",
                    "status_code": "200"
                  }
                ],
                "forward": [],
                "order": 1,
                "redirect": [],
                "target_group_arn": "",
                "type": "fixed-response"
              }
            ],
            "id": "arn:aws:elasticloadbalancing:us-east-1:762595429056:listener/app/example-alb/2f2e673cf0423512/3fa7850275f358bb",
            "load_balancer_arn": "arn:aws:elasticloadbalancing:us-east-1:762595429056:loadbalancer/app/example-alb/2f2e673cf0423512",
            "port": 443,
            "protocol": "HTTPS",
            "ssl_policy": "ELBSecurityPolicy-TLS-1-2-2017-01",
            "tags": {},
            "tags_all": {},
            "timeouts": null
          },
          "sensitive_attributes": [],
          "identity_schema_version": 0,
          "private": "eyJlMmJmYjczMC1lY2FhLTExZTYtOGY4OC0zNDM2M2JjN2M0YzAiOnsicmVhZCI6NjAwMDAwMDAwMDAwfX0=",
          "dependencies": [
            "aws_lb.example",
            "aws_security_group.public_facing",
            "aws_subnet.public_facing_1a",
            "aws_subnet.public_facing_1b",
            "aws_vpc.main",
            "data.local_file.cert_arn",
            "null_resource.create_self_signed_cert"
          ]
        }
      ]
    },
    {
      "mode": "managed",
      "type": "aws_lb_listener_rule",
      "name": "ap",
      "provider": "provider[\"registry.terraform.io/hashicorp/aws\"]",
      "instances": [
        {
          "schema_version": 0,
          "attributes": {
            "action": [
              {
                "authenticate_cognito": [],
                "authenticate_oidc": [],
                "fixed_response": [],
                "forward": [],
                "order": 1,
                "redirect": [],
                "target_group_arn": "arn:aws:elasticloadbalancing:us-east-1:762595429056:targetgroup/tg-ap/61fe60ce59b61a3d",
                "type": "forward"
              }
            ],
            "arn": "arn:aws:elasticloadbalancing:us-east-1:762595429056:listener-rule/app/example-alb/2f2e673cf0423512/3fa7850275f358bb/74226c089fb0a05a",
            "condition": [
              {
                "host_header": [
                  {
                    "values": [
                      "portal.example.com"
                    ]
                  }
                ],
                "http_header": [],
                "http_request_method": [],
                "path_pattern": [],
                "query_string": [],
                "source_ip": []
              }
            ],
            "id": "arn:aws:elasticloadbalancing:us-east-1:762595429056:listener-rule/app/example-alb/2f2e673cf0423512/3fa7850275f358bb/74226c089fb0a05a",
            "listener_arn": "arn:aws:elasticloadbalancing:us-east-1:762595429056:listener/app/example-alb/2f2e673cf0423512/3fa7850275f358bb",
            "priority": 22,
            "tags": {},
            "tags_all": {}
          },
          "sensitive_attributes": [],
          "identity_schema_version": 0,
          "private": "bnVsbA==",
          "dependencies": [
            "aws_lb.example",
            "aws_lb_listener.https",
            "aws_lb_target_group.ap",
            "aws_security_group.public_facing",
            "aws_subnet.public_facing_1a",
            "aws_subnet.public_facing_1b",
            "aws_vpc.main",
            "data.local_file.cert_arn",
            "null_resource.create_self_signed_cert"
          ]
        }
      ]
    },
    {
      "mode": "managed",
      "type": "aws_lb_listener_rule",
      "name": "bc",
      "provider": "provider[\"registry.terraform.io/hashicorp/aws\"]",
      "instances": [
        {
          "schema_version": 0,
          "attributes": {
            "action": [
              {
                "authenticate_cognito": [],
                "authenticate_oidc": [],
                "fixed_response": [],
                "forward": [],
                "order": 1,
                "redirect": [],
                "target_group_arn": "arn:aws:elasticloadbalancing:us-east-1:762595429056:targetgroup/tg-bc/e788cafc34f81dbd",
                "type": "forward"
              }
            ],
            "arn": "arn:aws:elasticloadbalancing:us-east-1:762595429056:listener-rule/app/example-alb/2f2e673cf0423512/3fa7850275f358bb/e82a735ea3a0e088",
            "condition": [
              {
                "host_header": [
                  {
                    "values": [
                      "api.example.com"
                    ]
                  }
                ],
                "http_header": [],
                "http_request_method": [],
                "path_pattern": [],
                "query_string": [],
                "source_ip": []
              },
              {
                "host_header": [],
                "http_header": [],
                "http_request_method": [],
                "path_pattern": [
                  {
                    "values": [
                      "/cast/*"
                    ]
                  }
                ],
                "query_string": [],
                "source_ip": []
              }
            ],
            "id": "arn:aws:elasticloadbalancing:us-east-1:762595429056:listener-rule/app/example-alb/2f2e673cf0423512/3fa7850275f358bb/e82a735ea3a0e088",
            "listener_arn": "arn:aws:elasticloadbalancing:us-east-1:762595429056:listener/app/example-alb/2f2e673cf0423512/3fa7850275f358bb",
            "priority": 20,
            "tags": {},
            "tags_all": {}
          },
          "sensitive_attributes": [],
          "identity_schema_version": 0,
          "private": "bnVsbA==",
          "dependencies": [
            "aws_lb.example",
            "aws_lb_listener.https",
            "aws_lb_target_group.bc",
            "aws_security_group.public_facing",
            "aws_subnet.public_facing_1a",
            "aws_subnet.public_facing_1b",
            "aws_vpc.main",
            "data.local_file.cert_arn",
            "null_resource.create_self_signed_cert"
          ]
        }
      ]
    },
    {
      "mode": "managed",
      "type": "aws_lb_listener_rule",
      "name": "bm",
      "provider": "provider[\"registry.terraform.io/hashicorp/aws\"]",
      "instances": [
        {
          "schema_version": 0,
          "attributes": {
            "action": [
              {
                "authenticate_cognito": [],
                "authenticate_oidc": [],
                "fixed_response": [],
                "forward": [],
                "order": 1,
                "redirect": [],
                "target_group_arn": "arn:aws:elasticloadbalancing:us-east-1:762595429056:targetgroup/tg-bm/200be88b3bd92a6e",
                "type": "forward"
              }
            ],
            "arn": "arn:aws:elasticloadbalancing:us-east-1:762595429056:listener-rule/app/example-alb/2f2e673cf0423512/3fa7850275f358bb/b5b2b044c8c21967",
            "condition": [
              {
                "host_header": [
                  {
                    "values": [
                      "api.example.com"
                    ]
                  }
                ],
                "http_header": [],
                "http_request_method": [],
                "path_pattern": [],
                "query_string": [],
                "source_ip": []
              },
              {
                "host_header": [],
                "http_header": [],
                "http_request_method": [],
                "path_pattern": [
                  {
                    "values": [
                      "/mgmt/*"
                    ]
                  }
                ],
                "query_string": [],
                "source_ip": []
              }
            ],
            "id": "arn:aws:elasticloadbalancing:us-east-1:762595429056:listener-rule/app/example-alb/2f2e673cf0423512/3fa7850275f358bb/b5b2b044c8c21967",
            "listener_arn": "arn:aws:elasticloadbalancing:us-east-1:762595429056:listener/app/example-alb/2f2e673cf0423512/3fa7850275f358bb",
            "priority": 19,
            "tags": {},
            "tags_all": {}
          },
          "sensitive_attributes": [],
          "identity_schema_version": 0,
          "private": "bnVsbA==",
          "dependencies": [
            "aws_lb.example",
            "aws_lb_listener.https",
            "aws_lb_target_group.bm",
            "aws_security_group.public_facing",
            "aws_subnet.public_facing_1a",
            "aws_subnet.public_facing_1b",
            "aws_vpc.main",
            "data.local_file.cert_arn",
            "null_resource.create_self_signed_cert"
          ]
        }
      ]
    },
    {
      "mode": "managed",
      "type": "aws_lb_listener_rule",
      "name": "bp",
      "provider": "provider[\"registry.terraform.io/hashicorp/aws\"]",
      "instances": [
        {
          "schema_version": 0,
          "attributes": {
            "action": [
              {
                "authenticate_cognito": [],
                "authenticate_oidc": [],
                "fixed_response": [],
                "forward": [],
                "order": 1,
                "redirect": [],
                "target_group_arn": "arn:aws:elasticloadbalancing:us-east-1:762595429056:targetgroup/tg-bp/41f9c25409a9ea6f",
                "type": "forward"
              }
            ],
            "arn": "arn:aws:elasticloadbalancing:us-east-1:762595429056:listener-rule/app/example-alb/2f2e673cf0423512/3fa7850275f358bb/177355ad5f9ce990",
            "condition": [
              {
                "host_header": [
                  {
                    "values": [
                      "api.example.com"
                    ]
                  }
                ],
                "http_header": [],
                "http_request_method": [],
                "path_pattern": [],
                "query_string": [],
                "source_ip": []
              },
              {
                "host_header": [],
                "http_header": [],
                "http_request_method": [],
                "path_pattern": [
                  {
                    "values": [
                      "/proc/*"
                    ]
                  }
                ],
                "query_string": [],
                "source_ip": []
              }
            ],
            "id": "arn:aws:elasticloadbalancing:us-east-1:762595429056:listener-rule/app/example-alb/2f2e673cf0423512/3fa7850275f358bb/177355ad5f9ce990",
            "listener_arn": "arn:aws:elasticloadbalancing:us-east-1:762595429056:listener/app/example-alb/2f2e673cf0423512/3fa7850275f358bb",
            "priority": 18,
            "tags": {},
            "tags_all": {}
          },
          "sensitive_attributes": [],
          "identity_schema_version": 0,
          "private": "bnVsbA==",
          "dependencies": [
            "aws_lb.example",
            "aws_lb_listener.https",
            "aws_lb_target_group.bp",
            "aws_security_group.public_facing",
            "aws_subnet.public_facing_1a",
            "aws_subnet.public_facing_1b",
            "aws_vpc.main",
            "data.local_file.cert_arn",
            "null_resource.create_self_signed_cert"
          ]
        }
      ]
    },
    {
      "mode": "managed",
      "type": "aws_lb_listener_rule",
      "name": "ct",
      "provider": "provider[\"registry.terraform.io/hashicorp/aws\"]",
      "instances": [
        {
          "schema_version": 0,
          "attributes": {
            "action": [
              {
                "authenticate_cognito": [],
                "authenticate_oidc": [],
                "fixed_response": [],
                "forward": [],
                "order": 1,
                "redirect": [],
                "target_group_arn": "arn:aws:elasticloadbalancing:us-east-1:762595429056:targetgroup/tg-ct/3272c4a76bd22ee0",
                "type": "forward"
              }
            ],
            "arn": "arn:aws:elasticloadbalancing:us-east-1:762595429056:listener-rule/app/example-alb/2f2e673cf0423512/3fa7850275f358bb/af8b202b824e7533",
            "condition": [
              {
                "host_header": [
                  {
                    "values": [
                      "api.example.com"
                    ]
                  }
                ],
                "http_header": [],
                "http_request_method": [],
                "path_pattern": [],
                "query_string": [],
                "source_ip": []
              },
              {
                "host_header": [],
                "http_header": [],
                "http_request_method": [],
                "path_pattern": [
                  {
                    "values": [
                      "/ct/*"
                    ]
                  }
                ],
                "query_string": [],
                "source_ip": []
              }
            ],
            "id": "arn:aws:elasticloadbalancing:us-east-1:762595429056:listener-rule/app/example-alb/2f2e673cf0423512/3fa7850275f358bb/af8b202b824e7533",
            "listener_arn": "arn:aws:elasticloadbalancing:us-east-1:762595429056:listener/app/example-alb/2f2e673cf0423512/3fa7850275f358bb",
            "priority": 23,
            "tags": {},
            "tags_all": {}
          },
          "sensitive_attributes": [],
          "identity_schema_version": 0,
          "private": "bnVsbA==",
          "dependencies": [
            "aws_lb.example",
            "aws_lb_listener.https",
            "aws_lb_target_group.ct",
            "aws_security_group.public_facing",
            "aws_subnet.public_facing_1a",
            "aws_subnet.public_facing_1b",
            "aws_vpc.main",
            "data.local_file.cert_arn",
            "null_resource.create_self_signed_cert"
          ]
        }
      ]
    },
    {
      "mode": "managed",
      "type": "aws_lb_listener_rule",
      "name": "fc",
      "provider": "provider[\"registry.terraform.io/hashicorp/aws\"]",
      "instances": [
        {
          "schema_version": 0,
          "attributes": {
            "action": [
              {
                "authenticate_cognito": [],
                "authenticate_oidc": [],
                "fixed_response": [],
                "forward": [],
                "order": 1,
                "redirect": [],
                "target_group_arn": "arn:aws:elasticloadbalancing:us-east-1:762595429056:targetgroup/tg-fc/35263cf193331e5b",
                "type": "forward"
              }
            ],
            "arn": "arn:aws:elasticloadbalancing:us-east-1:762595429056:listener-rule/app/example-alb/2f2e673cf0423512/3fa7850275f358bb/abe041304fb4c9c8",
            "condition": [
              {
                "host_header": [
                  {
                    "values": [
                      "api.example.com"
                    ]
                  }
                ],
                "http_header": [],
                "http_request_method": [],
                "path_pattern": [],
                "query_string": [],
                "source_ip": []
              },
              {
                "host_header": [],
                "http_header": [],
                "http_request_method": [],
                "path_pattern": [
                  {
                    "values": [
                      "/fac/*"
                    ]
                  }
                ],
                "query_string": [],
                "source_ip": []
              }
            ],
            "id": "arn:aws:elasticloadbalancing:us-east-1:762595429056:listener-rule/app/example-alb/2f2e673cf0423512/3fa7850275f358bb/abe041304fb4c9c8",
            "listener_arn": "arn:aws:elasticloadbalancing:us-east-1:762595429056:listener/app/example-alb/2f2e673cf0423512/3fa7850275f358bb",
            "priority": 16,
            "tags": {},
            "tags_all": {}
          },
          "sensitive_attributes": [],
          "identity_schema_version": 0,
          "private": "bnVsbA==",
          "dependencies": [
            "aws_lb.example",
            "aws_lb_listener.https",
            "aws_lb_target_group.fc",
            "aws_security_group.public_facing",
            "aws_subnet.public_facing_1a",
            "aws_subnet.public_facing_1b",
            "aws_vpc.main",
            "data.local_file.cert_arn",
            "null_resource.create_self_signed_cert"
          ]
        }
      ]
    },
    {
      "mode": "managed",
      "type": "aws_lb_listener_rule",
      "name": "kb",
      "provider": "provider[\"registry.terraform.io/hashicorp/aws\"]",
      "instances": [
        {
          "schema_version": 0,
          "attributes": {
            "action": [
              {
                "authenticate_cognito": [],
                "authenticate_oidc": [],
                "fixed_response": [],
                "forward": [],
                "order": 1,
                "redirect": [],
                "target_group_arn": "arn:aws:elasticloadbalancing:us-east-1:762595429056:targetgroup/tg-kb/869375331d236cb7",
                "type": "forward"
              }
            ],
            "arn": "arn:aws:elasticloadbalancing:us-east-1:762595429056:listener-rule/app/example-alb/2f2e673cf0423512/3fa7850275f358bb/17a9ddf8a8d62f67",
            "condition": [
              {
                "host_header": [
                  {
                    "values": [
                      "api.example.com"
                    ]
                  }
                ],
                "http_header": [],
                "http_request_method": [],
                "path_pattern": [],
                "query_string": [],
                "source_ip": []
              },
              {
                "host_header": [],
                "http_header": [],
                "http_request_method": [],
                "path_pattern": [
                  {
                    "values": [
                      "/kb/*"
                    ]
                  }
                ],
                "query_string": [],
                "source_ip": []
              }
            ],
            "id": "arn:aws:elasticloadbalancing:us-east-1:762595429056:listener-rule/app/example-alb/2f2e673cf0423512/3fa7850275f358bb/17a9ddf8a8d62f67",
            "listener_arn": "arn:aws:elasticloadbalancing:us-east-1:762595429056:listener/app/example-alb/2f2e673cf0423512/3fa7850275f358bb",
            "priority": 15,
            "tags": {},
            "tags_all": {}
          },
          "sensitive_attributes": [],
          "identity_schema_version": 0,
          "private": "bnVsbA==",
          "dependencies": [
            "aws_lb.example",
            "aws_lb_listener.https",
            "aws_lb_target_group.kb",
            "aws_security_group.public_facing",
            "aws_subnet.public_facing_1a",
            "aws_subnet.public_facing_1b",
            "aws_vpc.main",
            "data.local_file.cert_arn",
            "null_resource.create_self_signed_cert"
          ]
        }
      ]
    },
    {
      "mode": "managed",
      "type": "aws_lb_listener_rule",
      "name": "qr",
      "provider": "provider[\"registry.terraform.io/hashicorp/aws\"]",
      "instances": [
        {
          "schema_version": 0,
          "attributes": {
            "action": [
              {
                "authenticate_cognito": [],
                "authenticate_oidc": [],
                "fixed_response": [],
                "forward": [],
                "order": 1,
                "redirect": [],
                "target_group_arn": "arn:aws:elasticloadbalancing:us-east-1:762595429056:targetgroup/tg-qr/9148b94c0fd2f005",
                "type": "forward"
              }
            ],
            "arn": "arn:aws:elasticloadbalancing:us-east-1:762595429056:listener-rule/app/example-alb/2f2e673cf0423512/3fa7850275f358bb/7dd1d5490547998e",
            "condition": [
              {
                "host_header": [
                  {
                    "values": [
                      "api.example.com"
                    ]
                  }
                ],
                "http_header": [],
                "http_request_method": [],
                "path_pattern": [],
                "query_string": [],
                "source_ip": []
              },
              {
                "host_header": [],
                "http_header": [],
                "http_request_method": [],
                "path_pattern": [
                  {
                    "values": [
                      "/qr/*"
                    ]
                  }
                ],
                "query_string": [],
                "source_ip": []
              }
            ],
            "id": "arn:aws:elasticloadbalancing:us-east-1:762595429056:listener-rule/app/example-alb/2f2e673cf0423512/3fa7850275f358bb/7dd1d5490547998e",
            "listener_arn": "arn:aws:elasticloadbalancing:us-east-1:762595429056:listener/app/example-alb/2f2e673cf0423512/3fa7850275f358bb",
            "priority": 13,
            "tags": {},
            "tags_all": {}
          },
          "sensitive_attributes": [],
          "identity_schema_version": 0,
          "private": "bnVsbA==",
          "dependencies": [
            "aws_lb.example",
            "aws_lb_listener.https",
            "aws_lb_target_group.qr",
            "aws_security_group.public_facing",
            "aws_subnet.public_facing_1a",
            "aws_subnet.public_facing_1b",
            "aws_vpc.main",
            "data.local_file.cert_arn",
            "null_resource.create_self_signed_cert"
          ]
        }
      ]
    },
    {
      "mode": "managed",
      "type": "aws_lb_listener_rule",
      "name": "redirect",
      "provider": "provider[\"registry.terraform.io/hashicorp/aws\"]",
      "instances": [
        {
          "schema_version": 0,
          "attributes": {
            "action": [
              {
                "authenticate_cognito": [],
                "authenticate_oidc": [],
                "fixed_response": [],
                "forward": [],
                "order": 1,
                "redirect": [
                  {
                    "host": "api.example.com",
                    "path": "/proc/#{path}",
                    "port": "443",
                    "protocol": "HTTPS",
                    "query": "#{query}",
                    "status_code": "HTTP_301"
                  }
                ],
                "target_group_arn": "",
                "type": "redirect"
              }
            ],
            "arn": "arn:aws:elasticloadbalancing:us-east-1:762595429056:listener-rule/app/example-alb/2f2e673cf0423512/3fa7850275f358bb/94620c6b546877e0",
            "condition": [
              {
                "host_header": [
                  {
                    "values": [
                      "api.example.com"
                    ]
                  }
                ],
                "http_header": [],
                "http_request_method": [],
                "path_pattern": [],
                "query_string": [],
                "source_ip": []
              },
              {
                "host_header": [],
                "http_header": [],
                "http_request_method": [],
                "path_pattern": [
                  {
                    "values": [
                      "/link/*"
                    ]
                  }
                ],
                "query_string": [],
                "source_ip": []
              }
            ],
            "id": "arn:aws:elasticloadbalancing:us-east-1:762595429056:listener-rule/app/example-alb/2f2e673cf0423512/3fa7850275f358bb/94620c6b546877e0",
            "listener_arn": "arn:aws:elasticloadbalancing:us-east-1:762595429056:listener/app/example-alb/2f2e673cf0423512/3fa7850275f358bb",
            "priority": 21,
            "tags": {},
            "tags_all": {}
          },
          "sensitive_attributes": [],
          "identity_schema_version": 0,
          "private": "bnVsbA==",
          "dependencies": [
            "aws_lb.example",
            "aws_lb_listener.https",
            "aws_security_group.public_facing",
            "aws_subnet.public_facing_1a",
            "aws_subnet.public_facing_1b",
            "aws_vpc.main",
            "data.local_file.cert_arn",
            "null_resource.create_self_signed_cert"
          ]
        }
      ]
    },
    {
      "mode": "managed",
      "type": "aws_lb_listener_rule",
      "name": "sc",
      "provider": "provider[\"registry.terraform.io/hashicorp/aws\"]",
      "instances": [
        {
          "schema_version": 0,
          "attributes": {
            "action": [
              {
                "authenticate_cognito": [],
                "authenticate_oidc": [],
                "fixed_response": [],
                "forward": [],
                "order": 1,
                "redirect": [],
                "target_group_arn": "arn:aws:elasticloadbalancing:us-east-1:762595429056:targetgroup/tg-sc/05cabe225f823076",
                "type": "forward"
              }
            ],
            "arn": "arn:aws:elasticloadbalancing:us-east-1:762595429056:listener-rule/app/example-alb/2f2e673cf0423512/3fa7850275f358bb/0847cdd115eedfa3",
            "condition": [
              {
                "host_header": [
                  {
                    "values": [
                      "api.example.com"
                    ]
                  }
                ],
                "http_header": [],
                "http_request_method": [],
                "path_pattern": [],
                "query_string": [],
                "source_ip": []
              },
              {
                "host_header": [],
                "http_header": [],
                "http_request_method": [],
                "path_pattern": [
                  {
                    "values": [
                      "/sched/*"
                    ]
                  }
                ],
                "query_string": [],
                "source_ip": []
              }
            ],
            "id": "arn:aws:elasticloadbalancing:us-east-1:762595429056:listener-rule/app/example-alb/2f2e673cf0423512/3fa7850275f358bb/0847cdd115eedfa3",
            "listener_arn": "arn:aws:elasticloadbalancing:us-east-1:762595429056:listener/app/example-alb/2f2e673cf0423512/3fa7850275f358bb",
            "priority": 12,
            "tags": {},
            "tags_all": {}
          },
          "sensitive_attributes": [],
          "identity_schema_version": 0,
          "private": "bnVsbA==",
          "dependencies": [
            "aws_lb.example",
            "aws_lb_listener.https",
            "aws_lb_target_group.sc",
            "aws_security_group.public_facing",
            "aws_subnet.public_facing_1a",
            "aws_subnet.public_facing_1b",
            "aws_vpc.main",
            "data.local_file.cert_arn",
            "null_resource.create_self_signed_cert"
          ]
        }
      ]
    },
    {
      "mode": "managed",
      "type": "aws_lb_listener_rule",
      "name": "sp",
      "provider": "provider[\"registry.terraform.io/hashicorp/aws\"]",
      "instances": [
        {
          "schema_version": 0,
          "attributes": {
            "action": [
              {
                "authenticate_cognito": [],
                "authenticate_oidc": [],
                "fixed_response": [],
                "forward": [],
                "order": 1,
                "redirect": [],
                "target_group_arn": "arn:aws:elasticloadbalancing:us-east-1:762595429056:targetgroup/tg-sp/26dcd06f0ffa429a",
                "type": "forward"
              }
            ],
            "arn": "arn:aws:elasticloadbalancing:us-east-1:762595429056:listener-rule/app/example-alb/2f2e673cf0423512/3fa7850275f358bb/272dd4d27a1957d4",
            "condition": [
              {
                "host_header": [
                  {
                    "values": [
                      "api.example.com"
                    ]
                  }
                ],
                "http_header": [],
                "http_request_method": [],
                "path_pattern": [],
                "query_string": [],
                "source_ip": []
              },
              {
                "host_header": [],
                "http_header": [],
                "http_request_method": [],
                "path_pattern": [
                  {
                    "values": [
                      "/auth/*"
                    ]
                  }
                ],
                "query_string": [],
                "source_ip": []
              }
            ],
            "id": "arn:aws:elasticloadbalancing:us-east-1:762595429056:listener-rule/app/example-alb/2f2e673cf0423512/3fa7850275f358bb/272dd4d27a1957d4",
            "listener_arn": "arn:aws:elasticloadbalancing:us-east-1:762595429056:listener/app/example-alb/2f2e673cf0423512/3fa7850275f358bb",
            "priority": 1,
            "tags": {},
            "tags_all": {}
          },
          "sensitive_attributes": [],
          "identity_schema_version": 0,
          "private": "bnVsbA==",
          "dependencies": [
            "aws_lb.example",
            "aws_lb_listener.https",
            "aws_lb_target_group.sp",
            "aws_security_group.public_facing",
            "aws_subnet.public_facing_1a",
            "aws_subnet.public_facing_1b",
            "aws_vpc.main",
            "data.local_file.cert_arn",
            "null_resource.create_self_signed_cert"
          ]
        }
      ]
    },
    {
      "mode": "managed",
      "type": "aws_lb_listener_rule",
      "name": "tk",
      "provider": "provider[\"registry.terraform.io/hashicorp/aws\"]",
      "instances": [
        {
          "schema_version": 0,
          "attributes": {
            "action": [
              {
                "authenticate_cognito": [],
                "authenticate_oidc": [],
                "fixed_response": [],
                "forward": [],
                "order": 1,
                "redirect": [],
                "target_group_arn": "arn:aws:elasticloadbalancing:us-east-1:762595429056:targetgroup/tg-tk/c65143981a98a884",
                "type": "forward"
              }
            ],
            "arn": "arn:aws:elasticloadbalancing:us-east-1:762595429056:listener-rule/app/example-alb/2f2e673cf0423512/3fa7850275f358bb/22b8070974c5ca01",
            "condition": [
              {
                "host_header": [
                  {
                    "values": [
                      "api.example.com"
                    ]
                  }
                ],
                "http_header": [],
                "http_request_method": [],
                "path_pattern": [],
                "query_string": [],
                "source_ip": []
              },
              {
                "host_header": [],
                "http_header": [],
                "http_request_method": [],
                "path_pattern": [
                  {
                    "values": [
                      "/tkt/*"
                    ]
                  }
                ],
                "query_string": [],
                "source_ip": []
              }
            ],
            "id": "arn:aws:elasticloadbalancing:us-east-1:762595429056:listener-rule/app/example-alb/2f2e673cf0423512/3fa7850275f358bb/22b8070974c5ca01",
            "listener_arn": "arn:aws:elasticloadbalancing:us-east-1:762595429056:listener/app/example-alb/2f2e673cf0423512/3fa7850275f358bb",
            "priority": 11,
            "tags": {},
            "tags_all": {}
          },
          "sensitive_attributes": [],
          "identity_schema_version": 0,
          "private": "bnVsbA==",
          "dependencies": [
            "aws_lb.example",
            "aws_lb_listener.https",
            "aws_lb_target_group.tk",
            "aws_security_group.public_facing",
            "aws_subnet.public_facing_1a",
            "aws_subnet.public_facing_1b",
            "aws_vpc.main",
            "data.local_file.cert_arn",
            "null_resource.create_self_signed_cert"
          ]
        }
      ]
    },
    {
      "mode": "managed",
      "type": "aws_lb_target_group",
      "name": "ap",
      "provider": "provider[\"registry.terraform.io/hashicorp/aws\"]",
      "instances": [
        {
          "schema_version": 0,
          "attributes": {
            "arn": "arn:aws:elasticloadbalancing:us-east-1:762595429056:targetgroup/tg-ap/61fe60ce59b61a3d",
            "arn_suffix": "targetgroup/tg-ap/61fe60ce59b61a3d",
            "connection_termination": false,
            "deregistration_delay": "300",
            "health_check": [
              {
                "enabled": true,
                "healthy_threshold": 3,
                "interval": 30,
                "matcher": "200",
                "path": "/health",
                "port": "traffic-port",
                "protocol": "HTTP",
                "timeout": 5,
                "unhealthy_threshold": 3
              }
            ],
            "id": "arn:aws:elasticloadbalancing:us-east-1:762595429056:targetgroup/tg-ap/61fe60ce59b61a3d",
            "lambda_multi_value_headers_enabled": false,
            "load_balancing_algorithm_type": "round_robin",
            "name": "tg-ap",
            "name_prefix": null,
            "port": 443,
            "preserve_client_ip": null,
            "protocol": "HTTPS",
            "protocol_version": "HTTP1",
            "proxy_protocol_v2": false,
            "slow_start": 0,
            "stickiness": [
              {
                "cookie_duration": 86400,
                "cookie_name": "",
                "enabled": false,
                "type": "lb_cookie"
              }
            ],
            "tags": {},
            "tags_all": {},
            "target_type": "instance",
            "vpc_id": "vpc-095ddf6d8326cbfdc"
          },
          "sensitive_attributes": [],
          "identity_schema_version": 0,
          "private": "bnVsbA==",
          "dependencies": [
            "aws_vpc.main"
          ]
        }
      ]
    },
    {
      "mode": "managed",
      "type": "aws_lb_target_group",
      "name": "bc",
      "provider": "provider[\"registry.terraform.io/hashicorp/aws\"]",
      "instances": [
        {
          "schema_version": 0,
          "attributes": {
            "arn": "arn:aws:elasticloadbalancing:us-east-1:762595429056:targetgroup/tg-bc/e788cafc34f81dbd",
            "arn_suffix": "targetgroup/tg-bc/e788cafc34f81dbd",
            "connection_termination": false,
            "deregistration_delay": "300",
            "health_check": [
              {
                "enabled": true,
                "healthy_threshold": 3,
                "interval": 30,
                "matcher": "200",
                "path": "/cast/health",
                "port": "traffic-port",
                "protocol": "HTTP",
                "timeout": 5,
                "unhealthy_threshold": 3
              }
            ],
            "id": "arn:aws:elasticloadbalancing:us-east-1:762595429056:targetgroup/tg-bc/e788cafc34f81dbd",
            "lambda_multi_value_headers_enabled": false,
            "load_balancing_algorithm_type": "round_robin",
            "name": "tg-bc",
            "name_prefix": null,
            "port": 443,
            "preserve_client_ip": null,
            "protocol": "HTTPS",
            "protocol_version": "HTTP1",
            "proxy_protocol_v2": false,
            "slow_start": 0,
            "stickiness": [
              {
                "cookie_duration": 86400,
                "cookie_name": "",
                "enabled": false,
                "type": "lb_cookie"
              }
            ],
            "tags": {},
            "tags_all": {},
            "target_type": "instance",
            "vpc_id": "vpc-095ddf6d8326cbfdc"
          },
          "sensitive_attributes": [],
          "identity_schema_version": 0,
          "private": "bnVsbA==",
          "dependencies": [
            "aws_vpc.main"
          ]
        }
      ]
    },
    {
      "mode": "managed",
      "type": "aws_lb_target_group",
      "name": "bm",
      "provider": "provider[\"registry.terraform.io/hashicorp/aws\"]",
      "instances": [
        {
          "schema_version": 0,
          "attributes": {
            "arn": "arn:aws:elasticloadbalancing:us-east-1:762595429056:targetgroup/tg-bm/200be88b3bd92a6e",
            "arn_suffix": "targetgroup/tg-bm/200be88b3bd92a6e",
            "connection_termination": false,
            "deregistration_delay": "300",
            "health_check": [
              {
                "enabled": true,
                "healthy_threshold": 3,
                "interval": 30,
                "matcher": "200",
                "path": "/mgmt/health",
                "port": "traffic-port",
                "protocol": "HTTP",
                "timeout": 5,
                "unhealthy_threshold": 3
              }
            ],
            "id": "arn:aws:elasticloadbalancing:us-east-1:762595429056:targetgroup/tg-bm/200be88b3bd92a6e",
            "lambda_multi_value_headers_enabled": false,
            "load_balancing_algorithm_type": "round_robin",
            "name": "tg-bm",
            "name_prefix": null,
            "port": 443,
            "preserve_client_ip": null,
            "protocol": "HTTPS",
            "protocol_version": "HTTP1",
            "proxy_protocol_v2": false,
            "slow_start": 0,
            "stickiness": [
              {
                "cookie_duration": 86400,
                "cookie_name": "",
                "enabled": false,
                "type": "lb_cookie"
              }
            ],
            "tags": {},
            "tags_all": {},
            "target_type": "instance",
            "vpc_id": "vpc-095ddf6d8326cbfdc"
          },
          "sensitive_attributes": [],
          "identity_schema_version": 0,
          "private": "bnVsbA==",
          "dependencies": [
            "aws_vpc.main"
          ]
        }
      ]
    },
    {
      "mode": "managed",
      "type": "aws_lb_target_group",
      "name": "bp",
      "provider": "provider[\"registry.terraform.io/hashicorp/aws\"]",
      "instances": [
        {
          "schema_version": 0,
          "attributes": {
            "arn": "arn:aws:elasticloadbalancing:us-east-1:762595429056:targetgroup/tg-bp/41f9c25409a9ea6f",
            "arn_suffix": "targetgroup/tg-bp/41f9c25409a9ea6f",
            "connection_termination": false,
            "deregistration_delay": "300",
            "health_check": [
              {
                "enabled": true,
                "healthy_threshold": 3,
                "interval": 30,
                "matcher": "200",
                "path": "/proc/health",
                "port": "traffic-port",
                "protocol": "HTTP",
                "timeout": 5,
                "unhealthy_threshold": 3
              }
            ],
            "id": "arn:aws:elasticloadbalancing:us-east-1:762595429056:targetgroup/tg-bp/41f9c25409a9ea6f",
            "lambda_multi_value_headers_enabled": false,
            "load_balancing_algorithm_type": "round_robin",
            "name": "tg-bp",
            "name_prefix": null,
            "port": 443,
            "preserve_client_ip": null,
            "protocol": "HTTPS",
            "protocol_version": "HTTP1",
            "proxy_protocol_v2": false,
            "slow_start": 0,
            "stickiness": [
              {
                "cookie_duration": 86400,
                "cookie_name": "",
                "enabled": false,
                "type": "lb_cookie"
              }
            ],
            "tags": {},
            "tags_all": {},
            "target_type": "instance",
            "vpc_id": "vpc-095ddf6d8326cbfdc"
          },
          "sensitive_attributes": [],
          "identity_schema_version": 0,
          "private": "bnVsbA==",
          "dependencies": [
            "aws_vpc.main"
          ]
        }
      ]
    },
    {
      "mode": "managed",
      "type": "aws_lb_target_group",
      "name": "ct",
      "provider": "provider[\"registry.terraform.io/hashicorp/aws\"]",
      "instances": [
        {
          "schema_version": 0,
          "attributes": {
            "arn": "arn:aws:elasticloadbalancing:us-east-1:762595429056:targetgroup/tg-ct/3272c4a76bd22ee0",
            "arn_suffix": "targetgroup/tg-ct/3272c4a76bd22ee0",
            "connection_termination": false,
            "deregistration_delay": "300",
            "health_check": [
              {
                "enabled": true,
                "healthy_threshold": 3,
                "interval": 30,
                "matcher": "200",
                "path": "/ct/health",
                "port": "traffic-port",
                "protocol": "HTTP",
                "timeout": 5,
                "unhealthy_threshold": 3
              }
            ],
            "id": "arn:aws:elasticloadbalancing:us-east-1:762595429056:targetgroup/tg-ct/3272c4a76bd22ee0",
            "lambda_multi_value_headers_enabled": false,
            "load_balancing_algorithm_type": "round_robin",
            "name": "tg-ct",
            "name_prefix": null,
            "port": 443,
            "preserve_client_ip": null,
            "protocol": "HTTPS",
            "protocol_version": "HTTP1",
            "proxy_protocol_v2": false,
            "slow_start": 0,
            "stickiness": [
              {
                "cookie_duration": 86400,
                "cookie_name": "",
                "enabled": false,
                "type": "lb_cookie"
              }
            ],
            "tags": {},
            "tags_all": {},
            "target_type": "instance",
            "vpc_id": "vpc-095ddf6d8326cbfdc"
          },
          "sensitive_attributes": [],
          "identity_schema_version": 0,
          "private": "bnVsbA==",
          "dependencies": [
            "aws_vpc.main"
          ]
        }
      ]
    },
    {
      "mode": "managed",
      "type": "aws_lb_target_group",
      "name": "fc",
      "provider": "provider[\"registry.terraform.io/hashicorp/aws\"]",
      "instances": [
        {
          "schema_version": 0,
          "attributes": {
            "arn": "arn:aws:elasticloadbalancing:us-east-1:762595429056:targetgroup/tg-fc/35263cf193331e5b",
            "arn_suffix": "targetgroup/tg-fc/35263cf193331e5b",
            "connection_termination": false,
            "deregistration_delay": "300",
            "health_check": [
              {
                "enabled": true,
                "healthy_threshold": 3,
                "interval": 30,
                "matcher": "200",
                "path": "/fac/health",
                "port": "traffic-port",
                "protocol": "HTTP",
                "timeout": 5,
                "unhealthy_threshold": 3
              }
            ],
            "id": "arn:aws:elasticloadbalancing:us-east-1:762595429056:targetgroup/tg-fc/35263cf193331e5b",
            "lambda_multi_value_headers_enabled": false,
            "load_balancing_algorithm_type": "round_robin",
            "name": "tg-fc",
            "name_prefix": null,
            "port": 443,
            "preserve_client_ip": null,
            "protocol": "HTTPS",
            "protocol_version": "HTTP1",
            "proxy_protocol_v2": false,
            "slow_start": 0,
            "stickiness": [
              {
                "cookie_duration": 86400,
                "cookie_name": "",
                "enabled": false,
                "type": "lb_cookie"
              }
            ],
            "tags": {},
            "tags_all": {},
            "target_type": "instance",
            "vpc_id": "vpc-095ddf6d8326cbfdc"
          },
          "sensitive_attributes": [],
          "identity_schema_version": 0,
          "private": "bnVsbA==",
          "dependencies": [
            "aws_vpc.main"
          ]
        }
      ]
    },
    {
      "mode": "managed",
      "type": "aws_lb_target_group",
      "name": "frontend",
      "provider": "provider[\"registry.terraform.io/hashicorp/aws\"]",
      "instances": [
        {
          "schema_version": 0,
          "attributes": {
            "arn": "arn:aws:elasticloadbalancing:us-east-1:762595429056:targetgroup/frontend-tg/b390750f22a0264d",
            "arn_suffix": "targetgroup/frontend-tg/b390750f22a0264d",
            "connection_termination": false,
            "deregistration_delay": "300",
            "health_check": [
              {
                "enabled": true,
                "healthy_threshold": 5,
                "interval": 30,
                "matcher": "200",
                "path": "/",
                "port": "traffic-port",
                "protocol": "HTTP",
                "timeout": 5,
                "unhealthy_threshold": 2
              }
            ],
            "id": "arn:aws:elasticloadbalancing:us-east-1:762595429056:targetgroup/frontend-tg/b390750f22a0264d",
            "lambda_multi_value_headers_enabled": false,
            "load_balancing_algorithm_type": "round_robin",
            "name": "frontend-tg",
            "name_prefix": null,
            "port": 80,
            "preserve_client_ip": null,
            "protocol": "HTTP",
            "protocol_version": "HTTP1",
            "proxy_protocol_v2": false,
            "slow_start": 0,
            "stickiness": [
              {
                "cookie_duration": 86400,
                "cookie_name": "",
                "enabled": false,
                "type": "lb_cookie"
              }
            ],
            "tags": {},
            "tags_all": {},
            "target_type": "instance",
            "vpc_id": "vpc-095ddf6d8326cbfdc"
          },
          "sensitive_attributes": [],
          "identity_schema_version": 0,
          "private": "bnVsbA==",
          "dependencies": [
            "aws_vpc.main"
          ]
        }
      ]
    },
    {
      "mode": "managed",
      "type": "aws_lb_target_group",
      "name": "kb",
      "provider": "provider[\"registry.terraform.io/hashicorp/aws\"]",
      "instances": [
        {
          "schema_version": 0,
          "attributes": {
            "arn": "arn:aws:elasticloadbalancing:us-east-1:762595429056:targetgroup/tg-kb/869375331d236cb7",
            "arn_suffix": "targetgroup/tg-kb/869375331d236cb7",
            "connection_termination": false,
            "deregistration_delay": "300",
            "health_check": [
              {
                "enabled": true,
                "healthy_threshold": 3,
                "interval": 30,
                "matcher": "200",
                "path": "/kb/health",
                "port": "traffic-port",
                "protocol": "HTTP",
                "timeout": 5,
                "unhealthy_threshold": 3
              }
            ],
            "id": "arn:aws:elasticloadbalancing:us-east-1:762595429056:targetgroup/tg-kb/869375331d236cb7",
            "lambda_multi_value_headers_enabled": false,
            "load_balancing_algorithm_type": "round_robin",
            "name": "tg-kb",
            "name_prefix": null,
            "port": 443,
            "preserve_client_ip": null,
            "protocol": "HTTPS",
            "protocol_version": "HTTP1",
            "proxy_protocol_v2": false,
            "slow_start": 0,
            "stickiness": [
              {
                "cookie_duration": 86400,
                "cookie_name": "",
                "enabled": false,
                "type": "lb_cookie"
              }
            ],
            "tags": {},
            "tags_all": {},
            "target_type": "instance",
            "vpc_id": "vpc-095ddf6d8326cbfdc"
          },
          "sensitive_attributes": [],
          "identity_schema_version": 0,
          "private": "bnVsbA==",
          "dependencies": [
            "aws_vpc.main"
          ]
        }
      ]
    },
    {
      "mode": "managed",
      "type": "aws_lb_target_group",
      "name": "qr",
      "provider": "provider[\"registry.terraform.io/hashicorp/aws\"]",
      "instances": [
        {
          "schema_version": 0,
          "attributes": {
            "arn": "arn:aws:elasticloadbalancing:us-east-1:762595429056:targetgroup/tg-qr/9148b94c0fd2f005",
            "arn_suffix": "targetgroup/tg-qr/9148b94c0fd2f005",
            "connection_termination": false,
            "deregistration_delay": "300",
            "health_check": [
              {
                "enabled": true,
                "healthy_threshold": 3,
                "interval": 30,
                "matcher": "200",
                "path": "/qr/health",
                "port": "traffic-port",
                "protocol": "HTTP",
                "timeout": 5,
                "unhealthy_threshold": 3
              }
            ],
            "id": "arn:aws:elasticloadbalancing:us-east-1:762595429056:targetgroup/tg-qr/9148b94c0fd2f005",
            "lambda_multi_value_headers_enabled": false,
            "load_balancing_algorithm_type": "round_robin",
            "name": "tg-qr",
            "name_prefix": null,
            "port": 443,
            "preserve_client_ip": null,
            "protocol": "HTTPS",
            "protocol_version": "HTTP1",
            "proxy_protocol_v2": false,
            "slow_start": 0,
            "stickiness": [
              {
                "cookie_duration": 86400,
                "cookie_name": "",
                "enabled": false,
                "type": "lb_cookie"
              }
            ],
            "tags": {},
            "tags_all": {},
            "target_type": "instance",
            "vpc_id": "vpc-095ddf6d8326cbfdc"
          },
          "sensitive_attributes": [],
          "identity_schema_version": 0,
          "private": "bnVsbA==",
          "dependencies": [
            "aws_vpc.main"
          ]
        }
      ]
    },
    {
      "mode": "managed",
      "type": "aws_lb_target_group",
      "name": "sc",
      "provider": "provider[\"registry.terraform.io/hashicorp/aws\"]",
      "instances": [
        {
          "schema_version": 0,
          "attributes": {
            "arn": "arn:aws:elasticloadbalancing:us-east-1:762595429056:targetgroup/tg-sc/05cabe225f823076",
            "arn_suffix": "targetgroup/tg-sc/05cabe225f823076",
            "connection_termination": false,
            "deregistration_delay": "300",
            "health_check": [
              {
                "enabled": true,
                "healthy_threshold": 3,
                "interval": 30,
                "matcher": "200",
                "path": "/sched/health",
                "port": "traffic-port",
                "protocol": "HTTP",
                "timeout": 5,
                "unhealthy_threshold": 3
              }
            ],
            "id": "arn:aws:elasticloadbalancing:us-east-1:762595429056:targetgroup/tg-sc/05cabe225f823076",
            "lambda_multi_value_headers_enabled": false,
            "load_balancing_algorithm_type": "round_robin",
            "name": "tg-sc",
            "name_prefix": null,
            "port": 443,
            "preserve_client_ip": null,
            "protocol": "HTTPS",
            "protocol_version": "HTTP1",
            "proxy_protocol_v2": false,
            "slow_start": 0,
            "stickiness": [
              {
                "cookie_duration": 86400,
                "cookie_name": "",
                "enabled": false,
                "type": "lb_cookie"
              }
            ],
            "tags": {},
            "tags_all": {},
            "target_type": "instance",
            "vpc_id": "vpc-095ddf6d8326cbfdc"
          },
          "sensitive_attributes": [],
          "identity_schema_version": 0,
          "private": "bnVsbA==",
          "dependencies": [
            "aws_vpc.main"
          ]
        }
      ]
    },
    {
      "mode": "managed",
      "type": "aws_lb_target_group",
      "name": "sp",
      "provider": "provider[\"registry.terraform.io/hashicorp/aws\"]",
      "instances": [
        {
          "schema_version": 0,
          "attributes": {
            "arn": "arn:aws:elasticloadbalancing:us-east-1:762595429056:targetgroup/tg-sp/26dcd06f0ffa429a",
            "arn_suffix": "targetgroup/tg-sp/26dcd06f0ffa429a",
            "connection_termination": false,
            "deregistration_delay": "300",
            "health_check": [
              {
                "enabled": true,
                "healthy_threshold": 3,
                "interval": 30,
                "matcher": "200",
                "path": "/auth/health",
                "port": "traffic-port",
                "protocol": "HTTP",
                "timeout": 5,
                "unhealthy_threshold": 3
              }
            ],
            "id": "arn:aws:elasticloadbalancing:us-east-1:762595429056:targetgroup/tg-sp/26dcd06f0ffa429a",
            "lambda_multi_value_headers_enabled": false,
            "load_balancing_algorithm_type": "round_robin",
            "name": "tg-sp",
            "name_prefix": null,
            "port": 443,
            "preserve_client_ip": null,
            "protocol": "HTTPS",
            "protocol_version": "HTTP1",
            "proxy_protocol_v2": false,
            "slow_start": 0,
            "stickiness": [
              {
                "cookie_duration": 86400,
                "cookie_name": "",
                "enabled": false,
                "type": "lb_cookie"
              }
            ],
            "tags": {},
            "tags_all": {},
            "target_type": "instance",
            "vpc_id": "vpc-095ddf6d8326cbfdc"
          },
          "sensitive_attributes": [],
          "identity_schema_version": 0,
          "private": "bnVsbA==",
          "dependencies": [
            "aws_vpc.main"
          ]
        }
      ]
    },
    {
      "mode": "managed",
      "type": "aws_lb_target_group",
      "name": "tk",
      "provider": "provider[\"registry.terraform.io/hashicorp/aws\"]",
      "instances": [
        {
          "schema_version": 0,
          "attributes": {
            "arn": "arn:aws:elasticloadbalancing:us-east-1:762595429056:targetgroup/tg-tk/c65143981a98a884",
            "arn_suffix": "targetgroup/tg-tk/c65143981a98a884",
            "connection_termination": false,
            "deregistration_delay": "300",
            "health_check": [
              {
                "enabled": true,
                "healthy_threshold": 3,
                "interval": 30,
                "matcher": "200",
                "path": "/tkt/health",
                "port": "traffic-port",
                "protocol": "HTTP",
                "timeout": 5,
                "unhealthy_threshold": 3
              }
            ],
            "id": "arn:aws:elasticloadbalancing:us-east-1:762595429056:targetgroup/tg-tk/c65143981a98a884",
            "lambda_multi_value_headers_enabled": false,
            "load_balancing_algorithm_type": "round_robin",
            "name": "tg-tk",
            "name_prefix": null,
            "port": 443,
            "preserve_client_ip": null,
            "protocol": "HTTPS",
            "protocol_version": "HTTP1",
            "proxy_protocol_v2": false,
            "slow_start": 0,
            "stickiness": [
              {
                "cookie_duration": 86400,
                "cookie_name": "",
                "enabled": false,
                "type": "lb_cookie"
              }
            ],
            "tags": {},
            "tags_all": {},
            "target_type": "instance",
            "vpc_id": "vpc-095ddf6d8326cbfdc"
          },
          "sensitive_attributes": [],
          "identity_schema_version": 0,
          "private": "bnVsbA==",
          "dependencies": [
            "aws_vpc.main"
          ]
        }
      ]
    },
    {
      "mode": "managed",
      "type": "aws_nat_gateway",
      "name": "nat",
      "provider": "provider[\"registry.terraform.io/hashicorp/aws\"]",
      "instances": [
        {
          "schema_version": 0,
          "attributes": {
            "allocation_id": "eipalloc-043662f1d2b8a7d1e",
            "connectivity_type": "public",
            "id": "nat-05efa6c407b211a24",
            "network_interface_id": "eni-00abe20c84eb30b91",
            "private_ip": "100.115.58.13",
            "public_ip": "54.160.248.127",
            "subnet_id": "subnet-04c45973f2b578939",
            "tags": {
              "Name": "main-nat"
            },
            "tags_all": {
              "Name": "main-nat"
            }
          },
          "sensitive_attributes": [],
          "identity_schema_version": 0,
          "private": "bnVsbA==",
          "dependencies": [
            "aws_eip.nat_eip",
            "aws_internet_gateway.igw",
            "aws_subnet.public_facing_1a",
            "aws_vpc.main"
          ]
        }
      ]
    },
    {
      "mode": "managed",
      "type": "aws_route_table",
      "name": "private_app",
      "provider": "provider[\"registry.terraform.io/hashicorp/aws\"]",
      "instances": [
        {
          "schema_version": 0,
          "attributes": {
            "arn": "arn:aws:ec2:us-east-1:762595429056:route-table/rtb-0ac6dddb18537a1b8",
            "id": "rtb-0ac6dddb18537a1b8",
            "owner_id": "762595429056",
            "propagating_vgws": [],
            "route": [
              {
                "carrier_gateway_id": "",
                "cidr_block": "0.0.0.0/0",
                "core_network_arn": "",
                "destination_prefix_list_id": "",
                "egress_only_gateway_id": "",
                "gateway_id": "",
                "instance_id": "",
                "ipv6_cidr_block": "",
                "local_gateway_id": "",
                "nat_gateway_id": "nat-05efa6c407b211a24",
                "network_interface_id": "",
                "transit_gateway_id": "",
                "vpc_endpoint_id": "",
                "vpc_peering_connection_id": ""
              }
            ],
            "tags": {
              "Name": "private-app-route-table"
            },
            "tags_all": {
              "Name": "private-app-route-table"
            },
            "timeouts": null,
            "vpc_id": "vpc-095ddf6d8326cbfdc"
          },
          "sensitive_attributes": [],
          "identity_schema_version": 0,
          "private": "eyJlMmJmYjczMC1lY2FhLTExZTYtOGY4OC0zNDM2M2JjN2M0YzAiOnsiY3JlYXRlIjozMDAwMDAwMDAwMDAsImRlbGV0ZSI6MzAwMDAwMDAwMDAwLCJ1cGRhdGUiOjEyMDAwMDAwMDAwMH19",
          "dependencies": [
            "aws_eip.nat_eip",
            "aws_internet_gateway.igw",
            "aws_nat_gateway.nat",
            "aws_subnet.public_facing_1a",
            "aws_vpc.main"
          ]
        }
      ]
    },
    {
      "mode": "managed",
      "type": "aws_route_table",
      "name": "private_db",
      "provider": "provider[\"registry.terraform.io/hashicorp/aws\"]",
      "instances": [
        {
          "schema_version": 0,
          "attributes": {
            "arn": "arn:aws:ec2:us-east-1:762595429056:route-table/rtb-0fd7a09b50db93c48",
            "id": "rtb-0fd7a09b50db93c48",
            "owner_id": "762595429056",
            "propagating_vgws": [],
            "route": [
              {
                "carrier_gateway_id": "",
                "cidr_block": "0.0.0.0/0",
                "core_network_arn": "",
                "destination_prefix_list_id": "",
                "egress_only_gateway_id": "",
                "gateway_id": "",
                "instance_id": "",
                "ipv6_cidr_block": "",
                "local_gateway_id": "",
                "nat_gateway_id": "nat-05efa6c407b211a24",
                "network_interface_id": "",
                "transit_gateway_id": "",
                "vpc_endpoint_id": "",
                "vpc_peering_connection_id": ""
              }
            ],
            "tags": {
              "Name": "private-db-route-table"
            },
            "tags_all": {
              "Name": "private-db-route-table"
            },
            "timeouts": null,
            "vpc_id": "vpc-095ddf6d8326cbfdc"
          },
          "sensitive_attributes": [],
          "identity_schema_version": 0,
          "private": "eyJlMmJmYjczMC1lY2FhLTExZTYtOGY4OC0zNDM2M2JjN2M0YzAiOnsiY3JlYXRlIjozMDAwMDAwMDAwMDAsImRlbGV0ZSI6MzAwMDAwMDAwMDAwLCJ1cGRhdGUiOjEyMDAwMDAwMDAwMH19",
          "dependencies": [
            "aws_eip.nat_eip",
            "aws_internet_gateway.igw",
            "aws_nat_gateway.nat",
            "aws_subnet.public_facing_1a",
            "aws_vpc.main"
          ]
        }
      ]
    },
    {
      "mode": "managed",
      "type": "aws_route_table",
      "name": "public_facing",
      "provider": "provider[\"registry.terraform.io/hashicorp/aws\"]",
      "instances": [
        {
          "schema_version": 0,
          "attributes": {
            "arn": "arn:aws:ec2:us-east-1:762595429056:route-table/rtb-0d71a7808a06ae9e2",
            "id": "rtb-0d71a7808a06ae9e2",
            "owner_id": "762595429056",
            "propagating_vgws": [],
            "route": [
              {
                "carrier_gateway_id": "",
                "cidr_block": "0.0.0.0/0",
                "core_network_arn": "",
                "destination_prefix_list_id": "",
                "egress_only_gateway_id": "",
                "gateway_id": "igw-06990cb064dc64fad",
                "instance_id": "",
                "ipv6_cidr_block": "",
                "local_gateway_id": "",
                "nat_gateway_id": "",
                "network_interface_id": "",
                "transit_gateway_id": "",
                "vpc_endpoint_id": "",
                "vpc_peering_connection_id": ""
              }
            ],
            "tags": {
              "Name": "public-facing-route-table"
            },
            "tags_all": {
              "Name": "public-facing-route-table"
            },
            "timeouts": null,
            "vpc_id": "vpc-095ddf6d8326cbfdc"
          },
          "sensitive_attributes": [],
          "identity_schema_version": 0,
          "private": "eyJlMmJmYjczMC1lY2FhLTExZTYtOGY4OC0zNDM2M2JjN2M0YzAiOnsiY3JlYXRlIjozMDAwMDAwMDAwMDAsImRlbGV0ZSI6MzAwMDAwMDAwMDAwLCJ1cGRhdGUiOjEyMDAwMDAwMDAwMH19",
          "dependencies": [
            "aws_internet_gateway.igw",
            "aws_vpc.main"
          ]
        }
      ]
    },
    {
      "mode": "managed",
      "type": "aws_route_table_association",
      "name": "private_app",
      "provider": "provider[\"registry.terraform.io/hashicorp/aws\"]",
      "instances": [
        {
          "schema_version": 0,
          "attributes": {
            "gateway_id": "",
            "id": "rtbassoc-0885017a301921b83",
            "route_table_id": "rtb-0ac6dddb18537a1b8",
            "subnet_id": "subnet-01c3a036091cbf8fc"
          },
          "sensitive_attributes": [],
          "identity_schema_version": 0,
          "private": "bnVsbA==",
          "dependencies": [
            "aws_eip.nat_eip",
            "aws_internet_gateway.igw",
            "aws_nat_gateway.nat",
            "aws_route_table.private_app",
            "aws_subnet.private_app",
            "aws_subnet.public_facing_1a",
            "aws_vpc.main"
          ]
        }
      ]
    },
    {
      "mode": "managed",
      "type": "aws_route_table_association",
      "name": "private_db",
      "provider": "provider[\"registry.terraform.io/hashicorp/aws\"]",
      "instances": [
        {
          "schema_version": 0,
          "attributes": {
            "gateway_id": "",
            "id": "rtbassoc-0f808829aee23a5d9",
            "route_table_id": "rtb-0fd7a09b50db93c48",
            "subnet_id": "subnet-0d98a189dc7afbcc4"
          },
          "sensitive_attributes": [],
          "identity_schema_version": 0,
          "private": "bnVsbA==",
          "dependencies": [
            "aws_eip.nat_eip",
            "aws_internet_gateway.igw",
            "aws_nat_gateway.nat",
            "aws_route_table.private_db",
            "aws_subnet.private_db",
            "aws_subnet.public_facing_1a",
            "aws_vpc.main"
          ]
        }
      ]
    },
    {
      "mode": "managed",
      "type": "aws_route_table_association",
      "name": "private_db_1b",
      "provider": "provider[\"registry.terraform.io/hashicorp/aws\"]",
      "instances": [
        {
          "schema_version": 0,
          "attributes": {
            "gateway_id": "",
            "id": "rtbassoc-0db73935607bafb1f",
            "route_table_id": "rtb-0fd7a09b50db93c48",
            "subnet_id": "subnet-009066dbd2df1cb8c"
          },
          "sensitive_attributes": [],
          "identity_schema_version": 0,
          "private": "bnVsbA==",
          "dependencies": [
            "aws_eip.nat_eip",
            "aws_internet_gateway.igw",
            "aws_nat_gateway.nat",
            "aws_route_table.private_db",
            "aws_subnet.private_db_1b",
            "aws_subnet.public_facing_1a",
            "aws_vpc.main"
          ]
        }
      ]
    },
    {
      "mode": "managed",
      "type": "aws_route_table_association",
      "name": "public_facing",
      "provider": "provider[\"registry.terraform.io/hashicorp/aws\"]",
      "instances": [
        {
          "schema_version": 0,
          "attributes": {
            "gateway_id": "",
            "id": "rtbassoc-0516a5e192132b7fe",
            "route_table_id": "rtb-0d71a7808a06ae9e2",
            "subnet_id": "subnet-04c45973f2b578939"
          },
          "sensitive_attributes": [],
          "identity_schema_version": 0,
          "private": "bnVsbA==",
          "dependencies": [
            "aws_internet_gateway.igw",
            "aws_route_table.public_facing",
            "aws_subnet.public_facing_1a",
            "aws_vpc.main"
          ]
        }
      ]
    },
    {
      "mode": "managed",
      "type": "aws_route_table_association",
      "name": "public_facing_1b",
      "provider": "provider[\"registry.terraform.io/hashicorp/aws\"]",
      "instances": [
        {
          "schema_version": 0,
          "attributes": {
            "gateway_id": "",
            "id": "rtbassoc-0fe6ee6fb401699e7",
            "route_table_id": "rtb-0d71a7808a06ae9e2",
            "subnet_id": "subnet-0bcbb464de40256f3"
          },
          "sensitive_attributes": [],
          "identity_schema_version": 0,
          "private": "bnVsbA==",
          "dependencies": [
            "aws_internet_gateway.igw",
            "aws_route_table.public_facing",
            "aws_subnet.public_facing_1b",
            "aws_vpc.main"
          ]
        }
      ]
    },
    {
      "mode": "managed",
      "type": "aws_s3_bucket",
      "name": "product_images",
      "provider": "provider[\"registry.terraform.io/hashicorp/aws\"]",
      "instances": [
        {
          "schema_version": 0,
          "attributes": {
            "acceleration_status": "",
            "acl": null,
            "arn": "arn:aws:s3:::learn-lovable-product-images-bc0f2bec",
            "bucket": "learn-lovable-product-images-bc0f2bec",
            "bucket_domain_name": "learn-lovable-product-images-bc0f2bec.s3.amazonaws.com",
            "bucket_prefix": null,
            "bucket_regional_domain_name": "learn-lovable-product-images-bc0f2bec.s3.amazonaws.com",
            "cors_rule": [],
            "force_destroy": true,
            "grant": [
              {
                "id": "99652606fff3ea49f1d4e5c75c18ebdc61b1f5ddd1baf1bd5af2cdbfb021ac47",
                "permissions": [
                  "FULL_CONTROL"
                ],
                "type": "CanonicalUser",
                "uri": ""
              }
            ],
            "hosted_zone_id": "Z3AQBSTGFYJSTF",
            "id": "learn-lovable-product-images-bc0f2bec",
            "lifecycle_rule": [],
            "logging": [],
            "object_lock_configuration": [],
            "object_lock_enabled": false,
            "policy": "{\"Version\":\"2012-10-17\",\"Statement\":[{\"Effect\":\"Allow\",\"Principal\":{\"AWS\":\"arn:aws:iam::cloudfront:user/CloudFront Origin Access Identity E2ZKWMYDYFD52E\"},\"Action\":\"s3:GetObject\",\"Resource\":\"arn:aws:s3:::learn-lovable-product-images-bc0f2bec/*\"}]}",
            "region": "us-east-1",
            "replication_configuration": [],
            "request_payer": "BucketOwner",
            "server_side_encryption_configuration": [
              {
                "rule": [
                  {
                    "apply_server_side_encryption_by_default": [
                      {
                        "kms_master_key_id": "",
                        "sse_algorithm": "AES256"
                      }
                    ],
                    "bucket_key_enabled": false
                  }
                ]
              }
            ],
            "tags": {
              "Environment": "production",
              "Name": "Product Images"
            },
            "tags_all": {
              "Environment": "production",
              "Name": "Product Images"
            },
            "versioning": [
              {
                "enabled": false,
                "mfa_delete": false
              }
            ],
            "website": [],
            "website_domain": null,
            "website_endpoint": null
          },
          "sensitive_attributes": [],
          "identity_schema_version": 0,
          "private": "bnVsbA==",
          "dependencies": [
            "random_id.suffix"
          ]
        }
      ]
    },
    {
      "mode": "managed",
      "type": "aws_s3_bucket_policy",
      "name": "cloudfront_access",
      "provider": "provider[\"registry.terraform.io/hashicorp/aws\"]",
      "instances": [
        {
          "schema_version": 0,
          "attributes": {
            "bucket": "learn-lovable-product-images-bc0f2bec",
            "id": "learn-lovable-product-images-bc0f2bec",
            "policy": "{\"Statement\":[{\"Action\":\"s3:GetObject\",\"Effect\":\"Allow\",\"Principal\":{\"AWS\":\"arn:aws:iam::cloudfront:user/CloudFront Origin Access Identity E2ZKWMYDYFD52E\"},\"Resource\":\"arn:aws:s3:::learn-lovable-product-images-bc0f2bec/*\"}],\"Version\":\"2012-10-17\"}"
          },
          "sensitive_attributes": [],
          "identity_schema_version": 0,
          "private": "bnVsbA==",
          "dependencies": [
            "aws_cloudfront_origin_access_identity.s3_oai",
            "aws_s3_bucket.product_images",
            "random_id.suffix"
          ]
        }
      ]
    },
    {
      "mode": "managed",
      "type": "aws_s3_bucket_public_access_block",
      "name": "public_access",
      "provider": "provider[\"registry.terraform.io/hashicorp/aws\"]",
      "instances": [
        {
          "schema_version": 0,
          "attributes": {
            "block_public_acls": true,
            "block_public_policy": true,
            "bucket": "learn-lovable-product-images-bc0f2bec",
            "id": "learn-lovable-product-images-bc0f2bec",
            "ignore_public_acls": true,
            "restrict_public_buckets": true
          },
          "sensitive_attributes": [],
          "identity_schema_version": 0,
          "private": "bnVsbA==",
          "dependencies": [
            "aws_s3_bucket.product_images",
            "random_id.suffix"
          ]
        }
      ]
    },
    {
      "mode": "managed",
      "type": "aws_secretsmanager_secret",
      "name": "documentdb_credentials",
      "provider": "provider[\"registry.terraform.io/hashicorp/aws\"]",
      "instances": [
        {
          "schema_version": 0,
          "attributes": {
            "arn": "arn:aws:secretsmanager:us-east-1:762595429056:secret:docdb/creds-sZxAY3",
            "description": "DocumentDB master user credentials",
            "force_overwrite_replica_secret": false,
            "id": "arn:aws:secretsmanager:us-east-1:762595429056:secret:docdb/creds-sZxAY3",
            "kms_key_id": "",
            "name": "docdb/creds",
            "name_prefix": "",
            "policy": "",
            "recovery_window_in_days": 30,
            "replica": [],
            "rotation_enabled": false,
            "rotation_lambda_arn": "",
            "rotation_rules": [],
            "tags": {},
            "tags_all": {}
          },
          "sensitive_attributes": [],
          "identity_schema_version": 0,
          "private": "bnVsbA=="
        }
      ]
    },
    {
      "mode": "managed",
      "type": "aws_secretsmanager_secret_version",
      "name": "documentdb_credentials",
      "provider": "provider[\"registry.terraform.io/hashicorp/aws\"]",
      "instances": [
        {
          "schema_version": 0,
          "attributes": {
            "arn": "arn:aws:secretsmanager:us-east-1:762595429056:secret:docdb/creds-sZxAY3",
            "id": "arn:aws:secretsmanager:us-east-1:762595429056:secret:docdb/creds-sZxAY3|2FA3BAB8-FDA5-4324-9424-CE09E414A60F",
            "secret_binary": "",
            "secret_id": "arn:aws:secretsmanager:us-east-1:762595429056:secret:docdb/creds-sZxAY3",
            "secret_string": "{\"password\":\"O2ezMF\\u0026p!t0zgBPy\",\"username\":\"appuser\"}",
            "version_id": "2FA3BAB8-FDA5-4324-9424-CE09E414A60F",
            "version_stages": [
              "AWSCURRENT"
            ]
          },
          "sensitive_attributes": [
            [
              {
                "type": "get_attr",
                "value": "secret_binary"
              }
            ],
            [
              {
                "type": "get_attr",
                "value": "secret_string"
              }
            ]
          ],
          "identity_schema_version": 0,
          "private": "bnVsbA==",
          "dependencies": [
            "aws_secretsmanager_secret.documentdb_credentials",
            "random_password.documentdb_password"
          ]
        }
      ]
    },
    {
      "mode": "managed",
      "type": "aws_security_group",
      "name": "private_app",
      "provider": "provider[\"registry.terraform.io/hashicorp/aws\"]",
      "instances": [
        {
          "schema_version": 1,
          "attributes": {
            "arn": "arn:aws:ec2:us-east-1:762595429056:security-group/sg-03c9901e7478d3019",
            "description": "Allow inbound traffic from ALB",
            "egress": [
              {
                "cidr_blocks": [
                  "0.0.0.0/0"
                ],
                "description": "",
                "from_port": 0,
                "ipv6_cidr_blocks": [],
                "prefix_list_ids": [],
                "protocol": "-1",
                "security_groups": [],
                "self": false,
                "to_port": 0
              }
            ],
            "id": "sg-03c9901e7478d3019",
            "ingress": [
              {
                "cidr_blocks": [],
                "description": "HTTP from public subnet",
                "from_port": 80,
                "ipv6_cidr_blocks": [],
                "prefix_list_ids": [],
                "protocol": "tcp",
                "security_groups": [
                  "sg-000720c35c1983ba3"
                ],
                "self": false,
                "to_port": 80
              },
              {
                "cidr_blocks": [],
                "description": "HTTPS from public subnet",
                "from_port": 443,
                "ipv6_cidr_blocks": [],
                "prefix_list_ids": [],
                "protocol": "tcp",
                "security_groups": [
                  "sg-000720c35c1983ba3"
                ],
                "self": false,
                "to_port": 443
              },
              {
                "cidr_blocks": [],
                "description": "MYSQL/Aurora from private subnet",
                "from_port": 3001,
                "ipv6_cidr_blocks": [],
                "prefix_list_ids": [],
                "protocol": "tcp",
                "security_groups": [
                  "sg-000720c35c1983ba3"
                ],
                "self": false,
                "to_port": 3001
              }
            ],
            "name": "allow_alb",
            "name_prefix": "",
            "owner_id": "762595429056",
            "revoke_rules_on_delete": false,
            "tags": {
              "Name": "allow_nginx"
            },
            "tags_all": {
              "Name": "allow_nginx"
            },
            "timeouts": null,
            "vpc_id": "vpc-095ddf6d8326cbfdc"
          },
          "sensitive_attributes": [],
          "identity_schema_version": 0,
          "private": "eyJlMmJmYjczMC1lY2FhLTExZTYtOGY4OC0zNDM2M2JjN2M0YzAiOnsiY3JlYXRlIjo2MDAwMDAwMDAwMDAsImRlbGV0ZSI6OTAwMDAwMDAwMDAwfSwic2NoZW1hX3ZlcnNpb24iOiIxIn0=",
          "dependencies": [
            "aws_security_group.public_facing",
            "aws_vpc.main"
          ]
        }
      ]
    },
    {
      "mode": "managed",
      "type": "aws_security_group",
      "name": "private_db",
      "provider": "provider[\"registry.terraform.io/hashicorp/aws\"]",
      "instances": [
        {
          "schema_version": 1,
          "attributes": {
            "arn": "arn:aws:ec2:us-east-1:762595429056:security-group/sg-0c13be306de890a18",
            "description": "Allow HTTP inbound traffic within VPC",
            "egress": [
              {
                "cidr_blocks": [
                  "0.0.0.0/0"
                ],
                "description": "Outbound to all",
                "from_port": 0,
                "ipv6_cidr_blocks": [],
                "prefix_list_ids": [],
                "protocol": "-1",
                "security_groups": [],
                "self": false,
                "to_port": 0
              }
            ],
            "id": "sg-0c13be306de890a18",
            "ingress": [
              {
                "cidr_blocks": [],
                "description": "Allow HTTP inbound traffic within VPC",
                "from_port": 5432,
                "ipv6_cidr_blocks": [],
                "prefix_list_ids": [],
                "protocol": "tcp",
                "security_groups": [],
                "self": true,
                "to_port": 5432
              },
              {
                "cidr_blocks": [],
                "description": "Setup to allow SSM",
                "from_port": 5432,
                "ipv6_cidr_blocks": [],
                "prefix_list_ids": [],
                "protocol": "tcp",
                "security_groups": [
                  "sg-03c9901e7478d3019"
                ],
                "self": false,
                "to_port": 5432
              }
            ],
            "name": "allow_backend",
            "name_prefix": "",
            "owner_id": "762595429056",
            "revoke_rules_on_delete": false,
            "tags": {
              "Name": "allow_wordpress"
            },
            "tags_all": {
              "Name": "allow_wordpress"
            },
            "timeouts": null,
            "vpc_id": "vpc-095ddf6d8326cbfdc"
          },
          "sensitive_attributes": [],
          "identity_schema_version": 0,
          "private": "eyJlMmJmYjczMC1lY2FhLTExZTYtOGY4OC0zNDM2M2JjN2M0YzAiOnsiY3JlYXRlIjo2MDAwMDAwMDAwMDAsImRlbGV0ZSI6OTAwMDAwMDAwMDAwfSwic2NoZW1hX3ZlcnNpb24iOiIxIn0=",
          "dependencies": [
            "aws_security_group.private_app",
            "aws_security_group.public_facing",
            "aws_vpc.main"
          ]
        }
      ]
    },
    {
      "mode": "managed",
      "type": "aws_security_group",
      "name": "public_facing",
      "provider": "provider[\"registry.terraform.io/hashicorp/aws\"]",
      "instances": [
        {
          "schema_version": 1,
          "attributes": {
            "arn": "arn:aws:ec2:us-east-1:762595429056:security-group/sg-000720c35c1983ba3",
            "description": "Allow HTTP and SSH inbound traffic",
            "egress": [
              {
                "cidr_blocks": [
                  "0.0.0.0/0"
                ],
                "description": "",
                "from_port": 0,
                "ipv6_cidr_blocks": [],
                "prefix_list_ids": [],
                "protocol": "-1",
                "security_groups": [],
                "self": false,
                "to_port": 0
              }
            ],
            "id": "sg-000720c35c1983ba3",
            "ingress": [
              {
                "cidr_blocks": [
                  "0.0.0.0/0"
                ],
                "description": "HTTP from anywhere",
                "from_port": 80,
                "ipv6_cidr_blocks": [],
                "prefix_list_ids": [],
                "protocol": "tcp",
                "security_groups": [],
                "self": false,
                "to_port": 80
              },
              {
                "cidr_blocks": [
                  "0.0.0.0/0"
                ],
                "description": "HTTPS from anywhere",
                "from_port": 443,
                "ipv6_cidr_blocks": [],
                "prefix_list_ids": [],
                "protocol": "tcp",
                "security_groups": [],
                "self": false,
                "to_port": 443
              }
            ],
            "name": "allow_http_https",
            "name_prefix": "",
            "owner_id": "762595429056",
            "revoke_rules_on_delete": false,
            "tags": {
              "Name": "allow_http_https"
            },
            "tags_all": {
              "Name": "allow_http_https"
            },
            "timeouts": null,
            "vpc_id": "vpc-095ddf6d8326cbfdc"
          },
          "sensitive_attributes": [],
          "identity_schema_version": 0,
          "private": "eyJlMmJmYjczMC1lY2FhLTExZTYtOGY4OC0zNDM2M2JjN2M0YzAiOnsiY3JlYXRlIjo2MDAwMDAwMDAwMDAsImRlbGV0ZSI6OTAwMDAwMDAwMDAwfSwic2NoZW1hX3ZlcnNpb24iOiIxIn0=",
          "dependencies": [
            "aws_vpc.main"
          ]
        }
      ]
    },
    {
      "mode": "managed",
      "type": "aws_subnet",
      "name": "private_app",
      "provider": "provider[\"registry.terraform.io/hashicorp/aws\"]",
      "instances": [
        {
          "schema_version": 1,
          "attributes": {
            "arn": "arn:aws:ec2:us-east-1:762595429056:subnet/subnet-01c3a036091cbf8fc",
            "assign_ipv6_address_on_creation": false,
            "availability_zone": "us-east-1a",
            "availability_zone_id": "use1-az6",
            "cidr_block": "100.115.58.64/27",
            "customer_owned_ipv4_pool": "",
            "enable_dns64": false,
            "enable_resource_name_dns_a_record_on_launch": false,
            "enable_resource_name_dns_aaaa_record_on_launch": false,
            "id": "subnet-01c3a036091cbf8fc",
            "ipv6_cidr_block": "",
            "ipv6_cidr_block_association_id": "",
            "ipv6_native": false,
            "map_customer_owned_ip_on_launch": false,
            "map_public_ip_on_launch": false,
            "outpost_arn": "",
            "owner_id": "762595429056",
            "private_dns_hostname_type_on_launch": "ip-name",
            "tags": {
              "Name": "private-app-subnet"
            },
            "tags_all": {
              "Name": "private-app-subnet"
            },
            "timeouts": null,
            "vpc_id": "vpc-095ddf6d8326cbfdc"
          },
          "sensitive_attributes": [],
          "identity_schema_version": 0,
          "private": "eyJlMmJmYjczMC1lY2FhLTExZTYtOGY4OC0zNDM2M2JjN2M0YzAiOnsiY3JlYXRlIjo2MDAwMDAwMDAwMDAsImRlbGV0ZSI6MTIwMDAwMDAwMDAwMH0sInNjaGVtYV92ZXJzaW9uIjoiMSJ9",
          "dependencies": [
            "aws_vpc.main"
          ]
        }
      ]
    },
    {
      "mode": "managed",
      "type": "aws_subnet",
      "name": "private_db",
      "provider": "provider[\"registry.terraform.io/hashicorp/aws\"]",
      "instances": [
        {
          "schema_version": 1,
          "attributes": {
            "arn": "arn:aws:ec2:us-east-1:762595429056:subnet/subnet-0d98a189dc7afbcc4",
            "assign_ipv6_address_on_creation": false,
            "availability_zone": "us-east-1b",
            "availability_zone_id": "use1-az1",
            "cidr_block": "100.115.58.96/27",
            "customer_owned_ipv4_pool": "",
            "enable_dns64": false,
            "enable_resource_name_dns_a_record_on_launch": false,
            "enable_resource_name_dns_aaaa_record_on_launch": false,
            "id": "subnet-0d98a189dc7afbcc4",
            "ipv6_cidr_block": "",
            "ipv6_cidr_block_association_id": "",
            "ipv6_native": false,
            "map_customer_owned_ip_on_launch": false,
            "map_public_ip_on_launch": false,
            "outpost_arn": "",
            "owner_id": "762595429056",
            "private_dns_hostname_type_on_launch": "ip-name",
            "tags": {
              "Name": "private-db-subnet"
            },
            "tags_all": {
              "Name": "private-db-subnet"
            },
            "timeouts": null,
            "vpc_id": "vpc-095ddf6d8326cbfdc"
          },
          "sensitive_attributes": [],
          "identity_schema_version": 0,
          "private": "eyJlMmJmYjczMC1lY2FhLTExZTYtOGY4OC0zNDM2M2JjN2M0YzAiOnsiY3JlYXRlIjo2MDAwMDAwMDAwMDAsImRlbGV0ZSI6MTIwMDAwMDAwMDAwMH0sInNjaGVtYV92ZXJzaW9uIjoiMSJ9",
          "dependencies": [
            "aws_vpc.main"
          ]
        }
      ]
    },
    {
      "mode": "managed",
      "type": "aws_subnet",
      "name": "private_db_1b",
      "provider": "provider[\"registry.terraform.io/hashicorp/aws\"]",
      "instances": [
        {
          "schema_version": 1,
          "attributes": {
            "arn": "arn:aws:ec2:us-east-1:762595429056:subnet/subnet-009066dbd2df1cb8c",
            "assign_ipv6_address_on_creation": false,
            "availability_zone": "us-east-1a",
            "availability_zone_id": "use1-az6",
            "cidr_block": "100.115.58.128/27",
            "customer_owned_ipv4_pool": "",
            "enable_dns64": false,
            "enable_resource_name_dns_a_record_on_launch": false,
            "enable_resource_name_dns_aaaa_record_on_launch": false,
            "id": "subnet-009066dbd2df1cb8c",
            "ipv6_cidr_block": "",
            "ipv6_cidr_block_association_id": "",
            "ipv6_native": false,
            "map_customer_owned_ip_on_launch": false,
            "map_public_ip_on_launch": false,
            "outpost_arn": "",
            "owner_id": "762595429056",
            "private_dns_hostname_type_on_launch": "ip-name",
            "tags": {
              "Name": "private-db-subnet-1b"
            },
            "tags_all": {
              "Name": "private-db-subnet-1b"
            },
            "timeouts": null,
            "vpc_id": "vpc-095ddf6d8326cbfdc"
          },
          "sensitive_attributes": [],
          "identity_schema_version": 0,
          "private": "eyJlMmJmYjczMC1lY2FhLTExZTYtOGY4OC0zNDM2M2JjN2M0YzAiOnsiY3JlYXRlIjo2MDAwMDAwMDAwMDAsImRlbGV0ZSI6MTIwMDAwMDAwMDAwMH0sInNjaGVtYV92ZXJzaW9uIjoiMSJ9",
          "dependencies": [
            "aws_vpc.main"
          ]
        }
      ]
    },
    {
      "mode": "managed",
      "type": "aws_subnet",
      "name": "public_facing_1a",
      "provider": "provider[\"registry.terraform.io/hashicorp/aws\"]",
      "instances": [
        {
          "schema_version": 1,
          "attributes": {
            "arn": "arn:aws:ec2:us-east-1:762595429056:subnet/subnet-04c45973f2b578939",
            "assign_ipv6_address_on_creation": false,
            "availability_zone": "us-east-1a",
            "availability_zone_id": "use1-az6",
            "cidr_block": "100.115.58.0/28",
            "customer_owned_ipv4_pool": "",
            "enable_dns64": false,
            "enable_resource_name_dns_a_record_on_launch": false,
            "enable_resource_name_dns_aaaa_record_on_launch": false,
            "id": "subnet-04c45973f2b578939",
            "ipv6_cidr_block": "",
            "ipv6_cidr_block_association_id": "",
            "ipv6_native": false,
            "map_customer_owned_ip_on_launch": false,
            "map_public_ip_on_launch": true,
            "outpost_arn": "",
            "owner_id": "762595429056",
            "private_dns_hostname_type_on_launch": "ip-name",
            "tags": {
              "Name": "public-subnet_1a"
            },
            "tags_all": {
              "Name": "public-subnet_1a"
            },
            "timeouts": null,
            "vpc_id": "vpc-095ddf6d8326cbfdc"
          },
          "sensitive_attributes": [],
          "identity_schema_version": 0,
          "private": "eyJlMmJmYjczMC1lY2FhLTExZTYtOGY4OC0zNDM2M2JjN2M0YzAiOnsiY3JlYXRlIjo2MDAwMDAwMDAwMDAsImRlbGV0ZSI6MTIwMDAwMDAwMDAwMH0sInNjaGVtYV92ZXJzaW9uIjoiMSJ9",
          "dependencies": [
            "aws_vpc.main"
          ]
        }
      ]
    },
    {
      "mode": "managed",
      "type": "aws_subnet",
      "name": "public_facing_1b",
      "provider": "provider[\"registry.terraform.io/hashicorp/aws\"]",
      "instances": [
        {
          "schema_version": 1,
          "attributes": {
            "arn": "arn:aws:ec2:us-east-1:762595429056:subnet/subnet-0bcbb464de40256f3",
            "assign_ipv6_address_on_creation": false,
            "availability_zone": "us-east-1b",
            "availability_zone_id": "use1-az1",
            "cidr_block": "100.115.58.16/28",
            "customer_owned_ipv4_pool": "",
            "enable_dns64": false,
            "enable_resource_name_dns_a_record_on_launch": false,
            "enable_resource_name_dns_aaaa_record_on_launch": false,
            "id": "subnet-0bcbb464de40256f3",
            "ipv6_cidr_block": "",
            "ipv6_cidr_block_association_id": "",
            "ipv6_native": false,
            "map_customer_owned_ip_on_launch": false,
            "map_public_ip_on_launch": true,
            "outpost_arn": "",
            "owner_id": "762595429056",
            "private_dns_hostname_type_on_launch": "ip-name",
            "tags": {
              "Name": "public-subnet_1b"
            },
            "tags_all": {
              "Name": "public-subnet_1b"
            },
            "timeouts": null,
            "vpc_id": "vpc-095ddf6d8326cbfdc"
          },
          "sensitive_attributes": [],
          "identity_schema_version": 0,
          "private": "eyJlMmJmYjczMC1lY2FhLTExZTYtOGY4OC0zNDM2M2JjN2M0YzAiOnsiY3JlYXRlIjo2MDAwMDAwMDAwMDAsImRlbGV0ZSI6MTIwMDAwMDAwMDAwMH0sInNjaGVtYV92ZXJzaW9uIjoiMSJ9",
          "dependencies": [
            "aws_vpc.main"
          ]
        }
      ]
    },
    {
      "mode": "managed",
      "type": "aws_vpc",
      "name": "main",
      "provider": "provider[\"registry.terraform.io/hashicorp/aws\"]",
      "instances": [
        {
          "schema_version": 1,
          "attributes": {
            "arn": "arn:aws:ec2:us-east-1:762595429056:vpc/vpc-095ddf6d8326cbfdc",
            "assign_generated_ipv6_cidr_block": false,
            "cidr_block": "100.115.58.0/24",
            "default_network_acl_id": "acl-033b52c07551503f0",
            "default_route_table_id": "rtb-0b1944deb57a95768",
            "default_security_group_id": "sg-06d80aa820b6d5b3e",
            "dhcp_options_id": "dopt-015d302a35bf5e9c7",
            "enable_classiclink": false,
            "enable_classiclink_dns_support": false,
            "enable_dns_hostnames": true,
            "enable_dns_support": true,
            "id": "vpc-095ddf6d8326cbfdc",
            "instance_tenancy": "default",
            "ipv4_ipam_pool_id": null,
            "ipv4_netmask_length": null,
            "ipv6_association_id": "",
            "ipv6_cidr_block": "",
            "ipv6_cidr_block_network_border_group": "",
            "ipv6_ipam_pool_id": "",
            "ipv6_netmask_length": 0,
            "main_route_table_id": "rtb-0b1944deb57a95768",
            "owner_id": "762595429056",
            "tags": {
              "Name": "main-vpc"
            },
            "tags_all": {
              "Name": "main-vpc"
            }
          },
          "sensitive_attributes": [],
          "identity_schema_version": 0,
          "private": "eyJzY2hlbWFfdmVyc2lvbiI6IjEifQ=="
        }
      ]
    },
    {
      "mode": "managed",
      "type": "null_resource",
      "name": "create_self_signed_cert",
      "provider": "provider[\"registry.terraform.io/hashicorp/null\"]",
      "instances": [
        {
          "schema_version": 0,
          "attributes": {
            "id": "8106425267191370231",
            "triggers": {
              "always_run": "2026-01-11T00:43:30Z"
            }
          },
          "sensitive_attributes": [],
          "identity_schema_version": 0
        }
      ]
    },
    {
      "mode": "managed",
      "type": "null_resource",
      "name": "nginx_image",
      "provider": "provider[\"registry.terraform.io/hashicorp/null\"]",
      "instances": [
        {
          "schema_version": 0,
          "attributes": {
            "id": "4024543420149345764",
            "triggers": {
              "repository_url": "762595429056.dkr.ecr.us-east-1.amazonaws.com/nginx-ecommerce"
            }
          },
          "sensitive_attributes": [],
          "identity_schema_version": 0,
          "dependencies": [
            "aws_ecr_repository.nginx",
            "data.aws_ecr_repository.existing_nginx"
          ]
        }
      ]
    },
    {
      "mode": "managed",
      "type": "null_resource",
      "name": "upload_images_to_s3",
      "provider": "provider[\"registry.terraform.io/hashicorp/null\"]",
      "instances": [
        {
          "schema_version": 0,
          "attributes": {
            "id": "942103221026679200",
            "triggers": {
              "bucket_name": "learn-lovable-product-images-bc0f2bec",
              "timestamp": "2026-01-11T00:43:31Z"
            }
          },
          "sensitive_attributes": [],
          "identity_schema_version": 0,
          "dependencies": [
            "aws_cloudfront_origin_access_identity.s3_oai",
            "aws_s3_bucket.product_images",
            "aws_s3_bucket_policy.cloudfront_access",
            "random_id.suffix"
          ]
        }
      ]
    },
    {
      "mode": "managed",
      "type": "random_id",
      "name": "suffix",
      "provider": "provider[\"registry.terraform.io/hashicorp/random\"]",
      "instances": [
        {
          "schema_version": 0,
          "attributes": {
            "b64_std": "vA8r7A==",
            "b64_url": "vA8r7A",
            "byte_length": 4,
            "dec": "3155110892",
            "hex": "bc0f2bec",
            "id": "vA8r7A",
            "keepers": null,
            "prefix": null
          },
          "sensitive_attributes": [],
          "identity_schema_version": 0
        }
      ]
    },
    {
      "mode": "managed",
      "type": "random_password",
      "name": "documentdb_password",
      "provider": "provider[\"registry.terraform.io/hashicorp/random\"]",
      "instances": [
        {
          "schema_version": 3,
          "attributes": {
            "bcrypt_hash": "$2a$10$yffK5lOKp/yY4LzNlnGEtOS2d5yvaHAK2XDbL1PCYL9GRIQ/MhL2e",
            "id": "none",
            "keepers": null,
            "length": 16,
            "lower": true,
            "min_lower": 0,
            "min_numeric": 0,
            "min_special": 0,
            "min_upper": 0,
            "number": true,
            "numeric": true,
            "override_special": null,
            "result": "O2ezMF\u0026p!t0zgBPy",
            "special": true,
            "upper": true
          },
          "sensitive_attributes": [
            [
              {
                "type": "get_attr",
                "value": "bcrypt_hash"
              }
            ],
            [
              {
                "type": "get_attr",
                "value": "result"
              }
            ]
          ],
          "identity_schema_version": 0
        }
      ]
    }
  ],
  "check_results": null
}
